{
  "version": 4,
  "terraform_version": "1.1.9",
  "serial": 107,
  "lineage": "9b5dd879-9766-d5c8-dde4-07709da67931",
  "outputs": {
    "cluster_vpc_id": {
      "value": "vpc-0f22778bfc01d53b9",
      "type": "string"
    },
    "configure_kubectl": {
      "value": "aws eks --region us-east-2 update-kubeconfig --name aws012-preprod-test-eks",
      "type": "string"
    },
    "eks_oidc_provider_arn": {
      "value": "arn:aws:iam::349361870252:oidc-provider/oidc.eks.us-east-2.amazonaws.com/id/3C89B2158E8FB80B28E47AB9EEDF19A9",
      "type": "string"
    }
  },
  "resources": [
    {
      "mode": "data",
      "type": "aws_availability_zones",
      "name": "available",
      "provider": "provider[\"registry.terraform.io/hashicorp/aws\"]",
      "instances": [
        {
          "schema_version": 0,
          "attributes": {
            "all_availability_zones": null,
            "exclude_names": null,
            "exclude_zone_ids": null,
            "filter": null,
            "group_names": [
              "us-east-2"
            ],
            "id": "us-east-2",
            "names": [
              "us-east-2a",
              "us-east-2b",
              "us-east-2c"
            ],
            "state": null,
            "zone_ids": [
              "use2-az1",
              "use2-az2",
              "use2-az3"
            ]
          },
          "sensitive_attributes": []
        }
      ]
    },
    {
      "mode": "data",
      "type": "aws_caller_identity",
      "name": "current",
      "provider": "provider[\"registry.terraform.io/hashicorp/aws\"]",
      "instances": [
        {
          "schema_version": 0,
          "attributes": {
            "account_id": "349361870252",
            "arn": "arn:aws:iam::349361870252:user/victorlocal",
            "id": "349361870252",
            "user_id": "AIDAVCV4XCWWOEQEFHZVI"
          },
          "sensitive_attributes": []
        }
      ]
    },
    {
      "mode": "data",
      "type": "aws_eks_addon_version",
      "name": "latest",
      "provider": "provider[\"registry.terraform.io/hashicorp/aws\"]",
      "instances": [
        {
          "index_key": "coredns",
          "schema_version": 0,
          "attributes": {
            "addon_name": "coredns",
            "id": "coredns",
            "kubernetes_version": "1.21",
            "most_recent": true,
            "version": "v1.8.4-eksbuild.1"
          },
          "sensitive_attributes": []
        },
        {
          "index_key": "kube-proxy",
          "schema_version": 0,
          "attributes": {
            "addon_name": "kube-proxy",
            "id": "kube-proxy",
            "kubernetes_version": "1.21",
            "most_recent": true,
            "version": "v1.21.14-eksbuild.2"
          },
          "sensitive_attributes": []
        },
        {
          "index_key": "vpc-cni",
          "schema_version": 0,
          "attributes": {
            "addon_name": "vpc-cni",
            "id": "vpc-cni",
            "kubernetes_version": "1.21",
            "most_recent": true,
            "version": "v1.11.2-eksbuild.1"
          },
          "sensitive_attributes": []
        }
      ]
    },
    {
      "mode": "data",
      "type": "aws_eks_cluster_auth",
      "name": "this",
      "provider": "provider[\"registry.terraform.io/hashicorp/aws\"]",
      "instances": [
        {
          "schema_version": 0,
          "attributes": {
            "id": "aws012-preprod-test-eks",
            "name": "aws012-preprod-test-eks",
            "token": "k8s-aws-v1.aHR0cHM6Ly9zdHMuYW1hem9uYXdzLmNvbS8_QWN0aW9uPUdldENhbGxlcklkZW50aXR5JlZlcnNpb249MjAxMS0wNi0xNSZYLUFtei1BbGdvcml0aG09QVdTNC1ITUFDLVNIQTI1NiZYLUFtei1DcmVkZW50aWFsPUFLSUFWQ1Y0WENXV0Y3NVBHVTdTJTJGMjAyMjA3MjglMkZ1cy1lYXN0LTElMkZzdHMlMkZhd3M0X3JlcXVlc3QmWC1BbXotRGF0ZT0yMDIyMDcyOFQyMDMyNDdaJlgtQW16LUV4cGlyZXM9MCZYLUFtei1TaWduZWRIZWFkZXJzPWhvc3QlM0J4LWs4cy1hd3MtaWQmWC1BbXotU2lnbmF0dXJlPWUxNWNkODg1MDNkNDlkZmEyOTE1OTQ5MDlhZjg5ZmRmODkzMzZiODVhYWE4ODFkNzkzNDllMjllZGQ0YzE4NjY"
          },
          "sensitive_attributes": []
        }
      ]
    },
    {
      "module": "module.eks_blueprints",
      "mode": "data",
      "type": "aws_caller_identity",
      "name": "current",
      "provider": "provider[\"registry.terraform.io/hashicorp/aws\"]",
      "instances": [
        {
          "schema_version": 0,
          "attributes": {
            "account_id": "349361870252",
            "arn": "arn:aws:iam::349361870252:user/victorlocal",
            "id": "349361870252",
            "user_id": "AIDAVCV4XCWWOEQEFHZVI"
          },
          "sensitive_attributes": []
        }
      ]
    },
    {
      "module": "module.eks_blueprints",
      "mode": "data",
      "type": "aws_eks_cluster",
      "name": "cluster",
      "provider": "provider[\"registry.terraform.io/hashicorp/aws\"]",
      "instances": [
        {
          "index_key": 0,
          "schema_version": 0,
          "attributes": {
            "arn": "arn:aws:eks:us-east-2:349361870252:cluster/aws012-preprod-test-eks",
            "certificate_authority": [
              {
                "data": "LS0tLS1CRUdJTiBDRVJUSUZJQ0FURS0tLS0tCk1JSUM1ekNDQWMrZ0F3SUJBZ0lCQURBTkJna3Foa2lHOXcwQkFRc0ZBREFWTVJNd0VRWURWUVFERXdwcmRXSmwKY201bGRHVnpNQjRYRFRJeU1EY3lOakU1TWpjeU9Gb1hEVE15TURjeU16RTVNamN5T0Zvd0ZURVRNQkVHQTFVRQpBeE1LYTNWaVpYSnVaWFJsY3pDQ0FTSXdEUVlKS29aSWh2Y05BUUVCQlFBRGdnRVBBRENDQVFvQ2dnRUJBTXNwClJ3NkNNVWtEUkZVT0JyNEZxaTNocDBZaDFMSGw4d280UFo0ZjRyNXV5Wk9LWnpPSkxzSlQrSFRhN3Q2dWlCcTkKeTFodzFYTFRjYjBCek1qbmVCNFJ3QmMrS1hqYlVvaUU4WE1BUkp2eTRJVFFOc01wb0FaYjJMc2NVem5wTm1UcQpLeGpjQlVIT0p5aGlaeFgwcHFNektGVHVhdFg2YmwvUXh2L3FvSm9DSVFnSE0zdURXVTF6ZDJOeldwb2JXNGpmCmhjcHh4azBVT1ZoTUtGalk1dlZqblR2MGlQRGNRNEh5RWZjdFVLeGg5MVZiMG55dGlHZjhrOHNFZWd1K3ltZ0MKMzE0MzRJc3NwUjVsZzU1eXFhZ0dBeXlSZjE4OGhYcHk2QU4wZEIycm8rSlJFVlFCTlBxK294K04xcnBaQXEwcApzUzRJMmhJK0I5YTIvbzBlYnprQ0F3RUFBYU5DTUVBd0RnWURWUjBQQVFIL0JBUURBZ0trTUE4R0ExVWRFd0VCCi93UUZNQU1CQWY4d0hRWURWUjBPQkJZRUZLUzViUDc1WEdSSm9jWlhiVEoyOWRlSjgzTlRNQTBHQ1NxR1NJYjMKRFFFQkN3VUFBNElCQVFDdXg2Nk12dEZ5WUMvQnE3SUhqQVduTzdORnFXRFdXVWs3WlkyaDdGUEhhb3hlN1hxQQp5aXMyZUtDMkZSYjdKb0JpV000NjF2cjB2UG5jenRSUGRYdnZXdXRhWWsyeVhRS25PUVk1Nk41dUs3YTE3TmxqCnZCNHRQd1VKd3pBM29jQVo5OFYxYmp1Q1lhRUJwbkhwTklvQWZmMnVhYkIzeklTTDRUcFNCOUxDdXFHMmVxeE8Kb1lVQ3drWHVCU1BzS1NEdzBMTVNYVFJIS1psZityZEljS1ZYK2xRaWRxRkhDWU1vdmMzaUR0MytkZGhRSUYrZwppeDZkaS85NlhvbmNoYml2RFdwakRvaDVjS2dZYWtCRFFFSXBqSy84b1pBczlnajVKUmV4S2RKYTc0RTI2a3dhCmdzTFg0aGRTWC9JaXFYakp0cWI3OWhDUFBweE9CT2xaL00vZgotLS0tLUVORCBDRVJUSUZJQ0FURS0tLS0tCg=="
              }
            ],
            "created_at": "2022-07-26 19:21:37.033 +0000 UTC",
            "enabled_cluster_log_types": [
              "api",
              "audit",
              "authenticator",
              "controllerManager",
              "scheduler"
            ],
            "endpoint": "https://3C89B2158E8FB80B28E47AB9EEDF19A9.gr7.us-east-2.eks.amazonaws.com",
            "id": "aws012-preprod-test-eks",
            "identity": [
              {
                "oidc": [
                  {
                    "issuer": "https://oidc.eks.us-east-2.amazonaws.com/id/3C89B2158E8FB80B28E47AB9EEDF19A9"
                  }
                ]
              }
            ],
            "kubernetes_network_config": [
              {
                "ip_family": "ipv4",
                "service_ipv4_cidr": "172.20.0.0/16"
              }
            ],
            "name": "aws012-preprod-test-eks",
            "platform_version": "eks.9",
            "role_arn": "arn:aws:iam::349361870252:role/aws012-preprod-test-eks-cluster-role",
            "status": "ACTIVE",
            "tags": {
              "Blueprint": "aws012-preprod-test-eks",
              "GithubRepo": "terraform-aws-eks-blueprints"
            },
            "version": "1.21",
            "vpc_config": [
              {
                "cluster_security_group_id": "sg-0b90f8f20fce94211",
                "endpoint_private_access": true,
                "endpoint_public_access": true,
                "public_access_cidrs": [
                  "0.0.0.0/0"
                ],
                "security_group_ids": [
                  "sg-051282e57a37d5bc9"
                ],
                "subnet_ids": [
                  "subnet-093355cefe6d3155d",
                  "subnet-0b8cc043219c31f09",
                  "subnet-0f7e4e1bbb2e798bb"
                ],
                "vpc_id": "vpc-0f22778bfc01d53b9"
              }
            ]
          },
          "sensitive_attributes": []
        }
      ]
    },
    {
      "module": "module.eks_blueprints",
      "mode": "data",
      "type": "aws_iam_policy_document",
      "name": "eks_key",
      "provider": "provider[\"registry.terraform.io/hashicorp/aws\"]",
      "instances": [
        {
          "schema_version": 0,
          "attributes": {
            "id": "744537923",
            "json": "{\n  \"Version\": \"2012-10-17\",\n  \"Statement\": [\n    {\n      \"Sid\": \"Allow access for all principals in the account that are authorized\",\n      \"Effect\": \"Allow\",\n      \"Action\": [\n        \"kms:ReEncrypt*\",\n        \"kms:GenerateDataKey*\",\n        \"kms:Encrypt\",\n        \"kms:DescribeKey\",\n        \"kms:Decrypt\",\n        \"kms:CreateGrant\"\n      ],\n      \"Resource\": \"*\",\n      \"Principal\": {\n        \"AWS\": \"arn:aws:iam::349361870252:root\"\n      },\n      \"Condition\": {\n        \"StringEquals\": {\n          \"kms:CallerAccount\": \"349361870252\",\n          \"kms:ViaService\": \"eks.us-east-2.amazonaws.com\"\n        }\n      }\n    },\n    {\n      \"Sid\": \"Allow direct access to key metadata to the account\",\n      \"Effect\": \"Allow\",\n      \"Action\": [\n        \"kms:RevokeGrant\",\n        \"kms:List*\",\n        \"kms:Get*\",\n        \"kms:Describe*\"\n      ],\n      \"Resource\": \"*\",\n      \"Principal\": {\n        \"AWS\": \"arn:aws:iam::349361870252:root\"\n      }\n    },\n    {\n      \"Sid\": \"Allow access for Key Administrators\",\n      \"Effect\": \"Allow\",\n      \"Action\": \"kms:*\",\n      \"Resource\": \"*\",\n      \"Principal\": {\n        \"AWS\": \"arn:aws:iam::349361870252:user/victorlocal\"\n      }\n    },\n    {\n      \"Sid\": \"Allow use of the key\",\n      \"Effect\": \"Allow\",\n      \"Action\": [\n        \"kms:ReEncrypt*\",\n        \"kms:GenerateDataKey*\",\n        \"kms:Encrypt\",\n        \"kms:DescribeKey\",\n        \"kms:Decrypt\"\n      ],\n      \"Resource\": \"*\",\n      \"Principal\": {\n        \"AWS\": \"arn:aws:iam::349361870252:role/aws012-preprod-test-eks-cluster-role\"\n      }\n    },\n    {\n      \"Sid\": \"Allow attachment of persistent resources\",\n      \"Effect\": \"Allow\",\n      \"Action\": [\n        \"kms:RevokeGrant\",\n        \"kms:ListGrants\",\n        \"kms:CreateGrant\"\n      ],\n      \"Resource\": \"*\",\n      \"Principal\": {\n        \"AWS\": \"arn:aws:iam::349361870252:role/aws012-preprod-test-eks-cluster-role\"\n      },\n      \"Condition\": {\n        \"Bool\": {\n          \"kms:GrantIsForAWSResource\": \"true\"\n        }\n      }\n    }\n  ]\n}",
            "override_json": null,
            "override_policy_documents": null,
            "policy_id": null,
            "source_json": null,
            "source_policy_documents": null,
            "statement": [
              {
                "actions": [
                  "kms:CreateGrant",
                  "kms:Decrypt",
                  "kms:DescribeKey",
                  "kms:Encrypt",
                  "kms:GenerateDataKey*",
                  "kms:ReEncrypt*"
                ],
                "condition": [
                  {
                    "test": "StringEquals",
                    "values": [
                      "349361870252"
                    ],
                    "variable": "kms:CallerAccount"
                  },
                  {
                    "test": "StringEquals",
                    "values": [
                      "eks.us-east-2.amazonaws.com"
                    ],
                    "variable": "kms:ViaService"
                  }
                ],
                "effect": "Allow",
                "not_actions": [],
                "not_principals": [],
                "not_resources": [],
                "principals": [
                  {
                    "identifiers": [
                      "arn:aws:iam::349361870252:root"
                    ],
                    "type": "AWS"
                  }
                ],
                "resources": [
                  "*"
                ],
                "sid": "Allow access for all principals in the account that are authorized"
              },
              {
                "actions": [
                  "kms:Describe*",
                  "kms:Get*",
                  "kms:List*",
                  "kms:RevokeGrant"
                ],
                "condition": [],
                "effect": "Allow",
                "not_actions": [],
                "not_principals": [],
                "not_resources": [],
                "principals": [
                  {
                    "identifiers": [
                      "arn:aws:iam::349361870252:root"
                    ],
                    "type": "AWS"
                  }
                ],
                "resources": [
                  "*"
                ],
                "sid": "Allow direct access to key metadata to the account"
              },
              {
                "actions": [
                  "kms:*"
                ],
                "condition": [],
                "effect": "Allow",
                "not_actions": [],
                "not_principals": [],
                "not_resources": [],
                "principals": [
                  {
                    "identifiers": [
                      "arn:aws:iam::349361870252:user/victorlocal"
                    ],
                    "type": "AWS"
                  }
                ],
                "resources": [
                  "*"
                ],
                "sid": "Allow access for Key Administrators"
              },
              {
                "actions": [
                  "kms:Decrypt",
                  "kms:DescribeKey",
                  "kms:Encrypt",
                  "kms:GenerateDataKey*",
                  "kms:ReEncrypt*"
                ],
                "condition": [],
                "effect": "Allow",
                "not_actions": [],
                "not_principals": [],
                "not_resources": [],
                "principals": [
                  {
                    "identifiers": [
                      "arn:aws:iam::349361870252:role/aws012-preprod-test-eks-cluster-role"
                    ],
                    "type": "AWS"
                  }
                ],
                "resources": [
                  "*"
                ],
                "sid": "Allow use of the key"
              },
              {
                "actions": [
                  "kms:CreateGrant",
                  "kms:ListGrants",
                  "kms:RevokeGrant"
                ],
                "condition": [
                  {
                    "test": "Bool",
                    "values": [
                      "true"
                    ],
                    "variable": "kms:GrantIsForAWSResource"
                  }
                ],
                "effect": "Allow",
                "not_actions": [],
                "not_principals": [],
                "not_resources": [],
                "principals": [
                  {
                    "identifiers": [
                      "arn:aws:iam::349361870252:role/aws012-preprod-test-eks-cluster-role"
                    ],
                    "type": "AWS"
                  }
                ],
                "resources": [
                  "*"
                ],
                "sid": "Allow attachment of persistent resources"
              }
            ],
            "version": "2012-10-17"
          },
          "sensitive_attributes": []
        }
      ]
    },
    {
      "module": "module.eks_blueprints",
      "mode": "data",
      "type": "aws_iam_session_context",
      "name": "current",
      "provider": "provider[\"registry.terraform.io/hashicorp/aws\"]",
      "instances": [
        {
          "schema_version": 0,
          "attributes": {
            "arn": "arn:aws:iam::349361870252:user/victorlocal",
            "id": "arn:aws:iam::349361870252:user/victorlocal",
            "issuer_arn": "arn:aws:iam::349361870252:user/victorlocal",
            "issuer_id": "",
            "issuer_name": "",
            "session_name": ""
          },
          "sensitive_attributes": []
        }
      ]
    },
    {
      "module": "module.eks_blueprints",
      "mode": "data",
      "type": "aws_partition",
      "name": "current",
      "provider": "provider[\"registry.terraform.io/hashicorp/aws\"]",
      "instances": [
        {
          "schema_version": 0,
          "attributes": {
            "dns_suffix": "amazonaws.com",
            "id": "aws",
            "partition": "aws",
            "reverse_dns_prefix": "com.amazonaws"
          },
          "sensitive_attributes": []
        }
      ]
    },
    {
      "module": "module.eks_blueprints",
      "mode": "data",
      "type": "aws_region",
      "name": "current",
      "provider": "provider[\"registry.terraform.io/hashicorp/aws\"]",
      "instances": [
        {
          "schema_version": 0,
          "attributes": {
            "description": "US East (Ohio)",
            "endpoint": "ec2.us-east-2.amazonaws.com",
            "id": "us-east-2",
            "name": "us-east-2"
          },
          "sensitive_attributes": []
        }
      ]
    },
    {
      "module": "module.eks_blueprints",
      "mode": "data",
      "type": "http",
      "name": "eks_cluster_readiness",
      "provider": "provider[\"registry.terraform.io/terraform-aws-modules/http\"]",
      "instances": [
        {
          "index_key": 0,
          "schema_version": 0,
          "attributes": {
            "body": "ok",
            "ca_certificate": "-----BEGIN CERTIFICATE-----\nMIIC5zCCAc+gAwIBAgIBADANBgkqhkiG9w0BAQsFADAVMRMwEQYDVQQDEwprdWJl\ncm5ldGVzMB4XDTIyMDcyNjE5MjcyOFoXDTMyMDcyMzE5MjcyOFowFTETMBEGA1UE\nAxMKa3ViZXJuZXRlczCCASIwDQYJKoZIhvcNAQEBBQADggEPADCCAQoCggEBAMsp\nRw6CMUkDRFUOBr4Fqi3hp0Yh1LHl8wo4PZ4f4r5uyZOKZzOJLsJT+HTa7t6uiBq9\ny1hw1XLTcb0BzMjneB4RwBc+KXjbUoiE8XMARJvy4ITQNsMpoAZb2LscUznpNmTq\nKxjcBUHOJyhiZxX0pqMzKFTuatX6bl/Qxv/qoJoCIQgHM3uDWU1zd2NzWpobW4jf\nhcpxxk0UOVhMKFjY5vVjnTv0iPDcQ4HyEfctUKxh91Vb0nytiGf8k8sEegu+ymgC\n31434IsspR5lg55yqagGAyyRf188hXpy6AN0dB2ro+JREVQBNPq+ox+N1rpZAq0p\nsS4I2hI+B9a2/o0ebzkCAwEAAaNCMEAwDgYDVR0PAQH/BAQDAgKkMA8GA1UdEwEB\n/wQFMAMBAf8wHQYDVR0OBBYEFKS5bP75XGRJocZXbTJ29deJ83NTMA0GCSqGSIb3\nDQEBCwUAA4IBAQCux66MvtFyYC/Bq7IHjAWnO7NFqWDWWUk7ZY2h7FPHaoxe7XqA\nyis2eKC2FRb7JoBiWM461vr0vPncztRPdXvvWutaYk2yXQKnOQY56N5uK7a17Nlj\nvB4tPwUJwzA3ocAZ98V1bjuCYaEBpnHpNIoAff2uabB3zISL4TpSB9LCuqG2eqxO\noYUCwkXuBSPsKSDw0LMSXTRHKZlf+rdIcKVX+lQidqFHCYMovc3iDt3+ddhQIF+g\nix6di/96XonchbivDWpjDoh5cKgYakBDQEIpjK/8oZAs9gj5JRexKdJa74E26kwa\ngsLX4hdSX/IiqXjJtqb79hCPPpxOBOlZ/M/f\n-----END CERTIFICATE-----\n",
            "id": "https://3C89B2158E8FB80B28E47AB9EEDF19A9.gr7.us-east-2.eks.amazonaws.com/healthz",
            "insecure": false,
            "request_headers": null,
            "response_headers": {
              "Cache-Control": "no-cache, private",
              "Content-Length": "2",
              "Content-Type": "text/plain; charset=utf-8",
              "Date": "Thu, 28 Jul 2022 20:32:47 GMT",
              "X-Content-Type-Options": "nosniff",
              "X-Kubernetes-Pf-Flowschema-Uid": "b9e5a8f4-3e98-41b9-843e-e9cb7cff94d9",
              "X-Kubernetes-Pf-Prioritylevel-Uid": "f6d38551-319d-419f-8847-c5ec889f7616"
            },
            "timeout": 600,
            "url": "https://3C89B2158E8FB80B28E47AB9EEDF19A9.gr7.us-east-2.eks.amazonaws.com/healthz"
          },
          "sensitive_attributes": []
        }
      ]
    },
    {
      "module": "module.eks_blueprints",
      "mode": "managed",
      "type": "kubernetes_config_map",
      "name": "aws_auth",
      "provider": "provider[\"registry.terraform.io/hashicorp/kubernetes\"]",
      "instances": [
        {
          "index_key": 0,
          "schema_version": 0,
          "attributes": {
            "binary_data": {},
            "data": {
              "mapAccounts": "[]\n",
              "mapRoles": "- \"groups\":\n  - \"system:bootstrappers\"\n  - \"system:nodes\"\n  \"rolearn\": \"arn:aws:iam::349361870252:role/aws012-preprod-test-eks-managed-ondemand\"\n  \"username\": \"system:node:{{EC2PrivateDNSName}}\"\n- \"groups\":\n  - \"system:bootstrappers\"\n  - \"system:nodes\"\n  - \"system:node-proxier\"\n  \"rolearn\": \"arn:aws:iam::349361870252:role/aws012-preprod-test-eks-default\"\n  \"username\": \"system:node:{{SessionName}}\"\n- \"groups\":\n  - \"system:masters\"\n  \"rolearn\": \"arn:aws:iam::349361870252:role/Admin\"\n  \"username\": \"cluster-admin\"\n",
              "mapUsers": "[]\n"
            },
            "id": "kube-system/aws-auth",
            "metadata": [
              {
                "annotations": {},
                "generate_name": "",
                "generation": 0,
                "labels": {
                  "app.kubernetes.io/created-by": "terraform-aws-eks-blueprints",
                  "app.kubernetes.io/managed-by": "terraform-aws-eks-blueprints"
                },
                "name": "aws-auth",
                "namespace": "kube-system",
                "resource_version": "4261735",
                "uid": "cff6b1d7-335e-4868-abe9-f5ee68220ae4"
              }
            ]
          },
          "sensitive_attributes": [],
          "private": "bnVsbA==",
          "dependencies": [
            "data.aws_availability_zones.available",
            "data.aws_caller_identity.current",
            "module.eks_blueprints.data.aws_caller_identity.current",
            "module.eks_blueprints.data.aws_eks_cluster.cluster",
            "module.eks_blueprints.data.aws_iam_policy_document.eks_key",
            "module.eks_blueprints.data.aws_iam_session_context.current",
            "module.eks_blueprints.data.aws_partition.current",
            "module.eks_blueprints.data.aws_region.current",
            "module.eks_blueprints.data.http.eks_cluster_readiness",
            "module.eks_blueprints.module.aws_eks.aws_cloudwatch_log_group.this",
            "module.eks_blueprints.module.aws_eks.aws_eks_cluster.this",
            "module.eks_blueprints.module.aws_eks.aws_iam_role.this",
            "module.eks_blueprints.module.aws_eks.aws_iam_role_policy_attachment.this",
            "module.eks_blueprints.module.aws_eks.aws_security_group.cluster",
            "module.eks_blueprints.module.aws_eks.aws_security_group.node",
            "module.eks_blueprints.module.aws_eks.aws_security_group_rule.cluster",
            "module.eks_blueprints.module.aws_eks.aws_security_group_rule.node",
            "module.eks_blueprints.module.aws_eks.data.aws_caller_identity.current",
            "module.eks_blueprints.module.aws_eks.data.aws_iam_policy_document.assume_role_policy",
            "module.eks_blueprints.module.aws_eks.data.aws_partition.current",
            "module.eks_blueprints.module.aws_eks.module.kms.aws_kms_external_key.this",
            "module.eks_blueprints.module.aws_eks.module.kms.aws_kms_key.this",
            "module.eks_blueprints.module.aws_eks.module.kms.data.aws_caller_identity.current",
            "module.eks_blueprints.module.aws_eks.module.kms.data.aws_iam_policy_document.this",
            "module.eks_blueprints.module.aws_eks.module.kms.data.aws_partition.current",
            "module.eks_blueprints.module.kms.aws_kms_key.this",
            "module.vpc.aws_subnet.private",
            "module.vpc.aws_vpc.this",
            "module.vpc.aws_vpc_ipv4_cidr_block_association.this"
          ],
          "create_before_destroy": true
        }
      ]
    },
    {
      "module": "module.eks_blueprints.module.aws_eks",
      "mode": "data",
      "type": "aws_caller_identity",
      "name": "current",
      "provider": "provider[\"registry.terraform.io/hashicorp/aws\"]",
      "instances": [
        {
          "schema_version": 0,
          "attributes": {
            "account_id": "349361870252",
            "arn": "arn:aws:iam::349361870252:user/victorlocal",
            "id": "349361870252",
            "user_id": "AIDAVCV4XCWWOEQEFHZVI"
          },
          "sensitive_attributes": []
        }
      ]
    },
    {
      "module": "module.eks_blueprints.module.aws_eks",
      "mode": "data",
      "type": "aws_iam_policy_document",
      "name": "assume_role_policy",
      "provider": "provider[\"registry.terraform.io/hashicorp/aws\"]",
      "instances": [
        {
          "index_key": 0,
          "schema_version": 0,
          "attributes": {
            "id": "2764486067",
            "json": "{\n  \"Version\": \"2012-10-17\",\n  \"Statement\": [\n    {\n      \"Sid\": \"EKSClusterAssumeRole\",\n      \"Effect\": \"Allow\",\n      \"Action\": \"sts:AssumeRole\",\n      \"Principal\": {\n        \"Service\": \"eks.amazonaws.com\"\n      }\n    }\n  ]\n}",
            "override_json": null,
            "override_policy_documents": null,
            "policy_id": null,
            "source_json": null,
            "source_policy_documents": null,
            "statement": [
              {
                "actions": [
                  "sts:AssumeRole"
                ],
                "condition": [],
                "effect": "Allow",
                "not_actions": [],
                "not_principals": [],
                "not_resources": [],
                "principals": [
                  {
                    "identifiers": [
                      "eks.amazonaws.com"
                    ],
                    "type": "Service"
                  }
                ],
                "resources": [],
                "sid": "EKSClusterAssumeRole"
              }
            ],
            "version": "2012-10-17"
          },
          "sensitive_attributes": []
        }
      ]
    },
    {
      "module": "module.eks_blueprints.module.aws_eks",
      "mode": "data",
      "type": "aws_partition",
      "name": "current",
      "provider": "provider[\"registry.terraform.io/hashicorp/aws\"]",
      "instances": [
        {
          "schema_version": 0,
          "attributes": {
            "dns_suffix": "amazonaws.com",
            "id": "aws",
            "partition": "aws",
            "reverse_dns_prefix": "com.amazonaws"
          },
          "sensitive_attributes": []
        }
      ]
    },
    {
      "module": "module.eks_blueprints.module.aws_eks",
      "mode": "data",
      "type": "tls_certificate",
      "name": "this",
      "provider": "provider[\"registry.terraform.io/hashicorp/tls\"]",
      "instances": [
        {
          "index_key": 0,
          "schema_version": 0,
          "attributes": {
            "certificates": [
              {
                "cert_pem": "-----BEGIN CERTIFICATE-----\nMIIEdTCCA12gAwIBAgIJAKcOSkw0grd/MA0GCSqGSIb3DQEBCwUAMGgxCzAJBgNV\nBAYTAlVTMSUwIwYDVQQKExxTdGFyZmllbGQgVGVjaG5vbG9naWVzLCBJbmMuMTIw\nMAYDVQQLEylTdGFyZmllbGQgQ2xhc3MgMiBDZXJ0aWZpY2F0aW9uIEF1dGhvcml0\neTAeFw0wOTA5MDIwMDAwMDBaFw0zNDA2MjgxNzM5MTZaMIGYMQswCQYDVQQGEwJV\nUzEQMA4GA1UECBMHQXJpem9uYTETMBEGA1UEBxMKU2NvdHRzZGFsZTElMCMGA1UE\nChMcU3RhcmZpZWxkIFRlY2hub2xvZ2llcywgSW5jLjE7MDkGA1UEAxMyU3RhcmZp\nZWxkIFNlcnZpY2VzIFJvb3QgQ2VydGlmaWNhdGUgQXV0aG9yaXR5IC0gRzIwggEi\nMA0GCSqGSIb3DQEBAQUAA4IBDwAwggEKAoIBAQDVDDrEKvlO4vW+GZdfjohTsR8/\ny8+fIBNtKTrID30892t2OGPZNmCom15cAICyL1l/9of5JUOG52kbUpqQ4XHj2C0N\nTm/2yEnZtvMaVq4rtnQU68/7JuMauh2WLmo7WJSJR1b/JaCTcFOD2oR0FMNnngRo\nOt+OQFodSk7PQ5E751bWAHDLUu57fa4657wx+UX2wmDPE1kCK4DMNEffud6QZW0C\nzyyRpqbn3oUYSXxmTqM6bam17jQuug0DuDPfR+uxa40l2ZvOgdFFRjKWcIfeAg5J\nQ4W2bHO7ZOphQazJ1FTfhy/HIrImzJ9ZVGif/L4qL8RVHHVAYBeFAlU5i38FAgMB\nAAGjgfAwge0wDwYDVR0TAQH/BAUwAwEB/zAOBgNVHQ8BAf8EBAMCAYYwHQYDVR0O\nBBYEFJxfAN+qAdcwKziIorhtSpzyEZGDMB8GA1UdIwQYMBaAFL9ft9HO3R+G9FtV\nrNzXEMIOqYjnME8GCCsGAQUFBwEBBEMwQTAcBggrBgEFBQcwAYYQaHR0cDovL28u\nc3MyLnVzLzAhBggrBgEFBQcwAoYVaHR0cDovL3guc3MyLnVzL3guY2VyMCYGA1Ud\nHwQfMB0wG6AZoBeGFWh0dHA6Ly9zLnNzMi51cy9yLmNybDARBgNVHSAECjAIMAYG\nBFUdIAAwDQYJKoZIhvcNAQELBQADggEBACMd44pXyn3pF3lM8R5V/cxTbj5HD9/G\nVfKyBDbtgB9TxF00KGu+x1X8Z+rLP3+QsjPNG1gQggL4+C/1E2DUBc7xgQjB3ad1\nl08YuW3e95ORCLp+QCztweq7dp4zBncdDQh/U90bZKuCJ/Fp1U1ervShw3WnWEQt\n8jxwmKy6abaVd38PMV4s/KCHOkdp8Hlf9BRUpJVeEXgSYCfOn8J3/yNTd126/+pZ\n59vPr5KW7ySaNRB6nJHGDn2Z9j8Z3/VyVOEVqQdZe4O/Ui5GjLIAZHYcSNPYeehu\nVsyuLAOQ1xk4meTKCRlb/weWsKh/NEnfVqn3sF/tM+2MR7cwA130A4w=\n-----END CERTIFICATE-----\n",
                "is_ca": true,
                "issuer": "OU=Starfield Class 2 Certification Authority,O=Starfield Technologies\\, Inc.,C=US",
                "not_after": "2034-06-28T17:39:16Z",
                "not_before": "2009-09-02T00:00:00Z",
                "public_key_algorithm": "RSA",
                "serial_number": "12037640545166866303",
                "sha1_fingerprint": "9e99a48a9960b14926bb7f3b02e22da2b0ab7280",
                "signature_algorithm": "SHA256-RSA",
                "subject": "CN=Starfield Services Root Certificate Authority - G2,O=Starfield Technologies\\, Inc.,L=Scottsdale,ST=Arizona,C=US",
                "version": 3
              },
              {
                "cert_pem": "-----BEGIN CERTIFICATE-----\nMIIEkjCCA3qgAwIBAgITBn+USionzfP6wq4rAfkI7rnExjANBgkqhkiG9w0BAQsF\nADCBmDELMAkGA1UEBhMCVVMxEDAOBgNVBAgTB0FyaXpvbmExEzARBgNVBAcTClNj\nb3R0c2RhbGUxJTAjBgNVBAoTHFN0YXJmaWVsZCBUZWNobm9sb2dpZXMsIEluYy4x\nOzA5BgNVBAMTMlN0YXJmaWVsZCBTZXJ2aWNlcyBSb290IENlcnRpZmljYXRlIEF1\ndGhvcml0eSAtIEcyMB4XDTE1MDUyNTEyMDAwMFoXDTM3MTIzMTAxMDAwMFowOTEL\nMAkGA1UEBhMCVVMxDzANBgNVBAoTBkFtYXpvbjEZMBcGA1UEAxMQQW1hem9uIFJv\nb3QgQ0EgMTCCASIwDQYJKoZIhvcNAQEBBQADggEPADCCAQoCggEBALJ4gHHKeNXj\nca9HgFB0fW7Y14h29Jlo91ghYPl0hAEvrAIthtOgQ3pOsqTQNroBvo3bSMgHFzZM\n9O6II8c+6zf1tRn4SWiw3te5djgdYZ6k/oI2peVKVuRF4fn9tBb6dNqcmzU5L/qw\nIFAGbHrQgLKm+a/sRxmPUDgH3KKHOVj4utWp+UhnMJbulHheb4mjUcAwhmahRWa6\nVOujw5H5SNz/0egwLX0tdHA114gk957EWW67c4cX8jJGKLhD+rcdqsq08p8kDi1L\n93FcXmn/6pUCyziKrlA4b9v7LWIbxcceVOF34GfID5yHI9Y/QCB/IIDEgEw+OyQm\njgSubJrIqg0CAwEAAaOCATEwggEtMA8GA1UdEwEB/wQFMAMBAf8wDgYDVR0PAQH/\nBAQDAgGGMB0GA1UdDgQWBBSEGMyFNOy8DJSULghZnMeyEE4KCDAfBgNVHSMEGDAW\ngBScXwDfqgHXMCs4iKK4bUqc8hGRgzB4BggrBgEFBQcBAQRsMGowLgYIKwYBBQUH\nMAGGImh0dHA6Ly9vY3NwLnJvb3RnMi5hbWF6b250cnVzdC5jb20wOAYIKwYBBQUH\nMAKGLGh0dHA6Ly9jcnQucm9vdGcyLmFtYXpvbnRydXN0LmNvbS9yb290ZzIuY2Vy\nMD0GA1UdHwQ2MDQwMqAwoC6GLGh0dHA6Ly9jcmwucm9vdGcyLmFtYXpvbnRydXN0\nLmNvbS9yb290ZzIuY3JsMBEGA1UdIAQKMAgwBgYEVR0gADANBgkqhkiG9w0BAQsF\nAAOCAQEAYjdCXLwQtT6LLOkMm2xF4gcAevnFWAu5CIw+7bMlPLVvUOTNNWqnkzSW\nMiGpSESrnO09tKpzbeR/FoCJbM8oAxiDR3mjEH4wW6w7sGDgd9QIpuEdfF7Au/ma\neyKdpwAJfqxGF4PcnCZXmTA5YpaP7dreqsXMGz7KQ2hsVxa81Q4gLv7/wmpdLqBK\nbRRYh5TmOTFffHPLkIhqhBGWJ6bt2YFGpn6jcgAKUj6DiAdjd4lpFw85hdKrCEVN\n0FE6/V1dN2RMfjCyVSRCnTawXZwXgWHxyvkQAiSr6w10kY17RSlQOYiypok1JR4U\nakcjMS9cmvqtmg5iUaQqqcT5NJ0hGA==\n-----END CERTIFICATE-----\n",
                "is_ca": true,
                "issuer": "CN=Starfield Services Root Certificate Authority - G2,O=Starfield Technologies\\, Inc.,L=Scottsdale,ST=Arizona,C=US",
                "not_after": "2037-12-31T01:00:00Z",
                "not_before": "2015-05-25T12:00:00Z",
                "public_key_algorithm": "RSA",
                "serial_number": "144918191876577076464031512351042010504348870",
                "sha1_fingerprint": "06b25927c42a721631c1efd9431e648fa62e1e39",
                "signature_algorithm": "SHA256-RSA",
                "subject": "CN=Amazon Root CA 1,O=Amazon,C=US",
                "version": 3
              },
              {
                "cert_pem": "-----BEGIN CERTIFICATE-----\nMIIESTCCAzGgAwIBAgITBn+UV4WH6Kx33rJTMlu8mYtWDTANBgkqhkiG9w0BAQsF\nADA5MQswCQYDVQQGEwJVUzEPMA0GA1UEChMGQW1hem9uMRkwFwYDVQQDExBBbWF6\nb24gUm9vdCBDQSAxMB4XDTE1MTAyMjAwMDAwMFoXDTI1MTAxOTAwMDAwMFowRjEL\nMAkGA1UEBhMCVVMxDzANBgNVBAoTBkFtYXpvbjEVMBMGA1UECxMMU2VydmVyIENB\nIDFCMQ8wDQYDVQQDEwZBbWF6b24wggEiMA0GCSqGSIb3DQEBAQUAA4IBDwAwggEK\nAoIBAQDCThZn3c68asg3Wuw6MLAd5tES6BIoSMzoKcG5blPVo+sDORrMd4f2AbnZ\ncMzPa43j4wNxhplty6aUKk4T1qe9BOwKFjwK6zmxxLVYo7bHViXsPlJ6qOMpFge5\nblDP+18x+B26A0piiQOuPkfyDyeR4xQghfj66Yo19V+emU3nazfvpFA+ROz6WoVm\nB5x+F2pV8xeKNR7u6azDdU5YVX1TawprmxRC1+WsAYmz6qP+z8ArDITC2FMVy2fw\n0IjKOtEXc/VfmtTFch5+AfGYMGMqqvJ6LcXiAhqG5TI+Dr0RtM88k+8XUBCeQ8IG\nKuANaL7TiItKZYxK1MMuTJtV9IblAgMBAAGjggE7MIIBNzASBgNVHRMBAf8ECDAG\nAQH/AgEAMA4GA1UdDwEB/wQEAwIBhjAdBgNVHQ4EFgQUWaRmBlKge5WSPKOUByeW\ndFv5PdAwHwYDVR0jBBgwFoAUhBjMhTTsvAyUlC4IWZzHshBOCggwewYIKwYBBQUH\nAQEEbzBtMC8GCCsGAQUFBzABhiNodHRwOi8vb2NzcC5yb290Y2ExLmFtYXpvbnRy\ndXN0LmNvbTA6BggrBgEFBQcwAoYuaHR0cDovL2NydC5yb290Y2ExLmFtYXpvbnRy\ndXN0LmNvbS9yb290Y2ExLmNlcjA/BgNVHR8EODA2MDSgMqAwhi5odHRwOi8vY3Js\nLnJvb3RjYTEuYW1hem9udHJ1c3QuY29tL3Jvb3RjYTEuY3JsMBMGA1UdIAQMMAow\nCAYGZ4EMAQIBMA0GCSqGSIb3DQEBCwUAA4IBAQCFkr41u3nPo4FCHOTjY3NTOVI1\n59Gt/a6ZiqyJEi+752+a1U5y6iAwYfmXss2lJwJFqMp2PphKg5625kXg8kP2CN5t\n6G7bMQcT8C8xDZNtYTd7WPD8UZiRKAJPBXa30/AbwuZe0GaFEQ8ugcYQgSn+IGBI\n8/LwhBNTZTUVEWuCUUBVV18YtbAiPq3yXqMB48Oz+ctBWuZSkbvkNodPLamkB2g1\nupRyzQ7qDn1X8nn8N8V7YJ6y68AtkHcNSRAnpTitxBKjtKPISLMVCx7i4hncxHZS\nyLyKQXhw2W2Xs0qLeC1etA+jTGDK4UfLeC0SF7FSi8o5LL21L8IzApar2pR/\n-----END CERTIFICATE-----\n",
                "is_ca": true,
                "issuer": "CN=Amazon Root CA 1,O=Amazon,C=US",
                "not_after": "2025-10-19T00:00:00Z",
                "not_before": "2015-10-22T00:00:00Z",
                "public_key_algorithm": "RSA",
                "serial_number": "144918209630989264145272943054026349679957517",
                "sha1_fingerprint": "917e732d330f9a12404f73d8bea36948b929dffc",
                "signature_algorithm": "SHA256-RSA",
                "subject": "CN=Amazon,OU=Server CA 1B,O=Amazon,C=US",
                "version": 3
              },
              {
                "cert_pem": "-----BEGIN CERTIFICATE-----\nMIIF+jCCBOKgAwIBAgIQBv5G//SOY2bU9q4xJ8F5uTANBgkqhkiG9w0BAQsFADBG\nMQswCQYDVQQGEwJVUzEPMA0GA1UEChMGQW1hem9uMRUwEwYDVQQLEwxTZXJ2ZXIg\nQ0EgMUIxDzANBgNVBAMTBkFtYXpvbjAeFw0yMjA1MTMwMDAwMDBaFw0yMzA2MTEy\nMzU5NTlaMCsxKTAnBgNVBAMTIG9pZGMuZWtzLnVzLWVhc3QtMi5hbWF6b25hd3Mu\nY29tMIIBIjANBgkqhkiG9w0BAQEFAAOCAQ8AMIIBCgKCAQEA2sd2GBw6Gz0SQ9Co\nwVWkvghaF6oMnIDeMRe+rAu4RuwGiDDoWDYrkRogp41NeOgqxcsbvS2Q3A0AyI5b\nY2LiVw2/7CvmTXuRGWmTQcWGzFIFCJ7ICX5gy9hQ0gkqkHbkO1VRQZiObsfF1zkA\n60XksAiAkIv5fE40O43ckScU8jxql8UJruhe/DL57jpeD+nv04ST0oyZ92m/0SS/\nypYjteWUuC6bZIGsIO1Dgznr1xCsUOvb6K+pUa41UwX8Yeg5PDT+g1LMXLOSOuwg\n3GShNyyWxCD8RH4tX159112n22b9eNyoAvjftYVbdS1QTjGtY9OEFydf0/xKXavR\niwEyvQIDAQABo4IC/TCCAvkwHwYDVR0jBBgwFoAUWaRmBlKge5WSPKOUByeWdFv5\nPdAwHQYDVR0OBBYEFN+XM9tgYaG3FcYYEXmh/dowUsyIMCsGA1UdEQQkMCKCIG9p\nZGMuZWtzLnVzLWVhc3QtMi5hbWF6b25hd3MuY29tMA4GA1UdDwEB/wQEAwIFoDAd\nBgNVHSUEFjAUBggrBgEFBQcDAQYIKwYBBQUHAwIwPQYDVR0fBDYwNDAyoDCgLoYs\naHR0cDovL2NybC5zY2ExYi5hbWF6b250cnVzdC5jb20vc2NhMWItMS5jcmwwEwYD\nVR0gBAwwCjAIBgZngQwBAgEwdQYIKwYBBQUHAQEEaTBnMC0GCCsGAQUFBzABhiFo\ndHRwOi8vb2NzcC5zY2ExYi5hbWF6b250cnVzdC5jb20wNgYIKwYBBQUHMAKGKmh0\ndHA6Ly9jcnQuc2NhMWIuYW1hem9udHJ1c3QuY29tL3NjYTFiLmNydDAMBgNVHRMB\nAf8EAjAAMIIBgAYKKwYBBAHWeQIEAgSCAXAEggFsAWoAdwDoPtDaPvUGNTLnVyi8\niWvJA9PL0RFr7Otp4Xd9bQa9bgAAAYC6xUgwAAAEAwBIMEYCIQClcHmp+kaj2v+t\nqZCvo+pGr6V+aujgbQAWBsQ1L1GwgQIhAKvR1sfil1Nz1b9Ruwz8SyfhKXTzufCU\noTkGxoRXhTeJAHcANc8ZG7+xbFe/D61MbULLu7YnICZR6j/hKu+oA8M71kwAAAGA\nusVITAAABAMASDBGAiEAhE7dUEjaGthoiimmqhzwx8qlWi0zb57Nb6zNCy8pNJcC\nIQCeSKJfudF2OWn1LQlUHIZHEICTtw5+G1UwblZHr5vcoAB2ALNzdwfhhFD4Y4bW\nBancEQlKeS2xZwwLh9zwAw55NqWaAAABgLrFSHoAAAQDAEcwRQIgZrYouLuZVvzv\nKi72oXFJ7fbipNlU1DSxd1xWtB0XFDcCIQCQZisG8HAPWinKQKjBvxZIKkSIBvHk\nLPvg3QPLaWt8nzANBgkqhkiG9w0BAQsFAAOCAQEAVXp3DFG9hGdWOfXeWxvCKGRC\nY11lyXaZ1qxMNvhFU+TT1g5KY+0gnLve1tZNlvcLBavsH9zr7Ts7yyPDk+95kfPR\n4CU9SF0L2TeOOZeLVEr/GmzAtmOWV6JvDW13ao4dWHUmO8HYbQ87BQK4IXBIV37b\n5fPqgKG7HXHLpdK9j2GnfHGmzvwdG/3XWqOilyQrFAayvK1Sjn3omSrxkmOvnR1s\nzT6XmnXrxNyz2Vq2bpoUdZArQ2cxt2Y4FiKsZqaJP6XFPTALtKvJDKvs1i3dTDxN\nXoQ/nzcot0vjzT/swcikMw8XVXt4c5ZukopYRSWDTELyoG9NwwgM8asrQh31VA==\n-----END CERTIFICATE-----\n",
                "is_ca": false,
                "issuer": "CN=Amazon,OU=Server CA 1B,O=Amazon,C=US",
                "not_after": "2023-06-11T23:59:59Z",
                "not_before": "2022-05-13T00:00:00Z",
                "public_key_algorithm": "RSA",
                "serial_number": "9295651424317517483394169121961769401",
                "sha1_fingerprint": "0fd7a5400b4769a5db5a5fcf4bc970fdf2fd236f",
                "signature_algorithm": "SHA256-RSA",
                "subject": "CN=oidc.eks.us-east-2.amazonaws.com",
                "version": 3
              }
            ],
            "content": null,
            "id": "0af20c296326c52c9580a79810d29a1582c42ad8",
            "url": "https://oidc.eks.us-east-2.amazonaws.com/id/3C89B2158E8FB80B28E47AB9EEDF19A9",
            "verify_chain": true
          },
          "sensitive_attributes": []
        }
      ]
    },
    {
      "module": "module.eks_blueprints.module.aws_eks",
      "mode": "managed",
      "type": "aws_ec2_tag",
      "name": "cluster_primary_security_group",
      "provider": "provider[\"registry.terraform.io/hashicorp/aws\"]",
      "instances": [
        {
          "index_key": "Blueprint",
          "schema_version": 0,
          "attributes": {
            "id": "sg-0b90f8f20fce94211,Blueprint",
            "key": "Blueprint",
            "resource_id": "sg-0b90f8f20fce94211",
            "value": "aws012-preprod-test-eks"
          },
          "sensitive_attributes": [],
          "private": "bnVsbA==",
          "dependencies": [
            "data.aws_availability_zones.available",
            "data.aws_caller_identity.current",
            "module.eks_blueprints.data.aws_caller_identity.current",
            "module.eks_blueprints.data.aws_iam_policy_document.eks_key",
            "module.eks_blueprints.data.aws_iam_session_context.current",
            "module.eks_blueprints.data.aws_partition.current",
            "module.eks_blueprints.data.aws_region.current",
            "module.eks_blueprints.module.aws_eks.aws_cloudwatch_log_group.this",
            "module.eks_blueprints.module.aws_eks.aws_eks_cluster.this",
            "module.eks_blueprints.module.aws_eks.aws_iam_role.this",
            "module.eks_blueprints.module.aws_eks.aws_iam_role_policy_attachment.this",
            "module.eks_blueprints.module.aws_eks.aws_security_group.cluster",
            "module.eks_blueprints.module.aws_eks.aws_security_group.node",
            "module.eks_blueprints.module.aws_eks.aws_security_group_rule.cluster",
            "module.eks_blueprints.module.aws_eks.aws_security_group_rule.node",
            "module.eks_blueprints.module.aws_eks.data.aws_caller_identity.current",
            "module.eks_blueprints.module.aws_eks.data.aws_iam_policy_document.assume_role_policy",
            "module.eks_blueprints.module.aws_eks.data.aws_partition.current",
            "module.eks_blueprints.module.aws_eks.module.kms.aws_kms_external_key.this",
            "module.eks_blueprints.module.aws_eks.module.kms.aws_kms_key.this",
            "module.eks_blueprints.module.aws_eks.module.kms.data.aws_caller_identity.current",
            "module.eks_blueprints.module.aws_eks.module.kms.data.aws_iam_policy_document.this",
            "module.eks_blueprints.module.aws_eks.module.kms.data.aws_partition.current",
            "module.eks_blueprints.module.kms.aws_kms_key.this",
            "module.vpc.aws_subnet.private",
            "module.vpc.aws_vpc.this",
            "module.vpc.aws_vpc_ipv4_cidr_block_association.this"
          ]
        },
        {
          "index_key": "GithubRepo",
          "schema_version": 0,
          "attributes": {
            "id": "sg-0b90f8f20fce94211,GithubRepo",
            "key": "GithubRepo",
            "resource_id": "sg-0b90f8f20fce94211",
            "value": "terraform-aws-eks-blueprints"
          },
          "sensitive_attributes": [],
          "private": "bnVsbA==",
          "dependencies": [
            "data.aws_availability_zones.available",
            "data.aws_caller_identity.current",
            "module.eks_blueprints.data.aws_caller_identity.current",
            "module.eks_blueprints.data.aws_iam_policy_document.eks_key",
            "module.eks_blueprints.data.aws_iam_session_context.current",
            "module.eks_blueprints.data.aws_partition.current",
            "module.eks_blueprints.data.aws_region.current",
            "module.eks_blueprints.module.aws_eks.aws_cloudwatch_log_group.this",
            "module.eks_blueprints.module.aws_eks.aws_eks_cluster.this",
            "module.eks_blueprints.module.aws_eks.aws_iam_role.this",
            "module.eks_blueprints.module.aws_eks.aws_iam_role_policy_attachment.this",
            "module.eks_blueprints.module.aws_eks.aws_security_group.cluster",
            "module.eks_blueprints.module.aws_eks.aws_security_group.node",
            "module.eks_blueprints.module.aws_eks.aws_security_group_rule.cluster",
            "module.eks_blueprints.module.aws_eks.aws_security_group_rule.node",
            "module.eks_blueprints.module.aws_eks.data.aws_caller_identity.current",
            "module.eks_blueprints.module.aws_eks.data.aws_iam_policy_document.assume_role_policy",
            "module.eks_blueprints.module.aws_eks.data.aws_partition.current",
            "module.eks_blueprints.module.aws_eks.module.kms.aws_kms_external_key.this",
            "module.eks_blueprints.module.aws_eks.module.kms.aws_kms_key.this",
            "module.eks_blueprints.module.aws_eks.module.kms.data.aws_caller_identity.current",
            "module.eks_blueprints.module.aws_eks.module.kms.data.aws_iam_policy_document.this",
            "module.eks_blueprints.module.aws_eks.module.kms.data.aws_partition.current",
            "module.eks_blueprints.module.kms.aws_kms_key.this",
            "module.vpc.aws_subnet.private",
            "module.vpc.aws_vpc.this",
            "module.vpc.aws_vpc_ipv4_cidr_block_association.this"
          ]
        }
      ]
    },
    {
      "module": "module.eks_blueprints.module.aws_eks",
      "mode": "managed",
      "type": "aws_eks_cluster",
      "name": "this",
      "provider": "provider[\"registry.terraform.io/hashicorp/aws\"]",
      "instances": [
        {
          "index_key": 0,
          "schema_version": 0,
          "attributes": {
            "arn": "arn:aws:eks:us-east-2:349361870252:cluster/aws012-preprod-test-eks",
            "certificate_authority": [
              {
                "data": "LS0tLS1CRUdJTiBDRVJUSUZJQ0FURS0tLS0tCk1JSUM1ekNDQWMrZ0F3SUJBZ0lCQURBTkJna3Foa2lHOXcwQkFRc0ZBREFWTVJNd0VRWURWUVFERXdwcmRXSmwKY201bGRHVnpNQjRYRFRJeU1EY3lOakU1TWpjeU9Gb1hEVE15TURjeU16RTVNamN5T0Zvd0ZURVRNQkVHQTFVRQpBeE1LYTNWaVpYSnVaWFJsY3pDQ0FTSXdEUVlKS29aSWh2Y05BUUVCQlFBRGdnRVBBRENDQVFvQ2dnRUJBTXNwClJ3NkNNVWtEUkZVT0JyNEZxaTNocDBZaDFMSGw4d280UFo0ZjRyNXV5Wk9LWnpPSkxzSlQrSFRhN3Q2dWlCcTkKeTFodzFYTFRjYjBCek1qbmVCNFJ3QmMrS1hqYlVvaUU4WE1BUkp2eTRJVFFOc01wb0FaYjJMc2NVem5wTm1UcQpLeGpjQlVIT0p5aGlaeFgwcHFNektGVHVhdFg2YmwvUXh2L3FvSm9DSVFnSE0zdURXVTF6ZDJOeldwb2JXNGpmCmhjcHh4azBVT1ZoTUtGalk1dlZqblR2MGlQRGNRNEh5RWZjdFVLeGg5MVZiMG55dGlHZjhrOHNFZWd1K3ltZ0MKMzE0MzRJc3NwUjVsZzU1eXFhZ0dBeXlSZjE4OGhYcHk2QU4wZEIycm8rSlJFVlFCTlBxK294K04xcnBaQXEwcApzUzRJMmhJK0I5YTIvbzBlYnprQ0F3RUFBYU5DTUVBd0RnWURWUjBQQVFIL0JBUURBZ0trTUE4R0ExVWRFd0VCCi93UUZNQU1CQWY4d0hRWURWUjBPQkJZRUZLUzViUDc1WEdSSm9jWlhiVEoyOWRlSjgzTlRNQTBHQ1NxR1NJYjMKRFFFQkN3VUFBNElCQVFDdXg2Nk12dEZ5WUMvQnE3SUhqQVduTzdORnFXRFdXVWs3WlkyaDdGUEhhb3hlN1hxQQp5aXMyZUtDMkZSYjdKb0JpV000NjF2cjB2UG5jenRSUGRYdnZXdXRhWWsyeVhRS25PUVk1Nk41dUs3YTE3TmxqCnZCNHRQd1VKd3pBM29jQVo5OFYxYmp1Q1lhRUJwbkhwTklvQWZmMnVhYkIzeklTTDRUcFNCOUxDdXFHMmVxeE8Kb1lVQ3drWHVCU1BzS1NEdzBMTVNYVFJIS1psZityZEljS1ZYK2xRaWRxRkhDWU1vdmMzaUR0MytkZGhRSUYrZwppeDZkaS85NlhvbmNoYml2RFdwakRvaDVjS2dZYWtCRFFFSXBqSy84b1pBczlnajVKUmV4S2RKYTc0RTI2a3dhCmdzTFg0aGRTWC9JaXFYakp0cWI3OWhDUFBweE9CT2xaL00vZgotLS0tLUVORCBDRVJUSUZJQ0FURS0tLS0tCg=="
              }
            ],
            "created_at": "2022-07-26 19:21:37.033 +0000 UTC",
            "enabled_cluster_log_types": [
              "api",
              "audit",
              "authenticator",
              "controllerManager",
              "scheduler"
            ],
            "encryption_config": [
              {
                "provider": [
                  {
                    "key_arn": "arn:aws:kms:us-east-2:349361870252:key/b31e23a6-2cab-4e14-80a5-b5f0aacd75af"
                  }
                ],
                "resources": [
                  "secrets"
                ]
              }
            ],
            "endpoint": "https://3C89B2158E8FB80B28E47AB9EEDF19A9.gr7.us-east-2.eks.amazonaws.com",
            "id": "aws012-preprod-test-eks",
            "identity": [
              {
                "oidc": [
                  {
                    "issuer": "https://oidc.eks.us-east-2.amazonaws.com/id/3C89B2158E8FB80B28E47AB9EEDF19A9"
                  }
                ]
              }
            ],
            "kubernetes_network_config": [
              {
                "ip_family": "ipv4",
                "service_ipv4_cidr": "172.20.0.0/16"
              }
            ],
            "name": "aws012-preprod-test-eks",
            "platform_version": "eks.9",
            "role_arn": "arn:aws:iam::349361870252:role/aws012-preprod-test-eks-cluster-role",
            "status": "ACTIVE",
            "tags": {
              "Blueprint": "aws012-preprod-test-eks",
              "GithubRepo": "terraform-aws-eks-blueprints"
            },
            "tags_all": {
              "Blueprint": "aws012-preprod-test-eks",
              "GithubRepo": "terraform-aws-eks-blueprints"
            },
            "timeouts": {
              "create": null,
              "delete": null,
              "update": null
            },
            "version": "1.21",
            "vpc_config": [
              {
                "cluster_security_group_id": "sg-0b90f8f20fce94211",
                "endpoint_private_access": true,
                "endpoint_public_access": true,
                "public_access_cidrs": [
                  "0.0.0.0/0"
                ],
                "security_group_ids": [
                  "sg-051282e57a37d5bc9"
                ],
                "subnet_ids": [
                  "subnet-093355cefe6d3155d",
                  "subnet-0b8cc043219c31f09",
                  "subnet-0f7e4e1bbb2e798bb"
                ],
                "vpc_id": "vpc-0f22778bfc01d53b9"
              }
            ]
          },
          "sensitive_attributes": [],
          "private": "eyJlMmJmYjczMC1lY2FhLTExZTYtOGY4OC0zNDM2M2JjN2M0YzAiOnsiY3JlYXRlIjoxODAwMDAwMDAwMDAwLCJkZWxldGUiOjkwMDAwMDAwMDAwMCwidXBkYXRlIjozNjAwMDAwMDAwMDAwfX0=",
          "dependencies": [
            "data.aws_availability_zones.available",
            "data.aws_caller_identity.current",
            "module.eks_blueprints.data.aws_caller_identity.current",
            "module.eks_blueprints.data.aws_iam_policy_document.eks_key",
            "module.eks_blueprints.data.aws_iam_session_context.current",
            "module.eks_blueprints.data.aws_partition.current",
            "module.eks_blueprints.data.aws_region.current",
            "module.eks_blueprints.module.aws_eks.aws_cloudwatch_log_group.this",
            "module.eks_blueprints.module.aws_eks.aws_iam_role.this",
            "module.eks_blueprints.module.aws_eks.aws_iam_role_policy_attachment.this",
            "module.eks_blueprints.module.aws_eks.aws_security_group.cluster",
            "module.eks_blueprints.module.aws_eks.aws_security_group.node",
            "module.eks_blueprints.module.aws_eks.aws_security_group_rule.cluster",
            "module.eks_blueprints.module.aws_eks.aws_security_group_rule.node",
            "module.eks_blueprints.module.aws_eks.data.aws_caller_identity.current",
            "module.eks_blueprints.module.aws_eks.data.aws_iam_policy_document.assume_role_policy",
            "module.eks_blueprints.module.aws_eks.data.aws_partition.current",
            "module.eks_blueprints.module.aws_eks.module.kms.aws_kms_external_key.this",
            "module.eks_blueprints.module.aws_eks.module.kms.aws_kms_key.this",
            "module.eks_blueprints.module.aws_eks.module.kms.data.aws_caller_identity.current",
            "module.eks_blueprints.module.aws_eks.module.kms.data.aws_iam_policy_document.this",
            "module.eks_blueprints.module.aws_eks.module.kms.data.aws_partition.current",
            "module.eks_blueprints.module.kms.aws_kms_key.this",
            "module.vpc.aws_subnet.private",
            "module.vpc.aws_vpc.this",
            "module.vpc.aws_vpc_ipv4_cidr_block_association.this"
          ],
          "create_before_destroy": true
        }
      ]
    },
    {
      "module": "module.eks_blueprints.module.aws_eks",
      "mode": "managed",
      "type": "aws_iam_openid_connect_provider",
      "name": "oidc_provider",
      "provider": "provider[\"registry.terraform.io/hashicorp/aws\"]",
      "instances": [
        {
          "index_key": 0,
          "schema_version": 0,
          "attributes": {
            "arn": "arn:aws:iam::349361870252:oidc-provider/oidc.eks.us-east-2.amazonaws.com/id/3C89B2158E8FB80B28E47AB9EEDF19A9",
            "client_id_list": [
              "sts.amazonaws.com"
            ],
            "id": "arn:aws:iam::349361870252:oidc-provider/oidc.eks.us-east-2.amazonaws.com/id/3C89B2158E8FB80B28E47AB9EEDF19A9",
            "tags": {
              "Blueprint": "aws012-preprod-test-eks",
              "GithubRepo": "terraform-aws-eks-blueprints",
              "Name": "aws012-preprod-test-eks-eks-irsa"
            },
            "tags_all": {
              "Blueprint": "aws012-preprod-test-eks",
              "GithubRepo": "terraform-aws-eks-blueprints",
              "Name": "aws012-preprod-test-eks-eks-irsa"
            },
            "thumbprint_list": [
              "9e99a48a9960b14926bb7f3b02e22da2b0ab7280"
            ],
            "url": "oidc.eks.us-east-2.amazonaws.com/id/3C89B2158E8FB80B28E47AB9EEDF19A9"
          },
          "sensitive_attributes": [],
          "private": "bnVsbA==",
          "dependencies": [
            "data.aws_availability_zones.available",
            "data.aws_caller_identity.current",
            "module.eks_blueprints.data.aws_caller_identity.current",
            "module.eks_blueprints.data.aws_iam_policy_document.eks_key",
            "module.eks_blueprints.data.aws_iam_session_context.current",
            "module.eks_blueprints.data.aws_partition.current",
            "module.eks_blueprints.data.aws_region.current",
            "module.eks_blueprints.module.aws_eks.aws_cloudwatch_log_group.this",
            "module.eks_blueprints.module.aws_eks.aws_eks_cluster.this",
            "module.eks_blueprints.module.aws_eks.aws_iam_role.this",
            "module.eks_blueprints.module.aws_eks.aws_iam_role_policy_attachment.this",
            "module.eks_blueprints.module.aws_eks.aws_security_group.cluster",
            "module.eks_blueprints.module.aws_eks.aws_security_group.node",
            "module.eks_blueprints.module.aws_eks.aws_security_group_rule.cluster",
            "module.eks_blueprints.module.aws_eks.aws_security_group_rule.node",
            "module.eks_blueprints.module.aws_eks.data.aws_caller_identity.current",
            "module.eks_blueprints.module.aws_eks.data.aws_iam_policy_document.assume_role_policy",
            "module.eks_blueprints.module.aws_eks.data.aws_partition.current",
            "module.eks_blueprints.module.aws_eks.data.tls_certificate.this",
            "module.eks_blueprints.module.aws_eks.module.kms.aws_kms_external_key.this",
            "module.eks_blueprints.module.aws_eks.module.kms.aws_kms_key.this",
            "module.eks_blueprints.module.aws_eks.module.kms.data.aws_caller_identity.current",
            "module.eks_blueprints.module.aws_eks.module.kms.data.aws_iam_policy_document.this",
            "module.eks_blueprints.module.aws_eks.module.kms.data.aws_partition.current",
            "module.eks_blueprints.module.kms.aws_kms_key.this",
            "module.vpc.aws_subnet.private",
            "module.vpc.aws_vpc.this",
            "module.vpc.aws_vpc_ipv4_cidr_block_association.this"
          ]
        }
      ]
    },
    {
      "module": "module.eks_blueprints.module.aws_eks",
      "mode": "managed",
      "type": "aws_iam_role",
      "name": "this",
      "provider": "provider[\"registry.terraform.io/hashicorp/aws\"]",
      "instances": [
        {
          "index_key": 0,
          "schema_version": 0,
          "attributes": {
            "arn": "arn:aws:iam::349361870252:role/aws012-preprod-test-eks-cluster-role",
            "assume_role_policy": "{\"Statement\":[{\"Action\":\"sts:AssumeRole\",\"Effect\":\"Allow\",\"Principal\":{\"Service\":\"eks.amazonaws.com\"},\"Sid\":\"EKSClusterAssumeRole\"}],\"Version\":\"2012-10-17\"}",
            "create_date": "2022-07-26T19:21:14Z",
            "description": "",
            "force_detach_policies": true,
            "id": "aws012-preprod-test-eks-cluster-role",
            "inline_policy": [],
            "managed_policy_arns": [
              "arn:aws:iam::aws:policy/AmazonEKSClusterPolicy",
              "arn:aws:iam::aws:policy/AmazonEKSVPCResourceController"
            ],
            "max_session_duration": 3600,
            "name": "aws012-preprod-test-eks-cluster-role",
            "name_prefix": "",
            "path": "/",
            "permissions_boundary": null,
            "tags": {
              "Blueprint": "aws012-preprod-test-eks",
              "GithubRepo": "terraform-aws-eks-blueprints"
            },
            "tags_all": {
              "Blueprint": "aws012-preprod-test-eks",
              "GithubRepo": "terraform-aws-eks-blueprints"
            },
            "unique_id": "AROAVCV4XCWWKEVPHWCX7"
          },
          "sensitive_attributes": [],
          "private": "bnVsbA==",
          "dependencies": [
            "module.eks_blueprints.module.aws_eks.aws_cloudwatch_log_group.this",
            "module.eks_blueprints.module.aws_eks.data.aws_iam_policy_document.assume_role_policy",
            "module.eks_blueprints.module.aws_eks.data.aws_partition.current"
          ],
          "create_before_destroy": true
        }
      ]
    },
    {
      "module": "module.eks_blueprints.module.aws_eks",
      "mode": "managed",
      "type": "aws_iam_role_policy_attachment",
      "name": "this",
      "provider": "provider[\"registry.terraform.io/hashicorp/aws\"]",
      "instances": [
        {
          "index_key": "arn:aws:iam::aws:policy/AmazonEKSClusterPolicy",
          "schema_version": 0,
          "attributes": {
            "id": "aws012-preprod-test-eks-cluster-role-20220726192115368500000002",
            "policy_arn": "arn:aws:iam::aws:policy/AmazonEKSClusterPolicy",
            "role": "aws012-preprod-test-eks-cluster-role"
          },
          "sensitive_attributes": [],
          "private": "bnVsbA==",
          "dependencies": [
            "module.eks_blueprints.module.aws_eks.aws_cloudwatch_log_group.this",
            "module.eks_blueprints.module.aws_eks.aws_iam_role.this",
            "module.eks_blueprints.module.aws_eks.data.aws_iam_policy_document.assume_role_policy",
            "module.eks_blueprints.module.aws_eks.data.aws_partition.current"
          ],
          "create_before_destroy": true
        },
        {
          "index_key": "arn:aws:iam::aws:policy/AmazonEKSVPCResourceController",
          "schema_version": 0,
          "attributes": {
            "id": "aws012-preprod-test-eks-cluster-role-20220726192115256300000001",
            "policy_arn": "arn:aws:iam::aws:policy/AmazonEKSVPCResourceController",
            "role": "aws012-preprod-test-eks-cluster-role"
          },
          "sensitive_attributes": [],
          "private": "bnVsbA==",
          "dependencies": [
            "module.eks_blueprints.module.aws_eks.aws_cloudwatch_log_group.this",
            "module.eks_blueprints.module.aws_eks.aws_iam_role.this",
            "module.eks_blueprints.module.aws_eks.data.aws_iam_policy_document.assume_role_policy",
            "module.eks_blueprints.module.aws_eks.data.aws_partition.current"
          ],
          "create_before_destroy": true
        }
      ]
    },
    {
      "module": "module.eks_blueprints.module.aws_eks",
      "mode": "managed",
      "type": "aws_security_group",
      "name": "cluster",
      "provider": "provider[\"registry.terraform.io/hashicorp/aws\"]",
      "instances": [
        {
          "index_key": 0,
          "schema_version": 1,
          "attributes": {
            "arn": "arn:aws:ec2:us-east-2:349361870252:security-group/sg-051282e57a37d5bc9",
            "description": "EKS cluster security group",
            "egress": [
              {
                "cidr_blocks": [],
                "description": "Cluster API to node groups",
                "from_port": 443,
                "ipv6_cidr_blocks": [],
                "prefix_list_ids": [],
                "protocol": "tcp",
                "security_groups": [
                  "sg-074f10d209e53b62e"
                ],
                "self": false,
                "to_port": 443
              },
              {
                "cidr_blocks": [],
                "description": "Cluster API to node kubelets",
                "from_port": 10250,
                "ipv6_cidr_blocks": [],
                "prefix_list_ids": [],
                "protocol": "tcp",
                "security_groups": [
                  "sg-074f10d209e53b62e"
                ],
                "self": false,
                "to_port": 10250
              }
            ],
            "id": "sg-051282e57a37d5bc9",
            "ingress": [
              {
                "cidr_blocks": [],
                "description": "Node groups to cluster API",
                "from_port": 443,
                "ipv6_cidr_blocks": [],
                "prefix_list_ids": [],
                "protocol": "tcp",
                "security_groups": [
                  "sg-074f10d209e53b62e"
                ],
                "self": false,
                "to_port": 443
              }
            ],
            "name": "aws012-preprod-test-eks-cluster-20220726192127025600000003",
            "name_prefix": "aws012-preprod-test-eks-cluster-",
            "owner_id": "349361870252",
            "revoke_rules_on_delete": false,
            "tags": {
              "Blueprint": "aws012-preprod-test-eks",
              "GithubRepo": "terraform-aws-eks-blueprints",
              "Name": "aws012-preprod-test-eks-cluster"
            },
            "tags_all": {
              "Blueprint": "aws012-preprod-test-eks",
              "GithubRepo": "terraform-aws-eks-blueprints",
              "Name": "aws012-preprod-test-eks-cluster"
            },
            "timeouts": null,
            "vpc_id": "vpc-0f22778bfc01d53b9"
          },
          "sensitive_attributes": [],
          "private": "eyJlMmJmYjczMC1lY2FhLTExZTYtOGY4OC0zNDM2M2JjN2M0YzAiOnsiY3JlYXRlIjo2MDAwMDAwMDAwMDAsImRlbGV0ZSI6OTAwMDAwMDAwMDAwfSwic2NoZW1hX3ZlcnNpb24iOiIxIn0=",
          "dependencies": [
            "module.vpc.aws_vpc.this"
          ],
          "create_before_destroy": true
        }
      ]
    },
    {
      "module": "module.eks_blueprints.module.aws_eks",
      "mode": "managed",
      "type": "aws_security_group",
      "name": "node",
      "provider": "provider[\"registry.terraform.io/hashicorp/aws\"]",
      "instances": [
        {
          "index_key": 0,
          "schema_version": 1,
          "attributes": {
            "arn": "arn:aws:ec2:us-east-2:349361870252:security-group/sg-074f10d209e53b62e",
            "description": "EKS node shared security group",
            "egress": [
              {
                "cidr_blocks": [
                  "0.0.0.0/0"
                ],
                "description": "Egress NTP/TCP to internet",
                "from_port": 123,
                "ipv6_cidr_blocks": [],
                "prefix_list_ids": [],
                "protocol": "tcp",
                "security_groups": [],
                "self": false,
                "to_port": 123
              },
              {
                "cidr_blocks": [
                  "0.0.0.0/0"
                ],
                "description": "Egress NTP/UDP to internet",
                "from_port": 123,
                "ipv6_cidr_blocks": [],
                "prefix_list_ids": [],
                "protocol": "udp",
                "security_groups": [],
                "self": false,
                "to_port": 123
              },
              {
                "cidr_blocks": [
                  "0.0.0.0/0"
                ],
                "description": "Egress all HTTPS to internet",
                "from_port": 443,
                "ipv6_cidr_blocks": [],
                "prefix_list_ids": [],
                "protocol": "tcp",
                "security_groups": [],
                "self": false,
                "to_port": 443
              },
              {
                "cidr_blocks": [],
                "description": "Node groups to cluster API",
                "from_port": 443,
                "ipv6_cidr_blocks": [],
                "prefix_list_ids": [],
                "protocol": "tcp",
                "security_groups": [
                  "sg-051282e57a37d5bc9"
                ],
                "self": false,
                "to_port": 443
              },
              {
                "cidr_blocks": [],
                "description": "Node to node CoreDNS",
                "from_port": 53,
                "ipv6_cidr_blocks": [],
                "prefix_list_ids": [],
                "protocol": "tcp",
                "security_groups": [],
                "self": true,
                "to_port": 53
              },
              {
                "cidr_blocks": [],
                "description": "Node to node CoreDNS",
                "from_port": 53,
                "ipv6_cidr_blocks": [],
                "prefix_list_ids": [],
                "protocol": "udp",
                "security_groups": [],
                "self": true,
                "to_port": 53
              }
            ],
            "id": "sg-074f10d209e53b62e",
            "ingress": [
              {
                "cidr_blocks": [],
                "description": "Cluster API to node groups",
                "from_port": 443,
                "ipv6_cidr_blocks": [],
                "prefix_list_ids": [],
                "protocol": "tcp",
                "security_groups": [
                  "sg-051282e57a37d5bc9"
                ],
                "self": false,
                "to_port": 443
              },
              {
                "cidr_blocks": [],
                "description": "Cluster API to node kubelets",
                "from_port": 10250,
                "ipv6_cidr_blocks": [],
                "prefix_list_ids": [],
                "protocol": "tcp",
                "security_groups": [
                  "sg-051282e57a37d5bc9"
                ],
                "self": false,
                "to_port": 10250
              },
              {
                "cidr_blocks": [],
                "description": "Node to node CoreDNS",
                "from_port": 53,
                "ipv6_cidr_blocks": [],
                "prefix_list_ids": [],
                "protocol": "tcp",
                "security_groups": [],
                "self": true,
                "to_port": 53
              },
              {
                "cidr_blocks": [],
                "description": "Node to node CoreDNS",
                "from_port": 53,
                "ipv6_cidr_blocks": [],
                "prefix_list_ids": [],
                "protocol": "udp",
                "security_groups": [],
                "self": true,
                "to_port": 53
              }
            ],
            "name": "aws012-preprod-test-eks-node-20220726192127131000000004",
            "name_prefix": "aws012-preprod-test-eks-node-",
            "owner_id": "349361870252",
            "revoke_rules_on_delete": false,
            "tags": {
              "Blueprint": "aws012-preprod-test-eks",
              "GithubRepo": "terraform-aws-eks-blueprints",
              "Name": "aws012-preprod-test-eks-node",
              "kubernetes.io/cluster/aws012-preprod-test-eks": "owned"
            },
            "tags_all": {
              "Blueprint": "aws012-preprod-test-eks",
              "GithubRepo": "terraform-aws-eks-blueprints",
              "Name": "aws012-preprod-test-eks-node",
              "kubernetes.io/cluster/aws012-preprod-test-eks": "owned"
            },
            "timeouts": null,
            "vpc_id": "vpc-0f22778bfc01d53b9"
          },
          "sensitive_attributes": [],
          "private": "eyJlMmJmYjczMC1lY2FhLTExZTYtOGY4OC0zNDM2M2JjN2M0YzAiOnsiY3JlYXRlIjo2MDAwMDAwMDAwMDAsImRlbGV0ZSI6OTAwMDAwMDAwMDAwfSwic2NoZW1hX3ZlcnNpb24iOiIxIn0=",
          "dependencies": [
            "module.vpc.aws_vpc.this"
          ],
          "create_before_destroy": true
        }
      ]
    },
    {
      "module": "module.eks_blueprints.module.aws_eks",
      "mode": "managed",
      "type": "aws_security_group_rule",
      "name": "cluster",
      "provider": "provider[\"registry.terraform.io/hashicorp/aws\"]",
      "instances": [
        {
          "index_key": "egress_nodes_443",
          "schema_version": 2,
          "attributes": {
            "cidr_blocks": [],
            "description": "Cluster API to node groups",
            "from_port": 443,
            "id": "sgrule-2267983514",
            "ipv6_cidr_blocks": [],
            "prefix_list_ids": [],
            "protocol": "tcp",
            "security_group_id": "sg-051282e57a37d5bc9",
            "self": false,
            "source_security_group_id": "sg-074f10d209e53b62e",
            "to_port": 443,
            "type": "egress"
          },
          "sensitive_attributes": [],
          "private": "eyJzY2hlbWFfdmVyc2lvbiI6IjIifQ==",
          "dependencies": [
            "module.eks_blueprints.module.aws_eks.aws_security_group.cluster",
            "module.eks_blueprints.module.aws_eks.aws_security_group.node",
            "module.vpc.aws_vpc.this"
          ],
          "create_before_destroy": true
        },
        {
          "index_key": "egress_nodes_kubelet",
          "schema_version": 2,
          "attributes": {
            "cidr_blocks": [],
            "description": "Cluster API to node kubelets",
            "from_port": 10250,
            "id": "sgrule-2471739791",
            "ipv6_cidr_blocks": [],
            "prefix_list_ids": [],
            "protocol": "tcp",
            "security_group_id": "sg-051282e57a37d5bc9",
            "self": false,
            "source_security_group_id": "sg-074f10d209e53b62e",
            "to_port": 10250,
            "type": "egress"
          },
          "sensitive_attributes": [],
          "private": "eyJzY2hlbWFfdmVyc2lvbiI6IjIifQ==",
          "dependencies": [
            "module.eks_blueprints.module.aws_eks.aws_security_group.cluster",
            "module.eks_blueprints.module.aws_eks.aws_security_group.node",
            "module.vpc.aws_vpc.this"
          ],
          "create_before_destroy": true
        },
        {
          "index_key": "ingress_nodes_443",
          "schema_version": 2,
          "attributes": {
            "cidr_blocks": [],
            "description": "Node groups to cluster API",
            "from_port": 443,
            "id": "sgrule-2833889445",
            "ipv6_cidr_blocks": [],
            "prefix_list_ids": [],
            "protocol": "tcp",
            "security_group_id": "sg-051282e57a37d5bc9",
            "self": false,
            "source_security_group_id": "sg-074f10d209e53b62e",
            "to_port": 443,
            "type": "ingress"
          },
          "sensitive_attributes": [],
          "private": "eyJzY2hlbWFfdmVyc2lvbiI6IjIifQ==",
          "dependencies": [
            "module.eks_blueprints.module.aws_eks.aws_security_group.cluster",
            "module.eks_blueprints.module.aws_eks.aws_security_group.node",
            "module.vpc.aws_vpc.this"
          ],
          "create_before_destroy": true
        }
      ]
    },
    {
      "module": "module.eks_blueprints.module.aws_eks",
      "mode": "managed",
      "type": "aws_security_group_rule",
      "name": "node",
      "provider": "provider[\"registry.terraform.io/hashicorp/aws\"]",
      "instances": [
        {
          "index_key": "egress_cluster_443",
          "schema_version": 2,
          "attributes": {
            "cidr_blocks": [],
            "description": "Node groups to cluster API",
            "from_port": 443,
            "id": "sgrule-2779216313",
            "ipv6_cidr_blocks": [],
            "prefix_list_ids": [],
            "protocol": "tcp",
            "security_group_id": "sg-074f10d209e53b62e",
            "self": false,
            "source_security_group_id": "sg-051282e57a37d5bc9",
            "to_port": 443,
            "type": "egress"
          },
          "sensitive_attributes": [],
          "private": "eyJzY2hlbWFfdmVyc2lvbiI6IjIifQ==",
          "dependencies": [
            "module.eks_blueprints.module.aws_eks.aws_security_group.cluster",
            "module.eks_blueprints.module.aws_eks.aws_security_group.node",
            "module.vpc.aws_vpc.this"
          ],
          "create_before_destroy": true
        },
        {
          "index_key": "egress_https",
          "schema_version": 2,
          "attributes": {
            "cidr_blocks": [
              "0.0.0.0/0"
            ],
            "description": "Egress all HTTPS to internet",
            "from_port": 443,
            "id": "sgrule-3307785728",
            "ipv6_cidr_blocks": [],
            "prefix_list_ids": [],
            "protocol": "tcp",
            "security_group_id": "sg-074f10d209e53b62e",
            "self": false,
            "source_security_group_id": null,
            "to_port": 443,
            "type": "egress"
          },
          "sensitive_attributes": [],
          "private": "eyJzY2hlbWFfdmVyc2lvbiI6IjIifQ==",
          "dependencies": [
            "module.eks_blueprints.module.aws_eks.aws_security_group.cluster",
            "module.eks_blueprints.module.aws_eks.aws_security_group.node",
            "module.vpc.aws_vpc.this"
          ],
          "create_before_destroy": true
        },
        {
          "index_key": "egress_ntp_tcp",
          "schema_version": 2,
          "attributes": {
            "cidr_blocks": [
              "0.0.0.0/0"
            ],
            "description": "Egress NTP/TCP to internet",
            "from_port": 123,
            "id": "sgrule-452391710",
            "ipv6_cidr_blocks": [],
            "prefix_list_ids": [],
            "protocol": "tcp",
            "security_group_id": "sg-074f10d209e53b62e",
            "self": false,
            "source_security_group_id": null,
            "to_port": 123,
            "type": "egress"
          },
          "sensitive_attributes": [],
          "private": "eyJzY2hlbWFfdmVyc2lvbiI6IjIifQ==",
          "dependencies": [
            "module.eks_blueprints.module.aws_eks.aws_security_group.cluster",
            "module.eks_blueprints.module.aws_eks.aws_security_group.node",
            "module.vpc.aws_vpc.this"
          ],
          "create_before_destroy": true
        },
        {
          "index_key": "egress_ntp_udp",
          "schema_version": 2,
          "attributes": {
            "cidr_blocks": [
              "0.0.0.0/0"
            ],
            "description": "Egress NTP/UDP to internet",
            "from_port": 123,
            "id": "sgrule-1684592147",
            "ipv6_cidr_blocks": [],
            "prefix_list_ids": [],
            "protocol": "udp",
            "security_group_id": "sg-074f10d209e53b62e",
            "self": false,
            "source_security_group_id": null,
            "to_port": 123,
            "type": "egress"
          },
          "sensitive_attributes": [],
          "private": "eyJzY2hlbWFfdmVyc2lvbiI6IjIifQ==",
          "dependencies": [
            "module.eks_blueprints.module.aws_eks.aws_security_group.cluster",
            "module.eks_blueprints.module.aws_eks.aws_security_group.node",
            "module.vpc.aws_vpc.this"
          ],
          "create_before_destroy": true
        },
        {
          "index_key": "egress_self_coredns_tcp",
          "schema_version": 2,
          "attributes": {
            "cidr_blocks": [],
            "description": "Node to node CoreDNS",
            "from_port": 53,
            "id": "sgrule-2061424849",
            "ipv6_cidr_blocks": [],
            "prefix_list_ids": [],
            "protocol": "tcp",
            "security_group_id": "sg-074f10d209e53b62e",
            "self": true,
            "source_security_group_id": "sg-074f10d209e53b62e",
            "to_port": 53,
            "type": "egress"
          },
          "sensitive_attributes": [],
          "private": "eyJzY2hlbWFfdmVyc2lvbiI6IjIifQ==",
          "dependencies": [
            "module.eks_blueprints.module.aws_eks.aws_security_group.cluster",
            "module.eks_blueprints.module.aws_eks.aws_security_group.node",
            "module.vpc.aws_vpc.this"
          ],
          "create_before_destroy": true
        },
        {
          "index_key": "egress_self_coredns_udp",
          "schema_version": 2,
          "attributes": {
            "cidr_blocks": [],
            "description": "Node to node CoreDNS",
            "from_port": 53,
            "id": "sgrule-4105788087",
            "ipv6_cidr_blocks": [],
            "prefix_list_ids": [],
            "protocol": "udp",
            "security_group_id": "sg-074f10d209e53b62e",
            "self": true,
            "source_security_group_id": "sg-074f10d209e53b62e",
            "to_port": 53,
            "type": "egress"
          },
          "sensitive_attributes": [],
          "private": "eyJzY2hlbWFfdmVyc2lvbiI6IjIifQ==",
          "dependencies": [
            "module.eks_blueprints.module.aws_eks.aws_security_group.cluster",
            "module.eks_blueprints.module.aws_eks.aws_security_group.node",
            "module.vpc.aws_vpc.this"
          ],
          "create_before_destroy": true
        },
        {
          "index_key": "ingress_cluster_443",
          "schema_version": 2,
          "attributes": {
            "cidr_blocks": [],
            "description": "Cluster API to node groups",
            "from_port": 443,
            "id": "sgrule-2410392516",
            "ipv6_cidr_blocks": [],
            "prefix_list_ids": [],
            "protocol": "tcp",
            "security_group_id": "sg-074f10d209e53b62e",
            "self": false,
            "source_security_group_id": "sg-051282e57a37d5bc9",
            "to_port": 443,
            "type": "ingress"
          },
          "sensitive_attributes": [],
          "private": "eyJzY2hlbWFfdmVyc2lvbiI6IjIifQ==",
          "dependencies": [
            "module.eks_blueprints.module.aws_eks.aws_security_group.cluster",
            "module.eks_blueprints.module.aws_eks.aws_security_group.node",
            "module.vpc.aws_vpc.this"
          ],
          "create_before_destroy": true
        },
        {
          "index_key": "ingress_cluster_kubelet",
          "schema_version": 2,
          "attributes": {
            "cidr_blocks": [],
            "description": "Cluster API to node kubelets",
            "from_port": 10250,
            "id": "sgrule-185791268",
            "ipv6_cidr_blocks": [],
            "prefix_list_ids": [],
            "protocol": "tcp",
            "security_group_id": "sg-074f10d209e53b62e",
            "self": false,
            "source_security_group_id": "sg-051282e57a37d5bc9",
            "to_port": 10250,
            "type": "ingress"
          },
          "sensitive_attributes": [],
          "private": "eyJzY2hlbWFfdmVyc2lvbiI6IjIifQ==",
          "dependencies": [
            "module.eks_blueprints.module.aws_eks.aws_security_group.cluster",
            "module.eks_blueprints.module.aws_eks.aws_security_group.node",
            "module.vpc.aws_vpc.this"
          ],
          "create_before_destroy": true
        },
        {
          "index_key": "ingress_self_coredns_tcp",
          "schema_version": 2,
          "attributes": {
            "cidr_blocks": [],
            "description": "Node to node CoreDNS",
            "from_port": 53,
            "id": "sgrule-1226494155",
            "ipv6_cidr_blocks": [],
            "prefix_list_ids": [],
            "protocol": "tcp",
            "security_group_id": "sg-074f10d209e53b62e",
            "self": true,
            "source_security_group_id": "sg-074f10d209e53b62e",
            "to_port": 53,
            "type": "ingress"
          },
          "sensitive_attributes": [],
          "private": "eyJzY2hlbWFfdmVyc2lvbiI6IjIifQ==",
          "dependencies": [
            "module.eks_blueprints.module.aws_eks.aws_security_group.cluster",
            "module.eks_blueprints.module.aws_eks.aws_security_group.node",
            "module.vpc.aws_vpc.this"
          ],
          "create_before_destroy": true
        },
        {
          "index_key": "ingress_self_coredns_udp",
          "schema_version": 2,
          "attributes": {
            "cidr_blocks": [],
            "description": "Node to node CoreDNS",
            "from_port": 53,
            "id": "sgrule-3980751652",
            "ipv6_cidr_blocks": [],
            "prefix_list_ids": [],
            "protocol": "udp",
            "security_group_id": "sg-074f10d209e53b62e",
            "self": true,
            "source_security_group_id": "sg-074f10d209e53b62e",
            "to_port": 53,
            "type": "ingress"
          },
          "sensitive_attributes": [],
          "private": "eyJzY2hlbWFfdmVyc2lvbiI6IjIifQ==",
          "dependencies": [
            "module.eks_blueprints.module.aws_eks.aws_security_group.cluster",
            "module.eks_blueprints.module.aws_eks.aws_security_group.node",
            "module.vpc.aws_vpc.this"
          ],
          "create_before_destroy": true
        }
      ]
    },
    {
      "module": "module.eks_blueprints.module.aws_eks.module.kms",
      "mode": "data",
      "type": "aws_caller_identity",
      "name": "current",
      "provider": "provider[\"registry.terraform.io/hashicorp/aws\"]",
      "instances": [
        {
          "schema_version": 0,
          "attributes": {
            "account_id": "349361870252",
            "arn": "arn:aws:iam::349361870252:user/victorlocal",
            "id": "349361870252",
            "user_id": "AIDAVCV4XCWWOEQEFHZVI"
          },
          "sensitive_attributes": []
        }
      ]
    },
    {
      "module": "module.eks_blueprints.module.aws_eks.module.kms",
      "mode": "data",
      "type": "aws_partition",
      "name": "current",
      "provider": "provider[\"registry.terraform.io/hashicorp/aws\"]",
      "instances": [
        {
          "schema_version": 0,
          "attributes": {
            "dns_suffix": "amazonaws.com",
            "id": "aws",
            "partition": "aws",
            "reverse_dns_prefix": "com.amazonaws"
          },
          "sensitive_attributes": []
        }
      ]
    },
    {
      "module": "module.eks_blueprints.module.aws_eks_fargate_profiles[\"default\"]",
      "mode": "data",
      "type": "aws_iam_policy_document",
      "name": "cwlogs",
      "provider": "provider[\"registry.terraform.io/hashicorp/aws\"]",
      "instances": [
        {
          "index_key": 0,
          "schema_version": 0,
          "attributes": {
            "id": "2356274330",
            "json": "{\n  \"Version\": \"2012-10-17\",\n  \"Statement\": [\n    {\n      \"Sid\": \"\",\n      \"Effect\": \"Allow\",\n      \"Action\": [\n        \"logs:PutLogEvents\",\n        \"logs:DescribeLogStreams\",\n        \"logs:CreateLogStream\",\n        \"logs:CreateLogGroup\"\n      ],\n      \"Resource\": \"*\"\n    }\n  ]\n}",
            "override_json": null,
            "override_policy_documents": null,
            "policy_id": null,
            "source_json": null,
            "source_policy_documents": null,
            "statement": [
              {
                "actions": [
                  "logs:CreateLogGroup",
                  "logs:CreateLogStream",
                  "logs:DescribeLogStreams",
                  "logs:PutLogEvents"
                ],
                "condition": [],
                "effect": "Allow",
                "not_actions": [],
                "not_principals": [],
                "not_resources": [],
                "principals": [],
                "resources": [
                  "*"
                ],
                "sid": ""
              }
            ],
            "version": "2012-10-17"
          },
          "sensitive_attributes": []
        }
      ]
    },
    {
      "module": "module.eks_blueprints.module.aws_eks_fargate_profiles[\"default\"]",
      "mode": "data",
      "type": "aws_iam_policy_document",
      "name": "fargate_assume_role_policy",
      "provider": "provider[\"registry.terraform.io/hashicorp/aws\"]",
      "instances": [
        {
          "index_key": 0,
          "schema_version": 0,
          "attributes": {
            "id": "4003325946",
            "json": "{\n  \"Version\": \"2012-10-17\",\n  \"Statement\": [\n    {\n      \"Sid\": \"EKSFargateAssumeRole\",\n      \"Effect\": \"Allow\",\n      \"Action\": \"sts:AssumeRole\",\n      \"Principal\": {\n        \"Service\": \"eks-fargate-pods.amazonaws.com\"\n      }\n    }\n  ]\n}",
            "override_json": null,
            "override_policy_documents": null,
            "policy_id": null,
            "source_json": null,
            "source_policy_documents": null,
            "statement": [
              {
                "actions": [
                  "sts:AssumeRole"
                ],
                "condition": [],
                "effect": "Allow",
                "not_actions": [],
                "not_principals": [],
                "not_resources": [],
                "principals": [
                  {
                    "identifiers": [
                      "eks-fargate-pods.amazonaws.com"
                    ],
                    "type": "Service"
                  }
                ],
                "resources": [],
                "sid": "EKSFargateAssumeRole"
              }
            ],
            "version": "2012-10-17"
          },
          "sensitive_attributes": []
        }
      ]
    },
    {
      "module": "module.eks_blueprints.module.aws_eks_fargate_profiles[\"default\"]",
      "mode": "managed",
      "type": "aws_eks_fargate_profile",
      "name": "eks_fargate",
      "provider": "provider[\"registry.terraform.io/hashicorp/aws\"]",
      "instances": [
        {
          "schema_version": 0,
          "attributes": {
            "arn": "arn:aws:eks:us-east-2:349361870252:fargateprofile/aws012-preprod-test-eks/default/f0c12340-5573-0bb8-d023-995c2fba25e7",
            "cluster_name": "aws012-preprod-test-eks",
            "fargate_profile_name": "default",
            "id": "aws012-preprod-test-eks:default",
            "pod_execution_role_arn": "arn:aws:iam::349361870252:role/aws012-preprod-test-eks-default",
            "selector": [
              {
                "labels": {},
                "namespace": "argocd"
              },
              {
                "labels": {},
                "namespace": "default"
              },
              {
                "labels": {},
                "namespace": "prometheus"
              }
            ],
            "status": "ACTIVE",
            "subnet_ids": [
              "subnet-093355cefe6d3155d",
              "subnet-0b8cc043219c31f09",
              "subnet-0f7e4e1bbb2e798bb"
            ],
            "tags": {
              "Blueprint": "aws012-preprod-test-eks",
              "GithubRepo": "terraform-aws-eks-blueprints",
              "k8s.io/cluster/aws012-preprod-test-eks": "owned",
              "kubernetes.io/cluster/aws012-preprod-test-eks": "owned"
            },
            "tags_all": {
              "Blueprint": "aws012-preprod-test-eks",
              "GithubRepo": "terraform-aws-eks-blueprints",
              "k8s.io/cluster/aws012-preprod-test-eks": "owned",
              "kubernetes.io/cluster/aws012-preprod-test-eks": "owned"
            },
            "timeouts": null
          },
          "sensitive_attributes": [],
          "private": "eyJlMmJmYjczMC1lY2FhLTExZTYtOGY4OC0zNDM2M2JjN2M0YzAiOnsiY3JlYXRlIjo2MDAwMDAwMDAwMDAsImRlbGV0ZSI6NjAwMDAwMDAwMDAwfX0=",
          "dependencies": [
            "data.aws_availability_zones.available",
            "data.aws_caller_identity.current",
            "module.eks_blueprints.data.aws_caller_identity.current",
            "module.eks_blueprints.data.aws_eks_cluster.cluster",
            "module.eks_blueprints.data.aws_iam_policy_document.eks_key",
            "module.eks_blueprints.data.aws_iam_session_context.current",
            "module.eks_blueprints.data.aws_partition.current",
            "module.eks_blueprints.data.aws_region.current",
            "module.eks_blueprints.data.http.eks_cluster_readiness",
            "module.eks_blueprints.kubernetes_config_map.aws_auth",
            "module.eks_blueprints.module.aws_eks.aws_cloudwatch_log_group.this",
            "module.eks_blueprints.module.aws_eks.aws_eks_cluster.this",
            "module.eks_blueprints.module.aws_eks.aws_iam_role.this",
            "module.eks_blueprints.module.aws_eks.aws_iam_role_policy_attachment.this",
            "module.eks_blueprints.module.aws_eks.aws_security_group.cluster",
            "module.eks_blueprints.module.aws_eks.aws_security_group.node",
            "module.eks_blueprints.module.aws_eks.aws_security_group_rule.cluster",
            "module.eks_blueprints.module.aws_eks.aws_security_group_rule.node",
            "module.eks_blueprints.module.aws_eks.data.aws_caller_identity.current",
            "module.eks_blueprints.module.aws_eks.data.aws_iam_policy_document.assume_role_policy",
            "module.eks_blueprints.module.aws_eks.data.aws_partition.current",
            "module.eks_blueprints.module.aws_eks.module.kms.aws_kms_external_key.this",
            "module.eks_blueprints.module.aws_eks.module.kms.aws_kms_key.this",
            "module.eks_blueprints.module.aws_eks.module.kms.data.aws_caller_identity.current",
            "module.eks_blueprints.module.aws_eks.module.kms.data.aws_iam_policy_document.this",
            "module.eks_blueprints.module.aws_eks.module.kms.data.aws_partition.current",
            "module.eks_blueprints.module.aws_eks_fargate_profiles.aws_iam_role.fargate",
            "module.eks_blueprints.module.aws_eks_fargate_profiles.aws_iam_role_policy_attachment.fargate_pod_execution_role_policy",
            "module.eks_blueprints.module.aws_eks_fargate_profiles.data.aws_iam_policy_document.fargate_assume_role_policy",
            "module.eks_blueprints.module.kms.aws_kms_key.this",
            "module.vpc.aws_subnet.private",
            "module.vpc.aws_vpc.this",
            "module.vpc.aws_vpc_ipv4_cidr_block_association.this"
          ]
        }
      ]
    },
    {
      "module": "module.eks_blueprints.module.aws_eks_fargate_profiles[\"default\"]",
      "mode": "managed",
      "type": "aws_iam_policy",
      "name": "cwlogs",
      "provider": "provider[\"registry.terraform.io/hashicorp/aws\"]",
      "instances": [
        {
          "index_key": 0,
          "schema_version": 0,
          "attributes": {
            "arn": "arn:aws:iam::349361870252:policy/aws012-preprod-test-eks-default-cwlogs",
            "description": "Allow fargate profiles to write logs to CloudWatch",
            "id": "arn:aws:iam::349361870252:policy/aws012-preprod-test-eks-default-cwlogs",
            "name": "aws012-preprod-test-eks-default-cwlogs",
            "name_prefix": null,
            "path": "/",
            "policy": "{\"Statement\":[{\"Action\":[\"logs:PutLogEvents\",\"logs:DescribeLogStreams\",\"logs:CreateLogStream\",\"logs:CreateLogGroup\"],\"Effect\":\"Allow\",\"Resource\":\"*\",\"Sid\":\"\"}],\"Version\":\"2012-10-17\"}",
            "policy_id": "ANPAVCV4XCWWFZUZ7WF7N",
            "tags": {
              "Blueprint": "aws012-preprod-test-eks",
              "GithubRepo": "terraform-aws-eks-blueprints"
            },
            "tags_all": {
              "Blueprint": "aws012-preprod-test-eks",
              "GithubRepo": "terraform-aws-eks-blueprints"
            }
          },
          "sensitive_attributes": [],
          "private": "bnVsbA==",
          "dependencies": [
            "data.aws_availability_zones.available",
            "data.aws_caller_identity.current",
            "module.eks_blueprints.data.aws_caller_identity.current",
            "module.eks_blueprints.data.aws_eks_cluster.cluster",
            "module.eks_blueprints.data.aws_iam_policy_document.eks_key",
            "module.eks_blueprints.data.aws_iam_session_context.current",
            "module.eks_blueprints.data.aws_partition.current",
            "module.eks_blueprints.data.aws_region.current",
            "module.eks_blueprints.data.http.eks_cluster_readiness",
            "module.eks_blueprints.kubernetes_config_map.aws_auth",
            "module.eks_blueprints.module.aws_eks.aws_cloudwatch_log_group.this",
            "module.eks_blueprints.module.aws_eks.aws_eks_cluster.this",
            "module.eks_blueprints.module.aws_eks.aws_iam_role.this",
            "module.eks_blueprints.module.aws_eks.aws_iam_role_policy_attachment.this",
            "module.eks_blueprints.module.aws_eks.aws_security_group.cluster",
            "module.eks_blueprints.module.aws_eks.aws_security_group.node",
            "module.eks_blueprints.module.aws_eks.aws_security_group_rule.cluster",
            "module.eks_blueprints.module.aws_eks.aws_security_group_rule.node",
            "module.eks_blueprints.module.aws_eks.data.aws_caller_identity.current",
            "module.eks_blueprints.module.aws_eks.data.aws_iam_policy_document.assume_role_policy",
            "module.eks_blueprints.module.aws_eks.data.aws_partition.current",
            "module.eks_blueprints.module.aws_eks.module.kms.aws_kms_external_key.this",
            "module.eks_blueprints.module.aws_eks.module.kms.aws_kms_key.this",
            "module.eks_blueprints.module.aws_eks.module.kms.data.aws_caller_identity.current",
            "module.eks_blueprints.module.aws_eks.module.kms.data.aws_iam_policy_document.this",
            "module.eks_blueprints.module.aws_eks.module.kms.data.aws_partition.current",
            "module.eks_blueprints.module.aws_eks_fargate_profiles.data.aws_iam_policy_document.cwlogs",
            "module.eks_blueprints.module.kms.aws_kms_key.this",
            "module.vpc.aws_subnet.private",
            "module.vpc.aws_vpc.this",
            "module.vpc.aws_vpc_ipv4_cidr_block_association.this"
          ]
        }
      ]
    },
    {
      "module": "module.eks_blueprints.module.aws_eks_fargate_profiles[\"default\"]",
      "mode": "managed",
      "type": "aws_iam_role",
      "name": "fargate",
      "provider": "provider[\"registry.terraform.io/hashicorp/aws\"]",
      "instances": [
        {
          "index_key": 0,
          "schema_version": 0,
          "attributes": {
            "arn": "arn:aws:iam::349361870252:role/aws012-preprod-test-eks-default",
            "assume_role_policy": "{\"Statement\":[{\"Action\":\"sts:AssumeRole\",\"Effect\":\"Allow\",\"Principal\":{\"Service\":\"eks-fargate-pods.amazonaws.com\"},\"Sid\":\"EKSFargateAssumeRole\"}],\"Version\":\"2012-10-17\"}",
            "create_date": "2022-07-26T19:55:04Z",
            "description": "EKS Fargate IAM Role",
            "force_detach_policies": true,
            "id": "aws012-preprod-test-eks-default",
            "inline_policy": [],
            "managed_policy_arns": [
              "arn:aws:iam::349361870252:policy/aws012-preprod-test-eks-default-cwlogs",
              "arn:aws:iam::349361870252:policy/eks-fargate-logging-policy",
              "arn:aws:iam::aws:policy/AmazonEKSFargatePodExecutionRolePolicy"
            ],
            "max_session_duration": 3600,
            "name": "aws012-preprod-test-eks-default",
            "name_prefix": "",
            "path": "/",
            "permissions_boundary": null,
            "tags": {
              "Blueprint": "aws012-preprod-test-eks",
              "GithubRepo": "terraform-aws-eks-blueprints"
            },
            "tags_all": {
              "Blueprint": "aws012-preprod-test-eks",
              "GithubRepo": "terraform-aws-eks-blueprints"
            },
            "unique_id": "AROAVCV4XCWWOLD3SQHST"
          },
          "sensitive_attributes": [],
          "private": "bnVsbA==",
          "dependencies": [
            "data.aws_availability_zones.available",
            "data.aws_caller_identity.current",
            "module.eks_blueprints.data.aws_caller_identity.current",
            "module.eks_blueprints.data.aws_eks_cluster.cluster",
            "module.eks_blueprints.data.aws_iam_policy_document.eks_key",
            "module.eks_blueprints.data.aws_iam_session_context.current",
            "module.eks_blueprints.data.aws_partition.current",
            "module.eks_blueprints.data.aws_region.current",
            "module.eks_blueprints.data.http.eks_cluster_readiness",
            "module.eks_blueprints.kubernetes_config_map.aws_auth",
            "module.eks_blueprints.module.aws_eks.aws_cloudwatch_log_group.this",
            "module.eks_blueprints.module.aws_eks.aws_eks_cluster.this",
            "module.eks_blueprints.module.aws_eks.aws_iam_role.this",
            "module.eks_blueprints.module.aws_eks.aws_iam_role_policy_attachment.this",
            "module.eks_blueprints.module.aws_eks.aws_security_group.cluster",
            "module.eks_blueprints.module.aws_eks.aws_security_group.node",
            "module.eks_blueprints.module.aws_eks.aws_security_group_rule.cluster",
            "module.eks_blueprints.module.aws_eks.aws_security_group_rule.node",
            "module.eks_blueprints.module.aws_eks.data.aws_caller_identity.current",
            "module.eks_blueprints.module.aws_eks.data.aws_iam_policy_document.assume_role_policy",
            "module.eks_blueprints.module.aws_eks.data.aws_partition.current",
            "module.eks_blueprints.module.aws_eks.module.kms.aws_kms_external_key.this",
            "module.eks_blueprints.module.aws_eks.module.kms.aws_kms_key.this",
            "module.eks_blueprints.module.aws_eks.module.kms.data.aws_caller_identity.current",
            "module.eks_blueprints.module.aws_eks.module.kms.data.aws_iam_policy_document.this",
            "module.eks_blueprints.module.aws_eks.module.kms.data.aws_partition.current",
            "module.eks_blueprints.module.aws_eks_fargate_profiles.data.aws_iam_policy_document.fargate_assume_role_policy",
            "module.eks_blueprints.module.kms.aws_kms_key.this",
            "module.vpc.aws_subnet.private",
            "module.vpc.aws_vpc.this",
            "module.vpc.aws_vpc_ipv4_cidr_block_association.this"
          ]
        }
      ]
    },
    {
      "module": "module.eks_blueprints.module.aws_eks_fargate_profiles[\"default\"]",
      "mode": "managed",
      "type": "aws_iam_role_policy_attachment",
      "name": "cwlogs",
      "provider": "provider[\"registry.terraform.io/hashicorp/aws\"]",
      "instances": [
        {
          "index_key": 0,
          "schema_version": 0,
          "attributes": {
            "id": "aws012-preprod-test-eks-default-20220726195505826500000007",
            "policy_arn": "arn:aws:iam::349361870252:policy/aws012-preprod-test-eks-default-cwlogs",
            "role": "aws012-preprod-test-eks-default"
          },
          "sensitive_attributes": [],
          "private": "bnVsbA==",
          "dependencies": [
            "data.aws_availability_zones.available",
            "data.aws_caller_identity.current",
            "module.eks_blueprints.data.aws_caller_identity.current",
            "module.eks_blueprints.data.aws_eks_cluster.cluster",
            "module.eks_blueprints.data.aws_iam_policy_document.eks_key",
            "module.eks_blueprints.data.aws_iam_session_context.current",
            "module.eks_blueprints.data.aws_partition.current",
            "module.eks_blueprints.data.aws_region.current",
            "module.eks_blueprints.data.http.eks_cluster_readiness",
            "module.eks_blueprints.kubernetes_config_map.aws_auth",
            "module.eks_blueprints.module.aws_eks.aws_cloudwatch_log_group.this",
            "module.eks_blueprints.module.aws_eks.aws_eks_cluster.this",
            "module.eks_blueprints.module.aws_eks.aws_iam_role.this",
            "module.eks_blueprints.module.aws_eks.aws_iam_role_policy_attachment.this",
            "module.eks_blueprints.module.aws_eks.aws_security_group.cluster",
            "module.eks_blueprints.module.aws_eks.aws_security_group.node",
            "module.eks_blueprints.module.aws_eks.aws_security_group_rule.cluster",
            "module.eks_blueprints.module.aws_eks.aws_security_group_rule.node",
            "module.eks_blueprints.module.aws_eks.data.aws_caller_identity.current",
            "module.eks_blueprints.module.aws_eks.data.aws_iam_policy_document.assume_role_policy",
            "module.eks_blueprints.module.aws_eks.data.aws_partition.current",
            "module.eks_blueprints.module.aws_eks.module.kms.aws_kms_external_key.this",
            "module.eks_blueprints.module.aws_eks.module.kms.aws_kms_key.this",
            "module.eks_blueprints.module.aws_eks.module.kms.data.aws_caller_identity.current",
            "module.eks_blueprints.module.aws_eks.module.kms.data.aws_iam_policy_document.this",
            "module.eks_blueprints.module.aws_eks.module.kms.data.aws_partition.current",
            "module.eks_blueprints.module.aws_eks_fargate_profiles.aws_iam_policy.cwlogs",
            "module.eks_blueprints.module.aws_eks_fargate_profiles.aws_iam_role.fargate",
            "module.eks_blueprints.module.aws_eks_fargate_profiles.data.aws_iam_policy_document.cwlogs",
            "module.eks_blueprints.module.aws_eks_fargate_profiles.data.aws_iam_policy_document.fargate_assume_role_policy",
            "module.eks_blueprints.module.kms.aws_kms_key.this",
            "module.vpc.aws_subnet.private",
            "module.vpc.aws_vpc.this",
            "module.vpc.aws_vpc_ipv4_cidr_block_association.this"
          ]
        }
      ]
    },
    {
      "module": "module.eks_blueprints.module.aws_eks_fargate_profiles[\"default\"]",
      "mode": "managed",
      "type": "aws_iam_role_policy_attachment",
      "name": "fargate_pod_execution_role_policy",
      "provider": "provider[\"registry.terraform.io/hashicorp/aws\"]",
      "instances": [
        {
          "index_key": "arn:aws:iam::349361870252:policy/eks-fargate-logging-policy",
          "schema_version": 0,
          "attributes": {
            "id": "aws012-preprod-test-eks-default-20220726195505816500000005",
            "policy_arn": "arn:aws:iam::349361870252:policy/eks-fargate-logging-policy",
            "role": "aws012-preprod-test-eks-default"
          },
          "sensitive_attributes": [],
          "private": "bnVsbA==",
          "dependencies": [
            "data.aws_availability_zones.available",
            "data.aws_caller_identity.current",
            "module.eks_blueprints.data.aws_caller_identity.current",
            "module.eks_blueprints.data.aws_eks_cluster.cluster",
            "module.eks_blueprints.data.aws_iam_policy_document.eks_key",
            "module.eks_blueprints.data.aws_iam_session_context.current",
            "module.eks_blueprints.data.aws_partition.current",
            "module.eks_blueprints.data.aws_region.current",
            "module.eks_blueprints.data.http.eks_cluster_readiness",
            "module.eks_blueprints.kubernetes_config_map.aws_auth",
            "module.eks_blueprints.module.aws_eks.aws_cloudwatch_log_group.this",
            "module.eks_blueprints.module.aws_eks.aws_eks_cluster.this",
            "module.eks_blueprints.module.aws_eks.aws_iam_role.this",
            "module.eks_blueprints.module.aws_eks.aws_iam_role_policy_attachment.this",
            "module.eks_blueprints.module.aws_eks.aws_security_group.cluster",
            "module.eks_blueprints.module.aws_eks.aws_security_group.node",
            "module.eks_blueprints.module.aws_eks.aws_security_group_rule.cluster",
            "module.eks_blueprints.module.aws_eks.aws_security_group_rule.node",
            "module.eks_blueprints.module.aws_eks.data.aws_caller_identity.current",
            "module.eks_blueprints.module.aws_eks.data.aws_iam_policy_document.assume_role_policy",
            "module.eks_blueprints.module.aws_eks.data.aws_partition.current",
            "module.eks_blueprints.module.aws_eks.module.kms.aws_kms_external_key.this",
            "module.eks_blueprints.module.aws_eks.module.kms.aws_kms_key.this",
            "module.eks_blueprints.module.aws_eks.module.kms.data.aws_caller_identity.current",
            "module.eks_blueprints.module.aws_eks.module.kms.data.aws_iam_policy_document.this",
            "module.eks_blueprints.module.aws_eks.module.kms.data.aws_partition.current",
            "module.eks_blueprints.module.aws_eks_fargate_profiles.aws_iam_role.fargate",
            "module.eks_blueprints.module.aws_eks_fargate_profiles.data.aws_iam_policy_document.fargate_assume_role_policy",
            "module.eks_blueprints.module.kms.aws_kms_key.this",
            "module.vpc.aws_subnet.private",
            "module.vpc.aws_vpc.this",
            "module.vpc.aws_vpc_ipv4_cidr_block_association.this"
          ]
        },
        {
          "index_key": "arn:aws:iam::aws:policy/AmazonEKSFargatePodExecutionRolePolicy",
          "schema_version": 0,
          "attributes": {
            "id": "aws012-preprod-test-eks-default-20220726195505825200000006",
            "policy_arn": "arn:aws:iam::aws:policy/AmazonEKSFargatePodExecutionRolePolicy",
            "role": "aws012-preprod-test-eks-default"
          },
          "sensitive_attributes": [],
          "private": "bnVsbA==",
          "dependencies": [
            "data.aws_availability_zones.available",
            "data.aws_caller_identity.current",
            "module.eks_blueprints.data.aws_caller_identity.current",
            "module.eks_blueprints.data.aws_eks_cluster.cluster",
            "module.eks_blueprints.data.aws_iam_policy_document.eks_key",
            "module.eks_blueprints.data.aws_iam_session_context.current",
            "module.eks_blueprints.data.aws_partition.current",
            "module.eks_blueprints.data.aws_region.current",
            "module.eks_blueprints.data.http.eks_cluster_readiness",
            "module.eks_blueprints.kubernetes_config_map.aws_auth",
            "module.eks_blueprints.module.aws_eks.aws_cloudwatch_log_group.this",
            "module.eks_blueprints.module.aws_eks.aws_eks_cluster.this",
            "module.eks_blueprints.module.aws_eks.aws_iam_role.this",
            "module.eks_blueprints.module.aws_eks.aws_iam_role_policy_attachment.this",
            "module.eks_blueprints.module.aws_eks.aws_security_group.cluster",
            "module.eks_blueprints.module.aws_eks.aws_security_group.node",
            "module.eks_blueprints.module.aws_eks.aws_security_group_rule.cluster",
            "module.eks_blueprints.module.aws_eks.aws_security_group_rule.node",
            "module.eks_blueprints.module.aws_eks.data.aws_caller_identity.current",
            "module.eks_blueprints.module.aws_eks.data.aws_iam_policy_document.assume_role_policy",
            "module.eks_blueprints.module.aws_eks.data.aws_partition.current",
            "module.eks_blueprints.module.aws_eks.module.kms.aws_kms_external_key.this",
            "module.eks_blueprints.module.aws_eks.module.kms.aws_kms_key.this",
            "module.eks_blueprints.module.aws_eks.module.kms.data.aws_caller_identity.current",
            "module.eks_blueprints.module.aws_eks.module.kms.data.aws_iam_policy_document.this",
            "module.eks_blueprints.module.aws_eks.module.kms.data.aws_partition.current",
            "module.eks_blueprints.module.aws_eks_fargate_profiles.aws_iam_role.fargate",
            "module.eks_blueprints.module.aws_eks_fargate_profiles.data.aws_iam_policy_document.fargate_assume_role_policy",
            "module.eks_blueprints.module.kms.aws_kms_key.this",
            "module.vpc.aws_subnet.private",
            "module.vpc.aws_vpc.this",
            "module.vpc.aws_vpc_ipv4_cidr_block_association.this"
          ]
        }
      ]
    },
    {
      "module": "module.eks_blueprints.module.aws_eks_managed_node_groups[\"mg_4\"]",
      "mode": "data",
      "type": "aws_iam_policy_document",
      "name": "managed_ng_assume_role_policy",
      "provider": "provider[\"registry.terraform.io/hashicorp/aws\"]",
      "instances": [
        {
          "schema_version": 0,
          "attributes": {
            "id": "3778018924",
            "json": "{\n  \"Version\": \"2012-10-17\",\n  \"Statement\": [\n    {\n      \"Sid\": \"EKSWorkerAssumeRole\",\n      \"Effect\": \"Allow\",\n      \"Action\": \"sts:AssumeRole\",\n      \"Principal\": {\n        \"Service\": \"ec2.amazonaws.com\"\n      }\n    }\n  ]\n}",
            "override_json": null,
            "override_policy_documents": null,
            "policy_id": null,
            "source_json": null,
            "source_policy_documents": null,
            "statement": [
              {
                "actions": [
                  "sts:AssumeRole"
                ],
                "condition": [],
                "effect": "Allow",
                "not_actions": [],
                "not_principals": [],
                "not_resources": [],
                "principals": [
                  {
                    "identifiers": [
                      "ec2.amazonaws.com"
                    ],
                    "type": "Service"
                  }
                ],
                "resources": [],
                "sid": "EKSWorkerAssumeRole"
              }
            ],
            "version": "2012-10-17"
          },
          "sensitive_attributes": []
        }
      ]
    },
    {
      "module": "module.eks_blueprints.module.aws_eks_managed_node_groups[\"mg_4\"]",
      "mode": "managed",
      "type": "aws_eks_node_group",
      "name": "managed_ng",
      "provider": "provider[\"registry.terraform.io/hashicorp/aws\"]",
      "instances": [
        {
          "schema_version": 0,
          "attributes": {
            "ami_type": "AL2_x86_64",
            "arn": "arn:aws:eks:us-east-2:349361870252:nodegroup/aws012-preprod-test-eks/managed-ondemand-2022072619550634100000000d/a4c11e09-e595-44d2-4bef-b6ca97793397",
            "capacity_type": "ON_DEMAND",
            "cluster_name": "aws012-preprod-test-eks",
            "disk_size": 50,
            "force_update_version": null,
            "id": "aws012-preprod-test-eks:managed-ondemand-2022072619550634100000000d",
            "instance_types": [
              "m5.large"
            ],
            "labels": {},
            "launch_template": [],
            "node_group_name": "managed-ondemand-2022072619550634100000000d",
            "node_group_name_prefix": "managed-ondemand-",
            "node_role_arn": "arn:aws:iam::349361870252:role/aws012-preprod-test-eks-managed-ondemand",
            "release_version": "1.21.12-20220629",
            "remote_access": [],
            "resources": [
              {
                "autoscaling_groups": [
                  {
                    "name": "eks-managed-ondemand-2022072619550634100000000d-a4c11e09-e595-44d2-4bef-b6ca97793397"
                  }
                ],
                "remote_access_security_group_id": ""
              }
            ],
            "scaling_config": [
              {
                "desired_size": 5,
                "max_size": 5,
                "min_size": 3
              }
            ],
            "status": "ACTIVE",
            "subnet_ids": [
              "subnet-093355cefe6d3155d",
              "subnet-0b8cc043219c31f09",
              "subnet-0f7e4e1bbb2e798bb"
            ],
            "tags": {
              "Blueprint": "aws012-preprod-test-eks",
              "GithubRepo": "terraform-aws-eks-blueprints",
              "Name": "aws012-preprod-test-eks-managed-ondemand",
              "k8s.io/cluster-autoscaler/aws012-preprod-test-eks": "owned",
              "k8s.io/cluster-autoscaler/enabled": "TRUE",
              "kubernetes.io/cluster/aws012-preprod-test-eks": "owned",
              "managed-by": "terraform-aws-eks-blueprints"
            },
            "tags_all": {
              "Blueprint": "aws012-preprod-test-eks",
              "GithubRepo": "terraform-aws-eks-blueprints",
              "Name": "aws012-preprod-test-eks-managed-ondemand",
              "k8s.io/cluster-autoscaler/aws012-preprod-test-eks": "owned",
              "k8s.io/cluster-autoscaler/enabled": "TRUE",
              "kubernetes.io/cluster/aws012-preprod-test-eks": "owned",
              "managed-by": "terraform-aws-eks-blueprints"
            },
            "taint": [],
            "timeouts": {
              "create": "30m",
              "delete": "30m",
              "update": "2h"
            },
            "update_config": [
              {
                "max_unavailable": 1,
                "max_unavailable_percentage": 0
              }
            ],
            "version": "1.21"
          },
          "sensitive_attributes": [],
          "private": "eyJlMmJmYjczMC1lY2FhLTExZTYtOGY4OC0zNDM2M2JjN2M0YzAiOnsiY3JlYXRlIjoxODAwMDAwMDAwMDAwLCJkZWxldGUiOjE4MDAwMDAwMDAwMDAsInVwZGF0ZSI6NzIwMDAwMDAwMDAwMH19",
          "dependencies": [
            "data.aws_availability_zones.available",
            "module.eks_blueprints.data.aws_caller_identity.current",
            "module.eks_blueprints.data.aws_partition.current",
            "module.eks_blueprints.data.aws_region.current",
            "module.eks_blueprints.kubernetes_config_map.aws_auth",
            "module.eks_blueprints.module.aws_eks.aws_eks_cluster.this",
            "module.eks_blueprints.module.aws_eks.aws_security_group.node",
            "module.eks_blueprints.module.aws_eks_managed_node_groups.aws_iam_instance_profile.managed_ng",
            "module.eks_blueprints.module.aws_eks_managed_node_groups.aws_iam_role.managed_ng",
            "module.eks_blueprints.module.aws_eks_managed_node_groups.aws_iam_role_policy_attachment.managed_ng",
            "module.eks_blueprints.module.aws_eks_managed_node_groups.aws_launch_template.managed_node_groups",
            "module.vpc.aws_subnet.private",
            "module.vpc.aws_vpc.this"
          ],
          "create_before_destroy": true
        }
      ]
    },
    {
      "module": "module.eks_blueprints.module.aws_eks_managed_node_groups[\"mg_4\"]",
      "mode": "managed",
      "type": "aws_iam_instance_profile",
      "name": "managed_ng",
      "provider": "provider[\"registry.terraform.io/hashicorp/aws\"]",
      "instances": [
        {
          "index_key": 0,
          "schema_version": 0,
          "attributes": {
            "arn": "arn:aws:iam::349361870252:instance-profile/aws012-preprod-test-eks-managed-ondemand",
            "create_date": "2022-07-26T19:55:05Z",
            "id": "aws012-preprod-test-eks-managed-ondemand",
            "name": "aws012-preprod-test-eks-managed-ondemand",
            "name_prefix": null,
            "path": "/",
            "role": "aws012-preprod-test-eks-managed-ondemand",
            "tags": {
              "Blueprint": "aws012-preprod-test-eks",
              "GithubRepo": "terraform-aws-eks-blueprints"
            },
            "tags_all": {
              "Blueprint": "aws012-preprod-test-eks",
              "GithubRepo": "terraform-aws-eks-blueprints"
            },
            "unique_id": "AIPAVCV4XCWWOZSHS54FN"
          },
          "sensitive_attributes": [],
          "private": "bnVsbA==",
          "dependencies": [
            "data.aws_availability_zones.available",
            "data.aws_caller_identity.current",
            "module.eks_blueprints.data.aws_caller_identity.current",
            "module.eks_blueprints.data.aws_eks_cluster.cluster",
            "module.eks_blueprints.data.aws_iam_policy_document.eks_key",
            "module.eks_blueprints.data.aws_iam_session_context.current",
            "module.eks_blueprints.data.aws_partition.current",
            "module.eks_blueprints.data.aws_region.current",
            "module.eks_blueprints.data.http.eks_cluster_readiness",
            "module.eks_blueprints.kubernetes_config_map.aws_auth",
            "module.eks_blueprints.module.aws_eks.aws_cloudwatch_log_group.this",
            "module.eks_blueprints.module.aws_eks.aws_eks_cluster.this",
            "module.eks_blueprints.module.aws_eks.aws_iam_role.this",
            "module.eks_blueprints.module.aws_eks.aws_iam_role_policy_attachment.this",
            "module.eks_blueprints.module.aws_eks.aws_security_group.cluster",
            "module.eks_blueprints.module.aws_eks.aws_security_group.node",
            "module.eks_blueprints.module.aws_eks.aws_security_group_rule.cluster",
            "module.eks_blueprints.module.aws_eks.aws_security_group_rule.node",
            "module.eks_blueprints.module.aws_eks.data.aws_caller_identity.current",
            "module.eks_blueprints.module.aws_eks.data.aws_iam_policy_document.assume_role_policy",
            "module.eks_blueprints.module.aws_eks.data.aws_partition.current",
            "module.eks_blueprints.module.aws_eks.module.kms.aws_kms_external_key.this",
            "module.eks_blueprints.module.aws_eks.module.kms.aws_kms_key.this",
            "module.eks_blueprints.module.aws_eks.module.kms.data.aws_caller_identity.current",
            "module.eks_blueprints.module.aws_eks.module.kms.data.aws_iam_policy_document.this",
            "module.eks_blueprints.module.aws_eks.module.kms.data.aws_partition.current",
            "module.eks_blueprints.module.aws_eks_managed_node_groups.aws_iam_role.managed_ng",
            "module.eks_blueprints.module.aws_eks_managed_node_groups.data.aws_iam_policy_document.managed_ng_assume_role_policy",
            "module.eks_blueprints.module.kms.aws_kms_key.this",
            "module.vpc.aws_subnet.private",
            "module.vpc.aws_vpc.this",
            "module.vpc.aws_vpc_ipv4_cidr_block_association.this"
          ],
          "create_before_destroy": true
        }
      ]
    },
    {
      "module": "module.eks_blueprints.module.aws_eks_managed_node_groups[\"mg_4\"]",
      "mode": "managed",
      "type": "aws_iam_role",
      "name": "managed_ng",
      "provider": "provider[\"registry.terraform.io/hashicorp/aws\"]",
      "instances": [
        {
          "index_key": 0,
          "schema_version": 0,
          "attributes": {
            "arn": "arn:aws:iam::349361870252:role/aws012-preprod-test-eks-managed-ondemand",
            "assume_role_policy": "{\"Statement\":[{\"Action\":\"sts:AssumeRole\",\"Effect\":\"Allow\",\"Principal\":{\"Service\":\"ec2.amazonaws.com\"},\"Sid\":\"EKSWorkerAssumeRole\"}],\"Version\":\"2012-10-17\"}",
            "create_date": "2022-07-26T19:55:05Z",
            "description": "EKS Managed Node group IAM Role",
            "force_detach_policies": true,
            "id": "aws012-preprod-test-eks-managed-ondemand",
            "inline_policy": [],
            "managed_policy_arns": [
              "arn:aws:iam::aws:policy/AmazonEC2ContainerRegistryFullAccess",
              "arn:aws:iam::aws:policy/AmazonEC2ContainerRegistryReadOnly",
              "arn:aws:iam::aws:policy/AmazonEKSWorkerNodePolicy",
              "arn:aws:iam::aws:policy/AmazonEKS_CNI_Policy",
              "arn:aws:iam::aws:policy/AmazonS3FullAccess",
              "arn:aws:iam::aws:policy/AmazonSSMManagedInstanceCore"
            ],
            "max_session_duration": 3600,
            "name": "aws012-preprod-test-eks-managed-ondemand",
            "name_prefix": "",
            "path": "/",
            "permissions_boundary": null,
            "tags": {
              "Blueprint": "aws012-preprod-test-eks",
              "GithubRepo": "terraform-aws-eks-blueprints"
            },
            "tags_all": {
              "Blueprint": "aws012-preprod-test-eks",
              "GithubRepo": "terraform-aws-eks-blueprints"
            },
            "unique_id": "AROAVCV4XCWWLSFX3TEGX"
          },
          "sensitive_attributes": [],
          "private": "bnVsbA==",
          "dependencies": [
            "data.aws_availability_zones.available",
            "data.aws_caller_identity.current",
            "module.eks_blueprints.data.aws_caller_identity.current",
            "module.eks_blueprints.data.aws_eks_cluster.cluster",
            "module.eks_blueprints.data.aws_iam_policy_document.eks_key",
            "module.eks_blueprints.data.aws_iam_session_context.current",
            "module.eks_blueprints.data.aws_partition.current",
            "module.eks_blueprints.data.aws_region.current",
            "module.eks_blueprints.data.http.eks_cluster_readiness",
            "module.eks_blueprints.kubernetes_config_map.aws_auth",
            "module.eks_blueprints.module.aws_eks.aws_cloudwatch_log_group.this",
            "module.eks_blueprints.module.aws_eks.aws_eks_cluster.this",
            "module.eks_blueprints.module.aws_eks.aws_iam_role.this",
            "module.eks_blueprints.module.aws_eks.aws_iam_role_policy_attachment.this",
            "module.eks_blueprints.module.aws_eks.aws_security_group.cluster",
            "module.eks_blueprints.module.aws_eks.aws_security_group.node",
            "module.eks_blueprints.module.aws_eks.aws_security_group_rule.cluster",
            "module.eks_blueprints.module.aws_eks.aws_security_group_rule.node",
            "module.eks_blueprints.module.aws_eks.data.aws_caller_identity.current",
            "module.eks_blueprints.module.aws_eks.data.aws_iam_policy_document.assume_role_policy",
            "module.eks_blueprints.module.aws_eks.data.aws_partition.current",
            "module.eks_blueprints.module.aws_eks.module.kms.aws_kms_external_key.this",
            "module.eks_blueprints.module.aws_eks.module.kms.aws_kms_key.this",
            "module.eks_blueprints.module.aws_eks.module.kms.data.aws_caller_identity.current",
            "module.eks_blueprints.module.aws_eks.module.kms.data.aws_iam_policy_document.this",
            "module.eks_blueprints.module.aws_eks.module.kms.data.aws_partition.current",
            "module.eks_blueprints.module.aws_eks_managed_node_groups.data.aws_iam_policy_document.managed_ng_assume_role_policy",
            "module.eks_blueprints.module.kms.aws_kms_key.this",
            "module.vpc.aws_subnet.private",
            "module.vpc.aws_vpc.this",
            "module.vpc.aws_vpc_ipv4_cidr_block_association.this"
          ],
          "create_before_destroy": true
        }
      ]
    },
    {
      "module": "module.eks_blueprints.module.aws_eks_managed_node_groups[\"mg_4\"]",
      "mode": "managed",
      "type": "aws_iam_role_policy_attachment",
      "name": "managed_ng",
      "provider": "provider[\"registry.terraform.io/hashicorp/aws\"]",
      "instances": [
        {
          "index_key": "arn:aws:iam::aws:policy/AmazonEC2ContainerRegistryReadOnly",
          "schema_version": 0,
          "attributes": {
            "id": "aws012-preprod-test-eks-managed-ondemand-20220726195506015300000009",
            "policy_arn": "arn:aws:iam::aws:policy/AmazonEC2ContainerRegistryReadOnly",
            "role": "aws012-preprod-test-eks-managed-ondemand"
          },
          "sensitive_attributes": [],
          "private": "bnVsbA==",
          "dependencies": [
            "data.aws_availability_zones.available",
            "data.aws_caller_identity.current",
            "module.eks_blueprints.data.aws_caller_identity.current",
            "module.eks_blueprints.data.aws_eks_cluster.cluster",
            "module.eks_blueprints.data.aws_iam_policy_document.eks_key",
            "module.eks_blueprints.data.aws_iam_session_context.current",
            "module.eks_blueprints.data.aws_partition.current",
            "module.eks_blueprints.data.aws_region.current",
            "module.eks_blueprints.data.http.eks_cluster_readiness",
            "module.eks_blueprints.kubernetes_config_map.aws_auth",
            "module.eks_blueprints.module.aws_eks.aws_cloudwatch_log_group.this",
            "module.eks_blueprints.module.aws_eks.aws_eks_cluster.this",
            "module.eks_blueprints.module.aws_eks.aws_iam_role.this",
            "module.eks_blueprints.module.aws_eks.aws_iam_role_policy_attachment.this",
            "module.eks_blueprints.module.aws_eks.aws_security_group.cluster",
            "module.eks_blueprints.module.aws_eks.aws_security_group.node",
            "module.eks_blueprints.module.aws_eks.aws_security_group_rule.cluster",
            "module.eks_blueprints.module.aws_eks.aws_security_group_rule.node",
            "module.eks_blueprints.module.aws_eks.data.aws_caller_identity.current",
            "module.eks_blueprints.module.aws_eks.data.aws_iam_policy_document.assume_role_policy",
            "module.eks_blueprints.module.aws_eks.data.aws_partition.current",
            "module.eks_blueprints.module.aws_eks.module.kms.aws_kms_external_key.this",
            "module.eks_blueprints.module.aws_eks.module.kms.aws_kms_key.this",
            "module.eks_blueprints.module.aws_eks.module.kms.data.aws_caller_identity.current",
            "module.eks_blueprints.module.aws_eks.module.kms.data.aws_iam_policy_document.this",
            "module.eks_blueprints.module.aws_eks.module.kms.data.aws_partition.current",
            "module.eks_blueprints.module.aws_eks_managed_node_groups.aws_iam_role.managed_ng",
            "module.eks_blueprints.module.aws_eks_managed_node_groups.data.aws_iam_policy_document.managed_ng_assume_role_policy",
            "module.eks_blueprints.module.kms.aws_kms_key.this",
            "module.vpc.aws_subnet.private",
            "module.vpc.aws_vpc.this",
            "module.vpc.aws_vpc_ipv4_cidr_block_association.this"
          ],
          "create_before_destroy": true
        },
        {
          "index_key": "arn:aws:iam::aws:policy/AmazonEKSWorkerNodePolicy",
          "schema_version": 0,
          "attributes": {
            "id": "aws012-preprod-test-eks-managed-ondemand-2022072619550602230000000a",
            "policy_arn": "arn:aws:iam::aws:policy/AmazonEKSWorkerNodePolicy",
            "role": "aws012-preprod-test-eks-managed-ondemand"
          },
          "sensitive_attributes": [],
          "private": "bnVsbA==",
          "dependencies": [
            "data.aws_availability_zones.available",
            "data.aws_caller_identity.current",
            "module.eks_blueprints.data.aws_caller_identity.current",
            "module.eks_blueprints.data.aws_eks_cluster.cluster",
            "module.eks_blueprints.data.aws_iam_policy_document.eks_key",
            "module.eks_blueprints.data.aws_iam_session_context.current",
            "module.eks_blueprints.data.aws_partition.current",
            "module.eks_blueprints.data.aws_region.current",
            "module.eks_blueprints.data.http.eks_cluster_readiness",
            "module.eks_blueprints.kubernetes_config_map.aws_auth",
            "module.eks_blueprints.module.aws_eks.aws_cloudwatch_log_group.this",
            "module.eks_blueprints.module.aws_eks.aws_eks_cluster.this",
            "module.eks_blueprints.module.aws_eks.aws_iam_role.this",
            "module.eks_blueprints.module.aws_eks.aws_iam_role_policy_attachment.this",
            "module.eks_blueprints.module.aws_eks.aws_security_group.cluster",
            "module.eks_blueprints.module.aws_eks.aws_security_group.node",
            "module.eks_blueprints.module.aws_eks.aws_security_group_rule.cluster",
            "module.eks_blueprints.module.aws_eks.aws_security_group_rule.node",
            "module.eks_blueprints.module.aws_eks.data.aws_caller_identity.current",
            "module.eks_blueprints.module.aws_eks.data.aws_iam_policy_document.assume_role_policy",
            "module.eks_blueprints.module.aws_eks.data.aws_partition.current",
            "module.eks_blueprints.module.aws_eks.module.kms.aws_kms_external_key.this",
            "module.eks_blueprints.module.aws_eks.module.kms.aws_kms_key.this",
            "module.eks_blueprints.module.aws_eks.module.kms.data.aws_caller_identity.current",
            "module.eks_blueprints.module.aws_eks.module.kms.data.aws_iam_policy_document.this",
            "module.eks_blueprints.module.aws_eks.module.kms.data.aws_partition.current",
            "module.eks_blueprints.module.aws_eks_managed_node_groups.aws_iam_role.managed_ng",
            "module.eks_blueprints.module.aws_eks_managed_node_groups.data.aws_iam_policy_document.managed_ng_assume_role_policy",
            "module.eks_blueprints.module.kms.aws_kms_key.this",
            "module.vpc.aws_subnet.private",
            "module.vpc.aws_vpc.this",
            "module.vpc.aws_vpc_ipv4_cidr_block_association.this"
          ],
          "create_before_destroy": true
        },
        {
          "index_key": "arn:aws:iam::aws:policy/AmazonEKS_CNI_Policy",
          "schema_version": 0,
          "attributes": {
            "id": "aws012-preprod-test-eks-managed-ondemand-2022072619550608190000000c",
            "policy_arn": "arn:aws:iam::aws:policy/AmazonEKS_CNI_Policy",
            "role": "aws012-preprod-test-eks-managed-ondemand"
          },
          "sensitive_attributes": [],
          "private": "bnVsbA==",
          "dependencies": [
            "data.aws_availability_zones.available",
            "data.aws_caller_identity.current",
            "module.eks_blueprints.data.aws_caller_identity.current",
            "module.eks_blueprints.data.aws_eks_cluster.cluster",
            "module.eks_blueprints.data.aws_iam_policy_document.eks_key",
            "module.eks_blueprints.data.aws_iam_session_context.current",
            "module.eks_blueprints.data.aws_partition.current",
            "module.eks_blueprints.data.aws_region.current",
            "module.eks_blueprints.data.http.eks_cluster_readiness",
            "module.eks_blueprints.kubernetes_config_map.aws_auth",
            "module.eks_blueprints.module.aws_eks.aws_cloudwatch_log_group.this",
            "module.eks_blueprints.module.aws_eks.aws_eks_cluster.this",
            "module.eks_blueprints.module.aws_eks.aws_iam_role.this",
            "module.eks_blueprints.module.aws_eks.aws_iam_role_policy_attachment.this",
            "module.eks_blueprints.module.aws_eks.aws_security_group.cluster",
            "module.eks_blueprints.module.aws_eks.aws_security_group.node",
            "module.eks_blueprints.module.aws_eks.aws_security_group_rule.cluster",
            "module.eks_blueprints.module.aws_eks.aws_security_group_rule.node",
            "module.eks_blueprints.module.aws_eks.data.aws_caller_identity.current",
            "module.eks_blueprints.module.aws_eks.data.aws_iam_policy_document.assume_role_policy",
            "module.eks_blueprints.module.aws_eks.data.aws_partition.current",
            "module.eks_blueprints.module.aws_eks.module.kms.aws_kms_external_key.this",
            "module.eks_blueprints.module.aws_eks.module.kms.aws_kms_key.this",
            "module.eks_blueprints.module.aws_eks.module.kms.data.aws_caller_identity.current",
            "module.eks_blueprints.module.aws_eks.module.kms.data.aws_iam_policy_document.this",
            "module.eks_blueprints.module.aws_eks.module.kms.data.aws_partition.current",
            "module.eks_blueprints.module.aws_eks_managed_node_groups.aws_iam_role.managed_ng",
            "module.eks_blueprints.module.aws_eks_managed_node_groups.data.aws_iam_policy_document.managed_ng_assume_role_policy",
            "module.eks_blueprints.module.kms.aws_kms_key.this",
            "module.vpc.aws_subnet.private",
            "module.vpc.aws_vpc.this",
            "module.vpc.aws_vpc_ipv4_cidr_block_association.this"
          ],
          "create_before_destroy": true
        },
        {
          "index_key": "arn:aws:iam::aws:policy/AmazonSSMManagedInstanceCore",
          "schema_version": 0,
          "attributes": {
            "id": "aws012-preprod-test-eks-managed-ondemand-2022072619550602510000000b",
            "policy_arn": "arn:aws:iam::aws:policy/AmazonSSMManagedInstanceCore",
            "role": "aws012-preprod-test-eks-managed-ondemand"
          },
          "sensitive_attributes": [],
          "private": "bnVsbA==",
          "dependencies": [
            "data.aws_availability_zones.available",
            "data.aws_caller_identity.current",
            "module.eks_blueprints.data.aws_caller_identity.current",
            "module.eks_blueprints.data.aws_eks_cluster.cluster",
            "module.eks_blueprints.data.aws_iam_policy_document.eks_key",
            "module.eks_blueprints.data.aws_iam_session_context.current",
            "module.eks_blueprints.data.aws_partition.current",
            "module.eks_blueprints.data.aws_region.current",
            "module.eks_blueprints.data.http.eks_cluster_readiness",
            "module.eks_blueprints.kubernetes_config_map.aws_auth",
            "module.eks_blueprints.module.aws_eks.aws_cloudwatch_log_group.this",
            "module.eks_blueprints.module.aws_eks.aws_eks_cluster.this",
            "module.eks_blueprints.module.aws_eks.aws_iam_role.this",
            "module.eks_blueprints.module.aws_eks.aws_iam_role_policy_attachment.this",
            "module.eks_blueprints.module.aws_eks.aws_security_group.cluster",
            "module.eks_blueprints.module.aws_eks.aws_security_group.node",
            "module.eks_blueprints.module.aws_eks.aws_security_group_rule.cluster",
            "module.eks_blueprints.module.aws_eks.aws_security_group_rule.node",
            "module.eks_blueprints.module.aws_eks.data.aws_caller_identity.current",
            "module.eks_blueprints.module.aws_eks.data.aws_iam_policy_document.assume_role_policy",
            "module.eks_blueprints.module.aws_eks.data.aws_partition.current",
            "module.eks_blueprints.module.aws_eks.module.kms.aws_kms_external_key.this",
            "module.eks_blueprints.module.aws_eks.module.kms.aws_kms_key.this",
            "module.eks_blueprints.module.aws_eks.module.kms.data.aws_caller_identity.current",
            "module.eks_blueprints.module.aws_eks.module.kms.data.aws_iam_policy_document.this",
            "module.eks_blueprints.module.aws_eks.module.kms.data.aws_partition.current",
            "module.eks_blueprints.module.aws_eks_managed_node_groups.aws_iam_role.managed_ng",
            "module.eks_blueprints.module.aws_eks_managed_node_groups.data.aws_iam_policy_document.managed_ng_assume_role_policy",
            "module.eks_blueprints.module.kms.aws_kms_key.this",
            "module.vpc.aws_subnet.private",
            "module.vpc.aws_vpc.this",
            "module.vpc.aws_vpc_ipv4_cidr_block_association.this"
          ],
          "create_before_destroy": true
        }
      ]
    },
    {
      "module": "module.eks_blueprints.module.kms[0]",
      "mode": "managed",
      "type": "aws_kms_alias",
      "name": "this",
      "provider": "provider[\"registry.terraform.io/hashicorp/aws\"]",
      "instances": [
        {
          "schema_version": 0,
          "attributes": {
            "arn": "arn:aws:kms:us-east-2:349361870252:alias/aws012-preprod-test-eks",
            "id": "alias/aws012-preprod-test-eks",
            "name": "alias/aws012-preprod-test-eks",
            "name_prefix": "",
            "target_key_arn": "arn:aws:kms:us-east-2:349361870252:key/b31e23a6-2cab-4e14-80a5-b5f0aacd75af",
            "target_key_id": "b31e23a6-2cab-4e14-80a5-b5f0aacd75af"
          },
          "sensitive_attributes": [],
          "private": "bnVsbA==",
          "dependencies": [
            "data.aws_caller_identity.current",
            "module.eks_blueprints.data.aws_caller_identity.current",
            "module.eks_blueprints.data.aws_iam_policy_document.eks_key",
            "module.eks_blueprints.data.aws_iam_session_context.current",
            "module.eks_blueprints.data.aws_partition.current",
            "module.eks_blueprints.data.aws_region.current",
            "module.eks_blueprints.module.kms.aws_kms_key.this"
          ]
        }
      ]
    },
    {
      "module": "module.eks_blueprints.module.kms[0]",
      "mode": "managed",
      "type": "aws_kms_key",
      "name": "this",
      "provider": "provider[\"registry.terraform.io/hashicorp/aws\"]",
      "instances": [
        {
          "schema_version": 0,
          "attributes": {
            "arn": "arn:aws:kms:us-east-2:349361870252:key/b31e23a6-2cab-4e14-80a5-b5f0aacd75af",
            "bypass_policy_lockout_safety_check": false,
            "customer_master_key_spec": "SYMMETRIC_DEFAULT",
            "deletion_window_in_days": 30,
            "description": "aws012-preprod-test-eks EKS cluster secret encryption key",
            "enable_key_rotation": true,
            "id": "b31e23a6-2cab-4e14-80a5-b5f0aacd75af",
            "is_enabled": true,
            "key_id": "b31e23a6-2cab-4e14-80a5-b5f0aacd75af",
            "key_usage": "ENCRYPT_DECRYPT",
            "multi_region": false,
            "policy": "{\n  \"Version\": \"2012-10-17\",\n  \"Statement\": [\n    {\n      \"Sid\": \"Allow access for all principals in the account that are authorized\",\n      \"Effect\": \"Allow\",\n      \"Action\": [\n        \"kms:ReEncrypt*\",\n        \"kms:GenerateDataKey*\",\n        \"kms:Encrypt\",\n        \"kms:DescribeKey\",\n        \"kms:Decrypt\",\n        \"kms:CreateGrant\"\n      ],\n      \"Resource\": \"*\",\n      \"Principal\": {\n        \"AWS\": \"arn:aws:iam::349361870252:root\"\n      },\n      \"Condition\": {\n        \"StringEquals\": {\n          \"kms:CallerAccount\": \"349361870252\",\n          \"kms:ViaService\": \"eks.us-east-2.amazonaws.com\"\n        }\n      }\n    },\n    {\n      \"Sid\": \"Allow direct access to key metadata to the account\",\n      \"Effect\": \"Allow\",\n      \"Action\": [\n        \"kms:RevokeGrant\",\n        \"kms:List*\",\n        \"kms:Get*\",\n        \"kms:Describe*\"\n      ],\n      \"Resource\": \"*\",\n      \"Principal\": {\n        \"AWS\": \"arn:aws:iam::349361870252:root\"\n      }\n    },\n    {\n      \"Sid\": \"Allow access for Key Administrators\",\n      \"Effect\": \"Allow\",\n      \"Action\": \"kms:*\",\n      \"Resource\": \"*\",\n      \"Principal\": {\n        \"AWS\": \"arn:aws:iam::349361870252:user/victorlocal\"\n      }\n    },\n    {\n      \"Sid\": \"Allow use of the key\",\n      \"Effect\": \"Allow\",\n      \"Action\": [\n        \"kms:ReEncrypt*\",\n        \"kms:GenerateDataKey*\",\n        \"kms:Encrypt\",\n        \"kms:DescribeKey\",\n        \"kms:Decrypt\"\n      ],\n      \"Resource\": \"*\",\n      \"Principal\": {\n        \"AWS\": \"arn:aws:iam::349361870252:role/aws012-preprod-test-eks-cluster-role\"\n      }\n    },\n    {\n      \"Sid\": \"Allow attachment of persistent resources\",\n      \"Effect\": \"Allow\",\n      \"Action\": [\n        \"kms:RevokeGrant\",\n        \"kms:ListGrants\",\n        \"kms:CreateGrant\"\n      ],\n      \"Resource\": \"*\",\n      \"Principal\": {\n        \"AWS\": \"arn:aws:iam::349361870252:role/aws012-preprod-test-eks-cluster-role\"\n      },\n      \"Condition\": {\n        \"Bool\": {\n          \"kms:GrantIsForAWSResource\": \"true\"\n        }\n      }\n    }\n  ]\n}",
            "tags": {
              "Blueprint": "aws012-preprod-test-eks",
              "GithubRepo": "terraform-aws-eks-blueprints"
            },
            "tags_all": {
              "Blueprint": "aws012-preprod-test-eks",
              "GithubRepo": "terraform-aws-eks-blueprints"
            }
          },
          "sensitive_attributes": [],
          "private": "bnVsbA==",
          "dependencies": [
            "data.aws_caller_identity.current",
            "module.eks_blueprints.data.aws_caller_identity.current",
            "module.eks_blueprints.data.aws_iam_policy_document.eks_key",
            "module.eks_blueprints.data.aws_iam_session_context.current",
            "module.eks_blueprints.data.aws_partition.current",
            "module.eks_blueprints.data.aws_region.current"
          ],
          "create_before_destroy": true
        }
      ]
    },
    {
      "module": "module.eks_blueprints_kubernetes_addons",
      "mode": "data",
      "type": "aws_caller_identity",
      "name": "current",
      "provider": "provider[\"registry.terraform.io/hashicorp/aws\"]",
      "instances": [
        {
          "schema_version": 0,
          "attributes": {
            "account_id": "349361870252",
            "arn": "arn:aws:iam::349361870252:user/victorlocal",
            "id": "349361870252",
            "user_id": "AIDAVCV4XCWWOEQEFHZVI"
          },
          "sensitive_attributes": []
        }
      ]
    },
    {
      "module": "module.eks_blueprints_kubernetes_addons",
      "mode": "data",
      "type": "aws_eks_cluster",
      "name": "eks_cluster",
      "provider": "provider[\"registry.terraform.io/hashicorp/aws\"]",
      "instances": [
        {
          "schema_version": 0,
          "attributes": {
            "arn": "arn:aws:eks:us-east-2:349361870252:cluster/aws012-preprod-test-eks",
            "certificate_authority": [
              {
                "data": "LS0tLS1CRUdJTiBDRVJUSUZJQ0FURS0tLS0tCk1JSUM1ekNDQWMrZ0F3SUJBZ0lCQURBTkJna3Foa2lHOXcwQkFRc0ZBREFWTVJNd0VRWURWUVFERXdwcmRXSmwKY201bGRHVnpNQjRYRFRJeU1EY3lOakU1TWpjeU9Gb1hEVE15TURjeU16RTVNamN5T0Zvd0ZURVRNQkVHQTFVRQpBeE1LYTNWaVpYSnVaWFJsY3pDQ0FTSXdEUVlKS29aSWh2Y05BUUVCQlFBRGdnRVBBRENDQVFvQ2dnRUJBTXNwClJ3NkNNVWtEUkZVT0JyNEZxaTNocDBZaDFMSGw4d280UFo0ZjRyNXV5Wk9LWnpPSkxzSlQrSFRhN3Q2dWlCcTkKeTFodzFYTFRjYjBCek1qbmVCNFJ3QmMrS1hqYlVvaUU4WE1BUkp2eTRJVFFOc01wb0FaYjJMc2NVem5wTm1UcQpLeGpjQlVIT0p5aGlaeFgwcHFNektGVHVhdFg2YmwvUXh2L3FvSm9DSVFnSE0zdURXVTF6ZDJOeldwb2JXNGpmCmhjcHh4azBVT1ZoTUtGalk1dlZqblR2MGlQRGNRNEh5RWZjdFVLeGg5MVZiMG55dGlHZjhrOHNFZWd1K3ltZ0MKMzE0MzRJc3NwUjVsZzU1eXFhZ0dBeXlSZjE4OGhYcHk2QU4wZEIycm8rSlJFVlFCTlBxK294K04xcnBaQXEwcApzUzRJMmhJK0I5YTIvbzBlYnprQ0F3RUFBYU5DTUVBd0RnWURWUjBQQVFIL0JBUURBZ0trTUE4R0ExVWRFd0VCCi93UUZNQU1CQWY4d0hRWURWUjBPQkJZRUZLUzViUDc1WEdSSm9jWlhiVEoyOWRlSjgzTlRNQTBHQ1NxR1NJYjMKRFFFQkN3VUFBNElCQVFDdXg2Nk12dEZ5WUMvQnE3SUhqQVduTzdORnFXRFdXVWs3WlkyaDdGUEhhb3hlN1hxQQp5aXMyZUtDMkZSYjdKb0JpV000NjF2cjB2UG5jenRSUGRYdnZXdXRhWWsyeVhRS25PUVk1Nk41dUs3YTE3TmxqCnZCNHRQd1VKd3pBM29jQVo5OFYxYmp1Q1lhRUJwbkhwTklvQWZmMnVhYkIzeklTTDRUcFNCOUxDdXFHMmVxeE8Kb1lVQ3drWHVCU1BzS1NEdzBMTVNYVFJIS1psZityZEljS1ZYK2xRaWRxRkhDWU1vdmMzaUR0MytkZGhRSUYrZwppeDZkaS85NlhvbmNoYml2RFdwakRvaDVjS2dZYWtCRFFFSXBqSy84b1pBczlnajVKUmV4S2RKYTc0RTI2a3dhCmdzTFg0aGRTWC9JaXFYakp0cWI3OWhDUFBweE9CT2xaL00vZgotLS0tLUVORCBDRVJUSUZJQ0FURS0tLS0tCg=="
              }
            ],
            "created_at": "2022-07-26 19:21:37.033 +0000 UTC",
            "enabled_cluster_log_types": [
              "api",
              "audit",
              "authenticator",
              "controllerManager",
              "scheduler"
            ],
            "endpoint": "https://3C89B2158E8FB80B28E47AB9EEDF19A9.gr7.us-east-2.eks.amazonaws.com",
            "id": "aws012-preprod-test-eks",
            "identity": [
              {
                "oidc": [
                  {
                    "issuer": "https://oidc.eks.us-east-2.amazonaws.com/id/3C89B2158E8FB80B28E47AB9EEDF19A9"
                  }
                ]
              }
            ],
            "kubernetes_network_config": [
              {
                "ip_family": "ipv4",
                "service_ipv4_cidr": "172.20.0.0/16"
              }
            ],
            "name": "aws012-preprod-test-eks",
            "platform_version": "eks.9",
            "role_arn": "arn:aws:iam::349361870252:role/aws012-preprod-test-eks-cluster-role",
            "status": "ACTIVE",
            "tags": {
              "Blueprint": "aws012-preprod-test-eks",
              "GithubRepo": "terraform-aws-eks-blueprints"
            },
            "version": "1.21",
            "vpc_config": [
              {
                "cluster_security_group_id": "sg-0b90f8f20fce94211",
                "endpoint_private_access": true,
                "endpoint_public_access": true,
                "public_access_cidrs": [
                  "0.0.0.0/0"
                ],
                "security_group_ids": [
                  "sg-051282e57a37d5bc9"
                ],
                "subnet_ids": [
                  "subnet-093355cefe6d3155d",
                  "subnet-0b8cc043219c31f09",
                  "subnet-0f7e4e1bbb2e798bb"
                ],
                "vpc_id": "vpc-0f22778bfc01d53b9"
              }
            ]
          },
          "sensitive_attributes": []
        }
      ]
    },
    {
      "module": "module.eks_blueprints_kubernetes_addons",
      "mode": "data",
      "type": "aws_partition",
      "name": "current",
      "provider": "provider[\"registry.terraform.io/hashicorp/aws\"]",
      "instances": [
        {
          "schema_version": 0,
          "attributes": {
            "dns_suffix": "amazonaws.com",
            "id": "aws",
            "partition": "aws",
            "reverse_dns_prefix": "com.amazonaws"
          },
          "sensitive_attributes": []
        }
      ]
    },
    {
      "module": "module.eks_blueprints_kubernetes_addons",
      "mode": "data",
      "type": "aws_region",
      "name": "current",
      "provider": "provider[\"registry.terraform.io/hashicorp/aws\"]",
      "instances": [
        {
          "schema_version": 0,
          "attributes": {
            "description": "US East (Ohio)",
            "endpoint": "ec2.us-east-2.amazonaws.com",
            "id": "us-east-2",
            "name": "us-east-2"
          },
          "sensitive_attributes": []
        }
      ]
    },
    {
      "module": "module.eks_blueprints_kubernetes_addons.module.aws_coredns[0]",
      "mode": "data",
      "type": "aws_eks_addon_version",
      "name": "this",
      "provider": "provider[\"registry.terraform.io/hashicorp/aws\"]",
      "instances": [
        {
          "schema_version": 0,
          "attributes": {
            "addon_name": "coredns",
            "id": "coredns",
            "kubernetes_version": "1.21",
            "most_recent": false,
            "version": "v1.8.4-eksbuild.1"
          },
          "sensitive_attributes": []
        }
      ]
    },
    {
      "module": "module.eks_blueprints_kubernetes_addons.module.aws_coredns[0]",
      "mode": "managed",
      "type": "aws_eks_addon",
      "name": "coredns",
      "provider": "provider[\"registry.terraform.io/hashicorp/aws\"]",
      "instances": [
        {
          "index_key": 0,
          "schema_version": 0,
          "attributes": {
            "addon_name": "coredns",
            "addon_version": "v1.8.4-eksbuild.1",
            "arn": "arn:aws:eks:us-east-2:349361870252:addon/aws012-preprod-test-eks/coredns/1cc11e0b-41cc-f0a9-543a-7332ba9277d4",
            "cluster_name": "aws012-preprod-test-eks",
            "created_at": "2022-07-26T19:58:04Z",
            "id": "aws012-preprod-test-eks:coredns",
            "modified_at": "2022-07-28T17:39:47Z",
            "preserve": true,
            "resolve_conflicts": "OVERWRITE",
            "service_account_role_arn": "",
            "tags": {
              "Blueprint": "aws012-preprod-test-eks",
              "GithubRepo": "terraform-aws-eks-blueprints"
            },
            "tags_all": {
              "Blueprint": "aws012-preprod-test-eks",
              "GithubRepo": "terraform-aws-eks-blueprints"
            }
          },
          "sensitive_attributes": [],
          "private": "bnVsbA==",
          "dependencies": [
            "data.aws_availability_zones.available",
            "data.aws_caller_identity.current",
            "data.aws_eks_addon_version.latest",
            "module.eks_blueprints.data.aws_caller_identity.current",
            "module.eks_blueprints.data.aws_eks_cluster.cluster",
            "module.eks_blueprints.data.aws_iam_policy_document.eks_key",
            "module.eks_blueprints.data.aws_iam_session_context.current",
            "module.eks_blueprints.data.aws_partition.current",
            "module.eks_blueprints.data.aws_region.current",
            "module.eks_blueprints.data.http.eks_cluster_readiness",
            "module.eks_blueprints.kubernetes_config_map.amazon_vpc_cni",
            "module.eks_blueprints.kubernetes_config_map.aws_auth",
            "module.eks_blueprints.module.aws_eks.aws_cloudwatch_log_group.this",
            "module.eks_blueprints.module.aws_eks.aws_ec2_tag.cluster_primary_security_group",
            "module.eks_blueprints.module.aws_eks.aws_eks_addon.this",
            "module.eks_blueprints.module.aws_eks.aws_eks_cluster.this",
            "module.eks_blueprints.module.aws_eks.aws_eks_identity_provider_config.this",
            "module.eks_blueprints.module.aws_eks.aws_iam_openid_connect_provider.oidc_provider",
            "module.eks_blueprints.module.aws_eks.aws_iam_policy.cluster_encryption",
            "module.eks_blueprints.module.aws_eks.aws_iam_policy.cni_ipv6_policy",
            "module.eks_blueprints.module.aws_eks.aws_iam_role.this",
            "module.eks_blueprints.module.aws_eks.aws_iam_role_policy_attachment.cluster_encryption",
            "module.eks_blueprints.module.aws_eks.aws_iam_role_policy_attachment.this",
            "module.eks_blueprints.module.aws_eks.aws_security_group.cluster",
            "module.eks_blueprints.module.aws_eks.aws_security_group.node",
            "module.eks_blueprints.module.aws_eks.aws_security_group_rule.cluster",
            "module.eks_blueprints.module.aws_eks.aws_security_group_rule.node",
            "module.eks_blueprints.module.aws_eks.data.aws_caller_identity.current",
            "module.eks_blueprints.module.aws_eks.data.aws_iam_policy_document.assume_role_policy",
            "module.eks_blueprints.module.aws_eks.data.aws_iam_policy_document.cni_ipv6_policy",
            "module.eks_blueprints.module.aws_eks.data.aws_partition.current",
            "module.eks_blueprints.module.aws_eks.data.tls_certificate.this",
            "module.eks_blueprints.module.aws_eks.kubernetes_config_map.aws_auth",
            "module.eks_blueprints.module.aws_eks.kubernetes_config_map_v1_data.aws_auth",
            "module.eks_blueprints.module.aws_eks.module.eks_managed_node_group.aws_eks_node_group.this",
            "module.eks_blueprints.module.aws_eks.module.eks_managed_node_group.aws_iam_role.this",
            "module.eks_blueprints.module.aws_eks.module.eks_managed_node_group.aws_iam_role_policy_attachment.this",
            "module.eks_blueprints.module.aws_eks.module.eks_managed_node_group.aws_launch_template.this",
            "module.eks_blueprints.module.aws_eks.module.eks_managed_node_group.aws_security_group.this",
            "module.eks_blueprints.module.aws_eks.module.eks_managed_node_group.aws_security_group_rule.this",
            "module.eks_blueprints.module.aws_eks.module.eks_managed_node_group.data.aws_caller_identity.current",
            "module.eks_blueprints.module.aws_eks.module.eks_managed_node_group.data.aws_iam_policy_document.assume_role_policy",
            "module.eks_blueprints.module.aws_eks.module.eks_managed_node_group.data.aws_partition.current",
            "module.eks_blueprints.module.aws_eks.module.eks_managed_node_group.module.user_data.data.cloudinit_config.linux_eks_managed_node_group",
            "module.eks_blueprints.module.aws_eks.module.fargate_profile.aws_eks_fargate_profile.this",
            "module.eks_blueprints.module.aws_eks.module.fargate_profile.aws_iam_role.this",
            "module.eks_blueprints.module.aws_eks.module.fargate_profile.aws_iam_role_policy_attachment.this",
            "module.eks_blueprints.module.aws_eks.module.fargate_profile.data.aws_caller_identity.current",
            "module.eks_blueprints.module.aws_eks.module.fargate_profile.data.aws_iam_policy_document.assume_role_policy",
            "module.eks_blueprints.module.aws_eks.module.fargate_profile.data.aws_partition.current",
            "module.eks_blueprints.module.aws_eks.module.kms.aws_kms_alias.this",
            "module.eks_blueprints.module.aws_eks.module.kms.aws_kms_external_key.this",
            "module.eks_blueprints.module.aws_eks.module.kms.aws_kms_grant.this",
            "module.eks_blueprints.module.aws_eks.module.kms.aws_kms_key.this",
            "module.eks_blueprints.module.aws_eks.module.kms.data.aws_caller_identity.current",
            "module.eks_blueprints.module.aws_eks.module.kms.data.aws_iam_policy_document.this",
            "module.eks_blueprints.module.aws_eks.module.kms.data.aws_partition.current",
            "module.eks_blueprints.module.aws_eks.module.self_managed_node_group.aws_autoscaling_group.this",
            "module.eks_blueprints.module.aws_eks.module.self_managed_node_group.aws_autoscaling_schedule.this",
            "module.eks_blueprints.module.aws_eks.module.self_managed_node_group.aws_iam_instance_profile.this",
            "module.eks_blueprints.module.aws_eks.module.self_managed_node_group.aws_iam_role.this",
            "module.eks_blueprints.module.aws_eks.module.self_managed_node_group.aws_iam_role_policy_attachment.this",
            "module.eks_blueprints.module.aws_eks.module.self_managed_node_group.aws_launch_template.this",
            "module.eks_blueprints.module.aws_eks.module.self_managed_node_group.aws_security_group.this",
            "module.eks_blueprints.module.aws_eks.module.self_managed_node_group.aws_security_group_rule.this",
            "module.eks_blueprints.module.aws_eks.module.self_managed_node_group.data.aws_ami.eks_default",
            "module.eks_blueprints.module.aws_eks.module.self_managed_node_group.data.aws_caller_identity.current",
            "module.eks_blueprints.module.aws_eks.module.self_managed_node_group.data.aws_default_tags.current",
            "module.eks_blueprints.module.aws_eks.module.self_managed_node_group.data.aws_iam_policy_document.assume_role_policy",
            "module.eks_blueprints.module.aws_eks.module.self_managed_node_group.data.aws_partition.current",
            "module.eks_blueprints.module.aws_eks.module.self_managed_node_group.module.user_data.data.cloudinit_config.linux_eks_managed_node_group",
            "module.eks_blueprints.module.aws_eks_fargate_profiles.aws_eks_fargate_profile.eks_fargate",
            "module.eks_blueprints.module.aws_eks_fargate_profiles.aws_iam_policy.cwlogs",
            "module.eks_blueprints.module.aws_eks_fargate_profiles.aws_iam_role.fargate",
            "module.eks_blueprints.module.aws_eks_fargate_profiles.aws_iam_role_policy_attachment.cwlogs",
            "module.eks_blueprints.module.aws_eks_fargate_profiles.aws_iam_role_policy_attachment.fargate_pod_execution_role_policy",
            "module.eks_blueprints.module.aws_eks_fargate_profiles.data.aws_iam_policy_document.cwlogs",
            "module.eks_blueprints.module.aws_eks_fargate_profiles.data.aws_iam_policy_document.fargate_assume_role_policy",
            "module.eks_blueprints.module.aws_eks_managed_node_groups.aws_eks_node_group.managed_ng",
            "module.eks_blueprints.module.aws_eks_managed_node_groups.aws_iam_instance_profile.managed_ng",
            "module.eks_blueprints.module.aws_eks_managed_node_groups.aws_iam_role.managed_ng",
            "module.eks_blueprints.module.aws_eks_managed_node_groups.aws_iam_role_policy_attachment.managed_ng",
            "module.eks_blueprints.module.aws_eks_managed_node_groups.aws_launch_template.managed_node_groups",
            "module.eks_blueprints.module.aws_eks_managed_node_groups.data.aws_iam_policy_document.managed_ng_assume_role_policy",
            "module.eks_blueprints.module.aws_eks_self_managed_node_groups.aws_autoscaling_group.self_managed_ng",
            "module.eks_blueprints.module.aws_eks_self_managed_node_groups.aws_iam_instance_profile.self_managed_ng",
            "module.eks_blueprints.module.aws_eks_self_managed_node_groups.aws_iam_policy.eks_windows_cni",
            "module.eks_blueprints.module.aws_eks_self_managed_node_groups.aws_iam_role.self_managed_ng",
            "module.eks_blueprints.module.aws_eks_self_managed_node_groups.aws_iam_role_policy_attachment.eks_windows_cni",
            "module.eks_blueprints.module.aws_eks_self_managed_node_groups.aws_iam_role_policy_attachment.self_managed_ng",
            "module.eks_blueprints.module.aws_eks_self_managed_node_groups.data.aws_ami.predefined",
            "module.eks_blueprints.module.aws_eks_self_managed_node_groups.data.aws_iam_policy_document.eks_windows_cni",
            "module.eks_blueprints.module.aws_eks_self_managed_node_groups.data.aws_iam_policy_document.self_managed_ng_assume_role_policy",
            "module.eks_blueprints.module.aws_eks_self_managed_node_groups.module.launch_template_self_managed_ng.aws_launch_template.this",
            "module.eks_blueprints.module.aws_eks_self_managed_node_groups.module.launch_template_self_managed_ng.data.aws_eks_cluster.eks",
            "module.eks_blueprints.module.aws_eks_teams.aws_iam_policy.platform_team_eks_access",
            "module.eks_blueprints.module.aws_eks_teams.aws_iam_role.platform_team",
            "module.eks_blueprints.module.aws_eks_teams.aws_iam_role.team_access",
            "module.eks_blueprints.module.aws_eks_teams.aws_iam_role.team_sa_irsa",
            "module.eks_blueprints.module.aws_eks_teams.data.aws_caller_identity.current",
            "module.eks_blueprints.module.aws_eks_teams.data.aws_eks_cluster.eks_cluster",
            "module.eks_blueprints.module.aws_eks_teams.data.aws_iam_policy_document.platform_team_eks_access",
            "module.eks_blueprints.module.aws_eks_teams.data.aws_partition.current",
            "module.eks_blueprints.module.aws_eks_teams.data.aws_region.current",
            "module.eks_blueprints.module.aws_eks_teams.kubectl_manifest.team",
            "module.eks_blueprints.module.aws_eks_teams.kubernetes_cluster_role.team",
            "module.eks_blueprints.module.aws_eks_teams.kubernetes_cluster_role_binding.team",
            "module.eks_blueprints.module.aws_eks_teams.kubernetes_namespace.team",
            "module.eks_blueprints.module.aws_eks_teams.kubernetes_resource_quota.this",
            "module.eks_blueprints.module.aws_eks_teams.kubernetes_role.team",
            "module.eks_blueprints.module.aws_eks_teams.kubernetes_role_binding.team",
            "module.eks_blueprints.module.aws_eks_teams.kubernetes_service_account.team",
            "module.eks_blueprints.module.emr_on_eks.aws_iam_role.emr_on_eks_execution",
            "module.eks_blueprints.module.emr_on_eks.aws_iam_role_policy_attachment.custom",
            "module.eks_blueprints.module.emr_on_eks.data.aws_iam_policy_document.emr_assume_role",
            "module.eks_blueprints.module.emr_on_eks.data.aws_region.current",
            "module.eks_blueprints.module.emr_on_eks.kubernetes_namespace.spark",
            "module.eks_blueprints.module.emr_on_eks.kubernetes_role.emr_containers",
            "module.eks_blueprints.module.emr_on_eks.kubernetes_role_binding.emr_containers",
            "module.eks_blueprints.module.emr_on_eks.null_resource.update_trust_policy",
            "module.eks_blueprints.module.kms.aws_kms_alias.this",
            "module.eks_blueprints.module.kms.aws_kms_key.this",
            "module.eks_blueprints_kubernetes_addons.data.aws_caller_identity.current",
            "module.eks_blueprints_kubernetes_addons.data.aws_eks_cluster.eks_cluster",
            "module.eks_blueprints_kubernetes_addons.data.aws_partition.current",
            "module.eks_blueprints_kubernetes_addons.data.aws_region.current",
            "module.eks_blueprints_kubernetes_addons.module.aws_coredns.data.aws_eks_addon_version.this",
            "module.vpc.aws_subnet.private",
            "module.vpc.aws_vpc.this",
            "module.vpc.aws_vpc_ipv4_cidr_block_association.this"
          ]
        }
      ]
    },
    {
      "module": "module.eks_blueprints_kubernetes_addons.module.aws_ebs_csi_driver[0]",
      "mode": "data",
      "type": "aws_iam_policy_document",
      "name": "aws_ebs_csi_driver",
      "provider": "provider[\"registry.terraform.io/hashicorp/aws\"]",
      "instances": [
        {
          "index_key": 0,
          "schema_version": 0,
          "attributes": {
            "id": "1888929143",
            "json": "{\n  \"Version\": \"2012-10-17\",\n  \"Statement\": [\n    {\n      \"Sid\": \"\",\n      \"Effect\": \"Allow\",\n      \"Action\": [\n        \"ec2:ModifyVolume\",\n        \"ec2:DetachVolume\",\n        \"ec2:DescribeVolumesModifications\",\n        \"ec2:DescribeVolumes\",\n        \"ec2:DescribeTags\",\n        \"ec2:DescribeSnapshots\",\n        \"ec2:DescribeInstances\",\n        \"ec2:DescribeAvailabilityZones\",\n        \"ec2:CreateSnapshot\",\n        \"ec2:AttachVolume\"\n      ],\n      \"Resource\": \"*\"\n    },\n    {\n      \"Sid\": \"\",\n      \"Effect\": \"Allow\",\n      \"Action\": \"ec2:CreateTags\",\n      \"Resource\": [\n        \"arn:aws:ec2:*:*:volume/*\",\n        \"arn:aws:ec2:*:*:snapshot/*\"\n      ],\n      \"Condition\": {\n        \"StringEquals\": {\n          \"ec2:CreateAction\": [\n            \"CreateVolume\",\n            \"CreateSnapshot\"\n          ]\n        }\n      }\n    },\n    {\n      \"Sid\": \"\",\n      \"Effect\": \"Allow\",\n      \"Action\": \"ec2:DeleteTags\",\n      \"Resource\": [\n        \"arn:aws:ec2:*:*:volume/*\",\n        \"arn:aws:ec2:*:*:snapshot/*\"\n      ]\n    },\n    {\n      \"Sid\": \"\",\n      \"Effect\": \"Allow\",\n      \"Action\": \"ec2:CreateVolume\",\n      \"Resource\": \"*\",\n      \"Condition\": {\n        \"StringLike\": {\n          \"aws:RequestTag/ebs.csi.aws.com/cluster\": \"true\"\n        }\n      }\n    },\n    {\n      \"Sid\": \"\",\n      \"Effect\": \"Allow\",\n      \"Action\": \"ec2:CreateVolume\",\n      \"Resource\": \"*\",\n      \"Condition\": {\n        \"StringLike\": {\n          \"aws:RequestTag/CSIVolumeName\": \"*\"\n        }\n      }\n    },\n    {\n      \"Sid\": \"\",\n      \"Effect\": \"Allow\",\n      \"Action\": \"ec2:CreateVolume\",\n      \"Resource\": \"*\",\n      \"Condition\": {\n        \"StringLike\": {\n          \"aws:RequestTag/kubernetes.io/cluster/*\": \"owned\"\n        }\n      }\n    },\n    {\n      \"Sid\": \"\",\n      \"Effect\": \"Allow\",\n      \"Action\": \"ec2:DeleteVolume\",\n      \"Resource\": \"*\",\n      \"Condition\": {\n        \"StringLike\": {\n          \"ec2:ResourceTag/ebs.csi.aws.com/cluster\": \"true\"\n        }\n      }\n    },\n    {\n      \"Sid\": \"\",\n      \"Effect\": \"Allow\",\n      \"Action\": \"ec2:DeleteVolume\",\n      \"Resource\": \"*\",\n      \"Condition\": {\n        \"StringLike\": {\n          \"ec2:ResourceTag/CSIVolumeName\": \"*\"\n        }\n      }\n    },\n    {\n      \"Sid\": \"\",\n      \"Effect\": \"Allow\",\n      \"Action\": \"ec2:DeleteVolume\",\n      \"Resource\": \"*\",\n      \"Condition\": {\n        \"StringLike\": {\n          \"ec2:ResourceTag/kubernetes.io/cluster/*\": \"owned\"\n        }\n      }\n    },\n    {\n      \"Sid\": \"\",\n      \"Effect\": \"Allow\",\n      \"Action\": \"ec2:DeleteSnapshot\",\n      \"Resource\": \"*\",\n      \"Condition\": {\n        \"StringLike\": {\n          \"ec2:ResourceTag/CSIVolumeSnapshotName\": \"*\"\n        }\n      }\n    },\n    {\n      \"Sid\": \"\",\n      \"Effect\": \"Allow\",\n      \"Action\": \"ec2:DeleteSnapshot\",\n      \"Resource\": \"*\",\n      \"Condition\": {\n        \"StringLike\": {\n          \"ec2:ResourceTag/ebs.csi.aws.com/cluster\": \"true\"\n        }\n      }\n    }\n  ]\n}",
            "override_json": null,
            "override_policy_documents": null,
            "policy_id": null,
            "source_json": null,
            "source_policy_documents": null,
            "statement": [
              {
                "actions": [
                  "ec2:AttachVolume",
                  "ec2:CreateSnapshot",
                  "ec2:DescribeAvailabilityZones",
                  "ec2:DescribeInstances",
                  "ec2:DescribeSnapshots",
                  "ec2:DescribeTags",
                  "ec2:DescribeVolumes",
                  "ec2:DescribeVolumesModifications",
                  "ec2:DetachVolume",
                  "ec2:ModifyVolume"
                ],
                "condition": [],
                "effect": "Allow",
                "not_actions": [],
                "not_principals": [],
                "not_resources": [],
                "principals": [],
                "resources": [
                  "*"
                ],
                "sid": ""
              },
              {
                "actions": [
                  "ec2:CreateTags"
                ],
                "condition": [
                  {
                    "test": "StringEquals",
                    "values": [
                      "CreateVolume",
                      "CreateSnapshot"
                    ],
                    "variable": "ec2:CreateAction"
                  }
                ],
                "effect": "Allow",
                "not_actions": [],
                "not_principals": [],
                "not_resources": [],
                "principals": [],
                "resources": [
                  "arn:aws:ec2:*:*:snapshot/*",
                  "arn:aws:ec2:*:*:volume/*"
                ],
                "sid": ""
              },
              {
                "actions": [
                  "ec2:DeleteTags"
                ],
                "condition": [],
                "effect": "Allow",
                "not_actions": [],
                "not_principals": [],
                "not_resources": [],
                "principals": [],
                "resources": [
                  "arn:aws:ec2:*:*:snapshot/*",
                  "arn:aws:ec2:*:*:volume/*"
                ],
                "sid": ""
              },
              {
                "actions": [
                  "ec2:CreateVolume"
                ],
                "condition": [
                  {
                    "test": "StringLike",
                    "values": [
                      "true"
                    ],
                    "variable": "aws:RequestTag/ebs.csi.aws.com/cluster"
                  }
                ],
                "effect": "Allow",
                "not_actions": [],
                "not_principals": [],
                "not_resources": [],
                "principals": [],
                "resources": [
                  "*"
                ],
                "sid": ""
              },
              {
                "actions": [
                  "ec2:CreateVolume"
                ],
                "condition": [
                  {
                    "test": "StringLike",
                    "values": [
                      "*"
                    ],
                    "variable": "aws:RequestTag/CSIVolumeName"
                  }
                ],
                "effect": "Allow",
                "not_actions": [],
                "not_principals": [],
                "not_resources": [],
                "principals": [],
                "resources": [
                  "*"
                ],
                "sid": ""
              },
              {
                "actions": [
                  "ec2:CreateVolume"
                ],
                "condition": [
                  {
                    "test": "StringLike",
                    "values": [
                      "owned"
                    ],
                    "variable": "aws:RequestTag/kubernetes.io/cluster/*"
                  }
                ],
                "effect": "Allow",
                "not_actions": [],
                "not_principals": [],
                "not_resources": [],
                "principals": [],
                "resources": [
                  "*"
                ],
                "sid": ""
              },
              {
                "actions": [
                  "ec2:DeleteVolume"
                ],
                "condition": [
                  {
                    "test": "StringLike",
                    "values": [
                      "true"
                    ],
                    "variable": "ec2:ResourceTag/ebs.csi.aws.com/cluster"
                  }
                ],
                "effect": "Allow",
                "not_actions": [],
                "not_principals": [],
                "not_resources": [],
                "principals": [],
                "resources": [
                  "*"
                ],
                "sid": ""
              },
              {
                "actions": [
                  "ec2:DeleteVolume"
                ],
                "condition": [
                  {
                    "test": "StringLike",
                    "values": [
                      "*"
                    ],
                    "variable": "ec2:ResourceTag/CSIVolumeName"
                  }
                ],
                "effect": "Allow",
                "not_actions": [],
                "not_principals": [],
                "not_resources": [],
                "principals": [],
                "resources": [
                  "*"
                ],
                "sid": ""
              },
              {
                "actions": [
                  "ec2:DeleteVolume"
                ],
                "condition": [
                  {
                    "test": "StringLike",
                    "values": [
                      "owned"
                    ],
                    "variable": "ec2:ResourceTag/kubernetes.io/cluster/*"
                  }
                ],
                "effect": "Allow",
                "not_actions": [],
                "not_principals": [],
                "not_resources": [],
                "principals": [],
                "resources": [
                  "*"
                ],
                "sid": ""
              },
              {
                "actions": [
                  "ec2:DeleteSnapshot"
                ],
                "condition": [
                  {
                    "test": "StringLike",
                    "values": [
                      "*"
                    ],
                    "variable": "ec2:ResourceTag/CSIVolumeSnapshotName"
                  }
                ],
                "effect": "Allow",
                "not_actions": [],
                "not_principals": [],
                "not_resources": [],
                "principals": [],
                "resources": [
                  "*"
                ],
                "sid": ""
              },
              {
                "actions": [
                  "ec2:DeleteSnapshot"
                ],
                "condition": [
                  {
                    "test": "StringLike",
                    "values": [
                      "true"
                    ],
                    "variable": "ec2:ResourceTag/ebs.csi.aws.com/cluster"
                  }
                ],
                "effect": "Allow",
                "not_actions": [],
                "not_principals": [],
                "not_resources": [],
                "principals": [],
                "resources": [
                  "*"
                ],
                "sid": ""
              }
            ],
            "version": "2012-10-17"
          },
          "sensitive_attributes": []
        }
      ]
    },
    {
      "module": "module.eks_blueprints_kubernetes_addons.module.aws_ebs_csi_driver[0]",
      "mode": "managed",
      "type": "aws_eks_addon",
      "name": "aws_ebs_csi_driver",
      "provider": "provider[\"registry.terraform.io/hashicorp/aws\"]",
      "instances": [
        {
          "schema_version": 0,
          "attributes": {
            "addon_name": "aws-ebs-csi-driver",
            "addon_version": "v1.8.0-eksbuild.0",
            "arn": "arn:aws:eks:us-east-2:349361870252:addon/aws012-preprod-test-eks/aws-ebs-csi-driver/e4c12341-b6f7-b733-b7f1-1e22ee5e19ae",
            "cluster_name": "aws012-preprod-test-eks",
            "created_at": "2022-07-28T20:33:14Z",
            "id": "aws012-preprod-test-eks:aws-ebs-csi-driver",
            "modified_at": "2022-07-28T20:34:25Z",
            "preserve": true,
            "resolve_conflicts": null,
            "service_account_role_arn": "arn:aws:iam::349361870252:role/terraform-20220728203313754300000004",
            "tags": {
              "Blueprint": "aws012-preprod-test-eks",
              "GithubRepo": "terraform-aws-eks-blueprints"
            },
            "tags_all": {
              "Blueprint": "aws012-preprod-test-eks",
              "GithubRepo": "terraform-aws-eks-blueprints"
            }
          },
          "sensitive_attributes": [],
          "private": "bnVsbA==",
          "dependencies": [
            "data.aws_availability_zones.available",
            "data.aws_caller_identity.current",
            "module.eks_blueprints.data.aws_caller_identity.current",
            "module.eks_blueprints.data.aws_eks_cluster.cluster",
            "module.eks_blueprints.data.aws_iam_policy_document.eks_key",
            "module.eks_blueprints.data.aws_iam_session_context.current",
            "module.eks_blueprints.data.aws_partition.current",
            "module.eks_blueprints.data.aws_region.current",
            "module.eks_blueprints.data.http.eks_cluster_readiness",
            "module.eks_blueprints.kubernetes_config_map.amazon_vpc_cni",
            "module.eks_blueprints.kubernetes_config_map.aws_auth",
            "module.eks_blueprints.module.aws_eks.aws_cloudwatch_log_group.this",
            "module.eks_blueprints.module.aws_eks.aws_ec2_tag.cluster_primary_security_group",
            "module.eks_blueprints.module.aws_eks.aws_eks_addon.this",
            "module.eks_blueprints.module.aws_eks.aws_eks_cluster.this",
            "module.eks_blueprints.module.aws_eks.aws_eks_identity_provider_config.this",
            "module.eks_blueprints.module.aws_eks.aws_iam_openid_connect_provider.oidc_provider",
            "module.eks_blueprints.module.aws_eks.aws_iam_policy.cluster_encryption",
            "module.eks_blueprints.module.aws_eks.aws_iam_policy.cni_ipv6_policy",
            "module.eks_blueprints.module.aws_eks.aws_iam_role.this",
            "module.eks_blueprints.module.aws_eks.aws_iam_role_policy_attachment.cluster_encryption",
            "module.eks_blueprints.module.aws_eks.aws_iam_role_policy_attachment.this",
            "module.eks_blueprints.module.aws_eks.aws_security_group.cluster",
            "module.eks_blueprints.module.aws_eks.aws_security_group.node",
            "module.eks_blueprints.module.aws_eks.aws_security_group_rule.cluster",
            "module.eks_blueprints.module.aws_eks.aws_security_group_rule.node",
            "module.eks_blueprints.module.aws_eks.data.aws_caller_identity.current",
            "module.eks_blueprints.module.aws_eks.data.aws_iam_policy_document.assume_role_policy",
            "module.eks_blueprints.module.aws_eks.data.aws_iam_policy_document.cni_ipv6_policy",
            "module.eks_blueprints.module.aws_eks.data.aws_partition.current",
            "module.eks_blueprints.module.aws_eks.data.tls_certificate.this",
            "module.eks_blueprints.module.aws_eks.kubernetes_config_map.aws_auth",
            "module.eks_blueprints.module.aws_eks.kubernetes_config_map_v1_data.aws_auth",
            "module.eks_blueprints.module.aws_eks.module.eks_managed_node_group.aws_eks_node_group.this",
            "module.eks_blueprints.module.aws_eks.module.eks_managed_node_group.aws_iam_role.this",
            "module.eks_blueprints.module.aws_eks.module.eks_managed_node_group.aws_iam_role_policy_attachment.this",
            "module.eks_blueprints.module.aws_eks.module.eks_managed_node_group.aws_launch_template.this",
            "module.eks_blueprints.module.aws_eks.module.eks_managed_node_group.aws_security_group.this",
            "module.eks_blueprints.module.aws_eks.module.eks_managed_node_group.aws_security_group_rule.this",
            "module.eks_blueprints.module.aws_eks.module.eks_managed_node_group.data.aws_caller_identity.current",
            "module.eks_blueprints.module.aws_eks.module.eks_managed_node_group.data.aws_iam_policy_document.assume_role_policy",
            "module.eks_blueprints.module.aws_eks.module.eks_managed_node_group.data.aws_partition.current",
            "module.eks_blueprints.module.aws_eks.module.eks_managed_node_group.module.user_data.data.cloudinit_config.linux_eks_managed_node_group",
            "module.eks_blueprints.module.aws_eks.module.fargate_profile.aws_eks_fargate_profile.this",
            "module.eks_blueprints.module.aws_eks.module.fargate_profile.aws_iam_role.this",
            "module.eks_blueprints.module.aws_eks.module.fargate_profile.aws_iam_role_policy_attachment.this",
            "module.eks_blueprints.module.aws_eks.module.fargate_profile.data.aws_caller_identity.current",
            "module.eks_blueprints.module.aws_eks.module.fargate_profile.data.aws_iam_policy_document.assume_role_policy",
            "module.eks_blueprints.module.aws_eks.module.fargate_profile.data.aws_partition.current",
            "module.eks_blueprints.module.aws_eks.module.kms.aws_kms_alias.this",
            "module.eks_blueprints.module.aws_eks.module.kms.aws_kms_external_key.this",
            "module.eks_blueprints.module.aws_eks.module.kms.aws_kms_grant.this",
            "module.eks_blueprints.module.aws_eks.module.kms.aws_kms_key.this",
            "module.eks_blueprints.module.aws_eks.module.kms.data.aws_caller_identity.current",
            "module.eks_blueprints.module.aws_eks.module.kms.data.aws_iam_policy_document.this",
            "module.eks_blueprints.module.aws_eks.module.kms.data.aws_partition.current",
            "module.eks_blueprints.module.aws_eks.module.self_managed_node_group.aws_autoscaling_group.this",
            "module.eks_blueprints.module.aws_eks.module.self_managed_node_group.aws_autoscaling_schedule.this",
            "module.eks_blueprints.module.aws_eks.module.self_managed_node_group.aws_iam_instance_profile.this",
            "module.eks_blueprints.module.aws_eks.module.self_managed_node_group.aws_iam_role.this",
            "module.eks_blueprints.module.aws_eks.module.self_managed_node_group.aws_iam_role_policy_attachment.this",
            "module.eks_blueprints.module.aws_eks.module.self_managed_node_group.aws_launch_template.this",
            "module.eks_blueprints.module.aws_eks.module.self_managed_node_group.aws_security_group.this",
            "module.eks_blueprints.module.aws_eks.module.self_managed_node_group.aws_security_group_rule.this",
            "module.eks_blueprints.module.aws_eks.module.self_managed_node_group.data.aws_ami.eks_default",
            "module.eks_blueprints.module.aws_eks.module.self_managed_node_group.data.aws_caller_identity.current",
            "module.eks_blueprints.module.aws_eks.module.self_managed_node_group.data.aws_default_tags.current",
            "module.eks_blueprints.module.aws_eks.module.self_managed_node_group.data.aws_iam_policy_document.assume_role_policy",
            "module.eks_blueprints.module.aws_eks.module.self_managed_node_group.data.aws_partition.current",
            "module.eks_blueprints.module.aws_eks.module.self_managed_node_group.module.user_data.data.cloudinit_config.linux_eks_managed_node_group",
            "module.eks_blueprints.module.aws_eks_fargate_profiles.aws_eks_fargate_profile.eks_fargate",
            "module.eks_blueprints.module.aws_eks_fargate_profiles.aws_iam_policy.cwlogs",
            "module.eks_blueprints.module.aws_eks_fargate_profiles.aws_iam_role.fargate",
            "module.eks_blueprints.module.aws_eks_fargate_profiles.aws_iam_role_policy_attachment.cwlogs",
            "module.eks_blueprints.module.aws_eks_fargate_profiles.aws_iam_role_policy_attachment.fargate_pod_execution_role_policy",
            "module.eks_blueprints.module.aws_eks_fargate_profiles.data.aws_iam_policy_document.cwlogs",
            "module.eks_blueprints.module.aws_eks_fargate_profiles.data.aws_iam_policy_document.fargate_assume_role_policy",
            "module.eks_blueprints.module.aws_eks_managed_node_groups.aws_eks_node_group.managed_ng",
            "module.eks_blueprints.module.aws_eks_managed_node_groups.aws_iam_instance_profile.managed_ng",
            "module.eks_blueprints.module.aws_eks_managed_node_groups.aws_iam_role.managed_ng",
            "module.eks_blueprints.module.aws_eks_managed_node_groups.aws_iam_role_policy_attachment.managed_ng",
            "module.eks_blueprints.module.aws_eks_managed_node_groups.aws_launch_template.managed_node_groups",
            "module.eks_blueprints.module.aws_eks_managed_node_groups.data.aws_iam_policy_document.managed_ng_assume_role_policy",
            "module.eks_blueprints.module.aws_eks_self_managed_node_groups.aws_autoscaling_group.self_managed_ng",
            "module.eks_blueprints.module.aws_eks_self_managed_node_groups.aws_iam_instance_profile.self_managed_ng",
            "module.eks_blueprints.module.aws_eks_self_managed_node_groups.aws_iam_policy.eks_windows_cni",
            "module.eks_blueprints.module.aws_eks_self_managed_node_groups.aws_iam_role.self_managed_ng",
            "module.eks_blueprints.module.aws_eks_self_managed_node_groups.aws_iam_role_policy_attachment.eks_windows_cni",
            "module.eks_blueprints.module.aws_eks_self_managed_node_groups.aws_iam_role_policy_attachment.self_managed_ng",
            "module.eks_blueprints.module.aws_eks_self_managed_node_groups.data.aws_ami.predefined",
            "module.eks_blueprints.module.aws_eks_self_managed_node_groups.data.aws_iam_policy_document.eks_windows_cni",
            "module.eks_blueprints.module.aws_eks_self_managed_node_groups.data.aws_iam_policy_document.self_managed_ng_assume_role_policy",
            "module.eks_blueprints.module.aws_eks_self_managed_node_groups.module.launch_template_self_managed_ng.aws_launch_template.this",
            "module.eks_blueprints.module.aws_eks_self_managed_node_groups.module.launch_template_self_managed_ng.data.aws_eks_cluster.eks",
            "module.eks_blueprints.module.aws_eks_teams.aws_iam_policy.platform_team_eks_access",
            "module.eks_blueprints.module.aws_eks_teams.aws_iam_role.platform_team",
            "module.eks_blueprints.module.aws_eks_teams.aws_iam_role.team_access",
            "module.eks_blueprints.module.aws_eks_teams.aws_iam_role.team_sa_irsa",
            "module.eks_blueprints.module.aws_eks_teams.data.aws_caller_identity.current",
            "module.eks_blueprints.module.aws_eks_teams.data.aws_eks_cluster.eks_cluster",
            "module.eks_blueprints.module.aws_eks_teams.data.aws_iam_policy_document.platform_team_eks_access",
            "module.eks_blueprints.module.aws_eks_teams.data.aws_partition.current",
            "module.eks_blueprints.module.aws_eks_teams.data.aws_region.current",
            "module.eks_blueprints.module.aws_eks_teams.kubectl_manifest.team",
            "module.eks_blueprints.module.aws_eks_teams.kubernetes_cluster_role.team",
            "module.eks_blueprints.module.aws_eks_teams.kubernetes_cluster_role_binding.team",
            "module.eks_blueprints.module.aws_eks_teams.kubernetes_namespace.team",
            "module.eks_blueprints.module.aws_eks_teams.kubernetes_resource_quota.this",
            "module.eks_blueprints.module.aws_eks_teams.kubernetes_role.team",
            "module.eks_blueprints.module.aws_eks_teams.kubernetes_role_binding.team",
            "module.eks_blueprints.module.aws_eks_teams.kubernetes_service_account.team",
            "module.eks_blueprints.module.emr_on_eks.aws_iam_role.emr_on_eks_execution",
            "module.eks_blueprints.module.emr_on_eks.aws_iam_role_policy_attachment.custom",
            "module.eks_blueprints.module.emr_on_eks.data.aws_iam_policy_document.emr_assume_role",
            "module.eks_blueprints.module.emr_on_eks.data.aws_region.current",
            "module.eks_blueprints.module.emr_on_eks.kubernetes_namespace.spark",
            "module.eks_blueprints.module.emr_on_eks.kubernetes_role.emr_containers",
            "module.eks_blueprints.module.emr_on_eks.kubernetes_role_binding.emr_containers",
            "module.eks_blueprints.module.emr_on_eks.null_resource.update_trust_policy",
            "module.eks_blueprints.module.kms.aws_kms_alias.this",
            "module.eks_blueprints.module.kms.aws_kms_key.this",
            "module.eks_blueprints_kubernetes_addons.data.aws_caller_identity.current",
            "module.eks_blueprints_kubernetes_addons.data.aws_eks_cluster.eks_cluster",
            "module.eks_blueprints_kubernetes_addons.data.aws_partition.current",
            "module.eks_blueprints_kubernetes_addons.data.aws_region.current",
            "module.eks_blueprints_kubernetes_addons.module.aws_ebs_csi_driver.aws_iam_policy.aws_ebs_csi_driver",
            "module.eks_blueprints_kubernetes_addons.module.aws_ebs_csi_driver.data.aws_iam_policy_document.aws_ebs_csi_driver",
            "module.eks_blueprints_kubernetes_addons.module.aws_ebs_csi_driver.module.irsa_addon.aws_iam_role.irsa",
            "module.vpc.aws_subnet.private",
            "module.vpc.aws_vpc.this"
          ]
        }
      ]
    },
    {
      "module": "module.eks_blueprints_kubernetes_addons.module.aws_ebs_csi_driver[0]",
      "mode": "managed",
      "type": "aws_iam_policy",
      "name": "aws_ebs_csi_driver",
      "provider": "provider[\"registry.terraform.io/hashicorp/aws\"]",
      "instances": [
        {
          "index_key": 0,
          "schema_version": 0,
          "attributes": {
            "arn": "arn:aws:iam::349361870252:policy/aws012-preprod-test-eks-aws-ebs-csi-driver-irsa",
            "description": "IAM Policy for AWS EBS CSI Driver",
            "id": "arn:aws:iam::349361870252:policy/aws012-preprod-test-eks-aws-ebs-csi-driver-irsa",
            "name": "aws012-preprod-test-eks-aws-ebs-csi-driver-irsa",
            "name_prefix": null,
            "path": "/",
            "policy": "{\"Statement\":[{\"Action\":[\"ec2:ModifyVolume\",\"ec2:DetachVolume\",\"ec2:DescribeVolumesModifications\",\"ec2:DescribeVolumes\",\"ec2:DescribeTags\",\"ec2:DescribeSnapshots\",\"ec2:DescribeInstances\",\"ec2:DescribeAvailabilityZones\",\"ec2:CreateSnapshot\",\"ec2:AttachVolume\"],\"Effect\":\"Allow\",\"Resource\":\"*\",\"Sid\":\"\"},{\"Action\":\"ec2:CreateTags\",\"Condition\":{\"StringEquals\":{\"ec2:CreateAction\":[\"CreateVolume\",\"CreateSnapshot\"]}},\"Effect\":\"Allow\",\"Resource\":[\"arn:aws:ec2:*:*:volume/*\",\"arn:aws:ec2:*:*:snapshot/*\"],\"Sid\":\"\"},{\"Action\":\"ec2:DeleteTags\",\"Effect\":\"Allow\",\"Resource\":[\"arn:aws:ec2:*:*:volume/*\",\"arn:aws:ec2:*:*:snapshot/*\"],\"Sid\":\"\"},{\"Action\":\"ec2:CreateVolume\",\"Condition\":{\"StringLike\":{\"aws:RequestTag/ebs.csi.aws.com/cluster\":\"true\"}},\"Effect\":\"Allow\",\"Resource\":\"*\",\"Sid\":\"\"},{\"Action\":\"ec2:CreateVolume\",\"Condition\":{\"StringLike\":{\"aws:RequestTag/CSIVolumeName\":\"*\"}},\"Effect\":\"Allow\",\"Resource\":\"*\",\"Sid\":\"\"},{\"Action\":\"ec2:CreateVolume\",\"Condition\":{\"StringLike\":{\"aws:RequestTag/kubernetes.io/cluster/*\":\"owned\"}},\"Effect\":\"Allow\",\"Resource\":\"*\",\"Sid\":\"\"},{\"Action\":\"ec2:DeleteVolume\",\"Condition\":{\"StringLike\":{\"ec2:ResourceTag/ebs.csi.aws.com/cluster\":\"true\"}},\"Effect\":\"Allow\",\"Resource\":\"*\",\"Sid\":\"\"},{\"Action\":\"ec2:DeleteVolume\",\"Condition\":{\"StringLike\":{\"ec2:ResourceTag/CSIVolumeName\":\"*\"}},\"Effect\":\"Allow\",\"Resource\":\"*\",\"Sid\":\"\"},{\"Action\":\"ec2:DeleteVolume\",\"Condition\":{\"StringLike\":{\"ec2:ResourceTag/kubernetes.io/cluster/*\":\"owned\"}},\"Effect\":\"Allow\",\"Resource\":\"*\",\"Sid\":\"\"},{\"Action\":\"ec2:DeleteSnapshot\",\"Condition\":{\"StringLike\":{\"ec2:ResourceTag/CSIVolumeSnapshotName\":\"*\"}},\"Effect\":\"Allow\",\"Resource\":\"*\",\"Sid\":\"\"},{\"Action\":\"ec2:DeleteSnapshot\",\"Condition\":{\"StringLike\":{\"ec2:ResourceTag/ebs.csi.aws.com/cluster\":\"true\"}},\"Effect\":\"Allow\",\"Resource\":\"*\",\"Sid\":\"\"}],\"Version\":\"2012-10-17\"}",
            "policy_id": "ANPAVCV4XCWWHJ5NY2KVZ",
            "tags": {
              "Blueprint": "aws012-preprod-test-eks",
              "GithubRepo": "terraform-aws-eks-blueprints"
            },
            "tags_all": {
              "Blueprint": "aws012-preprod-test-eks",
              "GithubRepo": "terraform-aws-eks-blueprints"
            }
          },
          "sensitive_attributes": [],
          "private": "bnVsbA==",
          "dependencies": [
            "data.aws_availability_zones.available",
            "data.aws_caller_identity.current",
            "module.eks_blueprints.data.aws_caller_identity.current",
            "module.eks_blueprints.data.aws_eks_cluster.cluster",
            "module.eks_blueprints.data.aws_iam_policy_document.eks_key",
            "module.eks_blueprints.data.aws_iam_session_context.current",
            "module.eks_blueprints.data.aws_partition.current",
            "module.eks_blueprints.data.aws_region.current",
            "module.eks_blueprints.data.http.eks_cluster_readiness",
            "module.eks_blueprints.kubernetes_config_map.amazon_vpc_cni",
            "module.eks_blueprints.kubernetes_config_map.aws_auth",
            "module.eks_blueprints.module.aws_eks.aws_cloudwatch_log_group.this",
            "module.eks_blueprints.module.aws_eks.aws_ec2_tag.cluster_primary_security_group",
            "module.eks_blueprints.module.aws_eks.aws_eks_addon.this",
            "module.eks_blueprints.module.aws_eks.aws_eks_cluster.this",
            "module.eks_blueprints.module.aws_eks.aws_eks_identity_provider_config.this",
            "module.eks_blueprints.module.aws_eks.aws_iam_openid_connect_provider.oidc_provider",
            "module.eks_blueprints.module.aws_eks.aws_iam_policy.cluster_encryption",
            "module.eks_blueprints.module.aws_eks.aws_iam_policy.cni_ipv6_policy",
            "module.eks_blueprints.module.aws_eks.aws_iam_role.this",
            "module.eks_blueprints.module.aws_eks.aws_iam_role_policy_attachment.cluster_encryption",
            "module.eks_blueprints.module.aws_eks.aws_iam_role_policy_attachment.this",
            "module.eks_blueprints.module.aws_eks.aws_security_group.cluster",
            "module.eks_blueprints.module.aws_eks.aws_security_group.node",
            "module.eks_blueprints.module.aws_eks.aws_security_group_rule.cluster",
            "module.eks_blueprints.module.aws_eks.aws_security_group_rule.node",
            "module.eks_blueprints.module.aws_eks.data.aws_caller_identity.current",
            "module.eks_blueprints.module.aws_eks.data.aws_iam_policy_document.assume_role_policy",
            "module.eks_blueprints.module.aws_eks.data.aws_iam_policy_document.cni_ipv6_policy",
            "module.eks_blueprints.module.aws_eks.data.aws_partition.current",
            "module.eks_blueprints.module.aws_eks.data.tls_certificate.this",
            "module.eks_blueprints.module.aws_eks.kubernetes_config_map.aws_auth",
            "module.eks_blueprints.module.aws_eks.kubernetes_config_map_v1_data.aws_auth",
            "module.eks_blueprints.module.aws_eks.module.eks_managed_node_group.aws_eks_node_group.this",
            "module.eks_blueprints.module.aws_eks.module.eks_managed_node_group.aws_iam_role.this",
            "module.eks_blueprints.module.aws_eks.module.eks_managed_node_group.aws_iam_role_policy_attachment.this",
            "module.eks_blueprints.module.aws_eks.module.eks_managed_node_group.aws_launch_template.this",
            "module.eks_blueprints.module.aws_eks.module.eks_managed_node_group.aws_security_group.this",
            "module.eks_blueprints.module.aws_eks.module.eks_managed_node_group.aws_security_group_rule.this",
            "module.eks_blueprints.module.aws_eks.module.eks_managed_node_group.data.aws_caller_identity.current",
            "module.eks_blueprints.module.aws_eks.module.eks_managed_node_group.data.aws_iam_policy_document.assume_role_policy",
            "module.eks_blueprints.module.aws_eks.module.eks_managed_node_group.data.aws_partition.current",
            "module.eks_blueprints.module.aws_eks.module.eks_managed_node_group.module.user_data.data.cloudinit_config.linux_eks_managed_node_group",
            "module.eks_blueprints.module.aws_eks.module.fargate_profile.aws_eks_fargate_profile.this",
            "module.eks_blueprints.module.aws_eks.module.fargate_profile.aws_iam_role.this",
            "module.eks_blueprints.module.aws_eks.module.fargate_profile.aws_iam_role_policy_attachment.this",
            "module.eks_blueprints.module.aws_eks.module.fargate_profile.data.aws_caller_identity.current",
            "module.eks_blueprints.module.aws_eks.module.fargate_profile.data.aws_iam_policy_document.assume_role_policy",
            "module.eks_blueprints.module.aws_eks.module.fargate_profile.data.aws_partition.current",
            "module.eks_blueprints.module.aws_eks.module.kms.aws_kms_alias.this",
            "module.eks_blueprints.module.aws_eks.module.kms.aws_kms_external_key.this",
            "module.eks_blueprints.module.aws_eks.module.kms.aws_kms_grant.this",
            "module.eks_blueprints.module.aws_eks.module.kms.aws_kms_key.this",
            "module.eks_blueprints.module.aws_eks.module.kms.data.aws_caller_identity.current",
            "module.eks_blueprints.module.aws_eks.module.kms.data.aws_iam_policy_document.this",
            "module.eks_blueprints.module.aws_eks.module.kms.data.aws_partition.current",
            "module.eks_blueprints.module.aws_eks.module.self_managed_node_group.aws_autoscaling_group.this",
            "module.eks_blueprints.module.aws_eks.module.self_managed_node_group.aws_autoscaling_schedule.this",
            "module.eks_blueprints.module.aws_eks.module.self_managed_node_group.aws_iam_instance_profile.this",
            "module.eks_blueprints.module.aws_eks.module.self_managed_node_group.aws_iam_role.this",
            "module.eks_blueprints.module.aws_eks.module.self_managed_node_group.aws_iam_role_policy_attachment.this",
            "module.eks_blueprints.module.aws_eks.module.self_managed_node_group.aws_launch_template.this",
            "module.eks_blueprints.module.aws_eks.module.self_managed_node_group.aws_security_group.this",
            "module.eks_blueprints.module.aws_eks.module.self_managed_node_group.aws_security_group_rule.this",
            "module.eks_blueprints.module.aws_eks.module.self_managed_node_group.data.aws_ami.eks_default",
            "module.eks_blueprints.module.aws_eks.module.self_managed_node_group.data.aws_caller_identity.current",
            "module.eks_blueprints.module.aws_eks.module.self_managed_node_group.data.aws_default_tags.current",
            "module.eks_blueprints.module.aws_eks.module.self_managed_node_group.data.aws_iam_policy_document.assume_role_policy",
            "module.eks_blueprints.module.aws_eks.module.self_managed_node_group.data.aws_partition.current",
            "module.eks_blueprints.module.aws_eks.module.self_managed_node_group.module.user_data.data.cloudinit_config.linux_eks_managed_node_group",
            "module.eks_blueprints.module.aws_eks_fargate_profiles.aws_eks_fargate_profile.eks_fargate",
            "module.eks_blueprints.module.aws_eks_fargate_profiles.aws_iam_policy.cwlogs",
            "module.eks_blueprints.module.aws_eks_fargate_profiles.aws_iam_role.fargate",
            "module.eks_blueprints.module.aws_eks_fargate_profiles.aws_iam_role_policy_attachment.cwlogs",
            "module.eks_blueprints.module.aws_eks_fargate_profiles.aws_iam_role_policy_attachment.fargate_pod_execution_role_policy",
            "module.eks_blueprints.module.aws_eks_fargate_profiles.data.aws_iam_policy_document.cwlogs",
            "module.eks_blueprints.module.aws_eks_fargate_profiles.data.aws_iam_policy_document.fargate_assume_role_policy",
            "module.eks_blueprints.module.aws_eks_managed_node_groups.aws_eks_node_group.managed_ng",
            "module.eks_blueprints.module.aws_eks_managed_node_groups.aws_iam_instance_profile.managed_ng",
            "module.eks_blueprints.module.aws_eks_managed_node_groups.aws_iam_role.managed_ng",
            "module.eks_blueprints.module.aws_eks_managed_node_groups.aws_iam_role_policy_attachment.managed_ng",
            "module.eks_blueprints.module.aws_eks_managed_node_groups.aws_launch_template.managed_node_groups",
            "module.eks_blueprints.module.aws_eks_managed_node_groups.data.aws_iam_policy_document.managed_ng_assume_role_policy",
            "module.eks_blueprints.module.aws_eks_self_managed_node_groups.aws_autoscaling_group.self_managed_ng",
            "module.eks_blueprints.module.aws_eks_self_managed_node_groups.aws_iam_instance_profile.self_managed_ng",
            "module.eks_blueprints.module.aws_eks_self_managed_node_groups.aws_iam_policy.eks_windows_cni",
            "module.eks_blueprints.module.aws_eks_self_managed_node_groups.aws_iam_role.self_managed_ng",
            "module.eks_blueprints.module.aws_eks_self_managed_node_groups.aws_iam_role_policy_attachment.eks_windows_cni",
            "module.eks_blueprints.module.aws_eks_self_managed_node_groups.aws_iam_role_policy_attachment.self_managed_ng",
            "module.eks_blueprints.module.aws_eks_self_managed_node_groups.data.aws_ami.predefined",
            "module.eks_blueprints.module.aws_eks_self_managed_node_groups.data.aws_iam_policy_document.eks_windows_cni",
            "module.eks_blueprints.module.aws_eks_self_managed_node_groups.data.aws_iam_policy_document.self_managed_ng_assume_role_policy",
            "module.eks_blueprints.module.aws_eks_self_managed_node_groups.module.launch_template_self_managed_ng.aws_launch_template.this",
            "module.eks_blueprints.module.aws_eks_self_managed_node_groups.module.launch_template_self_managed_ng.data.aws_eks_cluster.eks",
            "module.eks_blueprints.module.aws_eks_teams.aws_iam_policy.platform_team_eks_access",
            "module.eks_blueprints.module.aws_eks_teams.aws_iam_role.platform_team",
            "module.eks_blueprints.module.aws_eks_teams.aws_iam_role.team_access",
            "module.eks_blueprints.module.aws_eks_teams.aws_iam_role.team_sa_irsa",
            "module.eks_blueprints.module.aws_eks_teams.data.aws_caller_identity.current",
            "module.eks_blueprints.module.aws_eks_teams.data.aws_eks_cluster.eks_cluster",
            "module.eks_blueprints.module.aws_eks_teams.data.aws_iam_policy_document.platform_team_eks_access",
            "module.eks_blueprints.module.aws_eks_teams.data.aws_partition.current",
            "module.eks_blueprints.module.aws_eks_teams.data.aws_region.current",
            "module.eks_blueprints.module.aws_eks_teams.kubectl_manifest.team",
            "module.eks_blueprints.module.aws_eks_teams.kubernetes_cluster_role.team",
            "module.eks_blueprints.module.aws_eks_teams.kubernetes_cluster_role_binding.team",
            "module.eks_blueprints.module.aws_eks_teams.kubernetes_namespace.team",
            "module.eks_blueprints.module.aws_eks_teams.kubernetes_resource_quota.this",
            "module.eks_blueprints.module.aws_eks_teams.kubernetes_role.team",
            "module.eks_blueprints.module.aws_eks_teams.kubernetes_role_binding.team",
            "module.eks_blueprints.module.aws_eks_teams.kubernetes_service_account.team",
            "module.eks_blueprints.module.emr_on_eks.aws_iam_role.emr_on_eks_execution",
            "module.eks_blueprints.module.emr_on_eks.aws_iam_role_policy_attachment.custom",
            "module.eks_blueprints.module.emr_on_eks.data.aws_iam_policy_document.emr_assume_role",
            "module.eks_blueprints.module.emr_on_eks.data.aws_region.current",
            "module.eks_blueprints.module.emr_on_eks.kubernetes_namespace.spark",
            "module.eks_blueprints.module.emr_on_eks.kubernetes_role.emr_containers",
            "module.eks_blueprints.module.emr_on_eks.kubernetes_role_binding.emr_containers",
            "module.eks_blueprints.module.emr_on_eks.null_resource.update_trust_policy",
            "module.eks_blueprints.module.kms.aws_kms_alias.this",
            "module.eks_blueprints.module.kms.aws_kms_key.this",
            "module.eks_blueprints_kubernetes_addons.data.aws_caller_identity.current",
            "module.eks_blueprints_kubernetes_addons.data.aws_eks_cluster.eks_cluster",
            "module.eks_blueprints_kubernetes_addons.data.aws_partition.current",
            "module.eks_blueprints_kubernetes_addons.data.aws_region.current",
            "module.eks_blueprints_kubernetes_addons.module.aws_ebs_csi_driver.data.aws_iam_policy_document.aws_ebs_csi_driver",
            "module.vpc.aws_subnet.private",
            "module.vpc.aws_vpc.this"
          ]
        }
      ]
    },
    {
      "module": "module.eks_blueprints_kubernetes_addons.module.aws_ebs_csi_driver[0].module.irsa_addon[0]",
      "mode": "managed",
      "type": "aws_iam_role",
      "name": "irsa",
      "provider": "provider[\"registry.terraform.io/hashicorp/aws\"]",
      "instances": [
        {
          "index_key": 0,
          "schema_version": 0,
          "attributes": {
            "arn": "arn:aws:iam::349361870252:role/terraform-20220728203313754300000004",
            "assume_role_policy": "{\"Statement\":[{\"Action\":\"sts:AssumeRoleWithWebIdentity\",\"Condition\":{\"StringLike\":{\"oidc.eks.us-east-2.amazonaws.com/id/3C89B2158E8FB80B28E47AB9EEDF19A9:aud\":\"sts.amazonaws.com\",\"oidc.eks.us-east-2.amazonaws.com/id/3C89B2158E8FB80B28E47AB9EEDF19A9:sub\":\"system:serviceaccount:kube-system:ebs-csi-controller-sa\"}},\"Effect\":\"Allow\",\"Principal\":{\"Federated\":\"arn:aws:iam::349361870252:oidc-provider/oidc.eks.us-east-2.amazonaws.com/id/3C89B2158E8FB80B28E47AB9EEDF19A9\"}}],\"Version\":\"2012-10-17\"}",
            "create_date": "2022-07-28T20:33:13Z",
            "description": "AWS IAM Role for the Kubernetes service account ebs-csi-controller-sa.",
            "force_detach_policies": true,
            "id": "terraform-20220728203313754300000004",
            "inline_policy": [],
            "managed_policy_arns": [],
            "max_session_duration": 3600,
            "name": "terraform-20220728203313754300000004",
            "name_prefix": "terraform-",
            "path": "/",
            "permissions_boundary": "",
            "tags": {
              "Blueprint": "aws012-preprod-test-eks",
              "GithubRepo": "terraform-aws-eks-blueprints"
            },
            "tags_all": {
              "Blueprint": "aws012-preprod-test-eks",
              "GithubRepo": "terraform-aws-eks-blueprints"
            },
            "unique_id": "AROAVCV4XCWWGAFEHJ3TJ"
          },
          "sensitive_attributes": [],
          "private": "bnVsbA==",
          "dependencies": [
            "data.aws_availability_zones.available",
            "data.aws_caller_identity.current",
            "module.eks_blueprints.data.aws_caller_identity.current",
            "module.eks_blueprints.data.aws_eks_cluster.cluster",
            "module.eks_blueprints.data.aws_iam_policy_document.eks_key",
            "module.eks_blueprints.data.aws_iam_session_context.current",
            "module.eks_blueprints.data.aws_partition.current",
            "module.eks_blueprints.data.aws_region.current",
            "module.eks_blueprints.data.http.eks_cluster_readiness",
            "module.eks_blueprints.kubernetes_config_map.amazon_vpc_cni",
            "module.eks_blueprints.kubernetes_config_map.aws_auth",
            "module.eks_blueprints.module.aws_eks.aws_cloudwatch_log_group.this",
            "module.eks_blueprints.module.aws_eks.aws_ec2_tag.cluster_primary_security_group",
            "module.eks_blueprints.module.aws_eks.aws_eks_addon.this",
            "module.eks_blueprints.module.aws_eks.aws_eks_cluster.this",
            "module.eks_blueprints.module.aws_eks.aws_eks_identity_provider_config.this",
            "module.eks_blueprints.module.aws_eks.aws_iam_openid_connect_provider.oidc_provider",
            "module.eks_blueprints.module.aws_eks.aws_iam_policy.cluster_encryption",
            "module.eks_blueprints.module.aws_eks.aws_iam_policy.cni_ipv6_policy",
            "module.eks_blueprints.module.aws_eks.aws_iam_role.this",
            "module.eks_blueprints.module.aws_eks.aws_iam_role_policy_attachment.cluster_encryption",
            "module.eks_blueprints.module.aws_eks.aws_iam_role_policy_attachment.this",
            "module.eks_blueprints.module.aws_eks.aws_security_group.cluster",
            "module.eks_blueprints.module.aws_eks.aws_security_group.node",
            "module.eks_blueprints.module.aws_eks.aws_security_group_rule.cluster",
            "module.eks_blueprints.module.aws_eks.aws_security_group_rule.node",
            "module.eks_blueprints.module.aws_eks.data.aws_caller_identity.current",
            "module.eks_blueprints.module.aws_eks.data.aws_iam_policy_document.assume_role_policy",
            "module.eks_blueprints.module.aws_eks.data.aws_iam_policy_document.cni_ipv6_policy",
            "module.eks_blueprints.module.aws_eks.data.aws_partition.current",
            "module.eks_blueprints.module.aws_eks.data.tls_certificate.this",
            "module.eks_blueprints.module.aws_eks.kubernetes_config_map.aws_auth",
            "module.eks_blueprints.module.aws_eks.kubernetes_config_map_v1_data.aws_auth",
            "module.eks_blueprints.module.aws_eks.module.eks_managed_node_group.aws_eks_node_group.this",
            "module.eks_blueprints.module.aws_eks.module.eks_managed_node_group.aws_iam_role.this",
            "module.eks_blueprints.module.aws_eks.module.eks_managed_node_group.aws_iam_role_policy_attachment.this",
            "module.eks_blueprints.module.aws_eks.module.eks_managed_node_group.aws_launch_template.this",
            "module.eks_blueprints.module.aws_eks.module.eks_managed_node_group.aws_security_group.this",
            "module.eks_blueprints.module.aws_eks.module.eks_managed_node_group.aws_security_group_rule.this",
            "module.eks_blueprints.module.aws_eks.module.eks_managed_node_group.data.aws_caller_identity.current",
            "module.eks_blueprints.module.aws_eks.module.eks_managed_node_group.data.aws_iam_policy_document.assume_role_policy",
            "module.eks_blueprints.module.aws_eks.module.eks_managed_node_group.data.aws_partition.current",
            "module.eks_blueprints.module.aws_eks.module.eks_managed_node_group.module.user_data.data.cloudinit_config.linux_eks_managed_node_group",
            "module.eks_blueprints.module.aws_eks.module.fargate_profile.aws_eks_fargate_profile.this",
            "module.eks_blueprints.module.aws_eks.module.fargate_profile.aws_iam_role.this",
            "module.eks_blueprints.module.aws_eks.module.fargate_profile.aws_iam_role_policy_attachment.this",
            "module.eks_blueprints.module.aws_eks.module.fargate_profile.data.aws_caller_identity.current",
            "module.eks_blueprints.module.aws_eks.module.fargate_profile.data.aws_iam_policy_document.assume_role_policy",
            "module.eks_blueprints.module.aws_eks.module.fargate_profile.data.aws_partition.current",
            "module.eks_blueprints.module.aws_eks.module.kms.aws_kms_alias.this",
            "module.eks_blueprints.module.aws_eks.module.kms.aws_kms_external_key.this",
            "module.eks_blueprints.module.aws_eks.module.kms.aws_kms_grant.this",
            "module.eks_blueprints.module.aws_eks.module.kms.aws_kms_key.this",
            "module.eks_blueprints.module.aws_eks.module.kms.data.aws_caller_identity.current",
            "module.eks_blueprints.module.aws_eks.module.kms.data.aws_iam_policy_document.this",
            "module.eks_blueprints.module.aws_eks.module.kms.data.aws_partition.current",
            "module.eks_blueprints.module.aws_eks.module.self_managed_node_group.aws_autoscaling_group.this",
            "module.eks_blueprints.module.aws_eks.module.self_managed_node_group.aws_autoscaling_schedule.this",
            "module.eks_blueprints.module.aws_eks.module.self_managed_node_group.aws_iam_instance_profile.this",
            "module.eks_blueprints.module.aws_eks.module.self_managed_node_group.aws_iam_role.this",
            "module.eks_blueprints.module.aws_eks.module.self_managed_node_group.aws_iam_role_policy_attachment.this",
            "module.eks_blueprints.module.aws_eks.module.self_managed_node_group.aws_launch_template.this",
            "module.eks_blueprints.module.aws_eks.module.self_managed_node_group.aws_security_group.this",
            "module.eks_blueprints.module.aws_eks.module.self_managed_node_group.aws_security_group_rule.this",
            "module.eks_blueprints.module.aws_eks.module.self_managed_node_group.data.aws_ami.eks_default",
            "module.eks_blueprints.module.aws_eks.module.self_managed_node_group.data.aws_caller_identity.current",
            "module.eks_blueprints.module.aws_eks.module.self_managed_node_group.data.aws_default_tags.current",
            "module.eks_blueprints.module.aws_eks.module.self_managed_node_group.data.aws_iam_policy_document.assume_role_policy",
            "module.eks_blueprints.module.aws_eks.module.self_managed_node_group.data.aws_partition.current",
            "module.eks_blueprints.module.aws_eks.module.self_managed_node_group.module.user_data.data.cloudinit_config.linux_eks_managed_node_group",
            "module.eks_blueprints.module.aws_eks_fargate_profiles.aws_eks_fargate_profile.eks_fargate",
            "module.eks_blueprints.module.aws_eks_fargate_profiles.aws_iam_policy.cwlogs",
            "module.eks_blueprints.module.aws_eks_fargate_profiles.aws_iam_role.fargate",
            "module.eks_blueprints.module.aws_eks_fargate_profiles.aws_iam_role_policy_attachment.cwlogs",
            "module.eks_blueprints.module.aws_eks_fargate_profiles.aws_iam_role_policy_attachment.fargate_pod_execution_role_policy",
            "module.eks_blueprints.module.aws_eks_fargate_profiles.data.aws_iam_policy_document.cwlogs",
            "module.eks_blueprints.module.aws_eks_fargate_profiles.data.aws_iam_policy_document.fargate_assume_role_policy",
            "module.eks_blueprints.module.aws_eks_managed_node_groups.aws_eks_node_group.managed_ng",
            "module.eks_blueprints.module.aws_eks_managed_node_groups.aws_iam_instance_profile.managed_ng",
            "module.eks_blueprints.module.aws_eks_managed_node_groups.aws_iam_role.managed_ng",
            "module.eks_blueprints.module.aws_eks_managed_node_groups.aws_iam_role_policy_attachment.managed_ng",
            "module.eks_blueprints.module.aws_eks_managed_node_groups.aws_launch_template.managed_node_groups",
            "module.eks_blueprints.module.aws_eks_managed_node_groups.data.aws_iam_policy_document.managed_ng_assume_role_policy",
            "module.eks_blueprints.module.aws_eks_self_managed_node_groups.aws_autoscaling_group.self_managed_ng",
            "module.eks_blueprints.module.aws_eks_self_managed_node_groups.aws_iam_instance_profile.self_managed_ng",
            "module.eks_blueprints.module.aws_eks_self_managed_node_groups.aws_iam_policy.eks_windows_cni",
            "module.eks_blueprints.module.aws_eks_self_managed_node_groups.aws_iam_role.self_managed_ng",
            "module.eks_blueprints.module.aws_eks_self_managed_node_groups.aws_iam_role_policy_attachment.eks_windows_cni",
            "module.eks_blueprints.module.aws_eks_self_managed_node_groups.aws_iam_role_policy_attachment.self_managed_ng",
            "module.eks_blueprints.module.aws_eks_self_managed_node_groups.data.aws_ami.predefined",
            "module.eks_blueprints.module.aws_eks_self_managed_node_groups.data.aws_iam_policy_document.eks_windows_cni",
            "module.eks_blueprints.module.aws_eks_self_managed_node_groups.data.aws_iam_policy_document.self_managed_ng_assume_role_policy",
            "module.eks_blueprints.module.aws_eks_self_managed_node_groups.module.launch_template_self_managed_ng.aws_launch_template.this",
            "module.eks_blueprints.module.aws_eks_self_managed_node_groups.module.launch_template_self_managed_ng.data.aws_eks_cluster.eks",
            "module.eks_blueprints.module.aws_eks_teams.aws_iam_policy.platform_team_eks_access",
            "module.eks_blueprints.module.aws_eks_teams.aws_iam_role.platform_team",
            "module.eks_blueprints.module.aws_eks_teams.aws_iam_role.team_access",
            "module.eks_blueprints.module.aws_eks_teams.aws_iam_role.team_sa_irsa",
            "module.eks_blueprints.module.aws_eks_teams.data.aws_caller_identity.current",
            "module.eks_blueprints.module.aws_eks_teams.data.aws_eks_cluster.eks_cluster",
            "module.eks_blueprints.module.aws_eks_teams.data.aws_iam_policy_document.platform_team_eks_access",
            "module.eks_blueprints.module.aws_eks_teams.data.aws_partition.current",
            "module.eks_blueprints.module.aws_eks_teams.data.aws_region.current",
            "module.eks_blueprints.module.aws_eks_teams.kubectl_manifest.team",
            "module.eks_blueprints.module.aws_eks_teams.kubernetes_cluster_role.team",
            "module.eks_blueprints.module.aws_eks_teams.kubernetes_cluster_role_binding.team",
            "module.eks_blueprints.module.aws_eks_teams.kubernetes_namespace.team",
            "module.eks_blueprints.module.aws_eks_teams.kubernetes_resource_quota.this",
            "module.eks_blueprints.module.aws_eks_teams.kubernetes_role.team",
            "module.eks_blueprints.module.aws_eks_teams.kubernetes_role_binding.team",
            "module.eks_blueprints.module.aws_eks_teams.kubernetes_service_account.team",
            "module.eks_blueprints.module.emr_on_eks.aws_iam_role.emr_on_eks_execution",
            "module.eks_blueprints.module.emr_on_eks.aws_iam_role_policy_attachment.custom",
            "module.eks_blueprints.module.emr_on_eks.data.aws_iam_policy_document.emr_assume_role",
            "module.eks_blueprints.module.emr_on_eks.data.aws_region.current",
            "module.eks_blueprints.module.emr_on_eks.kubernetes_namespace.spark",
            "module.eks_blueprints.module.emr_on_eks.kubernetes_role.emr_containers",
            "module.eks_blueprints.module.emr_on_eks.kubernetes_role_binding.emr_containers",
            "module.eks_blueprints.module.emr_on_eks.null_resource.update_trust_policy",
            "module.eks_blueprints.module.kms.aws_kms_alias.this",
            "module.eks_blueprints.module.kms.aws_kms_key.this",
            "module.eks_blueprints_kubernetes_addons.data.aws_caller_identity.current",
            "module.eks_blueprints_kubernetes_addons.data.aws_eks_cluster.eks_cluster",
            "module.eks_blueprints_kubernetes_addons.data.aws_partition.current",
            "module.eks_blueprints_kubernetes_addons.data.aws_region.current",
            "module.eks_blueprints_kubernetes_addons.module.aws_ebs_csi_driver.aws_iam_policy.aws_ebs_csi_driver",
            "module.eks_blueprints_kubernetes_addons.module.aws_ebs_csi_driver.data.aws_iam_policy_document.aws_ebs_csi_driver",
            "module.vpc.aws_subnet.private",
            "module.vpc.aws_vpc.this"
          ]
        }
      ]
    },
    {
      "module": "module.eks_blueprints_kubernetes_addons.module.aws_ebs_csi_driver[0].module.irsa_addon[0]",
      "mode": "managed",
      "type": "aws_iam_role_policy_attachment",
      "name": "irsa",
      "provider": "provider[\"registry.terraform.io/hashicorp/aws\"]",
      "instances": [
        {
          "index_key": 0,
          "schema_version": 0,
          "attributes": {
            "id": "terraform-20220728203313754300000004-20220728203314800900000007",
            "policy_arn": "arn:aws:iam::349361870252:policy/aws012-preprod-test-eks-aws-ebs-csi-driver-irsa",
            "role": "terraform-20220728203313754300000004"
          },
          "sensitive_attributes": [],
          "private": "bnVsbA==",
          "dependencies": [
            "data.aws_availability_zones.available",
            "data.aws_caller_identity.current",
            "module.eks_blueprints.data.aws_caller_identity.current",
            "module.eks_blueprints.data.aws_eks_cluster.cluster",
            "module.eks_blueprints.data.aws_iam_policy_document.eks_key",
            "module.eks_blueprints.data.aws_iam_session_context.current",
            "module.eks_blueprints.data.aws_partition.current",
            "module.eks_blueprints.data.aws_region.current",
            "module.eks_blueprints.data.http.eks_cluster_readiness",
            "module.eks_blueprints.kubernetes_config_map.amazon_vpc_cni",
            "module.eks_blueprints.kubernetes_config_map.aws_auth",
            "module.eks_blueprints.module.aws_eks.aws_cloudwatch_log_group.this",
            "module.eks_blueprints.module.aws_eks.aws_ec2_tag.cluster_primary_security_group",
            "module.eks_blueprints.module.aws_eks.aws_eks_addon.this",
            "module.eks_blueprints.module.aws_eks.aws_eks_cluster.this",
            "module.eks_blueprints.module.aws_eks.aws_eks_identity_provider_config.this",
            "module.eks_blueprints.module.aws_eks.aws_iam_openid_connect_provider.oidc_provider",
            "module.eks_blueprints.module.aws_eks.aws_iam_policy.cluster_encryption",
            "module.eks_blueprints.module.aws_eks.aws_iam_policy.cni_ipv6_policy",
            "module.eks_blueprints.module.aws_eks.aws_iam_role.this",
            "module.eks_blueprints.module.aws_eks.aws_iam_role_policy_attachment.cluster_encryption",
            "module.eks_blueprints.module.aws_eks.aws_iam_role_policy_attachment.this",
            "module.eks_blueprints.module.aws_eks.aws_security_group.cluster",
            "module.eks_blueprints.module.aws_eks.aws_security_group.node",
            "module.eks_blueprints.module.aws_eks.aws_security_group_rule.cluster",
            "module.eks_blueprints.module.aws_eks.aws_security_group_rule.node",
            "module.eks_blueprints.module.aws_eks.data.aws_caller_identity.current",
            "module.eks_blueprints.module.aws_eks.data.aws_iam_policy_document.assume_role_policy",
            "module.eks_blueprints.module.aws_eks.data.aws_iam_policy_document.cni_ipv6_policy",
            "module.eks_blueprints.module.aws_eks.data.aws_partition.current",
            "module.eks_blueprints.module.aws_eks.data.tls_certificate.this",
            "module.eks_blueprints.module.aws_eks.kubernetes_config_map.aws_auth",
            "module.eks_blueprints.module.aws_eks.kubernetes_config_map_v1_data.aws_auth",
            "module.eks_blueprints.module.aws_eks.module.eks_managed_node_group.aws_eks_node_group.this",
            "module.eks_blueprints.module.aws_eks.module.eks_managed_node_group.aws_iam_role.this",
            "module.eks_blueprints.module.aws_eks.module.eks_managed_node_group.aws_iam_role_policy_attachment.this",
            "module.eks_blueprints.module.aws_eks.module.eks_managed_node_group.aws_launch_template.this",
            "module.eks_blueprints.module.aws_eks.module.eks_managed_node_group.aws_security_group.this",
            "module.eks_blueprints.module.aws_eks.module.eks_managed_node_group.aws_security_group_rule.this",
            "module.eks_blueprints.module.aws_eks.module.eks_managed_node_group.data.aws_caller_identity.current",
            "module.eks_blueprints.module.aws_eks.module.eks_managed_node_group.data.aws_iam_policy_document.assume_role_policy",
            "module.eks_blueprints.module.aws_eks.module.eks_managed_node_group.data.aws_partition.current",
            "module.eks_blueprints.module.aws_eks.module.eks_managed_node_group.module.user_data.data.cloudinit_config.linux_eks_managed_node_group",
            "module.eks_blueprints.module.aws_eks.module.fargate_profile.aws_eks_fargate_profile.this",
            "module.eks_blueprints.module.aws_eks.module.fargate_profile.aws_iam_role.this",
            "module.eks_blueprints.module.aws_eks.module.fargate_profile.aws_iam_role_policy_attachment.this",
            "module.eks_blueprints.module.aws_eks.module.fargate_profile.data.aws_caller_identity.current",
            "module.eks_blueprints.module.aws_eks.module.fargate_profile.data.aws_iam_policy_document.assume_role_policy",
            "module.eks_blueprints.module.aws_eks.module.fargate_profile.data.aws_partition.current",
            "module.eks_blueprints.module.aws_eks.module.kms.aws_kms_alias.this",
            "module.eks_blueprints.module.aws_eks.module.kms.aws_kms_external_key.this",
            "module.eks_blueprints.module.aws_eks.module.kms.aws_kms_grant.this",
            "module.eks_blueprints.module.aws_eks.module.kms.aws_kms_key.this",
            "module.eks_blueprints.module.aws_eks.module.kms.data.aws_caller_identity.current",
            "module.eks_blueprints.module.aws_eks.module.kms.data.aws_iam_policy_document.this",
            "module.eks_blueprints.module.aws_eks.module.kms.data.aws_partition.current",
            "module.eks_blueprints.module.aws_eks.module.self_managed_node_group.aws_autoscaling_group.this",
            "module.eks_blueprints.module.aws_eks.module.self_managed_node_group.aws_autoscaling_schedule.this",
            "module.eks_blueprints.module.aws_eks.module.self_managed_node_group.aws_iam_instance_profile.this",
            "module.eks_blueprints.module.aws_eks.module.self_managed_node_group.aws_iam_role.this",
            "module.eks_blueprints.module.aws_eks.module.self_managed_node_group.aws_iam_role_policy_attachment.this",
            "module.eks_blueprints.module.aws_eks.module.self_managed_node_group.aws_launch_template.this",
            "module.eks_blueprints.module.aws_eks.module.self_managed_node_group.aws_security_group.this",
            "module.eks_blueprints.module.aws_eks.module.self_managed_node_group.aws_security_group_rule.this",
            "module.eks_blueprints.module.aws_eks.module.self_managed_node_group.data.aws_ami.eks_default",
            "module.eks_blueprints.module.aws_eks.module.self_managed_node_group.data.aws_caller_identity.current",
            "module.eks_blueprints.module.aws_eks.module.self_managed_node_group.data.aws_default_tags.current",
            "module.eks_blueprints.module.aws_eks.module.self_managed_node_group.data.aws_iam_policy_document.assume_role_policy",
            "module.eks_blueprints.module.aws_eks.module.self_managed_node_group.data.aws_partition.current",
            "module.eks_blueprints.module.aws_eks.module.self_managed_node_group.module.user_data.data.cloudinit_config.linux_eks_managed_node_group",
            "module.eks_blueprints.module.aws_eks_fargate_profiles.aws_eks_fargate_profile.eks_fargate",
            "module.eks_blueprints.module.aws_eks_fargate_profiles.aws_iam_policy.cwlogs",
            "module.eks_blueprints.module.aws_eks_fargate_profiles.aws_iam_role.fargate",
            "module.eks_blueprints.module.aws_eks_fargate_profiles.aws_iam_role_policy_attachment.cwlogs",
            "module.eks_blueprints.module.aws_eks_fargate_profiles.aws_iam_role_policy_attachment.fargate_pod_execution_role_policy",
            "module.eks_blueprints.module.aws_eks_fargate_profiles.data.aws_iam_policy_document.cwlogs",
            "module.eks_blueprints.module.aws_eks_fargate_profiles.data.aws_iam_policy_document.fargate_assume_role_policy",
            "module.eks_blueprints.module.aws_eks_managed_node_groups.aws_eks_node_group.managed_ng",
            "module.eks_blueprints.module.aws_eks_managed_node_groups.aws_iam_instance_profile.managed_ng",
            "module.eks_blueprints.module.aws_eks_managed_node_groups.aws_iam_role.managed_ng",
            "module.eks_blueprints.module.aws_eks_managed_node_groups.aws_iam_role_policy_attachment.managed_ng",
            "module.eks_blueprints.module.aws_eks_managed_node_groups.aws_launch_template.managed_node_groups",
            "module.eks_blueprints.module.aws_eks_managed_node_groups.data.aws_iam_policy_document.managed_ng_assume_role_policy",
            "module.eks_blueprints.module.aws_eks_self_managed_node_groups.aws_autoscaling_group.self_managed_ng",
            "module.eks_blueprints.module.aws_eks_self_managed_node_groups.aws_iam_instance_profile.self_managed_ng",
            "module.eks_blueprints.module.aws_eks_self_managed_node_groups.aws_iam_policy.eks_windows_cni",
            "module.eks_blueprints.module.aws_eks_self_managed_node_groups.aws_iam_role.self_managed_ng",
            "module.eks_blueprints.module.aws_eks_self_managed_node_groups.aws_iam_role_policy_attachment.eks_windows_cni",
            "module.eks_blueprints.module.aws_eks_self_managed_node_groups.aws_iam_role_policy_attachment.self_managed_ng",
            "module.eks_blueprints.module.aws_eks_self_managed_node_groups.data.aws_ami.predefined",
            "module.eks_blueprints.module.aws_eks_self_managed_node_groups.data.aws_iam_policy_document.eks_windows_cni",
            "module.eks_blueprints.module.aws_eks_self_managed_node_groups.data.aws_iam_policy_document.self_managed_ng_assume_role_policy",
            "module.eks_blueprints.module.aws_eks_self_managed_node_groups.module.launch_template_self_managed_ng.aws_launch_template.this",
            "module.eks_blueprints.module.aws_eks_self_managed_node_groups.module.launch_template_self_managed_ng.data.aws_eks_cluster.eks",
            "module.eks_blueprints.module.aws_eks_teams.aws_iam_policy.platform_team_eks_access",
            "module.eks_blueprints.module.aws_eks_teams.aws_iam_role.platform_team",
            "module.eks_blueprints.module.aws_eks_teams.aws_iam_role.team_access",
            "module.eks_blueprints.module.aws_eks_teams.aws_iam_role.team_sa_irsa",
            "module.eks_blueprints.module.aws_eks_teams.data.aws_caller_identity.current",
            "module.eks_blueprints.module.aws_eks_teams.data.aws_eks_cluster.eks_cluster",
            "module.eks_blueprints.module.aws_eks_teams.data.aws_iam_policy_document.platform_team_eks_access",
            "module.eks_blueprints.module.aws_eks_teams.data.aws_partition.current",
            "module.eks_blueprints.module.aws_eks_teams.data.aws_region.current",
            "module.eks_blueprints.module.aws_eks_teams.kubectl_manifest.team",
            "module.eks_blueprints.module.aws_eks_teams.kubernetes_cluster_role.team",
            "module.eks_blueprints.module.aws_eks_teams.kubernetes_cluster_role_binding.team",
            "module.eks_blueprints.module.aws_eks_teams.kubernetes_namespace.team",
            "module.eks_blueprints.module.aws_eks_teams.kubernetes_resource_quota.this",
            "module.eks_blueprints.module.aws_eks_teams.kubernetes_role.team",
            "module.eks_blueprints.module.aws_eks_teams.kubernetes_role_binding.team",
            "module.eks_blueprints.module.aws_eks_teams.kubernetes_service_account.team",
            "module.eks_blueprints.module.emr_on_eks.aws_iam_role.emr_on_eks_execution",
            "module.eks_blueprints.module.emr_on_eks.aws_iam_role_policy_attachment.custom",
            "module.eks_blueprints.module.emr_on_eks.data.aws_iam_policy_document.emr_assume_role",
            "module.eks_blueprints.module.emr_on_eks.data.aws_region.current",
            "module.eks_blueprints.module.emr_on_eks.kubernetes_namespace.spark",
            "module.eks_blueprints.module.emr_on_eks.kubernetes_role.emr_containers",
            "module.eks_blueprints.module.emr_on_eks.kubernetes_role_binding.emr_containers",
            "module.eks_blueprints.module.emr_on_eks.null_resource.update_trust_policy",
            "module.eks_blueprints.module.kms.aws_kms_alias.this",
            "module.eks_blueprints.module.kms.aws_kms_key.this",
            "module.eks_blueprints_kubernetes_addons.data.aws_caller_identity.current",
            "module.eks_blueprints_kubernetes_addons.data.aws_eks_cluster.eks_cluster",
            "module.eks_blueprints_kubernetes_addons.data.aws_partition.current",
            "module.eks_blueprints_kubernetes_addons.data.aws_region.current",
            "module.eks_blueprints_kubernetes_addons.module.aws_ebs_csi_driver.aws_iam_policy.aws_ebs_csi_driver",
            "module.eks_blueprints_kubernetes_addons.module.aws_ebs_csi_driver.data.aws_iam_policy_document.aws_ebs_csi_driver",
            "module.eks_blueprints_kubernetes_addons.module.aws_ebs_csi_driver.module.irsa_addon.aws_iam_role.irsa",
            "module.vpc.aws_subnet.private",
            "module.vpc.aws_vpc.this"
          ]
        }
      ]
    },
    {
      "module": "module.eks_blueprints_kubernetes_addons.module.aws_efs_csi_driver[0]",
      "mode": "data",
      "type": "aws_iam_policy_document",
      "name": "aws_efs_csi_driver",
      "provider": "provider[\"registry.terraform.io/hashicorp/aws\"]",
      "instances": [
        {
          "schema_version": 0,
          "attributes": {
            "id": "136577166",
            "json": "{\n  \"Version\": \"2012-10-17\",\n  \"Statement\": [\n    {\n      \"Sid\": \"\",\n      \"Effect\": \"Allow\",\n      \"Action\": [\n        \"elasticfilesystem:DescribeMountTargets\",\n        \"elasticfilesystem:DescribeFileSystems\",\n        \"elasticfilesystem:DescribeAccessPoints\",\n        \"ec2:DescribeAvailabilityZones\"\n      ],\n      \"Resource\": \"*\"\n    },\n    {\n      \"Sid\": \"\",\n      \"Effect\": \"Allow\",\n      \"Action\": \"elasticfilesystem:CreateAccessPoint\",\n      \"Resource\": \"*\",\n      \"Condition\": {\n        \"StringLike\": {\n          \"aws:RequestTag/efs.csi.aws.com/cluster\": \"true\"\n        }\n      }\n    },\n    {\n      \"Sid\": \"\",\n      \"Effect\": \"Allow\",\n      \"Action\": \"elasticfilesystem:DeleteAccessPoint\",\n      \"Resource\": \"*\",\n      \"Condition\": {\n        \"StringLike\": {\n          \"aws:ResourceTag/efs.csi.aws.com/cluster\": \"true\"\n        }\n      }\n    }\n  ]\n}",
            "override_json": null,
            "override_policy_documents": null,
            "policy_id": null,
            "source_json": null,
            "source_policy_documents": null,
            "statement": [
              {
                "actions": [
                  "ec2:DescribeAvailabilityZones",
                  "elasticfilesystem:DescribeAccessPoints",
                  "elasticfilesystem:DescribeFileSystems",
                  "elasticfilesystem:DescribeMountTargets"
                ],
                "condition": [],
                "effect": "Allow",
                "not_actions": [],
                "not_principals": [],
                "not_resources": [],
                "principals": [],
                "resources": [
                  "*"
                ],
                "sid": ""
              },
              {
                "actions": [
                  "elasticfilesystem:CreateAccessPoint"
                ],
                "condition": [
                  {
                    "test": "StringLike",
                    "values": [
                      "true"
                    ],
                    "variable": "aws:RequestTag/efs.csi.aws.com/cluster"
                  }
                ],
                "effect": "Allow",
                "not_actions": [],
                "not_principals": [],
                "not_resources": [],
                "principals": [],
                "resources": [
                  "*"
                ],
                "sid": ""
              },
              {
                "actions": [
                  "elasticfilesystem:DeleteAccessPoint"
                ],
                "condition": [
                  {
                    "test": "StringLike",
                    "values": [
                      "true"
                    ],
                    "variable": "aws:ResourceTag/efs.csi.aws.com/cluster"
                  }
                ],
                "effect": "Allow",
                "not_actions": [],
                "not_principals": [],
                "not_resources": [],
                "principals": [],
                "resources": [
                  "*"
                ],
                "sid": ""
              }
            ],
            "version": "2012-10-17"
          },
          "sensitive_attributes": []
        }
      ]
    },
    {
      "module": "module.eks_blueprints_kubernetes_addons.module.aws_efs_csi_driver[0]",
      "mode": "managed",
      "type": "aws_iam_policy",
      "name": "aws_efs_csi_driver",
      "provider": "provider[\"registry.terraform.io/hashicorp/aws\"]",
      "instances": [
        {
          "schema_version": 0,
          "attributes": {
            "arn": "arn:aws:iam::349361870252:policy/aws012-preprod-test-eks-efs-csi-policy",
            "description": "IAM Policy for AWS EFS CSI Driver",
            "id": "arn:aws:iam::349361870252:policy/aws012-preprod-test-eks-efs-csi-policy",
            "name": "aws012-preprod-test-eks-efs-csi-policy",
            "name_prefix": null,
            "path": "/",
            "policy": "{\"Statement\":[{\"Action\":[\"elasticfilesystem:DescribeMountTargets\",\"elasticfilesystem:DescribeFileSystems\",\"elasticfilesystem:DescribeAccessPoints\",\"ec2:DescribeAvailabilityZones\"],\"Effect\":\"Allow\",\"Resource\":\"*\",\"Sid\":\"\"},{\"Action\":\"elasticfilesystem:CreateAccessPoint\",\"Condition\":{\"StringLike\":{\"aws:RequestTag/efs.csi.aws.com/cluster\":\"true\"}},\"Effect\":\"Allow\",\"Resource\":\"*\",\"Sid\":\"\"},{\"Action\":\"elasticfilesystem:DeleteAccessPoint\",\"Condition\":{\"StringLike\":{\"aws:ResourceTag/efs.csi.aws.com/cluster\":\"true\"}},\"Effect\":\"Allow\",\"Resource\":\"*\",\"Sid\":\"\"}],\"Version\":\"2012-10-17\"}",
            "policy_id": "ANPAVCV4XCWWM5NRDAYOX",
            "tags": {
              "Blueprint": "aws012-preprod-test-eks",
              "GithubRepo": "terraform-aws-eks-blueprints"
            },
            "tags_all": {
              "Blueprint": "aws012-preprod-test-eks",
              "GithubRepo": "terraform-aws-eks-blueprints"
            }
          },
          "sensitive_attributes": [],
          "private": "bnVsbA==",
          "dependencies": [
            "data.aws_availability_zones.available",
            "data.aws_caller_identity.current",
            "module.eks_blueprints.data.aws_caller_identity.current",
            "module.eks_blueprints.data.aws_eks_cluster.cluster",
            "module.eks_blueprints.data.aws_iam_policy_document.eks_key",
            "module.eks_blueprints.data.aws_iam_session_context.current",
            "module.eks_blueprints.data.aws_partition.current",
            "module.eks_blueprints.data.aws_region.current",
            "module.eks_blueprints.data.http.eks_cluster_readiness",
            "module.eks_blueprints.kubernetes_config_map.amazon_vpc_cni",
            "module.eks_blueprints.kubernetes_config_map.aws_auth",
            "module.eks_blueprints.module.aws_eks.aws_cloudwatch_log_group.this",
            "module.eks_blueprints.module.aws_eks.aws_ec2_tag.cluster_primary_security_group",
            "module.eks_blueprints.module.aws_eks.aws_eks_addon.this",
            "module.eks_blueprints.module.aws_eks.aws_eks_cluster.this",
            "module.eks_blueprints.module.aws_eks.aws_eks_identity_provider_config.this",
            "module.eks_blueprints.module.aws_eks.aws_iam_openid_connect_provider.oidc_provider",
            "module.eks_blueprints.module.aws_eks.aws_iam_policy.cluster_encryption",
            "module.eks_blueprints.module.aws_eks.aws_iam_policy.cni_ipv6_policy",
            "module.eks_blueprints.module.aws_eks.aws_iam_role.this",
            "module.eks_blueprints.module.aws_eks.aws_iam_role_policy_attachment.cluster_encryption",
            "module.eks_blueprints.module.aws_eks.aws_iam_role_policy_attachment.this",
            "module.eks_blueprints.module.aws_eks.aws_security_group.cluster",
            "module.eks_blueprints.module.aws_eks.aws_security_group.node",
            "module.eks_blueprints.module.aws_eks.aws_security_group_rule.cluster",
            "module.eks_blueprints.module.aws_eks.aws_security_group_rule.node",
            "module.eks_blueprints.module.aws_eks.data.aws_caller_identity.current",
            "module.eks_blueprints.module.aws_eks.data.aws_iam_policy_document.assume_role_policy",
            "module.eks_blueprints.module.aws_eks.data.aws_iam_policy_document.cni_ipv6_policy",
            "module.eks_blueprints.module.aws_eks.data.aws_partition.current",
            "module.eks_blueprints.module.aws_eks.data.tls_certificate.this",
            "module.eks_blueprints.module.aws_eks.kubernetes_config_map.aws_auth",
            "module.eks_blueprints.module.aws_eks.kubernetes_config_map_v1_data.aws_auth",
            "module.eks_blueprints.module.aws_eks.module.eks_managed_node_group.aws_eks_node_group.this",
            "module.eks_blueprints.module.aws_eks.module.eks_managed_node_group.aws_iam_role.this",
            "module.eks_blueprints.module.aws_eks.module.eks_managed_node_group.aws_iam_role_policy_attachment.this",
            "module.eks_blueprints.module.aws_eks.module.eks_managed_node_group.aws_launch_template.this",
            "module.eks_blueprints.module.aws_eks.module.eks_managed_node_group.aws_security_group.this",
            "module.eks_blueprints.module.aws_eks.module.eks_managed_node_group.aws_security_group_rule.this",
            "module.eks_blueprints.module.aws_eks.module.eks_managed_node_group.data.aws_caller_identity.current",
            "module.eks_blueprints.module.aws_eks.module.eks_managed_node_group.data.aws_iam_policy_document.assume_role_policy",
            "module.eks_blueprints.module.aws_eks.module.eks_managed_node_group.data.aws_partition.current",
            "module.eks_blueprints.module.aws_eks.module.eks_managed_node_group.module.user_data.data.cloudinit_config.linux_eks_managed_node_group",
            "module.eks_blueprints.module.aws_eks.module.fargate_profile.aws_eks_fargate_profile.this",
            "module.eks_blueprints.module.aws_eks.module.fargate_profile.aws_iam_role.this",
            "module.eks_blueprints.module.aws_eks.module.fargate_profile.aws_iam_role_policy_attachment.this",
            "module.eks_blueprints.module.aws_eks.module.fargate_profile.data.aws_caller_identity.current",
            "module.eks_blueprints.module.aws_eks.module.fargate_profile.data.aws_iam_policy_document.assume_role_policy",
            "module.eks_blueprints.module.aws_eks.module.fargate_profile.data.aws_partition.current",
            "module.eks_blueprints.module.aws_eks.module.kms.aws_kms_alias.this",
            "module.eks_blueprints.module.aws_eks.module.kms.aws_kms_external_key.this",
            "module.eks_blueprints.module.aws_eks.module.kms.aws_kms_grant.this",
            "module.eks_blueprints.module.aws_eks.module.kms.aws_kms_key.this",
            "module.eks_blueprints.module.aws_eks.module.kms.data.aws_caller_identity.current",
            "module.eks_blueprints.module.aws_eks.module.kms.data.aws_iam_policy_document.this",
            "module.eks_blueprints.module.aws_eks.module.kms.data.aws_partition.current",
            "module.eks_blueprints.module.aws_eks.module.self_managed_node_group.aws_autoscaling_group.this",
            "module.eks_blueprints.module.aws_eks.module.self_managed_node_group.aws_autoscaling_schedule.this",
            "module.eks_blueprints.module.aws_eks.module.self_managed_node_group.aws_iam_instance_profile.this",
            "module.eks_blueprints.module.aws_eks.module.self_managed_node_group.aws_iam_role.this",
            "module.eks_blueprints.module.aws_eks.module.self_managed_node_group.aws_iam_role_policy_attachment.this",
            "module.eks_blueprints.module.aws_eks.module.self_managed_node_group.aws_launch_template.this",
            "module.eks_blueprints.module.aws_eks.module.self_managed_node_group.aws_security_group.this",
            "module.eks_blueprints.module.aws_eks.module.self_managed_node_group.aws_security_group_rule.this",
            "module.eks_blueprints.module.aws_eks.module.self_managed_node_group.data.aws_ami.eks_default",
            "module.eks_blueprints.module.aws_eks.module.self_managed_node_group.data.aws_caller_identity.current",
            "module.eks_blueprints.module.aws_eks.module.self_managed_node_group.data.aws_default_tags.current",
            "module.eks_blueprints.module.aws_eks.module.self_managed_node_group.data.aws_iam_policy_document.assume_role_policy",
            "module.eks_blueprints.module.aws_eks.module.self_managed_node_group.data.aws_partition.current",
            "module.eks_blueprints.module.aws_eks.module.self_managed_node_group.module.user_data.data.cloudinit_config.linux_eks_managed_node_group",
            "module.eks_blueprints.module.aws_eks_fargate_profiles.aws_eks_fargate_profile.eks_fargate",
            "module.eks_blueprints.module.aws_eks_fargate_profiles.aws_iam_policy.cwlogs",
            "module.eks_blueprints.module.aws_eks_fargate_profiles.aws_iam_role.fargate",
            "module.eks_blueprints.module.aws_eks_fargate_profiles.aws_iam_role_policy_attachment.cwlogs",
            "module.eks_blueprints.module.aws_eks_fargate_profiles.aws_iam_role_policy_attachment.fargate_pod_execution_role_policy",
            "module.eks_blueprints.module.aws_eks_fargate_profiles.data.aws_iam_policy_document.cwlogs",
            "module.eks_blueprints.module.aws_eks_fargate_profiles.data.aws_iam_policy_document.fargate_assume_role_policy",
            "module.eks_blueprints.module.aws_eks_managed_node_groups.aws_eks_node_group.managed_ng",
            "module.eks_blueprints.module.aws_eks_managed_node_groups.aws_iam_instance_profile.managed_ng",
            "module.eks_blueprints.module.aws_eks_managed_node_groups.aws_iam_role.managed_ng",
            "module.eks_blueprints.module.aws_eks_managed_node_groups.aws_iam_role_policy_attachment.managed_ng",
            "module.eks_blueprints.module.aws_eks_managed_node_groups.aws_launch_template.managed_node_groups",
            "module.eks_blueprints.module.aws_eks_managed_node_groups.data.aws_iam_policy_document.managed_ng_assume_role_policy",
            "module.eks_blueprints.module.aws_eks_self_managed_node_groups.aws_autoscaling_group.self_managed_ng",
            "module.eks_blueprints.module.aws_eks_self_managed_node_groups.aws_iam_instance_profile.self_managed_ng",
            "module.eks_blueprints.module.aws_eks_self_managed_node_groups.aws_iam_policy.eks_windows_cni",
            "module.eks_blueprints.module.aws_eks_self_managed_node_groups.aws_iam_role.self_managed_ng",
            "module.eks_blueprints.module.aws_eks_self_managed_node_groups.aws_iam_role_policy_attachment.eks_windows_cni",
            "module.eks_blueprints.module.aws_eks_self_managed_node_groups.aws_iam_role_policy_attachment.self_managed_ng",
            "module.eks_blueprints.module.aws_eks_self_managed_node_groups.data.aws_ami.predefined",
            "module.eks_blueprints.module.aws_eks_self_managed_node_groups.data.aws_iam_policy_document.eks_windows_cni",
            "module.eks_blueprints.module.aws_eks_self_managed_node_groups.data.aws_iam_policy_document.self_managed_ng_assume_role_policy",
            "module.eks_blueprints.module.aws_eks_self_managed_node_groups.module.launch_template_self_managed_ng.aws_launch_template.this",
            "module.eks_blueprints.module.aws_eks_self_managed_node_groups.module.launch_template_self_managed_ng.data.aws_eks_cluster.eks",
            "module.eks_blueprints.module.aws_eks_teams.aws_iam_policy.platform_team_eks_access",
            "module.eks_blueprints.module.aws_eks_teams.aws_iam_role.platform_team",
            "module.eks_blueprints.module.aws_eks_teams.aws_iam_role.team_access",
            "module.eks_blueprints.module.aws_eks_teams.aws_iam_role.team_sa_irsa",
            "module.eks_blueprints.module.aws_eks_teams.data.aws_caller_identity.current",
            "module.eks_blueprints.module.aws_eks_teams.data.aws_eks_cluster.eks_cluster",
            "module.eks_blueprints.module.aws_eks_teams.data.aws_iam_policy_document.platform_team_eks_access",
            "module.eks_blueprints.module.aws_eks_teams.data.aws_partition.current",
            "module.eks_blueprints.module.aws_eks_teams.data.aws_region.current",
            "module.eks_blueprints.module.aws_eks_teams.kubectl_manifest.team",
            "module.eks_blueprints.module.aws_eks_teams.kubernetes_cluster_role.team",
            "module.eks_blueprints.module.aws_eks_teams.kubernetes_cluster_role_binding.team",
            "module.eks_blueprints.module.aws_eks_teams.kubernetes_namespace.team",
            "module.eks_blueprints.module.aws_eks_teams.kubernetes_resource_quota.this",
            "module.eks_blueprints.module.aws_eks_teams.kubernetes_role.team",
            "module.eks_blueprints.module.aws_eks_teams.kubernetes_role_binding.team",
            "module.eks_blueprints.module.aws_eks_teams.kubernetes_service_account.team",
            "module.eks_blueprints.module.emr_on_eks.aws_iam_role.emr_on_eks_execution",
            "module.eks_blueprints.module.emr_on_eks.aws_iam_role_policy_attachment.custom",
            "module.eks_blueprints.module.emr_on_eks.data.aws_iam_policy_document.emr_assume_role",
            "module.eks_blueprints.module.emr_on_eks.data.aws_region.current",
            "module.eks_blueprints.module.emr_on_eks.kubernetes_namespace.spark",
            "module.eks_blueprints.module.emr_on_eks.kubernetes_role.emr_containers",
            "module.eks_blueprints.module.emr_on_eks.kubernetes_role_binding.emr_containers",
            "module.eks_blueprints.module.emr_on_eks.null_resource.update_trust_policy",
            "module.eks_blueprints.module.kms.aws_kms_alias.this",
            "module.eks_blueprints.module.kms.aws_kms_key.this",
            "module.eks_blueprints_kubernetes_addons.data.aws_caller_identity.current",
            "module.eks_blueprints_kubernetes_addons.data.aws_eks_cluster.eks_cluster",
            "module.eks_blueprints_kubernetes_addons.data.aws_partition.current",
            "module.eks_blueprints_kubernetes_addons.data.aws_region.current",
            "module.eks_blueprints_kubernetes_addons.module.aws_efs_csi_driver.data.aws_iam_policy_document.aws_efs_csi_driver",
            "module.vpc.aws_subnet.private",
            "module.vpc.aws_vpc.this"
          ]
        }
      ]
    },
    {
      "module": "module.eks_blueprints_kubernetes_addons.module.aws_efs_csi_driver[0].module.helm_addon",
      "mode": "managed",
      "type": "helm_release",
      "name": "addon",
      "provider": "provider[\"registry.terraform.io/hashicorp/helm\"]",
      "instances": [
        {
          "index_key": 0,
          "schema_version": 0,
          "attributes": {
            "atomic": false,
            "chart": "aws-efs-csi-driver",
            "cleanup_on_fail": false,
            "create_namespace": false,
            "dependency_update": false,
            "description": "The AWS EFS CSI driver Helm chart deployment configuration",
            "devel": null,
            "disable_crd_hooks": false,
            "disable_openapi_validation": false,
            "disable_webhooks": false,
            "force_update": false,
            "id": "aws-efs-csi-driver",
            "keyring": "",
            "lint": false,
            "manifest": null,
            "max_history": 0,
            "metadata": [
              {
                "app_version": "1.3.8",
                "chart": "aws-efs-csi-driver",
                "name": "aws-efs-csi-driver",
                "namespace": "kube-system",
                "revision": 1,
                "values": "{\"controller\":{\"serviceAccount\":{\"create\":false,\"name\":\"efs-csi-sa\"}},\"node\":{\"serviceAccount\":{\"create\":false,\"name\":\"efs-csi-sa\"}}}",
                "version": "2.2.6"
              }
            ],
            "name": "aws-efs-csi-driver",
            "namespace": "kube-system",
            "pass_credentials": false,
            "postrender": [
              {
                "args": null,
                "binary_path": ""
              }
            ],
            "recreate_pods": false,
            "render_subchart_notes": true,
            "replace": false,
            "repository": "https://kubernetes-sigs.github.io/aws-efs-csi-driver/",
            "repository_ca_file": null,
            "repository_cert_file": "",
            "repository_key_file": "",
            "repository_password": "",
            "repository_username": "",
            "reset_values": false,
            "reuse_values": false,
            "set": [
              {
                "name": "controller.serviceAccount.create",
                "type": "",
                "value": "false"
              },
              {
                "name": "controller.serviceAccount.name",
                "type": "",
                "value": "efs-csi-sa"
              },
              {
                "name": "node.serviceAccount.create",
                "type": "",
                "value": "false"
              },
              {
                "name": "node.serviceAccount.name",
                "type": "",
                "value": "efs-csi-sa"
              }
            ],
            "set_sensitive": [],
            "skip_crds": false,
            "status": "deployed",
            "timeout": 1200,
            "values": [],
            "verify": false,
            "version": "2.2.6",
            "wait": true,
            "wait_for_jobs": false
          },
          "sensitive_attributes": [],
          "private": "bnVsbA==",
          "dependencies": [
            "data.aws_availability_zones.available",
            "data.aws_caller_identity.current",
            "module.eks_blueprints.data.aws_caller_identity.current",
            "module.eks_blueprints.data.aws_eks_cluster.cluster",
            "module.eks_blueprints.data.aws_iam_policy_document.eks_key",
            "module.eks_blueprints.data.aws_iam_session_context.current",
            "module.eks_blueprints.data.aws_partition.current",
            "module.eks_blueprints.data.aws_region.current",
            "module.eks_blueprints.data.http.eks_cluster_readiness",
            "module.eks_blueprints.kubernetes_config_map.amazon_vpc_cni",
            "module.eks_blueprints.kubernetes_config_map.aws_auth",
            "module.eks_blueprints.module.aws_eks.aws_cloudwatch_log_group.this",
            "module.eks_blueprints.module.aws_eks.aws_ec2_tag.cluster_primary_security_group",
            "module.eks_blueprints.module.aws_eks.aws_eks_addon.this",
            "module.eks_blueprints.module.aws_eks.aws_eks_cluster.this",
            "module.eks_blueprints.module.aws_eks.aws_eks_identity_provider_config.this",
            "module.eks_blueprints.module.aws_eks.aws_iam_openid_connect_provider.oidc_provider",
            "module.eks_blueprints.module.aws_eks.aws_iam_policy.cluster_encryption",
            "module.eks_blueprints.module.aws_eks.aws_iam_policy.cni_ipv6_policy",
            "module.eks_blueprints.module.aws_eks.aws_iam_role.this",
            "module.eks_blueprints.module.aws_eks.aws_iam_role_policy_attachment.cluster_encryption",
            "module.eks_blueprints.module.aws_eks.aws_iam_role_policy_attachment.this",
            "module.eks_blueprints.module.aws_eks.aws_security_group.cluster",
            "module.eks_blueprints.module.aws_eks.aws_security_group.node",
            "module.eks_blueprints.module.aws_eks.aws_security_group_rule.cluster",
            "module.eks_blueprints.module.aws_eks.aws_security_group_rule.node",
            "module.eks_blueprints.module.aws_eks.data.aws_caller_identity.current",
            "module.eks_blueprints.module.aws_eks.data.aws_iam_policy_document.assume_role_policy",
            "module.eks_blueprints.module.aws_eks.data.aws_iam_policy_document.cni_ipv6_policy",
            "module.eks_blueprints.module.aws_eks.data.aws_partition.current",
            "module.eks_blueprints.module.aws_eks.data.tls_certificate.this",
            "module.eks_blueprints.module.aws_eks.kubernetes_config_map.aws_auth",
            "module.eks_blueprints.module.aws_eks.kubernetes_config_map_v1_data.aws_auth",
            "module.eks_blueprints.module.aws_eks.module.eks_managed_node_group.aws_eks_node_group.this",
            "module.eks_blueprints.module.aws_eks.module.eks_managed_node_group.aws_iam_role.this",
            "module.eks_blueprints.module.aws_eks.module.eks_managed_node_group.aws_iam_role_policy_attachment.this",
            "module.eks_blueprints.module.aws_eks.module.eks_managed_node_group.aws_launch_template.this",
            "module.eks_blueprints.module.aws_eks.module.eks_managed_node_group.aws_security_group.this",
            "module.eks_blueprints.module.aws_eks.module.eks_managed_node_group.aws_security_group_rule.this",
            "module.eks_blueprints.module.aws_eks.module.eks_managed_node_group.data.aws_caller_identity.current",
            "module.eks_blueprints.module.aws_eks.module.eks_managed_node_group.data.aws_iam_policy_document.assume_role_policy",
            "module.eks_blueprints.module.aws_eks.module.eks_managed_node_group.data.aws_partition.current",
            "module.eks_blueprints.module.aws_eks.module.eks_managed_node_group.module.user_data.data.cloudinit_config.linux_eks_managed_node_group",
            "module.eks_blueprints.module.aws_eks.module.fargate_profile.aws_eks_fargate_profile.this",
            "module.eks_blueprints.module.aws_eks.module.fargate_profile.aws_iam_role.this",
            "module.eks_blueprints.module.aws_eks.module.fargate_profile.aws_iam_role_policy_attachment.this",
            "module.eks_blueprints.module.aws_eks.module.fargate_profile.data.aws_caller_identity.current",
            "module.eks_blueprints.module.aws_eks.module.fargate_profile.data.aws_iam_policy_document.assume_role_policy",
            "module.eks_blueprints.module.aws_eks.module.fargate_profile.data.aws_partition.current",
            "module.eks_blueprints.module.aws_eks.module.kms.aws_kms_alias.this",
            "module.eks_blueprints.module.aws_eks.module.kms.aws_kms_external_key.this",
            "module.eks_blueprints.module.aws_eks.module.kms.aws_kms_grant.this",
            "module.eks_blueprints.module.aws_eks.module.kms.aws_kms_key.this",
            "module.eks_blueprints.module.aws_eks.module.kms.data.aws_caller_identity.current",
            "module.eks_blueprints.module.aws_eks.module.kms.data.aws_iam_policy_document.this",
            "module.eks_blueprints.module.aws_eks.module.kms.data.aws_partition.current",
            "module.eks_blueprints.module.aws_eks.module.self_managed_node_group.aws_autoscaling_group.this",
            "module.eks_blueprints.module.aws_eks.module.self_managed_node_group.aws_autoscaling_schedule.this",
            "module.eks_blueprints.module.aws_eks.module.self_managed_node_group.aws_iam_instance_profile.this",
            "module.eks_blueprints.module.aws_eks.module.self_managed_node_group.aws_iam_role.this",
            "module.eks_blueprints.module.aws_eks.module.self_managed_node_group.aws_iam_role_policy_attachment.this",
            "module.eks_blueprints.module.aws_eks.module.self_managed_node_group.aws_launch_template.this",
            "module.eks_blueprints.module.aws_eks.module.self_managed_node_group.aws_security_group.this",
            "module.eks_blueprints.module.aws_eks.module.self_managed_node_group.aws_security_group_rule.this",
            "module.eks_blueprints.module.aws_eks.module.self_managed_node_group.data.aws_ami.eks_default",
            "module.eks_blueprints.module.aws_eks.module.self_managed_node_group.data.aws_caller_identity.current",
            "module.eks_blueprints.module.aws_eks.module.self_managed_node_group.data.aws_default_tags.current",
            "module.eks_blueprints.module.aws_eks.module.self_managed_node_group.data.aws_iam_policy_document.assume_role_policy",
            "module.eks_blueprints.module.aws_eks.module.self_managed_node_group.data.aws_partition.current",
            "module.eks_blueprints.module.aws_eks.module.self_managed_node_group.module.user_data.data.cloudinit_config.linux_eks_managed_node_group",
            "module.eks_blueprints.module.aws_eks_fargate_profiles.aws_eks_fargate_profile.eks_fargate",
            "module.eks_blueprints.module.aws_eks_fargate_profiles.aws_iam_policy.cwlogs",
            "module.eks_blueprints.module.aws_eks_fargate_profiles.aws_iam_role.fargate",
            "module.eks_blueprints.module.aws_eks_fargate_profiles.aws_iam_role_policy_attachment.cwlogs",
            "module.eks_blueprints.module.aws_eks_fargate_profiles.aws_iam_role_policy_attachment.fargate_pod_execution_role_policy",
            "module.eks_blueprints.module.aws_eks_fargate_profiles.data.aws_iam_policy_document.cwlogs",
            "module.eks_blueprints.module.aws_eks_fargate_profiles.data.aws_iam_policy_document.fargate_assume_role_policy",
            "module.eks_blueprints.module.aws_eks_managed_node_groups.aws_eks_node_group.managed_ng",
            "module.eks_blueprints.module.aws_eks_managed_node_groups.aws_iam_instance_profile.managed_ng",
            "module.eks_blueprints.module.aws_eks_managed_node_groups.aws_iam_role.managed_ng",
            "module.eks_blueprints.module.aws_eks_managed_node_groups.aws_iam_role_policy_attachment.managed_ng",
            "module.eks_blueprints.module.aws_eks_managed_node_groups.aws_launch_template.managed_node_groups",
            "module.eks_blueprints.module.aws_eks_managed_node_groups.data.aws_iam_policy_document.managed_ng_assume_role_policy",
            "module.eks_blueprints.module.aws_eks_self_managed_node_groups.aws_autoscaling_group.self_managed_ng",
            "module.eks_blueprints.module.aws_eks_self_managed_node_groups.aws_iam_instance_profile.self_managed_ng",
            "module.eks_blueprints.module.aws_eks_self_managed_node_groups.aws_iam_policy.eks_windows_cni",
            "module.eks_blueprints.module.aws_eks_self_managed_node_groups.aws_iam_role.self_managed_ng",
            "module.eks_blueprints.module.aws_eks_self_managed_node_groups.aws_iam_role_policy_attachment.eks_windows_cni",
            "module.eks_blueprints.module.aws_eks_self_managed_node_groups.aws_iam_role_policy_attachment.self_managed_ng",
            "module.eks_blueprints.module.aws_eks_self_managed_node_groups.data.aws_ami.predefined",
            "module.eks_blueprints.module.aws_eks_self_managed_node_groups.data.aws_iam_policy_document.eks_windows_cni",
            "module.eks_blueprints.module.aws_eks_self_managed_node_groups.data.aws_iam_policy_document.self_managed_ng_assume_role_policy",
            "module.eks_blueprints.module.aws_eks_self_managed_node_groups.module.launch_template_self_managed_ng.aws_launch_template.this",
            "module.eks_blueprints.module.aws_eks_self_managed_node_groups.module.launch_template_self_managed_ng.data.aws_eks_cluster.eks",
            "module.eks_blueprints.module.aws_eks_teams.aws_iam_policy.platform_team_eks_access",
            "module.eks_blueprints.module.aws_eks_teams.aws_iam_role.platform_team",
            "module.eks_blueprints.module.aws_eks_teams.aws_iam_role.team_access",
            "module.eks_blueprints.module.aws_eks_teams.aws_iam_role.team_sa_irsa",
            "module.eks_blueprints.module.aws_eks_teams.data.aws_caller_identity.current",
            "module.eks_blueprints.module.aws_eks_teams.data.aws_eks_cluster.eks_cluster",
            "module.eks_blueprints.module.aws_eks_teams.data.aws_iam_policy_document.platform_team_eks_access",
            "module.eks_blueprints.module.aws_eks_teams.data.aws_partition.current",
            "module.eks_blueprints.module.aws_eks_teams.data.aws_region.current",
            "module.eks_blueprints.module.aws_eks_teams.kubectl_manifest.team",
            "module.eks_blueprints.module.aws_eks_teams.kubernetes_cluster_role.team",
            "module.eks_blueprints.module.aws_eks_teams.kubernetes_cluster_role_binding.team",
            "module.eks_blueprints.module.aws_eks_teams.kubernetes_namespace.team",
            "module.eks_blueprints.module.aws_eks_teams.kubernetes_resource_quota.this",
            "module.eks_blueprints.module.aws_eks_teams.kubernetes_role.team",
            "module.eks_blueprints.module.aws_eks_teams.kubernetes_role_binding.team",
            "module.eks_blueprints.module.aws_eks_teams.kubernetes_service_account.team",
            "module.eks_blueprints.module.emr_on_eks.aws_iam_role.emr_on_eks_execution",
            "module.eks_blueprints.module.emr_on_eks.aws_iam_role_policy_attachment.custom",
            "module.eks_blueprints.module.emr_on_eks.data.aws_iam_policy_document.emr_assume_role",
            "module.eks_blueprints.module.emr_on_eks.data.aws_region.current",
            "module.eks_blueprints.module.emr_on_eks.kubernetes_namespace.spark",
            "module.eks_blueprints.module.emr_on_eks.kubernetes_role.emr_containers",
            "module.eks_blueprints.module.emr_on_eks.kubernetes_role_binding.emr_containers",
            "module.eks_blueprints.module.emr_on_eks.null_resource.update_trust_policy",
            "module.eks_blueprints.module.kms.aws_kms_alias.this",
            "module.eks_blueprints.module.kms.aws_kms_key.this",
            "module.eks_blueprints_kubernetes_addons.data.aws_caller_identity.current",
            "module.eks_blueprints_kubernetes_addons.data.aws_eks_cluster.eks_cluster",
            "module.eks_blueprints_kubernetes_addons.data.aws_partition.current",
            "module.eks_blueprints_kubernetes_addons.data.aws_region.current",
            "module.eks_blueprints_kubernetes_addons.module.aws_efs_csi_driver.aws_iam_policy.aws_efs_csi_driver",
            "module.eks_blueprints_kubernetes_addons.module.aws_efs_csi_driver.data.aws_iam_policy_document.aws_efs_csi_driver",
            "module.eks_blueprints_kubernetes_addons.module.aws_efs_csi_driver.module.helm_addon.module.irsa.aws_iam_role.irsa",
            "module.eks_blueprints_kubernetes_addons.module.aws_efs_csi_driver.module.helm_addon.module.irsa.aws_iam_role_policy_attachment.irsa",
            "module.eks_blueprints_kubernetes_addons.module.aws_efs_csi_driver.module.helm_addon.module.irsa.kubernetes_namespace_v1.irsa",
            "module.eks_blueprints_kubernetes_addons.module.aws_efs_csi_driver.module.helm_addon.module.irsa.kubernetes_service_account_v1.irsa",
            "module.vpc.aws_subnet.private",
            "module.vpc.aws_vpc.this"
          ]
        }
      ]
    },
    {
      "module": "module.eks_blueprints_kubernetes_addons.module.aws_efs_csi_driver[0].module.helm_addon.module.irsa[0]",
      "mode": "managed",
      "type": "aws_iam_role",
      "name": "irsa",
      "provider": "provider[\"registry.terraform.io/hashicorp/aws\"]",
      "instances": [
        {
          "index_key": 0,
          "schema_version": 0,
          "attributes": {
            "arn": "arn:aws:iam::349361870252:role/terraform-20220728203313688300000003",
            "assume_role_policy": "{\"Statement\":[{\"Action\":\"sts:AssumeRoleWithWebIdentity\",\"Condition\":{\"StringLike\":{\"oidc.eks.us-east-2.amazonaws.com/id/3C89B2158E8FB80B28E47AB9EEDF19A9:aud\":\"sts.amazonaws.com\",\"oidc.eks.us-east-2.amazonaws.com/id/3C89B2158E8FB80B28E47AB9EEDF19A9:sub\":\"system:serviceaccount:kube-system:efs-csi-sa\"}},\"Effect\":\"Allow\",\"Principal\":{\"Federated\":\"arn:aws:iam::349361870252:oidc-provider/oidc.eks.us-east-2.amazonaws.com/id/3C89B2158E8FB80B28E47AB9EEDF19A9\"}}],\"Version\":\"2012-10-17\"}",
            "create_date": "2022-07-28T20:33:13Z",
            "description": "AWS IAM Role for the Kubernetes service account efs-csi-sa.",
            "force_detach_policies": true,
            "id": "terraform-20220728203313688300000003",
            "inline_policy": [],
            "managed_policy_arns": [],
            "max_session_duration": 3600,
            "name": "terraform-20220728203313688300000003",
            "name_prefix": "terraform-",
            "path": "/",
            "permissions_boundary": "",
            "tags": {
              "Blueprint": "aws012-preprod-test-eks",
              "GithubRepo": "terraform-aws-eks-blueprints"
            },
            "tags_all": {
              "Blueprint": "aws012-preprod-test-eks",
              "GithubRepo": "terraform-aws-eks-blueprints"
            },
            "unique_id": "AROAVCV4XCWWAN3DARALX"
          },
          "sensitive_attributes": [],
          "private": "bnVsbA==",
          "dependencies": [
            "data.aws_availability_zones.available",
            "data.aws_caller_identity.current",
            "module.eks_blueprints.data.aws_caller_identity.current",
            "module.eks_blueprints.data.aws_eks_cluster.cluster",
            "module.eks_blueprints.data.aws_iam_policy_document.eks_key",
            "module.eks_blueprints.data.aws_iam_session_context.current",
            "module.eks_blueprints.data.aws_partition.current",
            "module.eks_blueprints.data.aws_region.current",
            "module.eks_blueprints.data.http.eks_cluster_readiness",
            "module.eks_blueprints.kubernetes_config_map.amazon_vpc_cni",
            "module.eks_blueprints.kubernetes_config_map.aws_auth",
            "module.eks_blueprints.module.aws_eks.aws_cloudwatch_log_group.this",
            "module.eks_blueprints.module.aws_eks.aws_ec2_tag.cluster_primary_security_group",
            "module.eks_blueprints.module.aws_eks.aws_eks_addon.this",
            "module.eks_blueprints.module.aws_eks.aws_eks_cluster.this",
            "module.eks_blueprints.module.aws_eks.aws_eks_identity_provider_config.this",
            "module.eks_blueprints.module.aws_eks.aws_iam_openid_connect_provider.oidc_provider",
            "module.eks_blueprints.module.aws_eks.aws_iam_policy.cluster_encryption",
            "module.eks_blueprints.module.aws_eks.aws_iam_policy.cni_ipv6_policy",
            "module.eks_blueprints.module.aws_eks.aws_iam_role.this",
            "module.eks_blueprints.module.aws_eks.aws_iam_role_policy_attachment.cluster_encryption",
            "module.eks_blueprints.module.aws_eks.aws_iam_role_policy_attachment.this",
            "module.eks_blueprints.module.aws_eks.aws_security_group.cluster",
            "module.eks_blueprints.module.aws_eks.aws_security_group.node",
            "module.eks_blueprints.module.aws_eks.aws_security_group_rule.cluster",
            "module.eks_blueprints.module.aws_eks.aws_security_group_rule.node",
            "module.eks_blueprints.module.aws_eks.data.aws_caller_identity.current",
            "module.eks_blueprints.module.aws_eks.data.aws_iam_policy_document.assume_role_policy",
            "module.eks_blueprints.module.aws_eks.data.aws_iam_policy_document.cni_ipv6_policy",
            "module.eks_blueprints.module.aws_eks.data.aws_partition.current",
            "module.eks_blueprints.module.aws_eks.data.tls_certificate.this",
            "module.eks_blueprints.module.aws_eks.kubernetes_config_map.aws_auth",
            "module.eks_blueprints.module.aws_eks.kubernetes_config_map_v1_data.aws_auth",
            "module.eks_blueprints.module.aws_eks.module.eks_managed_node_group.aws_eks_node_group.this",
            "module.eks_blueprints.module.aws_eks.module.eks_managed_node_group.aws_iam_role.this",
            "module.eks_blueprints.module.aws_eks.module.eks_managed_node_group.aws_iam_role_policy_attachment.this",
            "module.eks_blueprints.module.aws_eks.module.eks_managed_node_group.aws_launch_template.this",
            "module.eks_blueprints.module.aws_eks.module.eks_managed_node_group.aws_security_group.this",
            "module.eks_blueprints.module.aws_eks.module.eks_managed_node_group.aws_security_group_rule.this",
            "module.eks_blueprints.module.aws_eks.module.eks_managed_node_group.data.aws_caller_identity.current",
            "module.eks_blueprints.module.aws_eks.module.eks_managed_node_group.data.aws_iam_policy_document.assume_role_policy",
            "module.eks_blueprints.module.aws_eks.module.eks_managed_node_group.data.aws_partition.current",
            "module.eks_blueprints.module.aws_eks.module.eks_managed_node_group.module.user_data.data.cloudinit_config.linux_eks_managed_node_group",
            "module.eks_blueprints.module.aws_eks.module.fargate_profile.aws_eks_fargate_profile.this",
            "module.eks_blueprints.module.aws_eks.module.fargate_profile.aws_iam_role.this",
            "module.eks_blueprints.module.aws_eks.module.fargate_profile.aws_iam_role_policy_attachment.this",
            "module.eks_blueprints.module.aws_eks.module.fargate_profile.data.aws_caller_identity.current",
            "module.eks_blueprints.module.aws_eks.module.fargate_profile.data.aws_iam_policy_document.assume_role_policy",
            "module.eks_blueprints.module.aws_eks.module.fargate_profile.data.aws_partition.current",
            "module.eks_blueprints.module.aws_eks.module.kms.aws_kms_alias.this",
            "module.eks_blueprints.module.aws_eks.module.kms.aws_kms_external_key.this",
            "module.eks_blueprints.module.aws_eks.module.kms.aws_kms_grant.this",
            "module.eks_blueprints.module.aws_eks.module.kms.aws_kms_key.this",
            "module.eks_blueprints.module.aws_eks.module.kms.data.aws_caller_identity.current",
            "module.eks_blueprints.module.aws_eks.module.kms.data.aws_iam_policy_document.this",
            "module.eks_blueprints.module.aws_eks.module.kms.data.aws_partition.current",
            "module.eks_blueprints.module.aws_eks.module.self_managed_node_group.aws_autoscaling_group.this",
            "module.eks_blueprints.module.aws_eks.module.self_managed_node_group.aws_autoscaling_schedule.this",
            "module.eks_blueprints.module.aws_eks.module.self_managed_node_group.aws_iam_instance_profile.this",
            "module.eks_blueprints.module.aws_eks.module.self_managed_node_group.aws_iam_role.this",
            "module.eks_blueprints.module.aws_eks.module.self_managed_node_group.aws_iam_role_policy_attachment.this",
            "module.eks_blueprints.module.aws_eks.module.self_managed_node_group.aws_launch_template.this",
            "module.eks_blueprints.module.aws_eks.module.self_managed_node_group.aws_security_group.this",
            "module.eks_blueprints.module.aws_eks.module.self_managed_node_group.aws_security_group_rule.this",
            "module.eks_blueprints.module.aws_eks.module.self_managed_node_group.data.aws_ami.eks_default",
            "module.eks_blueprints.module.aws_eks.module.self_managed_node_group.data.aws_caller_identity.current",
            "module.eks_blueprints.module.aws_eks.module.self_managed_node_group.data.aws_default_tags.current",
            "module.eks_blueprints.module.aws_eks.module.self_managed_node_group.data.aws_iam_policy_document.assume_role_policy",
            "module.eks_blueprints.module.aws_eks.module.self_managed_node_group.data.aws_partition.current",
            "module.eks_blueprints.module.aws_eks.module.self_managed_node_group.module.user_data.data.cloudinit_config.linux_eks_managed_node_group",
            "module.eks_blueprints.module.aws_eks_fargate_profiles.aws_eks_fargate_profile.eks_fargate",
            "module.eks_blueprints.module.aws_eks_fargate_profiles.aws_iam_policy.cwlogs",
            "module.eks_blueprints.module.aws_eks_fargate_profiles.aws_iam_role.fargate",
            "module.eks_blueprints.module.aws_eks_fargate_profiles.aws_iam_role_policy_attachment.cwlogs",
            "module.eks_blueprints.module.aws_eks_fargate_profiles.aws_iam_role_policy_attachment.fargate_pod_execution_role_policy",
            "module.eks_blueprints.module.aws_eks_fargate_profiles.data.aws_iam_policy_document.cwlogs",
            "module.eks_blueprints.module.aws_eks_fargate_profiles.data.aws_iam_policy_document.fargate_assume_role_policy",
            "module.eks_blueprints.module.aws_eks_managed_node_groups.aws_eks_node_group.managed_ng",
            "module.eks_blueprints.module.aws_eks_managed_node_groups.aws_iam_instance_profile.managed_ng",
            "module.eks_blueprints.module.aws_eks_managed_node_groups.aws_iam_role.managed_ng",
            "module.eks_blueprints.module.aws_eks_managed_node_groups.aws_iam_role_policy_attachment.managed_ng",
            "module.eks_blueprints.module.aws_eks_managed_node_groups.aws_launch_template.managed_node_groups",
            "module.eks_blueprints.module.aws_eks_managed_node_groups.data.aws_iam_policy_document.managed_ng_assume_role_policy",
            "module.eks_blueprints.module.aws_eks_self_managed_node_groups.aws_autoscaling_group.self_managed_ng",
            "module.eks_blueprints.module.aws_eks_self_managed_node_groups.aws_iam_instance_profile.self_managed_ng",
            "module.eks_blueprints.module.aws_eks_self_managed_node_groups.aws_iam_policy.eks_windows_cni",
            "module.eks_blueprints.module.aws_eks_self_managed_node_groups.aws_iam_role.self_managed_ng",
            "module.eks_blueprints.module.aws_eks_self_managed_node_groups.aws_iam_role_policy_attachment.eks_windows_cni",
            "module.eks_blueprints.module.aws_eks_self_managed_node_groups.aws_iam_role_policy_attachment.self_managed_ng",
            "module.eks_blueprints.module.aws_eks_self_managed_node_groups.data.aws_ami.predefined",
            "module.eks_blueprints.module.aws_eks_self_managed_node_groups.data.aws_iam_policy_document.eks_windows_cni",
            "module.eks_blueprints.module.aws_eks_self_managed_node_groups.data.aws_iam_policy_document.self_managed_ng_assume_role_policy",
            "module.eks_blueprints.module.aws_eks_self_managed_node_groups.module.launch_template_self_managed_ng.aws_launch_template.this",
            "module.eks_blueprints.module.aws_eks_self_managed_node_groups.module.launch_template_self_managed_ng.data.aws_eks_cluster.eks",
            "module.eks_blueprints.module.aws_eks_teams.aws_iam_policy.platform_team_eks_access",
            "module.eks_blueprints.module.aws_eks_teams.aws_iam_role.platform_team",
            "module.eks_blueprints.module.aws_eks_teams.aws_iam_role.team_access",
            "module.eks_blueprints.module.aws_eks_teams.aws_iam_role.team_sa_irsa",
            "module.eks_blueprints.module.aws_eks_teams.data.aws_caller_identity.current",
            "module.eks_blueprints.module.aws_eks_teams.data.aws_eks_cluster.eks_cluster",
            "module.eks_blueprints.module.aws_eks_teams.data.aws_iam_policy_document.platform_team_eks_access",
            "module.eks_blueprints.module.aws_eks_teams.data.aws_partition.current",
            "module.eks_blueprints.module.aws_eks_teams.data.aws_region.current",
            "module.eks_blueprints.module.aws_eks_teams.kubectl_manifest.team",
            "module.eks_blueprints.module.aws_eks_teams.kubernetes_cluster_role.team",
            "module.eks_blueprints.module.aws_eks_teams.kubernetes_cluster_role_binding.team",
            "module.eks_blueprints.module.aws_eks_teams.kubernetes_namespace.team",
            "module.eks_blueprints.module.aws_eks_teams.kubernetes_resource_quota.this",
            "module.eks_blueprints.module.aws_eks_teams.kubernetes_role.team",
            "module.eks_blueprints.module.aws_eks_teams.kubernetes_role_binding.team",
            "module.eks_blueprints.module.aws_eks_teams.kubernetes_service_account.team",
            "module.eks_blueprints.module.emr_on_eks.aws_iam_role.emr_on_eks_execution",
            "module.eks_blueprints.module.emr_on_eks.aws_iam_role_policy_attachment.custom",
            "module.eks_blueprints.module.emr_on_eks.data.aws_iam_policy_document.emr_assume_role",
            "module.eks_blueprints.module.emr_on_eks.data.aws_region.current",
            "module.eks_blueprints.module.emr_on_eks.kubernetes_namespace.spark",
            "module.eks_blueprints.module.emr_on_eks.kubernetes_role.emr_containers",
            "module.eks_blueprints.module.emr_on_eks.kubernetes_role_binding.emr_containers",
            "module.eks_blueprints.module.emr_on_eks.null_resource.update_trust_policy",
            "module.eks_blueprints.module.kms.aws_kms_alias.this",
            "module.eks_blueprints.module.kms.aws_kms_key.this",
            "module.eks_blueprints_kubernetes_addons.data.aws_caller_identity.current",
            "module.eks_blueprints_kubernetes_addons.data.aws_eks_cluster.eks_cluster",
            "module.eks_blueprints_kubernetes_addons.data.aws_partition.current",
            "module.eks_blueprints_kubernetes_addons.data.aws_region.current",
            "module.eks_blueprints_kubernetes_addons.module.aws_efs_csi_driver.aws_iam_policy.aws_efs_csi_driver",
            "module.eks_blueprints_kubernetes_addons.module.aws_efs_csi_driver.data.aws_iam_policy_document.aws_efs_csi_driver",
            "module.vpc.aws_subnet.private",
            "module.vpc.aws_vpc.this"
          ]
        }
      ]
    },
    {
      "module": "module.eks_blueprints_kubernetes_addons.module.aws_efs_csi_driver[0].module.helm_addon.module.irsa[0]",
      "mode": "managed",
      "type": "aws_iam_role_policy_attachment",
      "name": "irsa",
      "provider": "provider[\"registry.terraform.io/hashicorp/aws\"]",
      "instances": [
        {
          "index_key": 0,
          "schema_version": 0,
          "attributes": {
            "id": "terraform-20220728203313688300000003-20220728203314674200000006",
            "policy_arn": "arn:aws:iam::349361870252:policy/aws012-preprod-test-eks-efs-csi-policy",
            "role": "terraform-20220728203313688300000003"
          },
          "sensitive_attributes": [],
          "private": "bnVsbA==",
          "dependencies": [
            "data.aws_availability_zones.available",
            "data.aws_caller_identity.current",
            "module.eks_blueprints.data.aws_caller_identity.current",
            "module.eks_blueprints.data.aws_eks_cluster.cluster",
            "module.eks_blueprints.data.aws_iam_policy_document.eks_key",
            "module.eks_blueprints.data.aws_iam_session_context.current",
            "module.eks_blueprints.data.aws_partition.current",
            "module.eks_blueprints.data.aws_region.current",
            "module.eks_blueprints.data.http.eks_cluster_readiness",
            "module.eks_blueprints.kubernetes_config_map.amazon_vpc_cni",
            "module.eks_blueprints.kubernetes_config_map.aws_auth",
            "module.eks_blueprints.module.aws_eks.aws_cloudwatch_log_group.this",
            "module.eks_blueprints.module.aws_eks.aws_ec2_tag.cluster_primary_security_group",
            "module.eks_blueprints.module.aws_eks.aws_eks_addon.this",
            "module.eks_blueprints.module.aws_eks.aws_eks_cluster.this",
            "module.eks_blueprints.module.aws_eks.aws_eks_identity_provider_config.this",
            "module.eks_blueprints.module.aws_eks.aws_iam_openid_connect_provider.oidc_provider",
            "module.eks_blueprints.module.aws_eks.aws_iam_policy.cluster_encryption",
            "module.eks_blueprints.module.aws_eks.aws_iam_policy.cni_ipv6_policy",
            "module.eks_blueprints.module.aws_eks.aws_iam_role.this",
            "module.eks_blueprints.module.aws_eks.aws_iam_role_policy_attachment.cluster_encryption",
            "module.eks_blueprints.module.aws_eks.aws_iam_role_policy_attachment.this",
            "module.eks_blueprints.module.aws_eks.aws_security_group.cluster",
            "module.eks_blueprints.module.aws_eks.aws_security_group.node",
            "module.eks_blueprints.module.aws_eks.aws_security_group_rule.cluster",
            "module.eks_blueprints.module.aws_eks.aws_security_group_rule.node",
            "module.eks_blueprints.module.aws_eks.data.aws_caller_identity.current",
            "module.eks_blueprints.module.aws_eks.data.aws_iam_policy_document.assume_role_policy",
            "module.eks_blueprints.module.aws_eks.data.aws_iam_policy_document.cni_ipv6_policy",
            "module.eks_blueprints.module.aws_eks.data.aws_partition.current",
            "module.eks_blueprints.module.aws_eks.data.tls_certificate.this",
            "module.eks_blueprints.module.aws_eks.kubernetes_config_map.aws_auth",
            "module.eks_blueprints.module.aws_eks.kubernetes_config_map_v1_data.aws_auth",
            "module.eks_blueprints.module.aws_eks.module.eks_managed_node_group.aws_eks_node_group.this",
            "module.eks_blueprints.module.aws_eks.module.eks_managed_node_group.aws_iam_role.this",
            "module.eks_blueprints.module.aws_eks.module.eks_managed_node_group.aws_iam_role_policy_attachment.this",
            "module.eks_blueprints.module.aws_eks.module.eks_managed_node_group.aws_launch_template.this",
            "module.eks_blueprints.module.aws_eks.module.eks_managed_node_group.aws_security_group.this",
            "module.eks_blueprints.module.aws_eks.module.eks_managed_node_group.aws_security_group_rule.this",
            "module.eks_blueprints.module.aws_eks.module.eks_managed_node_group.data.aws_caller_identity.current",
            "module.eks_blueprints.module.aws_eks.module.eks_managed_node_group.data.aws_iam_policy_document.assume_role_policy",
            "module.eks_blueprints.module.aws_eks.module.eks_managed_node_group.data.aws_partition.current",
            "module.eks_blueprints.module.aws_eks.module.eks_managed_node_group.module.user_data.data.cloudinit_config.linux_eks_managed_node_group",
            "module.eks_blueprints.module.aws_eks.module.fargate_profile.aws_eks_fargate_profile.this",
            "module.eks_blueprints.module.aws_eks.module.fargate_profile.aws_iam_role.this",
            "module.eks_blueprints.module.aws_eks.module.fargate_profile.aws_iam_role_policy_attachment.this",
            "module.eks_blueprints.module.aws_eks.module.fargate_profile.data.aws_caller_identity.current",
            "module.eks_blueprints.module.aws_eks.module.fargate_profile.data.aws_iam_policy_document.assume_role_policy",
            "module.eks_blueprints.module.aws_eks.module.fargate_profile.data.aws_partition.current",
            "module.eks_blueprints.module.aws_eks.module.kms.aws_kms_alias.this",
            "module.eks_blueprints.module.aws_eks.module.kms.aws_kms_external_key.this",
            "module.eks_blueprints.module.aws_eks.module.kms.aws_kms_grant.this",
            "module.eks_blueprints.module.aws_eks.module.kms.aws_kms_key.this",
            "module.eks_blueprints.module.aws_eks.module.kms.data.aws_caller_identity.current",
            "module.eks_blueprints.module.aws_eks.module.kms.data.aws_iam_policy_document.this",
            "module.eks_blueprints.module.aws_eks.module.kms.data.aws_partition.current",
            "module.eks_blueprints.module.aws_eks.module.self_managed_node_group.aws_autoscaling_group.this",
            "module.eks_blueprints.module.aws_eks.module.self_managed_node_group.aws_autoscaling_schedule.this",
            "module.eks_blueprints.module.aws_eks.module.self_managed_node_group.aws_iam_instance_profile.this",
            "module.eks_blueprints.module.aws_eks.module.self_managed_node_group.aws_iam_role.this",
            "module.eks_blueprints.module.aws_eks.module.self_managed_node_group.aws_iam_role_policy_attachment.this",
            "module.eks_blueprints.module.aws_eks.module.self_managed_node_group.aws_launch_template.this",
            "module.eks_blueprints.module.aws_eks.module.self_managed_node_group.aws_security_group.this",
            "module.eks_blueprints.module.aws_eks.module.self_managed_node_group.aws_security_group_rule.this",
            "module.eks_blueprints.module.aws_eks.module.self_managed_node_group.data.aws_ami.eks_default",
            "module.eks_blueprints.module.aws_eks.module.self_managed_node_group.data.aws_caller_identity.current",
            "module.eks_blueprints.module.aws_eks.module.self_managed_node_group.data.aws_default_tags.current",
            "module.eks_blueprints.module.aws_eks.module.self_managed_node_group.data.aws_iam_policy_document.assume_role_policy",
            "module.eks_blueprints.module.aws_eks.module.self_managed_node_group.data.aws_partition.current",
            "module.eks_blueprints.module.aws_eks.module.self_managed_node_group.module.user_data.data.cloudinit_config.linux_eks_managed_node_group",
            "module.eks_blueprints.module.aws_eks_fargate_profiles.aws_eks_fargate_profile.eks_fargate",
            "module.eks_blueprints.module.aws_eks_fargate_profiles.aws_iam_policy.cwlogs",
            "module.eks_blueprints.module.aws_eks_fargate_profiles.aws_iam_role.fargate",
            "module.eks_blueprints.module.aws_eks_fargate_profiles.aws_iam_role_policy_attachment.cwlogs",
            "module.eks_blueprints.module.aws_eks_fargate_profiles.aws_iam_role_policy_attachment.fargate_pod_execution_role_policy",
            "module.eks_blueprints.module.aws_eks_fargate_profiles.data.aws_iam_policy_document.cwlogs",
            "module.eks_blueprints.module.aws_eks_fargate_profiles.data.aws_iam_policy_document.fargate_assume_role_policy",
            "module.eks_blueprints.module.aws_eks_managed_node_groups.aws_eks_node_group.managed_ng",
            "module.eks_blueprints.module.aws_eks_managed_node_groups.aws_iam_instance_profile.managed_ng",
            "module.eks_blueprints.module.aws_eks_managed_node_groups.aws_iam_role.managed_ng",
            "module.eks_blueprints.module.aws_eks_managed_node_groups.aws_iam_role_policy_attachment.managed_ng",
            "module.eks_blueprints.module.aws_eks_managed_node_groups.aws_launch_template.managed_node_groups",
            "module.eks_blueprints.module.aws_eks_managed_node_groups.data.aws_iam_policy_document.managed_ng_assume_role_policy",
            "module.eks_blueprints.module.aws_eks_self_managed_node_groups.aws_autoscaling_group.self_managed_ng",
            "module.eks_blueprints.module.aws_eks_self_managed_node_groups.aws_iam_instance_profile.self_managed_ng",
            "module.eks_blueprints.module.aws_eks_self_managed_node_groups.aws_iam_policy.eks_windows_cni",
            "module.eks_blueprints.module.aws_eks_self_managed_node_groups.aws_iam_role.self_managed_ng",
            "module.eks_blueprints.module.aws_eks_self_managed_node_groups.aws_iam_role_policy_attachment.eks_windows_cni",
            "module.eks_blueprints.module.aws_eks_self_managed_node_groups.aws_iam_role_policy_attachment.self_managed_ng",
            "module.eks_blueprints.module.aws_eks_self_managed_node_groups.data.aws_ami.predefined",
            "module.eks_blueprints.module.aws_eks_self_managed_node_groups.data.aws_iam_policy_document.eks_windows_cni",
            "module.eks_blueprints.module.aws_eks_self_managed_node_groups.data.aws_iam_policy_document.self_managed_ng_assume_role_policy",
            "module.eks_blueprints.module.aws_eks_self_managed_node_groups.module.launch_template_self_managed_ng.aws_launch_template.this",
            "module.eks_blueprints.module.aws_eks_self_managed_node_groups.module.launch_template_self_managed_ng.data.aws_eks_cluster.eks",
            "module.eks_blueprints.module.aws_eks_teams.aws_iam_policy.platform_team_eks_access",
            "module.eks_blueprints.module.aws_eks_teams.aws_iam_role.platform_team",
            "module.eks_blueprints.module.aws_eks_teams.aws_iam_role.team_access",
            "module.eks_blueprints.module.aws_eks_teams.aws_iam_role.team_sa_irsa",
            "module.eks_blueprints.module.aws_eks_teams.data.aws_caller_identity.current",
            "module.eks_blueprints.module.aws_eks_teams.data.aws_eks_cluster.eks_cluster",
            "module.eks_blueprints.module.aws_eks_teams.data.aws_iam_policy_document.platform_team_eks_access",
            "module.eks_blueprints.module.aws_eks_teams.data.aws_partition.current",
            "module.eks_blueprints.module.aws_eks_teams.data.aws_region.current",
            "module.eks_blueprints.module.aws_eks_teams.kubectl_manifest.team",
            "module.eks_blueprints.module.aws_eks_teams.kubernetes_cluster_role.team",
            "module.eks_blueprints.module.aws_eks_teams.kubernetes_cluster_role_binding.team",
            "module.eks_blueprints.module.aws_eks_teams.kubernetes_namespace.team",
            "module.eks_blueprints.module.aws_eks_teams.kubernetes_resource_quota.this",
            "module.eks_blueprints.module.aws_eks_teams.kubernetes_role.team",
            "module.eks_blueprints.module.aws_eks_teams.kubernetes_role_binding.team",
            "module.eks_blueprints.module.aws_eks_teams.kubernetes_service_account.team",
            "module.eks_blueprints.module.emr_on_eks.aws_iam_role.emr_on_eks_execution",
            "module.eks_blueprints.module.emr_on_eks.aws_iam_role_policy_attachment.custom",
            "module.eks_blueprints.module.emr_on_eks.data.aws_iam_policy_document.emr_assume_role",
            "module.eks_blueprints.module.emr_on_eks.data.aws_region.current",
            "module.eks_blueprints.module.emr_on_eks.kubernetes_namespace.spark",
            "module.eks_blueprints.module.emr_on_eks.kubernetes_role.emr_containers",
            "module.eks_blueprints.module.emr_on_eks.kubernetes_role_binding.emr_containers",
            "module.eks_blueprints.module.emr_on_eks.null_resource.update_trust_policy",
            "module.eks_blueprints.module.kms.aws_kms_alias.this",
            "module.eks_blueprints.module.kms.aws_kms_key.this",
            "module.eks_blueprints_kubernetes_addons.data.aws_caller_identity.current",
            "module.eks_blueprints_kubernetes_addons.data.aws_eks_cluster.eks_cluster",
            "module.eks_blueprints_kubernetes_addons.data.aws_partition.current",
            "module.eks_blueprints_kubernetes_addons.data.aws_region.current",
            "module.eks_blueprints_kubernetes_addons.module.aws_efs_csi_driver.aws_iam_policy.aws_efs_csi_driver",
            "module.eks_blueprints_kubernetes_addons.module.aws_efs_csi_driver.data.aws_iam_policy_document.aws_efs_csi_driver",
            "module.eks_blueprints_kubernetes_addons.module.aws_efs_csi_driver.module.helm_addon.module.irsa.aws_iam_role.irsa",
            "module.vpc.aws_subnet.private",
            "module.vpc.aws_vpc.this"
          ]
        }
      ]
    },
    {
      "module": "module.eks_blueprints_kubernetes_addons.module.aws_efs_csi_driver[0].module.helm_addon.module.irsa[0]",
      "mode": "managed",
      "type": "kubernetes_service_account_v1",
      "name": "irsa",
      "provider": "provider[\"registry.terraform.io/hashicorp/kubernetes\"]",
      "instances": [
        {
          "index_key": 0,
          "schema_version": 0,
          "attributes": {
            "automount_service_account_token": true,
            "default_secret_name": "efs-csi-sa-token-qkfgp",
            "id": "kube-system/efs-csi-sa",
            "image_pull_secret": [],
            "metadata": [
              {
                "annotations": {
                  "eks.amazonaws.com/role-arn": "arn:aws:iam::349361870252:role/terraform-20220728203313688300000003"
                },
                "generate_name": "",
                "generation": 0,
                "labels": null,
                "name": "efs-csi-sa",
                "namespace": "kube-system",
                "resource_version": "4266227",
                "uid": "65bdc846-e1d8-4e1c-a564-9292105a1516"
              }
            ],
            "secret": [],
            "timeouts": null
          },
          "sensitive_attributes": [],
          "private": "eyJlMmJmYjczMC1lY2FhLTExZTYtOGY4OC0zNDM2M2JjN2M0YzAiOnsiY3JlYXRlIjozMDAwMDAwMDAwMH19",
          "dependencies": [
            "data.aws_availability_zones.available",
            "data.aws_caller_identity.current",
            "module.eks_blueprints.data.aws_caller_identity.current",
            "module.eks_blueprints.data.aws_eks_cluster.cluster",
            "module.eks_blueprints.data.aws_iam_policy_document.eks_key",
            "module.eks_blueprints.data.aws_iam_session_context.current",
            "module.eks_blueprints.data.aws_partition.current",
            "module.eks_blueprints.data.aws_region.current",
            "module.eks_blueprints.data.http.eks_cluster_readiness",
            "module.eks_blueprints.kubernetes_config_map.amazon_vpc_cni",
            "module.eks_blueprints.kubernetes_config_map.aws_auth",
            "module.eks_blueprints.module.aws_eks.aws_cloudwatch_log_group.this",
            "module.eks_blueprints.module.aws_eks.aws_ec2_tag.cluster_primary_security_group",
            "module.eks_blueprints.module.aws_eks.aws_eks_addon.this",
            "module.eks_blueprints.module.aws_eks.aws_eks_cluster.this",
            "module.eks_blueprints.module.aws_eks.aws_eks_identity_provider_config.this",
            "module.eks_blueprints.module.aws_eks.aws_iam_openid_connect_provider.oidc_provider",
            "module.eks_blueprints.module.aws_eks.aws_iam_policy.cluster_encryption",
            "module.eks_blueprints.module.aws_eks.aws_iam_policy.cni_ipv6_policy",
            "module.eks_blueprints.module.aws_eks.aws_iam_role.this",
            "module.eks_blueprints.module.aws_eks.aws_iam_role_policy_attachment.cluster_encryption",
            "module.eks_blueprints.module.aws_eks.aws_iam_role_policy_attachment.this",
            "module.eks_blueprints.module.aws_eks.aws_security_group.cluster",
            "module.eks_blueprints.module.aws_eks.aws_security_group.node",
            "module.eks_blueprints.module.aws_eks.aws_security_group_rule.cluster",
            "module.eks_blueprints.module.aws_eks.aws_security_group_rule.node",
            "module.eks_blueprints.module.aws_eks.data.aws_caller_identity.current",
            "module.eks_blueprints.module.aws_eks.data.aws_iam_policy_document.assume_role_policy",
            "module.eks_blueprints.module.aws_eks.data.aws_iam_policy_document.cni_ipv6_policy",
            "module.eks_blueprints.module.aws_eks.data.aws_partition.current",
            "module.eks_blueprints.module.aws_eks.data.tls_certificate.this",
            "module.eks_blueprints.module.aws_eks.kubernetes_config_map.aws_auth",
            "module.eks_blueprints.module.aws_eks.kubernetes_config_map_v1_data.aws_auth",
            "module.eks_blueprints.module.aws_eks.module.eks_managed_node_group.aws_eks_node_group.this",
            "module.eks_blueprints.module.aws_eks.module.eks_managed_node_group.aws_iam_role.this",
            "module.eks_blueprints.module.aws_eks.module.eks_managed_node_group.aws_iam_role_policy_attachment.this",
            "module.eks_blueprints.module.aws_eks.module.eks_managed_node_group.aws_launch_template.this",
            "module.eks_blueprints.module.aws_eks.module.eks_managed_node_group.aws_security_group.this",
            "module.eks_blueprints.module.aws_eks.module.eks_managed_node_group.aws_security_group_rule.this",
            "module.eks_blueprints.module.aws_eks.module.eks_managed_node_group.data.aws_caller_identity.current",
            "module.eks_blueprints.module.aws_eks.module.eks_managed_node_group.data.aws_iam_policy_document.assume_role_policy",
            "module.eks_blueprints.module.aws_eks.module.eks_managed_node_group.data.aws_partition.current",
            "module.eks_blueprints.module.aws_eks.module.eks_managed_node_group.module.user_data.data.cloudinit_config.linux_eks_managed_node_group",
            "module.eks_blueprints.module.aws_eks.module.fargate_profile.aws_eks_fargate_profile.this",
            "module.eks_blueprints.module.aws_eks.module.fargate_profile.aws_iam_role.this",
            "module.eks_blueprints.module.aws_eks.module.fargate_profile.aws_iam_role_policy_attachment.this",
            "module.eks_blueprints.module.aws_eks.module.fargate_profile.data.aws_caller_identity.current",
            "module.eks_blueprints.module.aws_eks.module.fargate_profile.data.aws_iam_policy_document.assume_role_policy",
            "module.eks_blueprints.module.aws_eks.module.fargate_profile.data.aws_partition.current",
            "module.eks_blueprints.module.aws_eks.module.kms.aws_kms_alias.this",
            "module.eks_blueprints.module.aws_eks.module.kms.aws_kms_external_key.this",
            "module.eks_blueprints.module.aws_eks.module.kms.aws_kms_grant.this",
            "module.eks_blueprints.module.aws_eks.module.kms.aws_kms_key.this",
            "module.eks_blueprints.module.aws_eks.module.kms.data.aws_caller_identity.current",
            "module.eks_blueprints.module.aws_eks.module.kms.data.aws_iam_policy_document.this",
            "module.eks_blueprints.module.aws_eks.module.kms.data.aws_partition.current",
            "module.eks_blueprints.module.aws_eks.module.self_managed_node_group.aws_autoscaling_group.this",
            "module.eks_blueprints.module.aws_eks.module.self_managed_node_group.aws_autoscaling_schedule.this",
            "module.eks_blueprints.module.aws_eks.module.self_managed_node_group.aws_iam_instance_profile.this",
            "module.eks_blueprints.module.aws_eks.module.self_managed_node_group.aws_iam_role.this",
            "module.eks_blueprints.module.aws_eks.module.self_managed_node_group.aws_iam_role_policy_attachment.this",
            "module.eks_blueprints.module.aws_eks.module.self_managed_node_group.aws_launch_template.this",
            "module.eks_blueprints.module.aws_eks.module.self_managed_node_group.aws_security_group.this",
            "module.eks_blueprints.module.aws_eks.module.self_managed_node_group.aws_security_group_rule.this",
            "module.eks_blueprints.module.aws_eks.module.self_managed_node_group.data.aws_ami.eks_default",
            "module.eks_blueprints.module.aws_eks.module.self_managed_node_group.data.aws_caller_identity.current",
            "module.eks_blueprints.module.aws_eks.module.self_managed_node_group.data.aws_default_tags.current",
            "module.eks_blueprints.module.aws_eks.module.self_managed_node_group.data.aws_iam_policy_document.assume_role_policy",
            "module.eks_blueprints.module.aws_eks.module.self_managed_node_group.data.aws_partition.current",
            "module.eks_blueprints.module.aws_eks.module.self_managed_node_group.module.user_data.data.cloudinit_config.linux_eks_managed_node_group",
            "module.eks_blueprints.module.aws_eks_fargate_profiles.aws_eks_fargate_profile.eks_fargate",
            "module.eks_blueprints.module.aws_eks_fargate_profiles.aws_iam_policy.cwlogs",
            "module.eks_blueprints.module.aws_eks_fargate_profiles.aws_iam_role.fargate",
            "module.eks_blueprints.module.aws_eks_fargate_profiles.aws_iam_role_policy_attachment.cwlogs",
            "module.eks_blueprints.module.aws_eks_fargate_profiles.aws_iam_role_policy_attachment.fargate_pod_execution_role_policy",
            "module.eks_blueprints.module.aws_eks_fargate_profiles.data.aws_iam_policy_document.cwlogs",
            "module.eks_blueprints.module.aws_eks_fargate_profiles.data.aws_iam_policy_document.fargate_assume_role_policy",
            "module.eks_blueprints.module.aws_eks_managed_node_groups.aws_eks_node_group.managed_ng",
            "module.eks_blueprints.module.aws_eks_managed_node_groups.aws_iam_instance_profile.managed_ng",
            "module.eks_blueprints.module.aws_eks_managed_node_groups.aws_iam_role.managed_ng",
            "module.eks_blueprints.module.aws_eks_managed_node_groups.aws_iam_role_policy_attachment.managed_ng",
            "module.eks_blueprints.module.aws_eks_managed_node_groups.aws_launch_template.managed_node_groups",
            "module.eks_blueprints.module.aws_eks_managed_node_groups.data.aws_iam_policy_document.managed_ng_assume_role_policy",
            "module.eks_blueprints.module.aws_eks_self_managed_node_groups.aws_autoscaling_group.self_managed_ng",
            "module.eks_blueprints.module.aws_eks_self_managed_node_groups.aws_iam_instance_profile.self_managed_ng",
            "module.eks_blueprints.module.aws_eks_self_managed_node_groups.aws_iam_policy.eks_windows_cni",
            "module.eks_blueprints.module.aws_eks_self_managed_node_groups.aws_iam_role.self_managed_ng",
            "module.eks_blueprints.module.aws_eks_self_managed_node_groups.aws_iam_role_policy_attachment.eks_windows_cni",
            "module.eks_blueprints.module.aws_eks_self_managed_node_groups.aws_iam_role_policy_attachment.self_managed_ng",
            "module.eks_blueprints.module.aws_eks_self_managed_node_groups.data.aws_ami.predefined",
            "module.eks_blueprints.module.aws_eks_self_managed_node_groups.data.aws_iam_policy_document.eks_windows_cni",
            "module.eks_blueprints.module.aws_eks_self_managed_node_groups.data.aws_iam_policy_document.self_managed_ng_assume_role_policy",
            "module.eks_blueprints.module.aws_eks_self_managed_node_groups.module.launch_template_self_managed_ng.aws_launch_template.this",
            "module.eks_blueprints.module.aws_eks_self_managed_node_groups.module.launch_template_self_managed_ng.data.aws_eks_cluster.eks",
            "module.eks_blueprints.module.aws_eks_teams.aws_iam_policy.platform_team_eks_access",
            "module.eks_blueprints.module.aws_eks_teams.aws_iam_role.platform_team",
            "module.eks_blueprints.module.aws_eks_teams.aws_iam_role.team_access",
            "module.eks_blueprints.module.aws_eks_teams.aws_iam_role.team_sa_irsa",
            "module.eks_blueprints.module.aws_eks_teams.data.aws_caller_identity.current",
            "module.eks_blueprints.module.aws_eks_teams.data.aws_eks_cluster.eks_cluster",
            "module.eks_blueprints.module.aws_eks_teams.data.aws_iam_policy_document.platform_team_eks_access",
            "module.eks_blueprints.module.aws_eks_teams.data.aws_partition.current",
            "module.eks_blueprints.module.aws_eks_teams.data.aws_region.current",
            "module.eks_blueprints.module.aws_eks_teams.kubectl_manifest.team",
            "module.eks_blueprints.module.aws_eks_teams.kubernetes_cluster_role.team",
            "module.eks_blueprints.module.aws_eks_teams.kubernetes_cluster_role_binding.team",
            "module.eks_blueprints.module.aws_eks_teams.kubernetes_namespace.team",
            "module.eks_blueprints.module.aws_eks_teams.kubernetes_resource_quota.this",
            "module.eks_blueprints.module.aws_eks_teams.kubernetes_role.team",
            "module.eks_blueprints.module.aws_eks_teams.kubernetes_role_binding.team",
            "module.eks_blueprints.module.aws_eks_teams.kubernetes_service_account.team",
            "module.eks_blueprints.module.emr_on_eks.aws_iam_role.emr_on_eks_execution",
            "module.eks_blueprints.module.emr_on_eks.aws_iam_role_policy_attachment.custom",
            "module.eks_blueprints.module.emr_on_eks.data.aws_iam_policy_document.emr_assume_role",
            "module.eks_blueprints.module.emr_on_eks.data.aws_region.current",
            "module.eks_blueprints.module.emr_on_eks.kubernetes_namespace.spark",
            "module.eks_blueprints.module.emr_on_eks.kubernetes_role.emr_containers",
            "module.eks_blueprints.module.emr_on_eks.kubernetes_role_binding.emr_containers",
            "module.eks_blueprints.module.emr_on_eks.null_resource.update_trust_policy",
            "module.eks_blueprints.module.kms.aws_kms_alias.this",
            "module.eks_blueprints.module.kms.aws_kms_key.this",
            "module.eks_blueprints_kubernetes_addons.data.aws_caller_identity.current",
            "module.eks_blueprints_kubernetes_addons.data.aws_eks_cluster.eks_cluster",
            "module.eks_blueprints_kubernetes_addons.data.aws_partition.current",
            "module.eks_blueprints_kubernetes_addons.data.aws_region.current",
            "module.eks_blueprints_kubernetes_addons.module.aws_efs_csi_driver.aws_iam_policy.aws_efs_csi_driver",
            "module.eks_blueprints_kubernetes_addons.module.aws_efs_csi_driver.data.aws_iam_policy_document.aws_efs_csi_driver",
            "module.eks_blueprints_kubernetes_addons.module.aws_efs_csi_driver.module.helm_addon.module.irsa.aws_iam_role.irsa",
            "module.vpc.aws_subnet.private",
            "module.vpc.aws_vpc.this"
          ]
        }
      ]
    },
    {
      "module": "module.eks_blueprints_kubernetes_addons.module.aws_kube_proxy[0]",
      "mode": "managed",
      "type": "aws_eks_addon",
      "name": "kube_proxy",
      "provider": "provider[\"registry.terraform.io/hashicorp/aws\"]",
      "instances": [
        {
          "schema_version": 0,
          "attributes": {
            "addon_name": "kube-proxy",
            "addon_version": "v1.21.14-eksbuild.2",
            "arn": "arn:aws:eks:us-east-2:349361870252:addon/aws012-preprod-test-eks/kube-proxy/80c11e0b-4164-b314-317e-a36fc91f5c04",
            "cluster_name": "aws012-preprod-test-eks",
            "created_at": "2022-07-26T19:58:04Z",
            "id": "aws012-preprod-test-eks:kube-proxy",
            "modified_at": "2022-07-28T17:24:40Z",
            "preserve": true,
            "resolve_conflicts": "OVERWRITE",
            "service_account_role_arn": "",
            "tags": {
              "Blueprint": "aws012-preprod-test-eks",
              "GithubRepo": "terraform-aws-eks-blueprints"
            },
            "tags_all": {
              "Blueprint": "aws012-preprod-test-eks",
              "GithubRepo": "terraform-aws-eks-blueprints"
            }
          },
          "sensitive_attributes": [],
          "private": "bnVsbA==",
          "dependencies": [
            "data.aws_availability_zones.available",
            "data.aws_caller_identity.current",
            "data.aws_eks_addon_version.latest",
            "module.eks_blueprints.data.aws_caller_identity.current",
            "module.eks_blueprints.data.aws_eks_cluster.cluster",
            "module.eks_blueprints.data.aws_iam_policy_document.eks_key",
            "module.eks_blueprints.data.aws_iam_session_context.current",
            "module.eks_blueprints.data.aws_partition.current",
            "module.eks_blueprints.data.aws_region.current",
            "module.eks_blueprints.data.http.eks_cluster_readiness",
            "module.eks_blueprints.kubernetes_config_map.amazon_vpc_cni",
            "module.eks_blueprints.kubernetes_config_map.aws_auth",
            "module.eks_blueprints.module.aws_eks.aws_cloudwatch_log_group.this",
            "module.eks_blueprints.module.aws_eks.aws_ec2_tag.cluster_primary_security_group",
            "module.eks_blueprints.module.aws_eks.aws_eks_addon.this",
            "module.eks_blueprints.module.aws_eks.aws_eks_cluster.this",
            "module.eks_blueprints.module.aws_eks.aws_eks_identity_provider_config.this",
            "module.eks_blueprints.module.aws_eks.aws_iam_openid_connect_provider.oidc_provider",
            "module.eks_blueprints.module.aws_eks.aws_iam_policy.cluster_encryption",
            "module.eks_blueprints.module.aws_eks.aws_iam_policy.cni_ipv6_policy",
            "module.eks_blueprints.module.aws_eks.aws_iam_role.this",
            "module.eks_blueprints.module.aws_eks.aws_iam_role_policy_attachment.cluster_encryption",
            "module.eks_blueprints.module.aws_eks.aws_iam_role_policy_attachment.this",
            "module.eks_blueprints.module.aws_eks.aws_security_group.cluster",
            "module.eks_blueprints.module.aws_eks.aws_security_group.node",
            "module.eks_blueprints.module.aws_eks.aws_security_group_rule.cluster",
            "module.eks_blueprints.module.aws_eks.aws_security_group_rule.node",
            "module.eks_blueprints.module.aws_eks.data.aws_caller_identity.current",
            "module.eks_blueprints.module.aws_eks.data.aws_iam_policy_document.assume_role_policy",
            "module.eks_blueprints.module.aws_eks.data.aws_iam_policy_document.cni_ipv6_policy",
            "module.eks_blueprints.module.aws_eks.data.aws_partition.current",
            "module.eks_blueprints.module.aws_eks.data.tls_certificate.this",
            "module.eks_blueprints.module.aws_eks.kubernetes_config_map.aws_auth",
            "module.eks_blueprints.module.aws_eks.kubernetes_config_map_v1_data.aws_auth",
            "module.eks_blueprints.module.aws_eks.module.eks_managed_node_group.aws_eks_node_group.this",
            "module.eks_blueprints.module.aws_eks.module.eks_managed_node_group.aws_iam_role.this",
            "module.eks_blueprints.module.aws_eks.module.eks_managed_node_group.aws_iam_role_policy_attachment.this",
            "module.eks_blueprints.module.aws_eks.module.eks_managed_node_group.aws_launch_template.this",
            "module.eks_blueprints.module.aws_eks.module.eks_managed_node_group.aws_security_group.this",
            "module.eks_blueprints.module.aws_eks.module.eks_managed_node_group.aws_security_group_rule.this",
            "module.eks_blueprints.module.aws_eks.module.eks_managed_node_group.data.aws_caller_identity.current",
            "module.eks_blueprints.module.aws_eks.module.eks_managed_node_group.data.aws_iam_policy_document.assume_role_policy",
            "module.eks_blueprints.module.aws_eks.module.eks_managed_node_group.data.aws_partition.current",
            "module.eks_blueprints.module.aws_eks.module.eks_managed_node_group.module.user_data.data.cloudinit_config.linux_eks_managed_node_group",
            "module.eks_blueprints.module.aws_eks.module.fargate_profile.aws_eks_fargate_profile.this",
            "module.eks_blueprints.module.aws_eks.module.fargate_profile.aws_iam_role.this",
            "module.eks_blueprints.module.aws_eks.module.fargate_profile.aws_iam_role_policy_attachment.this",
            "module.eks_blueprints.module.aws_eks.module.fargate_profile.data.aws_caller_identity.current",
            "module.eks_blueprints.module.aws_eks.module.fargate_profile.data.aws_iam_policy_document.assume_role_policy",
            "module.eks_blueprints.module.aws_eks.module.fargate_profile.data.aws_partition.current",
            "module.eks_blueprints.module.aws_eks.module.kms.aws_kms_alias.this",
            "module.eks_blueprints.module.aws_eks.module.kms.aws_kms_external_key.this",
            "module.eks_blueprints.module.aws_eks.module.kms.aws_kms_grant.this",
            "module.eks_blueprints.module.aws_eks.module.kms.aws_kms_key.this",
            "module.eks_blueprints.module.aws_eks.module.kms.data.aws_caller_identity.current",
            "module.eks_blueprints.module.aws_eks.module.kms.data.aws_iam_policy_document.this",
            "module.eks_blueprints.module.aws_eks.module.kms.data.aws_partition.current",
            "module.eks_blueprints.module.aws_eks.module.self_managed_node_group.aws_autoscaling_group.this",
            "module.eks_blueprints.module.aws_eks.module.self_managed_node_group.aws_autoscaling_schedule.this",
            "module.eks_blueprints.module.aws_eks.module.self_managed_node_group.aws_iam_instance_profile.this",
            "module.eks_blueprints.module.aws_eks.module.self_managed_node_group.aws_iam_role.this",
            "module.eks_blueprints.module.aws_eks.module.self_managed_node_group.aws_iam_role_policy_attachment.this",
            "module.eks_blueprints.module.aws_eks.module.self_managed_node_group.aws_launch_template.this",
            "module.eks_blueprints.module.aws_eks.module.self_managed_node_group.aws_security_group.this",
            "module.eks_blueprints.module.aws_eks.module.self_managed_node_group.aws_security_group_rule.this",
            "module.eks_blueprints.module.aws_eks.module.self_managed_node_group.data.aws_ami.eks_default",
            "module.eks_blueprints.module.aws_eks.module.self_managed_node_group.data.aws_caller_identity.current",
            "module.eks_blueprints.module.aws_eks.module.self_managed_node_group.data.aws_default_tags.current",
            "module.eks_blueprints.module.aws_eks.module.self_managed_node_group.data.aws_iam_policy_document.assume_role_policy",
            "module.eks_blueprints.module.aws_eks.module.self_managed_node_group.data.aws_partition.current",
            "module.eks_blueprints.module.aws_eks.module.self_managed_node_group.module.user_data.data.cloudinit_config.linux_eks_managed_node_group",
            "module.eks_blueprints.module.aws_eks_fargate_profiles.aws_eks_fargate_profile.eks_fargate",
            "module.eks_blueprints.module.aws_eks_fargate_profiles.aws_iam_policy.cwlogs",
            "module.eks_blueprints.module.aws_eks_fargate_profiles.aws_iam_role.fargate",
            "module.eks_blueprints.module.aws_eks_fargate_profiles.aws_iam_role_policy_attachment.cwlogs",
            "module.eks_blueprints.module.aws_eks_fargate_profiles.aws_iam_role_policy_attachment.fargate_pod_execution_role_policy",
            "module.eks_blueprints.module.aws_eks_fargate_profiles.data.aws_iam_policy_document.cwlogs",
            "module.eks_blueprints.module.aws_eks_fargate_profiles.data.aws_iam_policy_document.fargate_assume_role_policy",
            "module.eks_blueprints.module.aws_eks_managed_node_groups.aws_eks_node_group.managed_ng",
            "module.eks_blueprints.module.aws_eks_managed_node_groups.aws_iam_instance_profile.managed_ng",
            "module.eks_blueprints.module.aws_eks_managed_node_groups.aws_iam_role.managed_ng",
            "module.eks_blueprints.module.aws_eks_managed_node_groups.aws_iam_role_policy_attachment.managed_ng",
            "module.eks_blueprints.module.aws_eks_managed_node_groups.aws_launch_template.managed_node_groups",
            "module.eks_blueprints.module.aws_eks_managed_node_groups.data.aws_iam_policy_document.managed_ng_assume_role_policy",
            "module.eks_blueprints.module.aws_eks_self_managed_node_groups.aws_autoscaling_group.self_managed_ng",
            "module.eks_blueprints.module.aws_eks_self_managed_node_groups.aws_iam_instance_profile.self_managed_ng",
            "module.eks_blueprints.module.aws_eks_self_managed_node_groups.aws_iam_policy.eks_windows_cni",
            "module.eks_blueprints.module.aws_eks_self_managed_node_groups.aws_iam_role.self_managed_ng",
            "module.eks_blueprints.module.aws_eks_self_managed_node_groups.aws_iam_role_policy_attachment.eks_windows_cni",
            "module.eks_blueprints.module.aws_eks_self_managed_node_groups.aws_iam_role_policy_attachment.self_managed_ng",
            "module.eks_blueprints.module.aws_eks_self_managed_node_groups.data.aws_ami.predefined",
            "module.eks_blueprints.module.aws_eks_self_managed_node_groups.data.aws_iam_policy_document.eks_windows_cni",
            "module.eks_blueprints.module.aws_eks_self_managed_node_groups.data.aws_iam_policy_document.self_managed_ng_assume_role_policy",
            "module.eks_blueprints.module.aws_eks_self_managed_node_groups.module.launch_template_self_managed_ng.aws_launch_template.this",
            "module.eks_blueprints.module.aws_eks_self_managed_node_groups.module.launch_template_self_managed_ng.data.aws_eks_cluster.eks",
            "module.eks_blueprints.module.aws_eks_teams.aws_iam_policy.platform_team_eks_access",
            "module.eks_blueprints.module.aws_eks_teams.aws_iam_role.platform_team",
            "module.eks_blueprints.module.aws_eks_teams.aws_iam_role.team_access",
            "module.eks_blueprints.module.aws_eks_teams.aws_iam_role.team_sa_irsa",
            "module.eks_blueprints.module.aws_eks_teams.data.aws_caller_identity.current",
            "module.eks_blueprints.module.aws_eks_teams.data.aws_eks_cluster.eks_cluster",
            "module.eks_blueprints.module.aws_eks_teams.data.aws_iam_policy_document.platform_team_eks_access",
            "module.eks_blueprints.module.aws_eks_teams.data.aws_partition.current",
            "module.eks_blueprints.module.aws_eks_teams.data.aws_region.current",
            "module.eks_blueprints.module.aws_eks_teams.kubectl_manifest.team",
            "module.eks_blueprints.module.aws_eks_teams.kubernetes_cluster_role.team",
            "module.eks_blueprints.module.aws_eks_teams.kubernetes_cluster_role_binding.team",
            "module.eks_blueprints.module.aws_eks_teams.kubernetes_namespace.team",
            "module.eks_blueprints.module.aws_eks_teams.kubernetes_resource_quota.this",
            "module.eks_blueprints.module.aws_eks_teams.kubernetes_role.team",
            "module.eks_blueprints.module.aws_eks_teams.kubernetes_role_binding.team",
            "module.eks_blueprints.module.aws_eks_teams.kubernetes_service_account.team",
            "module.eks_blueprints.module.emr_on_eks.aws_iam_role.emr_on_eks_execution",
            "module.eks_blueprints.module.emr_on_eks.aws_iam_role_policy_attachment.custom",
            "module.eks_blueprints.module.emr_on_eks.data.aws_iam_policy_document.emr_assume_role",
            "module.eks_blueprints.module.emr_on_eks.data.aws_region.current",
            "module.eks_blueprints.module.emr_on_eks.kubernetes_namespace.spark",
            "module.eks_blueprints.module.emr_on_eks.kubernetes_role.emr_containers",
            "module.eks_blueprints.module.emr_on_eks.kubernetes_role_binding.emr_containers",
            "module.eks_blueprints.module.emr_on_eks.null_resource.update_trust_policy",
            "module.eks_blueprints.module.kms.aws_kms_alias.this",
            "module.eks_blueprints.module.kms.aws_kms_key.this",
            "module.eks_blueprints_kubernetes_addons.data.aws_caller_identity.current",
            "module.eks_blueprints_kubernetes_addons.data.aws_eks_cluster.eks_cluster",
            "module.eks_blueprints_kubernetes_addons.data.aws_partition.current",
            "module.eks_blueprints_kubernetes_addons.data.aws_region.current",
            "module.vpc.aws_subnet.private",
            "module.vpc.aws_vpc.this",
            "module.vpc.aws_vpc_ipv4_cidr_block_association.this"
          ]
        }
      ]
    },
    {
      "module": "module.eks_blueprints_kubernetes_addons.module.aws_vpc_cni[0]",
      "mode": "managed",
      "type": "aws_eks_addon",
      "name": "vpc_cni",
      "provider": "provider[\"registry.terraform.io/hashicorp/aws\"]",
      "instances": [
        {
          "schema_version": 0,
          "attributes": {
            "addon_name": "vpc-cni",
            "addon_version": "v1.11.2-eksbuild.1",
            "arn": "arn:aws:eks:us-east-2:349361870252:addon/aws012-preprod-test-eks/vpc-cni/56c11e0b-4369-0ed6-fb18-d79dada93169",
            "cluster_name": "aws012-preprod-test-eks",
            "created_at": "2022-07-26T19:58:05Z",
            "id": "aws012-preprod-test-eks:vpc-cni",
            "modified_at": "2022-07-28T17:23:46Z",
            "preserve": true,
            "resolve_conflicts": "OVERWRITE",
            "service_account_role_arn": "arn:aws:iam::349361870252:role/terraform-20220726195804428000000010",
            "tags": {
              "Blueprint": "aws012-preprod-test-eks",
              "GithubRepo": "terraform-aws-eks-blueprints"
            },
            "tags_all": {
              "Blueprint": "aws012-preprod-test-eks",
              "GithubRepo": "terraform-aws-eks-blueprints"
            }
          },
          "sensitive_attributes": [],
          "private": "bnVsbA==",
          "dependencies": [
            "data.aws_availability_zones.available",
            "data.aws_caller_identity.current",
            "data.aws_eks_addon_version.latest",
            "module.eks_blueprints.data.aws_caller_identity.current",
            "module.eks_blueprints.data.aws_eks_cluster.cluster",
            "module.eks_blueprints.data.aws_iam_policy_document.eks_key",
            "module.eks_blueprints.data.aws_iam_session_context.current",
            "module.eks_blueprints.data.aws_partition.current",
            "module.eks_blueprints.data.aws_region.current",
            "module.eks_blueprints.data.http.eks_cluster_readiness",
            "module.eks_blueprints.kubernetes_config_map.amazon_vpc_cni",
            "module.eks_blueprints.kubernetes_config_map.aws_auth",
            "module.eks_blueprints.module.aws_eks.aws_cloudwatch_log_group.this",
            "module.eks_blueprints.module.aws_eks.aws_ec2_tag.cluster_primary_security_group",
            "module.eks_blueprints.module.aws_eks.aws_eks_addon.this",
            "module.eks_blueprints.module.aws_eks.aws_eks_cluster.this",
            "module.eks_blueprints.module.aws_eks.aws_eks_identity_provider_config.this",
            "module.eks_blueprints.module.aws_eks.aws_iam_openid_connect_provider.oidc_provider",
            "module.eks_blueprints.module.aws_eks.aws_iam_policy.cluster_encryption",
            "module.eks_blueprints.module.aws_eks.aws_iam_policy.cni_ipv6_policy",
            "module.eks_blueprints.module.aws_eks.aws_iam_role.this",
            "module.eks_blueprints.module.aws_eks.aws_iam_role_policy_attachment.cluster_encryption",
            "module.eks_blueprints.module.aws_eks.aws_iam_role_policy_attachment.this",
            "module.eks_blueprints.module.aws_eks.aws_security_group.cluster",
            "module.eks_blueprints.module.aws_eks.aws_security_group.node",
            "module.eks_blueprints.module.aws_eks.aws_security_group_rule.cluster",
            "module.eks_blueprints.module.aws_eks.aws_security_group_rule.node",
            "module.eks_blueprints.module.aws_eks.data.aws_caller_identity.current",
            "module.eks_blueprints.module.aws_eks.data.aws_iam_policy_document.assume_role_policy",
            "module.eks_blueprints.module.aws_eks.data.aws_iam_policy_document.cni_ipv6_policy",
            "module.eks_blueprints.module.aws_eks.data.aws_partition.current",
            "module.eks_blueprints.module.aws_eks.data.tls_certificate.this",
            "module.eks_blueprints.module.aws_eks.kubernetes_config_map.aws_auth",
            "module.eks_blueprints.module.aws_eks.kubernetes_config_map_v1_data.aws_auth",
            "module.eks_blueprints.module.aws_eks.module.eks_managed_node_group.aws_eks_node_group.this",
            "module.eks_blueprints.module.aws_eks.module.eks_managed_node_group.aws_iam_role.this",
            "module.eks_blueprints.module.aws_eks.module.eks_managed_node_group.aws_iam_role_policy_attachment.this",
            "module.eks_blueprints.module.aws_eks.module.eks_managed_node_group.aws_launch_template.this",
            "module.eks_blueprints.module.aws_eks.module.eks_managed_node_group.aws_security_group.this",
            "module.eks_blueprints.module.aws_eks.module.eks_managed_node_group.aws_security_group_rule.this",
            "module.eks_blueprints.module.aws_eks.module.eks_managed_node_group.data.aws_caller_identity.current",
            "module.eks_blueprints.module.aws_eks.module.eks_managed_node_group.data.aws_iam_policy_document.assume_role_policy",
            "module.eks_blueprints.module.aws_eks.module.eks_managed_node_group.data.aws_partition.current",
            "module.eks_blueprints.module.aws_eks.module.eks_managed_node_group.module.user_data.data.cloudinit_config.linux_eks_managed_node_group",
            "module.eks_blueprints.module.aws_eks.module.fargate_profile.aws_eks_fargate_profile.this",
            "module.eks_blueprints.module.aws_eks.module.fargate_profile.aws_iam_role.this",
            "module.eks_blueprints.module.aws_eks.module.fargate_profile.aws_iam_role_policy_attachment.this",
            "module.eks_blueprints.module.aws_eks.module.fargate_profile.data.aws_caller_identity.current",
            "module.eks_blueprints.module.aws_eks.module.fargate_profile.data.aws_iam_policy_document.assume_role_policy",
            "module.eks_blueprints.module.aws_eks.module.fargate_profile.data.aws_partition.current",
            "module.eks_blueprints.module.aws_eks.module.kms.aws_kms_alias.this",
            "module.eks_blueprints.module.aws_eks.module.kms.aws_kms_external_key.this",
            "module.eks_blueprints.module.aws_eks.module.kms.aws_kms_grant.this",
            "module.eks_blueprints.module.aws_eks.module.kms.aws_kms_key.this",
            "module.eks_blueprints.module.aws_eks.module.kms.data.aws_caller_identity.current",
            "module.eks_blueprints.module.aws_eks.module.kms.data.aws_iam_policy_document.this",
            "module.eks_blueprints.module.aws_eks.module.kms.data.aws_partition.current",
            "module.eks_blueprints.module.aws_eks.module.self_managed_node_group.aws_autoscaling_group.this",
            "module.eks_blueprints.module.aws_eks.module.self_managed_node_group.aws_autoscaling_schedule.this",
            "module.eks_blueprints.module.aws_eks.module.self_managed_node_group.aws_iam_instance_profile.this",
            "module.eks_blueprints.module.aws_eks.module.self_managed_node_group.aws_iam_role.this",
            "module.eks_blueprints.module.aws_eks.module.self_managed_node_group.aws_iam_role_policy_attachment.this",
            "module.eks_blueprints.module.aws_eks.module.self_managed_node_group.aws_launch_template.this",
            "module.eks_blueprints.module.aws_eks.module.self_managed_node_group.aws_security_group.this",
            "module.eks_blueprints.module.aws_eks.module.self_managed_node_group.aws_security_group_rule.this",
            "module.eks_blueprints.module.aws_eks.module.self_managed_node_group.data.aws_ami.eks_default",
            "module.eks_blueprints.module.aws_eks.module.self_managed_node_group.data.aws_caller_identity.current",
            "module.eks_blueprints.module.aws_eks.module.self_managed_node_group.data.aws_default_tags.current",
            "module.eks_blueprints.module.aws_eks.module.self_managed_node_group.data.aws_iam_policy_document.assume_role_policy",
            "module.eks_blueprints.module.aws_eks.module.self_managed_node_group.data.aws_partition.current",
            "module.eks_blueprints.module.aws_eks.module.self_managed_node_group.module.user_data.data.cloudinit_config.linux_eks_managed_node_group",
            "module.eks_blueprints.module.aws_eks_fargate_profiles.aws_eks_fargate_profile.eks_fargate",
            "module.eks_blueprints.module.aws_eks_fargate_profiles.aws_iam_policy.cwlogs",
            "module.eks_blueprints.module.aws_eks_fargate_profiles.aws_iam_role.fargate",
            "module.eks_blueprints.module.aws_eks_fargate_profiles.aws_iam_role_policy_attachment.cwlogs",
            "module.eks_blueprints.module.aws_eks_fargate_profiles.aws_iam_role_policy_attachment.fargate_pod_execution_role_policy",
            "module.eks_blueprints.module.aws_eks_fargate_profiles.data.aws_iam_policy_document.cwlogs",
            "module.eks_blueprints.module.aws_eks_fargate_profiles.data.aws_iam_policy_document.fargate_assume_role_policy",
            "module.eks_blueprints.module.aws_eks_managed_node_groups.aws_eks_node_group.managed_ng",
            "module.eks_blueprints.module.aws_eks_managed_node_groups.aws_iam_instance_profile.managed_ng",
            "module.eks_blueprints.module.aws_eks_managed_node_groups.aws_iam_role.managed_ng",
            "module.eks_blueprints.module.aws_eks_managed_node_groups.aws_iam_role_policy_attachment.managed_ng",
            "module.eks_blueprints.module.aws_eks_managed_node_groups.aws_launch_template.managed_node_groups",
            "module.eks_blueprints.module.aws_eks_managed_node_groups.data.aws_iam_policy_document.managed_ng_assume_role_policy",
            "module.eks_blueprints.module.aws_eks_self_managed_node_groups.aws_autoscaling_group.self_managed_ng",
            "module.eks_blueprints.module.aws_eks_self_managed_node_groups.aws_iam_instance_profile.self_managed_ng",
            "module.eks_blueprints.module.aws_eks_self_managed_node_groups.aws_iam_policy.eks_windows_cni",
            "module.eks_blueprints.module.aws_eks_self_managed_node_groups.aws_iam_role.self_managed_ng",
            "module.eks_blueprints.module.aws_eks_self_managed_node_groups.aws_iam_role_policy_attachment.eks_windows_cni",
            "module.eks_blueprints.module.aws_eks_self_managed_node_groups.aws_iam_role_policy_attachment.self_managed_ng",
            "module.eks_blueprints.module.aws_eks_self_managed_node_groups.data.aws_ami.predefined",
            "module.eks_blueprints.module.aws_eks_self_managed_node_groups.data.aws_iam_policy_document.eks_windows_cni",
            "module.eks_blueprints.module.aws_eks_self_managed_node_groups.data.aws_iam_policy_document.self_managed_ng_assume_role_policy",
            "module.eks_blueprints.module.aws_eks_self_managed_node_groups.module.launch_template_self_managed_ng.aws_launch_template.this",
            "module.eks_blueprints.module.aws_eks_self_managed_node_groups.module.launch_template_self_managed_ng.data.aws_eks_cluster.eks",
            "module.eks_blueprints.module.aws_eks_teams.aws_iam_policy.platform_team_eks_access",
            "module.eks_blueprints.module.aws_eks_teams.aws_iam_role.platform_team",
            "module.eks_blueprints.module.aws_eks_teams.aws_iam_role.team_access",
            "module.eks_blueprints.module.aws_eks_teams.aws_iam_role.team_sa_irsa",
            "module.eks_blueprints.module.aws_eks_teams.data.aws_caller_identity.current",
            "module.eks_blueprints.module.aws_eks_teams.data.aws_eks_cluster.eks_cluster",
            "module.eks_blueprints.module.aws_eks_teams.data.aws_iam_policy_document.platform_team_eks_access",
            "module.eks_blueprints.module.aws_eks_teams.data.aws_partition.current",
            "module.eks_blueprints.module.aws_eks_teams.data.aws_region.current",
            "module.eks_blueprints.module.aws_eks_teams.kubectl_manifest.team",
            "module.eks_blueprints.module.aws_eks_teams.kubernetes_cluster_role.team",
            "module.eks_blueprints.module.aws_eks_teams.kubernetes_cluster_role_binding.team",
            "module.eks_blueprints.module.aws_eks_teams.kubernetes_namespace.team",
            "module.eks_blueprints.module.aws_eks_teams.kubernetes_resource_quota.this",
            "module.eks_blueprints.module.aws_eks_teams.kubernetes_role.team",
            "module.eks_blueprints.module.aws_eks_teams.kubernetes_role_binding.team",
            "module.eks_blueprints.module.aws_eks_teams.kubernetes_service_account.team",
            "module.eks_blueprints.module.emr_on_eks.aws_iam_role.emr_on_eks_execution",
            "module.eks_blueprints.module.emr_on_eks.aws_iam_role_policy_attachment.custom",
            "module.eks_blueprints.module.emr_on_eks.data.aws_iam_policy_document.emr_assume_role",
            "module.eks_blueprints.module.emr_on_eks.data.aws_region.current",
            "module.eks_blueprints.module.emr_on_eks.kubernetes_namespace.spark",
            "module.eks_blueprints.module.emr_on_eks.kubernetes_role.emr_containers",
            "module.eks_blueprints.module.emr_on_eks.kubernetes_role_binding.emr_containers",
            "module.eks_blueprints.module.emr_on_eks.null_resource.update_trust_policy",
            "module.eks_blueprints.module.kms.aws_kms_alias.this",
            "module.eks_blueprints.module.kms.aws_kms_key.this",
            "module.eks_blueprints_kubernetes_addons.data.aws_caller_identity.current",
            "module.eks_blueprints_kubernetes_addons.data.aws_eks_cluster.eks_cluster",
            "module.eks_blueprints_kubernetes_addons.data.aws_partition.current",
            "module.eks_blueprints_kubernetes_addons.data.aws_region.current",
            "module.eks_blueprints_kubernetes_addons.module.aws_vpc_cni.aws_iam_policy.cni_ipv6_policy",
            "module.eks_blueprints_kubernetes_addons.module.aws_vpc_cni.data.aws_iam_policy_document.ipv6_policy",
            "module.eks_blueprints_kubernetes_addons.module.aws_vpc_cni.module.irsa_addon.aws_iam_role.irsa",
            "module.vpc.aws_subnet.private",
            "module.vpc.aws_vpc.this",
            "module.vpc.aws_vpc_ipv4_cidr_block_association.this"
          ]
        }
      ]
    },
    {
      "module": "module.eks_blueprints_kubernetes_addons.module.aws_vpc_cni[0].module.irsa_addon[0]",
      "mode": "managed",
      "type": "aws_iam_role",
      "name": "irsa",
      "provider": "provider[\"registry.terraform.io/hashicorp/aws\"]",
      "instances": [
        {
          "index_key": 0,
          "schema_version": 0,
          "attributes": {
            "arn": "arn:aws:iam::349361870252:role/terraform-20220726195804428000000010",
            "assume_role_policy": "{\"Statement\":[{\"Action\":\"sts:AssumeRoleWithWebIdentity\",\"Condition\":{\"StringLike\":{\"oidc.eks.us-east-2.amazonaws.com/id/3C89B2158E8FB80B28E47AB9EEDF19A9:aud\":\"sts.amazonaws.com\",\"oidc.eks.us-east-2.amazonaws.com/id/3C89B2158E8FB80B28E47AB9EEDF19A9:sub\":\"system:serviceaccount:kube-system:aws-node\"}},\"Effect\":\"Allow\",\"Principal\":{\"Federated\":\"arn:aws:iam::349361870252:oidc-provider/oidc.eks.us-east-2.amazonaws.com/id/3C89B2158E8FB80B28E47AB9EEDF19A9\"}}],\"Version\":\"2012-10-17\"}",
            "create_date": "2022-07-26T19:58:04Z",
            "description": "AWS IAM Role for the Kubernetes service account aws-node.",
            "force_detach_policies": true,
            "id": "terraform-20220726195804428000000010",
            "inline_policy": [],
            "managed_policy_arns": [],
            "max_session_duration": 3600,
            "name": "terraform-20220726195804428000000010",
            "name_prefix": "terraform-",
            "path": "/",
            "permissions_boundary": "",
            "tags": {
              "Blueprint": "aws012-preprod-test-eks",
              "GithubRepo": "terraform-aws-eks-blueprints"
            },
            "tags_all": {
              "Blueprint": "aws012-preprod-test-eks",
              "GithubRepo": "terraform-aws-eks-blueprints"
            },
            "unique_id": "AROAVCV4XCWWEP4G6N5H2"
          },
          "sensitive_attributes": [],
          "private": "bnVsbA==",
          "dependencies": [
            "data.aws_availability_zones.available",
            "data.aws_caller_identity.current",
            "data.aws_eks_addon_version.latest",
            "module.eks_blueprints.data.aws_caller_identity.current",
            "module.eks_blueprints.data.aws_eks_cluster.cluster",
            "module.eks_blueprints.data.aws_iam_policy_document.eks_key",
            "module.eks_blueprints.data.aws_iam_session_context.current",
            "module.eks_blueprints.data.aws_partition.current",
            "module.eks_blueprints.data.aws_region.current",
            "module.eks_blueprints.data.http.eks_cluster_readiness",
            "module.eks_blueprints.kubernetes_config_map.amazon_vpc_cni",
            "module.eks_blueprints.kubernetes_config_map.aws_auth",
            "module.eks_blueprints.module.aws_eks.aws_cloudwatch_log_group.this",
            "module.eks_blueprints.module.aws_eks.aws_ec2_tag.cluster_primary_security_group",
            "module.eks_blueprints.module.aws_eks.aws_eks_addon.this",
            "module.eks_blueprints.module.aws_eks.aws_eks_cluster.this",
            "module.eks_blueprints.module.aws_eks.aws_eks_identity_provider_config.this",
            "module.eks_blueprints.module.aws_eks.aws_iam_openid_connect_provider.oidc_provider",
            "module.eks_blueprints.module.aws_eks.aws_iam_policy.cluster_encryption",
            "module.eks_blueprints.module.aws_eks.aws_iam_policy.cni_ipv6_policy",
            "module.eks_blueprints.module.aws_eks.aws_iam_role.this",
            "module.eks_blueprints.module.aws_eks.aws_iam_role_policy_attachment.cluster_encryption",
            "module.eks_blueprints.module.aws_eks.aws_iam_role_policy_attachment.this",
            "module.eks_blueprints.module.aws_eks.aws_security_group.cluster",
            "module.eks_blueprints.module.aws_eks.aws_security_group.node",
            "module.eks_blueprints.module.aws_eks.aws_security_group_rule.cluster",
            "module.eks_blueprints.module.aws_eks.aws_security_group_rule.node",
            "module.eks_blueprints.module.aws_eks.data.aws_caller_identity.current",
            "module.eks_blueprints.module.aws_eks.data.aws_iam_policy_document.assume_role_policy",
            "module.eks_blueprints.module.aws_eks.data.aws_iam_policy_document.cni_ipv6_policy",
            "module.eks_blueprints.module.aws_eks.data.aws_partition.current",
            "module.eks_blueprints.module.aws_eks.data.tls_certificate.this",
            "module.eks_blueprints.module.aws_eks.kubernetes_config_map.aws_auth",
            "module.eks_blueprints.module.aws_eks.kubernetes_config_map_v1_data.aws_auth",
            "module.eks_blueprints.module.aws_eks.module.eks_managed_node_group.aws_eks_node_group.this",
            "module.eks_blueprints.module.aws_eks.module.eks_managed_node_group.aws_iam_role.this",
            "module.eks_blueprints.module.aws_eks.module.eks_managed_node_group.aws_iam_role_policy_attachment.this",
            "module.eks_blueprints.module.aws_eks.module.eks_managed_node_group.aws_launch_template.this",
            "module.eks_blueprints.module.aws_eks.module.eks_managed_node_group.aws_security_group.this",
            "module.eks_blueprints.module.aws_eks.module.eks_managed_node_group.aws_security_group_rule.this",
            "module.eks_blueprints.module.aws_eks.module.eks_managed_node_group.data.aws_caller_identity.current",
            "module.eks_blueprints.module.aws_eks.module.eks_managed_node_group.data.aws_iam_policy_document.assume_role_policy",
            "module.eks_blueprints.module.aws_eks.module.eks_managed_node_group.data.aws_partition.current",
            "module.eks_blueprints.module.aws_eks.module.eks_managed_node_group.module.user_data.data.cloudinit_config.linux_eks_managed_node_group",
            "module.eks_blueprints.module.aws_eks.module.fargate_profile.aws_eks_fargate_profile.this",
            "module.eks_blueprints.module.aws_eks.module.fargate_profile.aws_iam_role.this",
            "module.eks_blueprints.module.aws_eks.module.fargate_profile.aws_iam_role_policy_attachment.this",
            "module.eks_blueprints.module.aws_eks.module.fargate_profile.data.aws_caller_identity.current",
            "module.eks_blueprints.module.aws_eks.module.fargate_profile.data.aws_iam_policy_document.assume_role_policy",
            "module.eks_blueprints.module.aws_eks.module.fargate_profile.data.aws_partition.current",
            "module.eks_blueprints.module.aws_eks.module.kms.aws_kms_alias.this",
            "module.eks_blueprints.module.aws_eks.module.kms.aws_kms_external_key.this",
            "module.eks_blueprints.module.aws_eks.module.kms.aws_kms_grant.this",
            "module.eks_blueprints.module.aws_eks.module.kms.aws_kms_key.this",
            "module.eks_blueprints.module.aws_eks.module.kms.data.aws_caller_identity.current",
            "module.eks_blueprints.module.aws_eks.module.kms.data.aws_iam_policy_document.this",
            "module.eks_blueprints.module.aws_eks.module.kms.data.aws_partition.current",
            "module.eks_blueprints.module.aws_eks.module.self_managed_node_group.aws_autoscaling_group.this",
            "module.eks_blueprints.module.aws_eks.module.self_managed_node_group.aws_autoscaling_schedule.this",
            "module.eks_blueprints.module.aws_eks.module.self_managed_node_group.aws_iam_instance_profile.this",
            "module.eks_blueprints.module.aws_eks.module.self_managed_node_group.aws_iam_role.this",
            "module.eks_blueprints.module.aws_eks.module.self_managed_node_group.aws_iam_role_policy_attachment.this",
            "module.eks_blueprints.module.aws_eks.module.self_managed_node_group.aws_launch_template.this",
            "module.eks_blueprints.module.aws_eks.module.self_managed_node_group.aws_security_group.this",
            "module.eks_blueprints.module.aws_eks.module.self_managed_node_group.aws_security_group_rule.this",
            "module.eks_blueprints.module.aws_eks.module.self_managed_node_group.data.aws_ami.eks_default",
            "module.eks_blueprints.module.aws_eks.module.self_managed_node_group.data.aws_caller_identity.current",
            "module.eks_blueprints.module.aws_eks.module.self_managed_node_group.data.aws_default_tags.current",
            "module.eks_blueprints.module.aws_eks.module.self_managed_node_group.data.aws_iam_policy_document.assume_role_policy",
            "module.eks_blueprints.module.aws_eks.module.self_managed_node_group.data.aws_partition.current",
            "module.eks_blueprints.module.aws_eks.module.self_managed_node_group.module.user_data.data.cloudinit_config.linux_eks_managed_node_group",
            "module.eks_blueprints.module.aws_eks_fargate_profiles.aws_eks_fargate_profile.eks_fargate",
            "module.eks_blueprints.module.aws_eks_fargate_profiles.aws_iam_policy.cwlogs",
            "module.eks_blueprints.module.aws_eks_fargate_profiles.aws_iam_role.fargate",
            "module.eks_blueprints.module.aws_eks_fargate_profiles.aws_iam_role_policy_attachment.cwlogs",
            "module.eks_blueprints.module.aws_eks_fargate_profiles.aws_iam_role_policy_attachment.fargate_pod_execution_role_policy",
            "module.eks_blueprints.module.aws_eks_fargate_profiles.data.aws_iam_policy_document.cwlogs",
            "module.eks_blueprints.module.aws_eks_fargate_profiles.data.aws_iam_policy_document.fargate_assume_role_policy",
            "module.eks_blueprints.module.aws_eks_managed_node_groups.aws_eks_node_group.managed_ng",
            "module.eks_blueprints.module.aws_eks_managed_node_groups.aws_iam_instance_profile.managed_ng",
            "module.eks_blueprints.module.aws_eks_managed_node_groups.aws_iam_role.managed_ng",
            "module.eks_blueprints.module.aws_eks_managed_node_groups.aws_iam_role_policy_attachment.managed_ng",
            "module.eks_blueprints.module.aws_eks_managed_node_groups.aws_launch_template.managed_node_groups",
            "module.eks_blueprints.module.aws_eks_managed_node_groups.data.aws_iam_policy_document.managed_ng_assume_role_policy",
            "module.eks_blueprints.module.aws_eks_self_managed_node_groups.aws_autoscaling_group.self_managed_ng",
            "module.eks_blueprints.module.aws_eks_self_managed_node_groups.aws_iam_instance_profile.self_managed_ng",
            "module.eks_blueprints.module.aws_eks_self_managed_node_groups.aws_iam_policy.eks_windows_cni",
            "module.eks_blueprints.module.aws_eks_self_managed_node_groups.aws_iam_role.self_managed_ng",
            "module.eks_blueprints.module.aws_eks_self_managed_node_groups.aws_iam_role_policy_attachment.eks_windows_cni",
            "module.eks_blueprints.module.aws_eks_self_managed_node_groups.aws_iam_role_policy_attachment.self_managed_ng",
            "module.eks_blueprints.module.aws_eks_self_managed_node_groups.data.aws_ami.predefined",
            "module.eks_blueprints.module.aws_eks_self_managed_node_groups.data.aws_iam_policy_document.eks_windows_cni",
            "module.eks_blueprints.module.aws_eks_self_managed_node_groups.data.aws_iam_policy_document.self_managed_ng_assume_role_policy",
            "module.eks_blueprints.module.aws_eks_self_managed_node_groups.module.launch_template_self_managed_ng.aws_launch_template.this",
            "module.eks_blueprints.module.aws_eks_self_managed_node_groups.module.launch_template_self_managed_ng.data.aws_eks_cluster.eks",
            "module.eks_blueprints.module.aws_eks_teams.aws_iam_policy.platform_team_eks_access",
            "module.eks_blueprints.module.aws_eks_teams.aws_iam_role.platform_team",
            "module.eks_blueprints.module.aws_eks_teams.aws_iam_role.team_access",
            "module.eks_blueprints.module.aws_eks_teams.aws_iam_role.team_sa_irsa",
            "module.eks_blueprints.module.aws_eks_teams.data.aws_caller_identity.current",
            "module.eks_blueprints.module.aws_eks_teams.data.aws_eks_cluster.eks_cluster",
            "module.eks_blueprints.module.aws_eks_teams.data.aws_iam_policy_document.platform_team_eks_access",
            "module.eks_blueprints.module.aws_eks_teams.data.aws_partition.current",
            "module.eks_blueprints.module.aws_eks_teams.data.aws_region.current",
            "module.eks_blueprints.module.aws_eks_teams.kubectl_manifest.team",
            "module.eks_blueprints.module.aws_eks_teams.kubernetes_cluster_role.team",
            "module.eks_blueprints.module.aws_eks_teams.kubernetes_cluster_role_binding.team",
            "module.eks_blueprints.module.aws_eks_teams.kubernetes_namespace.team",
            "module.eks_blueprints.module.aws_eks_teams.kubernetes_resource_quota.this",
            "module.eks_blueprints.module.aws_eks_teams.kubernetes_role.team",
            "module.eks_blueprints.module.aws_eks_teams.kubernetes_role_binding.team",
            "module.eks_blueprints.module.aws_eks_teams.kubernetes_service_account.team",
            "module.eks_blueprints.module.emr_on_eks.aws_iam_role.emr_on_eks_execution",
            "module.eks_blueprints.module.emr_on_eks.aws_iam_role_policy_attachment.custom",
            "module.eks_blueprints.module.emr_on_eks.data.aws_iam_policy_document.emr_assume_role",
            "module.eks_blueprints.module.emr_on_eks.data.aws_region.current",
            "module.eks_blueprints.module.emr_on_eks.kubernetes_namespace.spark",
            "module.eks_blueprints.module.emr_on_eks.kubernetes_role.emr_containers",
            "module.eks_blueprints.module.emr_on_eks.kubernetes_role_binding.emr_containers",
            "module.eks_blueprints.module.emr_on_eks.null_resource.update_trust_policy",
            "module.eks_blueprints.module.kms.aws_kms_alias.this",
            "module.eks_blueprints.module.kms.aws_kms_key.this",
            "module.eks_blueprints_kubernetes_addons.data.aws_caller_identity.current",
            "module.eks_blueprints_kubernetes_addons.data.aws_eks_cluster.eks_cluster",
            "module.eks_blueprints_kubernetes_addons.data.aws_partition.current",
            "module.eks_blueprints_kubernetes_addons.data.aws_region.current",
            "module.eks_blueprints_kubernetes_addons.module.aws_vpc_cni.aws_iam_policy.cni_ipv6_policy",
            "module.eks_blueprints_kubernetes_addons.module.aws_vpc_cni.data.aws_iam_policy_document.ipv6_policy",
            "module.vpc.aws_subnet.private",
            "module.vpc.aws_vpc.this",
            "module.vpc.aws_vpc_ipv4_cidr_block_association.this"
          ]
        }
      ]
    },
    {
      "module": "module.eks_blueprints_kubernetes_addons.module.aws_vpc_cni[0].module.irsa_addon[0]",
      "mode": "managed",
      "type": "aws_iam_role_policy_attachment",
      "name": "irsa",
      "provider": "provider[\"registry.terraform.io/hashicorp/aws\"]",
      "instances": [
        {
          "index_key": 0,
          "schema_version": 0,
          "attributes": {
            "id": "terraform-20220726195804428000000010-20220728203313435900000002",
            "policy_arn": "arn:aws:iam::aws:policy/AmazonEKS_CNI_Policy",
            "role": "terraform-20220726195804428000000010"
          },
          "sensitive_attributes": [],
          "private": "bnVsbA==",
          "dependencies": [
            "data.aws_availability_zones.available",
            "data.aws_caller_identity.current",
            "data.aws_eks_addon_version.latest",
            "module.eks_blueprints.data.aws_caller_identity.current",
            "module.eks_blueprints.data.aws_eks_cluster.cluster",
            "module.eks_blueprints.data.aws_iam_policy_document.eks_key",
            "module.eks_blueprints.data.aws_iam_session_context.current",
            "module.eks_blueprints.data.aws_partition.current",
            "module.eks_blueprints.data.aws_region.current",
            "module.eks_blueprints.data.http.eks_cluster_readiness",
            "module.eks_blueprints.kubernetes_config_map.amazon_vpc_cni",
            "module.eks_blueprints.kubernetes_config_map.aws_auth",
            "module.eks_blueprints.module.aws_eks.aws_cloudwatch_log_group.this",
            "module.eks_blueprints.module.aws_eks.aws_ec2_tag.cluster_primary_security_group",
            "module.eks_blueprints.module.aws_eks.aws_eks_addon.this",
            "module.eks_blueprints.module.aws_eks.aws_eks_cluster.this",
            "module.eks_blueprints.module.aws_eks.aws_eks_identity_provider_config.this",
            "module.eks_blueprints.module.aws_eks.aws_iam_openid_connect_provider.oidc_provider",
            "module.eks_blueprints.module.aws_eks.aws_iam_policy.cluster_encryption",
            "module.eks_blueprints.module.aws_eks.aws_iam_policy.cni_ipv6_policy",
            "module.eks_blueprints.module.aws_eks.aws_iam_role.this",
            "module.eks_blueprints.module.aws_eks.aws_iam_role_policy_attachment.cluster_encryption",
            "module.eks_blueprints.module.aws_eks.aws_iam_role_policy_attachment.this",
            "module.eks_blueprints.module.aws_eks.aws_security_group.cluster",
            "module.eks_blueprints.module.aws_eks.aws_security_group.node",
            "module.eks_blueprints.module.aws_eks.aws_security_group_rule.cluster",
            "module.eks_blueprints.module.aws_eks.aws_security_group_rule.node",
            "module.eks_blueprints.module.aws_eks.data.aws_caller_identity.current",
            "module.eks_blueprints.module.aws_eks.data.aws_iam_policy_document.assume_role_policy",
            "module.eks_blueprints.module.aws_eks.data.aws_iam_policy_document.cni_ipv6_policy",
            "module.eks_blueprints.module.aws_eks.data.aws_partition.current",
            "module.eks_blueprints.module.aws_eks.data.tls_certificate.this",
            "module.eks_blueprints.module.aws_eks.kubernetes_config_map.aws_auth",
            "module.eks_blueprints.module.aws_eks.kubernetes_config_map_v1_data.aws_auth",
            "module.eks_blueprints.module.aws_eks.module.eks_managed_node_group.aws_eks_node_group.this",
            "module.eks_blueprints.module.aws_eks.module.eks_managed_node_group.aws_iam_role.this",
            "module.eks_blueprints.module.aws_eks.module.eks_managed_node_group.aws_iam_role_policy_attachment.this",
            "module.eks_blueprints.module.aws_eks.module.eks_managed_node_group.aws_launch_template.this",
            "module.eks_blueprints.module.aws_eks.module.eks_managed_node_group.aws_security_group.this",
            "module.eks_blueprints.module.aws_eks.module.eks_managed_node_group.aws_security_group_rule.this",
            "module.eks_blueprints.module.aws_eks.module.eks_managed_node_group.data.aws_caller_identity.current",
            "module.eks_blueprints.module.aws_eks.module.eks_managed_node_group.data.aws_iam_policy_document.assume_role_policy",
            "module.eks_blueprints.module.aws_eks.module.eks_managed_node_group.data.aws_partition.current",
            "module.eks_blueprints.module.aws_eks.module.eks_managed_node_group.module.user_data.data.cloudinit_config.linux_eks_managed_node_group",
            "module.eks_blueprints.module.aws_eks.module.fargate_profile.aws_eks_fargate_profile.this",
            "module.eks_blueprints.module.aws_eks.module.fargate_profile.aws_iam_role.this",
            "module.eks_blueprints.module.aws_eks.module.fargate_profile.aws_iam_role_policy_attachment.this",
            "module.eks_blueprints.module.aws_eks.module.fargate_profile.data.aws_caller_identity.current",
            "module.eks_blueprints.module.aws_eks.module.fargate_profile.data.aws_iam_policy_document.assume_role_policy",
            "module.eks_blueprints.module.aws_eks.module.fargate_profile.data.aws_partition.current",
            "module.eks_blueprints.module.aws_eks.module.kms.aws_kms_alias.this",
            "module.eks_blueprints.module.aws_eks.module.kms.aws_kms_external_key.this",
            "module.eks_blueprints.module.aws_eks.module.kms.aws_kms_grant.this",
            "module.eks_blueprints.module.aws_eks.module.kms.aws_kms_key.this",
            "module.eks_blueprints.module.aws_eks.module.kms.data.aws_caller_identity.current",
            "module.eks_blueprints.module.aws_eks.module.kms.data.aws_iam_policy_document.this",
            "module.eks_blueprints.module.aws_eks.module.kms.data.aws_partition.current",
            "module.eks_blueprints.module.aws_eks.module.self_managed_node_group.aws_autoscaling_group.this",
            "module.eks_blueprints.module.aws_eks.module.self_managed_node_group.aws_autoscaling_schedule.this",
            "module.eks_blueprints.module.aws_eks.module.self_managed_node_group.aws_iam_instance_profile.this",
            "module.eks_blueprints.module.aws_eks.module.self_managed_node_group.aws_iam_role.this",
            "module.eks_blueprints.module.aws_eks.module.self_managed_node_group.aws_iam_role_policy_attachment.this",
            "module.eks_blueprints.module.aws_eks.module.self_managed_node_group.aws_launch_template.this",
            "module.eks_blueprints.module.aws_eks.module.self_managed_node_group.aws_security_group.this",
            "module.eks_blueprints.module.aws_eks.module.self_managed_node_group.aws_security_group_rule.this",
            "module.eks_blueprints.module.aws_eks.module.self_managed_node_group.data.aws_ami.eks_default",
            "module.eks_blueprints.module.aws_eks.module.self_managed_node_group.data.aws_caller_identity.current",
            "module.eks_blueprints.module.aws_eks.module.self_managed_node_group.data.aws_default_tags.current",
            "module.eks_blueprints.module.aws_eks.module.self_managed_node_group.data.aws_iam_policy_document.assume_role_policy",
            "module.eks_blueprints.module.aws_eks.module.self_managed_node_group.data.aws_partition.current",
            "module.eks_blueprints.module.aws_eks.module.self_managed_node_group.module.user_data.data.cloudinit_config.linux_eks_managed_node_group",
            "module.eks_blueprints.module.aws_eks_fargate_profiles.aws_eks_fargate_profile.eks_fargate",
            "module.eks_blueprints.module.aws_eks_fargate_profiles.aws_iam_policy.cwlogs",
            "module.eks_blueprints.module.aws_eks_fargate_profiles.aws_iam_role.fargate",
            "module.eks_blueprints.module.aws_eks_fargate_profiles.aws_iam_role_policy_attachment.cwlogs",
            "module.eks_blueprints.module.aws_eks_fargate_profiles.aws_iam_role_policy_attachment.fargate_pod_execution_role_policy",
            "module.eks_blueprints.module.aws_eks_fargate_profiles.data.aws_iam_policy_document.cwlogs",
            "module.eks_blueprints.module.aws_eks_fargate_profiles.data.aws_iam_policy_document.fargate_assume_role_policy",
            "module.eks_blueprints.module.aws_eks_managed_node_groups.aws_eks_node_group.managed_ng",
            "module.eks_blueprints.module.aws_eks_managed_node_groups.aws_iam_instance_profile.managed_ng",
            "module.eks_blueprints.module.aws_eks_managed_node_groups.aws_iam_role.managed_ng",
            "module.eks_blueprints.module.aws_eks_managed_node_groups.aws_iam_role_policy_attachment.managed_ng",
            "module.eks_blueprints.module.aws_eks_managed_node_groups.aws_launch_template.managed_node_groups",
            "module.eks_blueprints.module.aws_eks_managed_node_groups.data.aws_iam_policy_document.managed_ng_assume_role_policy",
            "module.eks_blueprints.module.aws_eks_self_managed_node_groups.aws_autoscaling_group.self_managed_ng",
            "module.eks_blueprints.module.aws_eks_self_managed_node_groups.aws_iam_instance_profile.self_managed_ng",
            "module.eks_blueprints.module.aws_eks_self_managed_node_groups.aws_iam_policy.eks_windows_cni",
            "module.eks_blueprints.module.aws_eks_self_managed_node_groups.aws_iam_role.self_managed_ng",
            "module.eks_blueprints.module.aws_eks_self_managed_node_groups.aws_iam_role_policy_attachment.eks_windows_cni",
            "module.eks_blueprints.module.aws_eks_self_managed_node_groups.aws_iam_role_policy_attachment.self_managed_ng",
            "module.eks_blueprints.module.aws_eks_self_managed_node_groups.data.aws_ami.predefined",
            "module.eks_blueprints.module.aws_eks_self_managed_node_groups.data.aws_iam_policy_document.eks_windows_cni",
            "module.eks_blueprints.module.aws_eks_self_managed_node_groups.data.aws_iam_policy_document.self_managed_ng_assume_role_policy",
            "module.eks_blueprints.module.aws_eks_self_managed_node_groups.module.launch_template_self_managed_ng.aws_launch_template.this",
            "module.eks_blueprints.module.aws_eks_self_managed_node_groups.module.launch_template_self_managed_ng.data.aws_eks_cluster.eks",
            "module.eks_blueprints.module.aws_eks_teams.aws_iam_policy.platform_team_eks_access",
            "module.eks_blueprints.module.aws_eks_teams.aws_iam_role.platform_team",
            "module.eks_blueprints.module.aws_eks_teams.aws_iam_role.team_access",
            "module.eks_blueprints.module.aws_eks_teams.aws_iam_role.team_sa_irsa",
            "module.eks_blueprints.module.aws_eks_teams.data.aws_caller_identity.current",
            "module.eks_blueprints.module.aws_eks_teams.data.aws_eks_cluster.eks_cluster",
            "module.eks_blueprints.module.aws_eks_teams.data.aws_iam_policy_document.platform_team_eks_access",
            "module.eks_blueprints.module.aws_eks_teams.data.aws_partition.current",
            "module.eks_blueprints.module.aws_eks_teams.data.aws_region.current",
            "module.eks_blueprints.module.aws_eks_teams.kubectl_manifest.team",
            "module.eks_blueprints.module.aws_eks_teams.kubernetes_cluster_role.team",
            "module.eks_blueprints.module.aws_eks_teams.kubernetes_cluster_role_binding.team",
            "module.eks_blueprints.module.aws_eks_teams.kubernetes_namespace.team",
            "module.eks_blueprints.module.aws_eks_teams.kubernetes_resource_quota.this",
            "module.eks_blueprints.module.aws_eks_teams.kubernetes_role.team",
            "module.eks_blueprints.module.aws_eks_teams.kubernetes_role_binding.team",
            "module.eks_blueprints.module.aws_eks_teams.kubernetes_service_account.team",
            "module.eks_blueprints.module.emr_on_eks.aws_iam_role.emr_on_eks_execution",
            "module.eks_blueprints.module.emr_on_eks.aws_iam_role_policy_attachment.custom",
            "module.eks_blueprints.module.emr_on_eks.data.aws_iam_policy_document.emr_assume_role",
            "module.eks_blueprints.module.emr_on_eks.data.aws_region.current",
            "module.eks_blueprints.module.emr_on_eks.kubernetes_namespace.spark",
            "module.eks_blueprints.module.emr_on_eks.kubernetes_role.emr_containers",
            "module.eks_blueprints.module.emr_on_eks.kubernetes_role_binding.emr_containers",
            "module.eks_blueprints.module.emr_on_eks.null_resource.update_trust_policy",
            "module.eks_blueprints.module.kms.aws_kms_alias.this",
            "module.eks_blueprints.module.kms.aws_kms_key.this",
            "module.eks_blueprints_kubernetes_addons.data.aws_caller_identity.current",
            "module.eks_blueprints_kubernetes_addons.data.aws_eks_cluster.eks_cluster",
            "module.eks_blueprints_kubernetes_addons.data.aws_partition.current",
            "module.eks_blueprints_kubernetes_addons.data.aws_region.current",
            "module.eks_blueprints_kubernetes_addons.module.aws_vpc_cni.aws_iam_policy.cni_ipv6_policy",
            "module.eks_blueprints_kubernetes_addons.module.aws_vpc_cni.module.irsa_addon.aws_iam_role.irsa",
            "module.vpc.aws_subnet.private",
            "module.vpc.aws_vpc.this"
          ]
        }
      ]
    },
    {
      "module": "module.eks_blueprints_kubernetes_addons.module.metrics_server[0].module.helm_addon",
      "mode": "managed",
      "type": "helm_release",
      "name": "addon",
      "provider": "provider[\"registry.terraform.io/hashicorp/helm\"]",
      "instances": [
        {
          "index_key": 0,
          "schema_version": 0,
          "attributes": {
            "atomic": false,
            "chart": "metrics-server",
            "cleanup_on_fail": false,
            "create_namespace": false,
            "dependency_update": false,
            "description": "Metric server helm Chart deployment configuration",
            "devel": null,
            "disable_crd_hooks": false,
            "disable_openapi_validation": false,
            "disable_webhooks": false,
            "force_update": false,
            "id": "metrics-server",
            "keyring": "",
            "lint": false,
            "manifest": null,
            "max_history": 0,
            "metadata": [
              {
                "app_version": "0.6.1",
                "chart": "metrics-server",
                "name": "metrics-server",
                "namespace": "kube-system",
                "revision": 1,
                "values": "null",
                "version": "3.8.2"
              }
            ],
            "name": "metrics-server",
            "namespace": "kube-system",
            "pass_credentials": false,
            "postrender": [
              {
                "args": [],
                "binary_path": ""
              }
            ],
            "recreate_pods": false,
            "render_subchart_notes": true,
            "replace": false,
            "repository": "https://kubernetes-sigs.github.io/metrics-server/",
            "repository_ca_file": null,
            "repository_cert_file": "",
            "repository_key_file": "",
            "repository_password": "",
            "repository_username": "",
            "reset_values": false,
            "reuse_values": false,
            "set": [],
            "set_sensitive": [],
            "skip_crds": false,
            "status": "deployed",
            "timeout": 1200,
            "values": [],
            "verify": false,
            "version": "3.8.2",
            "wait": true,
            "wait_for_jobs": false
          },
          "sensitive_attributes": [],
          "private": "bnVsbA==",
          "dependencies": [
            "data.aws_availability_zones.available",
            "data.aws_caller_identity.current",
            "module.eks_blueprints.data.aws_caller_identity.current",
            "module.eks_blueprints.data.aws_eks_cluster.cluster",
            "module.eks_blueprints.data.aws_iam_policy_document.eks_key",
            "module.eks_blueprints.data.aws_iam_session_context.current",
            "module.eks_blueprints.data.aws_partition.current",
            "module.eks_blueprints.data.aws_region.current",
            "module.eks_blueprints.data.http.eks_cluster_readiness",
            "module.eks_blueprints.kubernetes_config_map.amazon_vpc_cni",
            "module.eks_blueprints.kubernetes_config_map.aws_auth",
            "module.eks_blueprints.module.aws_eks.aws_cloudwatch_log_group.this",
            "module.eks_blueprints.module.aws_eks.aws_ec2_tag.cluster_primary_security_group",
            "module.eks_blueprints.module.aws_eks.aws_eks_addon.this",
            "module.eks_blueprints.module.aws_eks.aws_eks_cluster.this",
            "module.eks_blueprints.module.aws_eks.aws_eks_identity_provider_config.this",
            "module.eks_blueprints.module.aws_eks.aws_iam_openid_connect_provider.oidc_provider",
            "module.eks_blueprints.module.aws_eks.aws_iam_policy.cluster_encryption",
            "module.eks_blueprints.module.aws_eks.aws_iam_policy.cni_ipv6_policy",
            "module.eks_blueprints.module.aws_eks.aws_iam_role.this",
            "module.eks_blueprints.module.aws_eks.aws_iam_role_policy_attachment.cluster_encryption",
            "module.eks_blueprints.module.aws_eks.aws_iam_role_policy_attachment.this",
            "module.eks_blueprints.module.aws_eks.aws_security_group.cluster",
            "module.eks_blueprints.module.aws_eks.aws_security_group.node",
            "module.eks_blueprints.module.aws_eks.aws_security_group_rule.cluster",
            "module.eks_blueprints.module.aws_eks.aws_security_group_rule.node",
            "module.eks_blueprints.module.aws_eks.data.aws_caller_identity.current",
            "module.eks_blueprints.module.aws_eks.data.aws_iam_policy_document.assume_role_policy",
            "module.eks_blueprints.module.aws_eks.data.aws_iam_policy_document.cni_ipv6_policy",
            "module.eks_blueprints.module.aws_eks.data.aws_partition.current",
            "module.eks_blueprints.module.aws_eks.data.tls_certificate.this",
            "module.eks_blueprints.module.aws_eks.kubernetes_config_map.aws_auth",
            "module.eks_blueprints.module.aws_eks.kubernetes_config_map_v1_data.aws_auth",
            "module.eks_blueprints.module.aws_eks.module.eks_managed_node_group.aws_eks_node_group.this",
            "module.eks_blueprints.module.aws_eks.module.eks_managed_node_group.aws_iam_role.this",
            "module.eks_blueprints.module.aws_eks.module.eks_managed_node_group.aws_iam_role_policy_attachment.this",
            "module.eks_blueprints.module.aws_eks.module.eks_managed_node_group.aws_launch_template.this",
            "module.eks_blueprints.module.aws_eks.module.eks_managed_node_group.aws_security_group.this",
            "module.eks_blueprints.module.aws_eks.module.eks_managed_node_group.aws_security_group_rule.this",
            "module.eks_blueprints.module.aws_eks.module.eks_managed_node_group.data.aws_caller_identity.current",
            "module.eks_blueprints.module.aws_eks.module.eks_managed_node_group.data.aws_iam_policy_document.assume_role_policy",
            "module.eks_blueprints.module.aws_eks.module.eks_managed_node_group.data.aws_partition.current",
            "module.eks_blueprints.module.aws_eks.module.eks_managed_node_group.module.user_data.data.cloudinit_config.linux_eks_managed_node_group",
            "module.eks_blueprints.module.aws_eks.module.fargate_profile.aws_eks_fargate_profile.this",
            "module.eks_blueprints.module.aws_eks.module.fargate_profile.aws_iam_role.this",
            "module.eks_blueprints.module.aws_eks.module.fargate_profile.aws_iam_role_policy_attachment.this",
            "module.eks_blueprints.module.aws_eks.module.fargate_profile.data.aws_caller_identity.current",
            "module.eks_blueprints.module.aws_eks.module.fargate_profile.data.aws_iam_policy_document.assume_role_policy",
            "module.eks_blueprints.module.aws_eks.module.fargate_profile.data.aws_partition.current",
            "module.eks_blueprints.module.aws_eks.module.kms.aws_kms_alias.this",
            "module.eks_blueprints.module.aws_eks.module.kms.aws_kms_external_key.this",
            "module.eks_blueprints.module.aws_eks.module.kms.aws_kms_grant.this",
            "module.eks_blueprints.module.aws_eks.module.kms.aws_kms_key.this",
            "module.eks_blueprints.module.aws_eks.module.kms.data.aws_caller_identity.current",
            "module.eks_blueprints.module.aws_eks.module.kms.data.aws_iam_policy_document.this",
            "module.eks_blueprints.module.aws_eks.module.kms.data.aws_partition.current",
            "module.eks_blueprints.module.aws_eks.module.self_managed_node_group.aws_autoscaling_group.this",
            "module.eks_blueprints.module.aws_eks.module.self_managed_node_group.aws_autoscaling_schedule.this",
            "module.eks_blueprints.module.aws_eks.module.self_managed_node_group.aws_iam_instance_profile.this",
            "module.eks_blueprints.module.aws_eks.module.self_managed_node_group.aws_iam_role.this",
            "module.eks_blueprints.module.aws_eks.module.self_managed_node_group.aws_iam_role_policy_attachment.this",
            "module.eks_blueprints.module.aws_eks.module.self_managed_node_group.aws_launch_template.this",
            "module.eks_blueprints.module.aws_eks.module.self_managed_node_group.aws_security_group.this",
            "module.eks_blueprints.module.aws_eks.module.self_managed_node_group.aws_security_group_rule.this",
            "module.eks_blueprints.module.aws_eks.module.self_managed_node_group.data.aws_ami.eks_default",
            "module.eks_blueprints.module.aws_eks.module.self_managed_node_group.data.aws_caller_identity.current",
            "module.eks_blueprints.module.aws_eks.module.self_managed_node_group.data.aws_default_tags.current",
            "module.eks_blueprints.module.aws_eks.module.self_managed_node_group.data.aws_iam_policy_document.assume_role_policy",
            "module.eks_blueprints.module.aws_eks.module.self_managed_node_group.data.aws_partition.current",
            "module.eks_blueprints.module.aws_eks.module.self_managed_node_group.module.user_data.data.cloudinit_config.linux_eks_managed_node_group",
            "module.eks_blueprints.module.aws_eks_fargate_profiles.aws_eks_fargate_profile.eks_fargate",
            "module.eks_blueprints.module.aws_eks_fargate_profiles.aws_iam_policy.cwlogs",
            "module.eks_blueprints.module.aws_eks_fargate_profiles.aws_iam_role.fargate",
            "module.eks_blueprints.module.aws_eks_fargate_profiles.aws_iam_role_policy_attachment.cwlogs",
            "module.eks_blueprints.module.aws_eks_fargate_profiles.aws_iam_role_policy_attachment.fargate_pod_execution_role_policy",
            "module.eks_blueprints.module.aws_eks_fargate_profiles.data.aws_iam_policy_document.cwlogs",
            "module.eks_blueprints.module.aws_eks_fargate_profiles.data.aws_iam_policy_document.fargate_assume_role_policy",
            "module.eks_blueprints.module.aws_eks_managed_node_groups.aws_eks_node_group.managed_ng",
            "module.eks_blueprints.module.aws_eks_managed_node_groups.aws_iam_instance_profile.managed_ng",
            "module.eks_blueprints.module.aws_eks_managed_node_groups.aws_iam_role.managed_ng",
            "module.eks_blueprints.module.aws_eks_managed_node_groups.aws_iam_role_policy_attachment.managed_ng",
            "module.eks_blueprints.module.aws_eks_managed_node_groups.aws_launch_template.managed_node_groups",
            "module.eks_blueprints.module.aws_eks_managed_node_groups.data.aws_iam_policy_document.managed_ng_assume_role_policy",
            "module.eks_blueprints.module.aws_eks_self_managed_node_groups.aws_autoscaling_group.self_managed_ng",
            "module.eks_blueprints.module.aws_eks_self_managed_node_groups.aws_iam_instance_profile.self_managed_ng",
            "module.eks_blueprints.module.aws_eks_self_managed_node_groups.aws_iam_policy.eks_windows_cni",
            "module.eks_blueprints.module.aws_eks_self_managed_node_groups.aws_iam_role.self_managed_ng",
            "module.eks_blueprints.module.aws_eks_self_managed_node_groups.aws_iam_role_policy_attachment.eks_windows_cni",
            "module.eks_blueprints.module.aws_eks_self_managed_node_groups.aws_iam_role_policy_attachment.self_managed_ng",
            "module.eks_blueprints.module.aws_eks_self_managed_node_groups.data.aws_ami.predefined",
            "module.eks_blueprints.module.aws_eks_self_managed_node_groups.data.aws_iam_policy_document.eks_windows_cni",
            "module.eks_blueprints.module.aws_eks_self_managed_node_groups.data.aws_iam_policy_document.self_managed_ng_assume_role_policy",
            "module.eks_blueprints.module.aws_eks_self_managed_node_groups.module.launch_template_self_managed_ng.aws_launch_template.this",
            "module.eks_blueprints.module.aws_eks_self_managed_node_groups.module.launch_template_self_managed_ng.data.aws_eks_cluster.eks",
            "module.eks_blueprints.module.aws_eks_teams.aws_iam_policy.platform_team_eks_access",
            "module.eks_blueprints.module.aws_eks_teams.aws_iam_role.platform_team",
            "module.eks_blueprints.module.aws_eks_teams.aws_iam_role.team_access",
            "module.eks_blueprints.module.aws_eks_teams.aws_iam_role.team_sa_irsa",
            "module.eks_blueprints.module.aws_eks_teams.data.aws_caller_identity.current",
            "module.eks_blueprints.module.aws_eks_teams.data.aws_eks_cluster.eks_cluster",
            "module.eks_blueprints.module.aws_eks_teams.data.aws_iam_policy_document.platform_team_eks_access",
            "module.eks_blueprints.module.aws_eks_teams.data.aws_partition.current",
            "module.eks_blueprints.module.aws_eks_teams.data.aws_region.current",
            "module.eks_blueprints.module.aws_eks_teams.kubectl_manifest.team",
            "module.eks_blueprints.module.aws_eks_teams.kubernetes_cluster_role.team",
            "module.eks_blueprints.module.aws_eks_teams.kubernetes_cluster_role_binding.team",
            "module.eks_blueprints.module.aws_eks_teams.kubernetes_namespace.team",
            "module.eks_blueprints.module.aws_eks_teams.kubernetes_resource_quota.this",
            "module.eks_blueprints.module.aws_eks_teams.kubernetes_role.team",
            "module.eks_blueprints.module.aws_eks_teams.kubernetes_role_binding.team",
            "module.eks_blueprints.module.aws_eks_teams.kubernetes_service_account.team",
            "module.eks_blueprints.module.emr_on_eks.aws_iam_role.emr_on_eks_execution",
            "module.eks_blueprints.module.emr_on_eks.aws_iam_role_policy_attachment.custom",
            "module.eks_blueprints.module.emr_on_eks.data.aws_iam_policy_document.emr_assume_role",
            "module.eks_blueprints.module.emr_on_eks.data.aws_region.current",
            "module.eks_blueprints.module.emr_on_eks.kubernetes_namespace.spark",
            "module.eks_blueprints.module.emr_on_eks.kubernetes_role.emr_containers",
            "module.eks_blueprints.module.emr_on_eks.kubernetes_role_binding.emr_containers",
            "module.eks_blueprints.module.emr_on_eks.null_resource.update_trust_policy",
            "module.eks_blueprints.module.kms.aws_kms_alias.this",
            "module.eks_blueprints.module.kms.aws_kms_key.this",
            "module.eks_blueprints_kubernetes_addons.data.aws_caller_identity.current",
            "module.eks_blueprints_kubernetes_addons.data.aws_eks_cluster.eks_cluster",
            "module.eks_blueprints_kubernetes_addons.data.aws_partition.current",
            "module.eks_blueprints_kubernetes_addons.data.aws_region.current",
            "module.eks_blueprints_kubernetes_addons.module.metrics_server.kubernetes_namespace_v1.this",
            "module.eks_blueprints_kubernetes_addons.module.metrics_server.module.helm_addon.module.irsa.aws_iam_role.irsa",
            "module.eks_blueprints_kubernetes_addons.module.metrics_server.module.helm_addon.module.irsa.aws_iam_role_policy_attachment.irsa",
            "module.eks_blueprints_kubernetes_addons.module.metrics_server.module.helm_addon.module.irsa.kubernetes_namespace_v1.irsa",
            "module.eks_blueprints_kubernetes_addons.module.metrics_server.module.helm_addon.module.irsa.kubernetes_service_account_v1.irsa",
            "module.vpc.aws_subnet.private",
            "module.vpc.aws_vpc.this",
            "module.vpc.aws_vpc_ipv4_cidr_block_association.this"
          ]
        }
      ]
    },
    {
      "module": "module.vpc",
      "mode": "managed",
      "type": "aws_default_network_acl",
      "name": "this",
      "provider": "provider[\"registry.terraform.io/hashicorp/aws\"]",
      "instances": [
        {
          "index_key": 0,
          "schema_version": 0,
          "attributes": {
            "arn": "arn:aws:ec2:us-east-2:349361870252:network-acl/acl-0a9e5b0f6f46b5814",
            "default_network_acl_id": "acl-0a9e5b0f6f46b5814",
            "egress": [
              {
                "action": "allow",
                "cidr_block": "",
                "from_port": 0,
                "icmp_code": 0,
                "icmp_type": 0,
                "ipv6_cidr_block": "::/0",
                "protocol": "-1",
                "rule_no": 101,
                "to_port": 0
              },
              {
                "action": "allow",
                "cidr_block": "0.0.0.0/0",
                "from_port": 0,
                "icmp_code": 0,
                "icmp_type": 0,
                "ipv6_cidr_block": "",
                "protocol": "-1",
                "rule_no": 100,
                "to_port": 0
              }
            ],
            "id": "acl-0a9e5b0f6f46b5814",
            "ingress": [
              {
                "action": "allow",
                "cidr_block": "",
                "from_port": 0,
                "icmp_code": 0,
                "icmp_type": 0,
                "ipv6_cidr_block": "::/0",
                "protocol": "-1",
                "rule_no": 101,
                "to_port": 0
              },
              {
                "action": "allow",
                "cidr_block": "0.0.0.0/0",
                "from_port": 0,
                "icmp_code": 0,
                "icmp_type": 0,
                "ipv6_cidr_block": "",
                "protocol": "-1",
                "rule_no": 100,
                "to_port": 0
              }
            ],
            "owner_id": "349361870252",
            "subnet_ids": [
              "subnet-0852a0d46ad4593c0",
              "subnet-093355cefe6d3155d",
              "subnet-0b8cc043219c31f09",
              "subnet-0c161e653289931db",
              "subnet-0e009b06cb0030110",
              "subnet-0f7e4e1bbb2e798bb"
            ],
            "tags": {
              "Blueprint": "aws012-preprod-test-eks",
              "GithubRepo": "terraform-aws-eks-blueprints",
              "Name": "aws012-preprod-test-eks-default"
            },
            "tags_all": {
              "Blueprint": "aws012-preprod-test-eks",
              "GithubRepo": "terraform-aws-eks-blueprints",
              "Name": "aws012-preprod-test-eks-default"
            },
            "vpc_id": "vpc-0f22778bfc01d53b9"
          },
          "sensitive_attributes": [],
          "private": "bnVsbA==",
          "dependencies": [
            "module.vpc.aws_vpc.this"
          ]
        }
      ]
    },
    {
      "module": "module.vpc",
      "mode": "managed",
      "type": "aws_default_route_table",
      "name": "default",
      "provider": "provider[\"registry.terraform.io/hashicorp/aws\"]",
      "instances": [
        {
          "index_key": 0,
          "schema_version": 0,
          "attributes": {
            "arn": "arn:aws:ec2:us-east-2:349361870252:route-table/rtb-023fc7c04a74af0b3",
            "default_route_table_id": "rtb-023fc7c04a74af0b3",
            "id": "rtb-023fc7c04a74af0b3",
            "owner_id": "349361870252",
            "propagating_vgws": [],
            "route": [],
            "tags": {
              "Blueprint": "aws012-preprod-test-eks",
              "GithubRepo": "terraform-aws-eks-blueprints",
              "Name": "aws012-preprod-test-eks-default"
            },
            "tags_all": {
              "Blueprint": "aws012-preprod-test-eks",
              "GithubRepo": "terraform-aws-eks-blueprints",
              "Name": "aws012-preprod-test-eks-default"
            },
            "timeouts": {
              "create": "5m",
              "update": "5m"
            },
            "vpc_id": "vpc-0f22778bfc01d53b9"
          },
          "sensitive_attributes": [],
          "private": "eyJlMmJmYjczMC1lY2FhLTExZTYtOGY4OC0zNDM2M2JjN2M0YzAiOnsiY3JlYXRlIjozMDAwMDAwMDAwMDAsInVwZGF0ZSI6MzAwMDAwMDAwMDAwfX0=",
          "dependencies": [
            "module.vpc.aws_vpc.this"
          ]
        }
      ]
    },
    {
      "module": "module.vpc",
      "mode": "managed",
      "type": "aws_default_security_group",
      "name": "this",
      "provider": "provider[\"registry.terraform.io/hashicorp/aws\"]",
      "instances": [
        {
          "index_key": 0,
          "schema_version": 1,
          "attributes": {
            "arn": "arn:aws:ec2:us-east-2:349361870252:security-group/sg-06c3af5e39e10440d",
            "description": "default VPC security group",
            "egress": [],
            "id": "sg-06c3af5e39e10440d",
            "ingress": [],
            "name": "default",
            "owner_id": "349361870252",
            "revoke_rules_on_delete": false,
            "tags": {
              "Blueprint": "aws012-preprod-test-eks",
              "GithubRepo": "terraform-aws-eks-blueprints",
              "Name": "aws012-preprod-test-eks-default"
            },
            "tags_all": {
              "Blueprint": "aws012-preprod-test-eks",
              "GithubRepo": "terraform-aws-eks-blueprints",
              "Name": "aws012-preprod-test-eks-default"
            },
            "vpc_id": "vpc-0f22778bfc01d53b9"
          },
          "sensitive_attributes": [],
          "private": "eyJzY2hlbWFfdmVyc2lvbiI6IjEifQ==",
          "dependencies": [
            "module.vpc.aws_vpc.this"
          ]
        }
      ]
    },
    {
      "module": "module.vpc",
      "mode": "managed",
      "type": "aws_eip",
      "name": "nat",
      "provider": "provider[\"registry.terraform.io/hashicorp/aws\"]",
      "instances": [
        {
          "index_key": 0,
          "schema_version": 0,
          "attributes": {
            "address": null,
            "allocation_id": "eipalloc-0f2812c3e8007bf40",
            "associate_with_private_ip": null,
            "association_id": "eipassoc-071abd968a6210809",
            "carrier_ip": "",
            "customer_owned_ip": "",
            "customer_owned_ipv4_pool": "",
            "domain": "vpc",
            "id": "eipalloc-0f2812c3e8007bf40",
            "instance": "",
            "network_border_group": "us-east-2",
            "network_interface": "eni-08d4acfd41537229e",
            "private_dns": "ip-10-0-0-112.us-east-2.compute.internal",
            "private_ip": "10.0.0.112",
            "public_dns": "ec2-3-14-45-103.us-east-2.compute.amazonaws.com",
            "public_ip": "3.14.45.103",
            "public_ipv4_pool": "amazon",
            "tags": {
              "Blueprint": "aws012-preprod-test-eks",
              "GithubRepo": "terraform-aws-eks-blueprints",
              "Name": "aws012-preprod-test-eks-us-east-2a"
            },
            "tags_all": {
              "Blueprint": "aws012-preprod-test-eks",
              "GithubRepo": "terraform-aws-eks-blueprints",
              "Name": "aws012-preprod-test-eks-us-east-2a"
            },
            "timeouts": null,
            "vpc": true
          },
          "sensitive_attributes": [],
          "private": "eyJlMmJmYjczMC1lY2FhLTExZTYtOGY4OC0zNDM2M2JjN2M0YzAiOnsiZGVsZXRlIjoxODAwMDAwMDAwMDAsInJlYWQiOjkwMDAwMDAwMDAwMCwidXBkYXRlIjozMDAwMDAwMDAwMDB9fQ==",
          "dependencies": [
            "data.aws_availability_zones.available"
          ]
        }
      ]
    },
    {
      "module": "module.vpc",
      "mode": "managed",
      "type": "aws_internet_gateway",
      "name": "this",
      "provider": "provider[\"registry.terraform.io/hashicorp/aws\"]",
      "instances": [
        {
          "index_key": 0,
          "schema_version": 0,
          "attributes": {
            "arn": "arn:aws:ec2:us-east-2:349361870252:internet-gateway/igw-0eb42cfe5f6a2623a",
            "id": "igw-0eb42cfe5f6a2623a",
            "owner_id": "349361870252",
            "tags": {
              "Blueprint": "aws012-preprod-test-eks",
              "GithubRepo": "terraform-aws-eks-blueprints",
              "Name": "aws012-preprod-test-eks"
            },
            "tags_all": {
              "Blueprint": "aws012-preprod-test-eks",
              "GithubRepo": "terraform-aws-eks-blueprints",
              "Name": "aws012-preprod-test-eks"
            },
            "vpc_id": "vpc-0f22778bfc01d53b9"
          },
          "sensitive_attributes": [],
          "private": "bnVsbA==",
          "dependencies": [
            "data.aws_availability_zones.available",
            "module.vpc.aws_vpc.this",
            "module.vpc.aws_vpc_ipv4_cidr_block_association.this"
          ]
        }
      ]
    },
    {
      "module": "module.vpc",
      "mode": "managed",
      "type": "aws_nat_gateway",
      "name": "this",
      "provider": "provider[\"registry.terraform.io/hashicorp/aws\"]",
      "instances": [
        {
          "index_key": 0,
          "schema_version": 0,
          "attributes": {
            "allocation_id": "eipalloc-0f2812c3e8007bf40",
            "connectivity_type": "public",
            "id": "nat-0df7c49f8513d6a8b",
            "network_interface_id": "eni-08d4acfd41537229e",
            "private_ip": "10.0.0.112",
            "public_ip": "3.14.45.103",
            "subnet_id": "subnet-0c161e653289931db",
            "tags": {
              "Blueprint": "aws012-preprod-test-eks",
              "GithubRepo": "terraform-aws-eks-blueprints",
              "Name": "aws012-preprod-test-eks-us-east-2a"
            },
            "tags_all": {
              "Blueprint": "aws012-preprod-test-eks",
              "GithubRepo": "terraform-aws-eks-blueprints",
              "Name": "aws012-preprod-test-eks-us-east-2a"
            }
          },
          "sensitive_attributes": [],
          "private": "bnVsbA==",
          "dependencies": [
            "data.aws_availability_zones.available",
            "module.vpc.aws_eip.nat",
            "module.vpc.aws_internet_gateway.this",
            "module.vpc.aws_subnet.public",
            "module.vpc.aws_vpc.this",
            "module.vpc.aws_vpc_ipv4_cidr_block_association.this"
          ]
        }
      ]
    },
    {
      "module": "module.vpc",
      "mode": "managed",
      "type": "aws_route",
      "name": "private_nat_gateway",
      "provider": "provider[\"registry.terraform.io/hashicorp/aws\"]",
      "instances": [
        {
          "index_key": 0,
          "schema_version": 0,
          "attributes": {
            "carrier_gateway_id": "",
            "core_network_arn": "",
            "destination_cidr_block": "0.0.0.0/0",
            "destination_ipv6_cidr_block": "",
            "destination_prefix_list_id": "",
            "egress_only_gateway_id": "",
            "gateway_id": "",
            "id": "r-rtb-0559a4378d88a65ee1080289494",
            "instance_id": "",
            "instance_owner_id": "",
            "local_gateway_id": "",
            "nat_gateway_id": "nat-0df7c49f8513d6a8b",
            "network_interface_id": "",
            "origin": "CreateRoute",
            "route_table_id": "rtb-0559a4378d88a65ee",
            "state": "active",
            "timeouts": {
              "create": "5m",
              "delete": null,
              "update": null
            },
            "transit_gateway_id": "",
            "vpc_endpoint_id": "",
            "vpc_peering_connection_id": ""
          },
          "sensitive_attributes": [],
          "private": "eyJlMmJmYjczMC1lY2FhLTExZTYtOGY4OC0zNDM2M2JjN2M0YzAiOnsiY3JlYXRlIjozMDAwMDAwMDAwMDAsImRlbGV0ZSI6MzAwMDAwMDAwMDAwLCJ1cGRhdGUiOjEyMDAwMDAwMDAwMH19",
          "dependencies": [
            "data.aws_availability_zones.available",
            "module.vpc.aws_eip.nat",
            "module.vpc.aws_internet_gateway.this",
            "module.vpc.aws_nat_gateway.this",
            "module.vpc.aws_route_table.private",
            "module.vpc.aws_subnet.public",
            "module.vpc.aws_vpc.this",
            "module.vpc.aws_vpc_ipv4_cidr_block_association.this"
          ]
        }
      ]
    },
    {
      "module": "module.vpc",
      "mode": "managed",
      "type": "aws_route",
      "name": "public_internet_gateway",
      "provider": "provider[\"registry.terraform.io/hashicorp/aws\"]",
      "instances": [
        {
          "index_key": 0,
          "schema_version": 0,
          "attributes": {
            "carrier_gateway_id": "",
            "core_network_arn": "",
            "destination_cidr_block": "0.0.0.0/0",
            "destination_ipv6_cidr_block": "",
            "destination_prefix_list_id": "",
            "egress_only_gateway_id": "",
            "gateway_id": "igw-0eb42cfe5f6a2623a",
            "id": "r-rtb-02b34cd6a0c4b8d791080289494",
            "instance_id": "",
            "instance_owner_id": "",
            "local_gateway_id": "",
            "nat_gateway_id": "",
            "network_interface_id": "",
            "origin": "CreateRoute",
            "route_table_id": "rtb-02b34cd6a0c4b8d79",
            "state": "active",
            "timeouts": {
              "create": "5m",
              "delete": null,
              "update": null
            },
            "transit_gateway_id": "",
            "vpc_endpoint_id": "",
            "vpc_peering_connection_id": ""
          },
          "sensitive_attributes": [],
          "private": "eyJlMmJmYjczMC1lY2FhLTExZTYtOGY4OC0zNDM2M2JjN2M0YzAiOnsiY3JlYXRlIjozMDAwMDAwMDAwMDAsImRlbGV0ZSI6MzAwMDAwMDAwMDAwLCJ1cGRhdGUiOjEyMDAwMDAwMDAwMH19",
          "dependencies": [
            "data.aws_availability_zones.available",
            "module.vpc.aws_internet_gateway.this",
            "module.vpc.aws_route_table.public",
            "module.vpc.aws_vpc.this",
            "module.vpc.aws_vpc_ipv4_cidr_block_association.this"
          ]
        }
      ]
    },
    {
      "module": "module.vpc",
      "mode": "managed",
      "type": "aws_route_table",
      "name": "private",
      "provider": "provider[\"registry.terraform.io/hashicorp/aws\"]",
      "instances": [
        {
          "index_key": 0,
          "schema_version": 0,
          "attributes": {
            "arn": "arn:aws:ec2:us-east-2:349361870252:route-table/rtb-0559a4378d88a65ee",
            "id": "rtb-0559a4378d88a65ee",
            "owner_id": "349361870252",
            "propagating_vgws": [],
            "route": [
              {
                "carrier_gateway_id": "",
                "cidr_block": "0.0.0.0/0",
                "core_network_arn": "",
                "destination_prefix_list_id": "",
                "egress_only_gateway_id": "",
                "gateway_id": "",
                "instance_id": "",
                "ipv6_cidr_block": "",
                "local_gateway_id": "",
                "nat_gateway_id": "nat-0df7c49f8513d6a8b",
                "network_interface_id": "",
                "transit_gateway_id": "",
                "vpc_endpoint_id": "",
                "vpc_peering_connection_id": ""
              }
            ],
            "tags": {
              "Blueprint": "aws012-preprod-test-eks",
              "GithubRepo": "terraform-aws-eks-blueprints",
              "Name": "aws012-preprod-test-eks-private"
            },
            "tags_all": {
              "Blueprint": "aws012-preprod-test-eks",
              "GithubRepo": "terraform-aws-eks-blueprints",
              "Name": "aws012-preprod-test-eks-private"
            },
            "timeouts": null,
            "vpc_id": "vpc-0f22778bfc01d53b9"
          },
          "sensitive_attributes": [],
          "private": "eyJlMmJmYjczMC1lY2FhLTExZTYtOGY4OC0zNDM2M2JjN2M0YzAiOnsiY3JlYXRlIjozMDAwMDAwMDAwMDAsImRlbGV0ZSI6MzAwMDAwMDAwMDAwLCJ1cGRhdGUiOjEyMDAwMDAwMDAwMH19",
          "dependencies": [
            "data.aws_availability_zones.available",
            "module.vpc.aws_vpc.this",
            "module.vpc.aws_vpc_ipv4_cidr_block_association.this"
          ]
        }
      ]
    },
    {
      "module": "module.vpc",
      "mode": "managed",
      "type": "aws_route_table",
      "name": "public",
      "provider": "provider[\"registry.terraform.io/hashicorp/aws\"]",
      "instances": [
        {
          "index_key": 0,
          "schema_version": 0,
          "attributes": {
            "arn": "arn:aws:ec2:us-east-2:349361870252:route-table/rtb-02b34cd6a0c4b8d79",
            "id": "rtb-02b34cd6a0c4b8d79",
            "owner_id": "349361870252",
            "propagating_vgws": [],
            "route": [
              {
                "carrier_gateway_id": "",
                "cidr_block": "0.0.0.0/0",
                "core_network_arn": "",
                "destination_prefix_list_id": "",
                "egress_only_gateway_id": "",
                "gateway_id": "igw-0eb42cfe5f6a2623a",
                "instance_id": "",
                "ipv6_cidr_block": "",
                "local_gateway_id": "",
                "nat_gateway_id": "",
                "network_interface_id": "",
                "transit_gateway_id": "",
                "vpc_endpoint_id": "",
                "vpc_peering_connection_id": ""
              }
            ],
            "tags": {
              "Blueprint": "aws012-preprod-test-eks",
              "GithubRepo": "terraform-aws-eks-blueprints",
              "Name": "aws012-preprod-test-eks-public"
            },
            "tags_all": {
              "Blueprint": "aws012-preprod-test-eks",
              "GithubRepo": "terraform-aws-eks-blueprints",
              "Name": "aws012-preprod-test-eks-public"
            },
            "timeouts": null,
            "vpc_id": "vpc-0f22778bfc01d53b9"
          },
          "sensitive_attributes": [],
          "private": "eyJlMmJmYjczMC1lY2FhLTExZTYtOGY4OC0zNDM2M2JjN2M0YzAiOnsiY3JlYXRlIjozMDAwMDAwMDAwMDAsImRlbGV0ZSI6MzAwMDAwMDAwMDAwLCJ1cGRhdGUiOjEyMDAwMDAwMDAwMH19",
          "dependencies": [
            "data.aws_availability_zones.available",
            "module.vpc.aws_vpc.this",
            "module.vpc.aws_vpc_ipv4_cidr_block_association.this"
          ]
        }
      ]
    },
    {
      "module": "module.vpc",
      "mode": "managed",
      "type": "aws_route_table_association",
      "name": "private",
      "provider": "provider[\"registry.terraform.io/hashicorp/aws\"]",
      "instances": [
        {
          "index_key": 0,
          "schema_version": 0,
          "attributes": {
            "gateway_id": "",
            "id": "rtbassoc-09cbf9e68f539515d",
            "route_table_id": "rtb-0559a4378d88a65ee",
            "subnet_id": "subnet-0b8cc043219c31f09"
          },
          "sensitive_attributes": [],
          "private": "bnVsbA==",
          "dependencies": [
            "data.aws_availability_zones.available",
            "module.vpc.aws_route_table.private",
            "module.vpc.aws_subnet.private",
            "module.vpc.aws_vpc.this",
            "module.vpc.aws_vpc_ipv4_cidr_block_association.this"
          ]
        },
        {
          "index_key": 1,
          "schema_version": 0,
          "attributes": {
            "gateway_id": "",
            "id": "rtbassoc-0247fcbff0672cd96",
            "route_table_id": "rtb-0559a4378d88a65ee",
            "subnet_id": "subnet-0f7e4e1bbb2e798bb"
          },
          "sensitive_attributes": [],
          "private": "bnVsbA==",
          "dependencies": [
            "data.aws_availability_zones.available",
            "module.vpc.aws_route_table.private",
            "module.vpc.aws_subnet.private",
            "module.vpc.aws_vpc.this",
            "module.vpc.aws_vpc_ipv4_cidr_block_association.this"
          ]
        },
        {
          "index_key": 2,
          "schema_version": 0,
          "attributes": {
            "gateway_id": "",
            "id": "rtbassoc-0500c17e18e2184b9",
            "route_table_id": "rtb-0559a4378d88a65ee",
            "subnet_id": "subnet-093355cefe6d3155d"
          },
          "sensitive_attributes": [],
          "private": "bnVsbA==",
          "dependencies": [
            "data.aws_availability_zones.available",
            "module.vpc.aws_route_table.private",
            "module.vpc.aws_subnet.private",
            "module.vpc.aws_vpc.this",
            "module.vpc.aws_vpc_ipv4_cidr_block_association.this"
          ]
        }
      ]
    },
    {
      "module": "module.vpc",
      "mode": "managed",
      "type": "aws_route_table_association",
      "name": "public",
      "provider": "provider[\"registry.terraform.io/hashicorp/aws\"]",
      "instances": [
        {
          "index_key": 0,
          "schema_version": 0,
          "attributes": {
            "gateway_id": "",
            "id": "rtbassoc-07095041c5e4e0f80",
            "route_table_id": "rtb-02b34cd6a0c4b8d79",
            "subnet_id": "subnet-0c161e653289931db"
          },
          "sensitive_attributes": [],
          "private": "bnVsbA==",
          "dependencies": [
            "data.aws_availability_zones.available",
            "module.vpc.aws_route_table.public",
            "module.vpc.aws_subnet.public",
            "module.vpc.aws_vpc.this",
            "module.vpc.aws_vpc_ipv4_cidr_block_association.this"
          ]
        },
        {
          "index_key": 1,
          "schema_version": 0,
          "attributes": {
            "gateway_id": "",
            "id": "rtbassoc-08a4b4af8a81c2d51",
            "route_table_id": "rtb-02b34cd6a0c4b8d79",
            "subnet_id": "subnet-0852a0d46ad4593c0"
          },
          "sensitive_attributes": [],
          "private": "bnVsbA==",
          "dependencies": [
            "data.aws_availability_zones.available",
            "module.vpc.aws_route_table.public",
            "module.vpc.aws_subnet.public",
            "module.vpc.aws_vpc.this",
            "module.vpc.aws_vpc_ipv4_cidr_block_association.this"
          ]
        },
        {
          "index_key": 2,
          "schema_version": 0,
          "attributes": {
            "gateway_id": "",
            "id": "rtbassoc-0cea9173b9b0c68b8",
            "route_table_id": "rtb-02b34cd6a0c4b8d79",
            "subnet_id": "subnet-0e009b06cb0030110"
          },
          "sensitive_attributes": [],
          "private": "bnVsbA==",
          "dependencies": [
            "data.aws_availability_zones.available",
            "module.vpc.aws_route_table.public",
            "module.vpc.aws_subnet.public",
            "module.vpc.aws_vpc.this",
            "module.vpc.aws_vpc_ipv4_cidr_block_association.this"
          ]
        }
      ]
    },
    {
      "module": "module.vpc",
      "mode": "managed",
      "type": "aws_subnet",
      "name": "private",
      "provider": "provider[\"registry.terraform.io/hashicorp/aws\"]",
      "instances": [
        {
          "index_key": 0,
          "schema_version": 1,
          "attributes": {
            "arn": "arn:aws:ec2:us-east-2:349361870252:subnet/subnet-0b8cc043219c31f09",
            "assign_ipv6_address_on_creation": false,
            "availability_zone": "us-east-2a",
            "availability_zone_id": "use2-az1",
            "cidr_block": "10.0.10.0/24",
            "customer_owned_ipv4_pool": "",
            "enable_dns64": false,
            "enable_resource_name_dns_a_record_on_launch": false,
            "enable_resource_name_dns_aaaa_record_on_launch": false,
            "id": "subnet-0b8cc043219c31f09",
            "ipv6_cidr_block": "",
            "ipv6_cidr_block_association_id": "",
            "ipv6_native": false,
            "map_customer_owned_ip_on_launch": false,
            "map_public_ip_on_launch": false,
            "outpost_arn": "",
            "owner_id": "349361870252",
            "private_dns_hostname_type_on_launch": "ip-name",
            "tags": {
              "Blueprint": "aws012-preprod-test-eks",
              "GithubRepo": "terraform-aws-eks-blueprints",
              "Name": "aws012-preprod-test-eks-private-us-east-2a",
              "kubernetes.io/cluster/aws012-preprod-test-eks": "shared",
              "kubernetes.io/role/internal-elb": "1"
            },
            "tags_all": {
              "Blueprint": "aws012-preprod-test-eks",
              "GithubRepo": "terraform-aws-eks-blueprints",
              "Name": "aws012-preprod-test-eks-private-us-east-2a",
              "kubernetes.io/cluster/aws012-preprod-test-eks": "shared",
              "kubernetes.io/role/internal-elb": "1"
            },
            "timeouts": null,
            "vpc_id": "vpc-0f22778bfc01d53b9"
          },
          "sensitive_attributes": [],
          "private": "eyJlMmJmYjczMC1lY2FhLTExZTYtOGY4OC0zNDM2M2JjN2M0YzAiOnsiY3JlYXRlIjo2MDAwMDAwMDAwMDAsImRlbGV0ZSI6MTIwMDAwMDAwMDAwMH0sInNjaGVtYV92ZXJzaW9uIjoiMSJ9",
          "dependencies": [
            "data.aws_availability_zones.available",
            "module.vpc.aws_vpc.this",
            "module.vpc.aws_vpc_ipv4_cidr_block_association.this"
          ],
          "create_before_destroy": true
        },
        {
          "index_key": 1,
          "schema_version": 1,
          "attributes": {
            "arn": "arn:aws:ec2:us-east-2:349361870252:subnet/subnet-0f7e4e1bbb2e798bb",
            "assign_ipv6_address_on_creation": false,
            "availability_zone": "us-east-2b",
            "availability_zone_id": "use2-az2",
            "cidr_block": "10.0.11.0/24",
            "customer_owned_ipv4_pool": "",
            "enable_dns64": false,
            "enable_resource_name_dns_a_record_on_launch": false,
            "enable_resource_name_dns_aaaa_record_on_launch": false,
            "id": "subnet-0f7e4e1bbb2e798bb",
            "ipv6_cidr_block": "",
            "ipv6_cidr_block_association_id": "",
            "ipv6_native": false,
            "map_customer_owned_ip_on_launch": false,
            "map_public_ip_on_launch": false,
            "outpost_arn": "",
            "owner_id": "349361870252",
            "private_dns_hostname_type_on_launch": "ip-name",
            "tags": {
              "Blueprint": "aws012-preprod-test-eks",
              "GithubRepo": "terraform-aws-eks-blueprints",
              "Name": "aws012-preprod-test-eks-private-us-east-2b",
              "kubernetes.io/cluster/aws012-preprod-test-eks": "shared",
              "kubernetes.io/role/internal-elb": "1"
            },
            "tags_all": {
              "Blueprint": "aws012-preprod-test-eks",
              "GithubRepo": "terraform-aws-eks-blueprints",
              "Name": "aws012-preprod-test-eks-private-us-east-2b",
              "kubernetes.io/cluster/aws012-preprod-test-eks": "shared",
              "kubernetes.io/role/internal-elb": "1"
            },
            "timeouts": null,
            "vpc_id": "vpc-0f22778bfc01d53b9"
          },
          "sensitive_attributes": [],
          "private": "eyJlMmJmYjczMC1lY2FhLTExZTYtOGY4OC0zNDM2M2JjN2M0YzAiOnsiY3JlYXRlIjo2MDAwMDAwMDAwMDAsImRlbGV0ZSI6MTIwMDAwMDAwMDAwMH0sInNjaGVtYV92ZXJzaW9uIjoiMSJ9",
          "dependencies": [
            "data.aws_availability_zones.available",
            "module.vpc.aws_vpc.this",
            "module.vpc.aws_vpc_ipv4_cidr_block_association.this"
          ],
          "create_before_destroy": true
        },
        {
          "index_key": 2,
          "schema_version": 1,
          "attributes": {
            "arn": "arn:aws:ec2:us-east-2:349361870252:subnet/subnet-093355cefe6d3155d",
            "assign_ipv6_address_on_creation": false,
            "availability_zone": "us-east-2c",
            "availability_zone_id": "use2-az3",
            "cidr_block": "10.0.12.0/24",
            "customer_owned_ipv4_pool": "",
            "enable_dns64": false,
            "enable_resource_name_dns_a_record_on_launch": false,
            "enable_resource_name_dns_aaaa_record_on_launch": false,
            "id": "subnet-093355cefe6d3155d",
            "ipv6_cidr_block": "",
            "ipv6_cidr_block_association_id": "",
            "ipv6_native": false,
            "map_customer_owned_ip_on_launch": false,
            "map_public_ip_on_launch": false,
            "outpost_arn": "",
            "owner_id": "349361870252",
            "private_dns_hostname_type_on_launch": "ip-name",
            "tags": {
              "Blueprint": "aws012-preprod-test-eks",
              "GithubRepo": "terraform-aws-eks-blueprints",
              "Name": "aws012-preprod-test-eks-private-us-east-2c",
              "kubernetes.io/cluster/aws012-preprod-test-eks": "shared",
              "kubernetes.io/role/internal-elb": "1"
            },
            "tags_all": {
              "Blueprint": "aws012-preprod-test-eks",
              "GithubRepo": "terraform-aws-eks-blueprints",
              "Name": "aws012-preprod-test-eks-private-us-east-2c",
              "kubernetes.io/cluster/aws012-preprod-test-eks": "shared",
              "kubernetes.io/role/internal-elb": "1"
            },
            "timeouts": null,
            "vpc_id": "vpc-0f22778bfc01d53b9"
          },
          "sensitive_attributes": [],
          "private": "eyJlMmJmYjczMC1lY2FhLTExZTYtOGY4OC0zNDM2M2JjN2M0YzAiOnsiY3JlYXRlIjo2MDAwMDAwMDAwMDAsImRlbGV0ZSI6MTIwMDAwMDAwMDAwMH0sInNjaGVtYV92ZXJzaW9uIjoiMSJ9",
          "dependencies": [
            "data.aws_availability_zones.available",
            "module.vpc.aws_vpc.this",
            "module.vpc.aws_vpc_ipv4_cidr_block_association.this"
          ],
          "create_before_destroy": true
        }
      ]
    },
    {
      "module": "module.vpc",
      "mode": "managed",
      "type": "aws_subnet",
      "name": "public",
      "provider": "provider[\"registry.terraform.io/hashicorp/aws\"]",
      "instances": [
        {
          "index_key": 0,
          "schema_version": 1,
          "attributes": {
            "arn": "arn:aws:ec2:us-east-2:349361870252:subnet/subnet-0c161e653289931db",
            "assign_ipv6_address_on_creation": false,
            "availability_zone": "us-east-2a",
            "availability_zone_id": "use2-az1",
            "cidr_block": "10.0.0.0/24",
            "customer_owned_ipv4_pool": "",
            "enable_dns64": false,
            "enable_resource_name_dns_a_record_on_launch": false,
            "enable_resource_name_dns_aaaa_record_on_launch": false,
            "id": "subnet-0c161e653289931db",
            "ipv6_cidr_block": "",
            "ipv6_cidr_block_association_id": "",
            "ipv6_native": false,
            "map_customer_owned_ip_on_launch": false,
            "map_public_ip_on_launch": true,
            "outpost_arn": "",
            "owner_id": "349361870252",
            "private_dns_hostname_type_on_launch": "ip-name",
            "tags": {
              "Blueprint": "aws012-preprod-test-eks",
              "GithubRepo": "terraform-aws-eks-blueprints",
              "Name": "aws012-preprod-test-eks-public-us-east-2a",
              "kubernetes.io/cluster/aws012-preprod-test-eks": "shared",
              "kubernetes.io/role/elb": "1"
            },
            "tags_all": {
              "Blueprint": "aws012-preprod-test-eks",
              "GithubRepo": "terraform-aws-eks-blueprints",
              "Name": "aws012-preprod-test-eks-public-us-east-2a",
              "kubernetes.io/cluster/aws012-preprod-test-eks": "shared",
              "kubernetes.io/role/elb": "1"
            },
            "timeouts": null,
            "vpc_id": "vpc-0f22778bfc01d53b9"
          },
          "sensitive_attributes": [],
          "private": "eyJlMmJmYjczMC1lY2FhLTExZTYtOGY4OC0zNDM2M2JjN2M0YzAiOnsiY3JlYXRlIjo2MDAwMDAwMDAwMDAsImRlbGV0ZSI6MTIwMDAwMDAwMDAwMH0sInNjaGVtYV92ZXJzaW9uIjoiMSJ9",
          "dependencies": [
            "data.aws_availability_zones.available",
            "module.vpc.aws_vpc.this",
            "module.vpc.aws_vpc_ipv4_cidr_block_association.this"
          ]
        },
        {
          "index_key": 1,
          "schema_version": 1,
          "attributes": {
            "arn": "arn:aws:ec2:us-east-2:349361870252:subnet/subnet-0852a0d46ad4593c0",
            "assign_ipv6_address_on_creation": false,
            "availability_zone": "us-east-2b",
            "availability_zone_id": "use2-az2",
            "cidr_block": "10.0.1.0/24",
            "customer_owned_ipv4_pool": "",
            "enable_dns64": false,
            "enable_resource_name_dns_a_record_on_launch": false,
            "enable_resource_name_dns_aaaa_record_on_launch": false,
            "id": "subnet-0852a0d46ad4593c0",
            "ipv6_cidr_block": "",
            "ipv6_cidr_block_association_id": "",
            "ipv6_native": false,
            "map_customer_owned_ip_on_launch": false,
            "map_public_ip_on_launch": true,
            "outpost_arn": "",
            "owner_id": "349361870252",
            "private_dns_hostname_type_on_launch": "ip-name",
            "tags": {
              "Blueprint": "aws012-preprod-test-eks",
              "GithubRepo": "terraform-aws-eks-blueprints",
              "Name": "aws012-preprod-test-eks-public-us-east-2b",
              "kubernetes.io/cluster/aws012-preprod-test-eks": "shared",
              "kubernetes.io/role/elb": "1"
            },
            "tags_all": {
              "Blueprint": "aws012-preprod-test-eks",
              "GithubRepo": "terraform-aws-eks-blueprints",
              "Name": "aws012-preprod-test-eks-public-us-east-2b",
              "kubernetes.io/cluster/aws012-preprod-test-eks": "shared",
              "kubernetes.io/role/elb": "1"
            },
            "timeouts": null,
            "vpc_id": "vpc-0f22778bfc01d53b9"
          },
          "sensitive_attributes": [],
          "private": "eyJlMmJmYjczMC1lY2FhLTExZTYtOGY4OC0zNDM2M2JjN2M0YzAiOnsiY3JlYXRlIjo2MDAwMDAwMDAwMDAsImRlbGV0ZSI6MTIwMDAwMDAwMDAwMH0sInNjaGVtYV92ZXJzaW9uIjoiMSJ9",
          "dependencies": [
            "data.aws_availability_zones.available",
            "module.vpc.aws_vpc.this",
            "module.vpc.aws_vpc_ipv4_cidr_block_association.this"
          ]
        },
        {
          "index_key": 2,
          "schema_version": 1,
          "attributes": {
            "arn": "arn:aws:ec2:us-east-2:349361870252:subnet/subnet-0e009b06cb0030110",
            "assign_ipv6_address_on_creation": false,
            "availability_zone": "us-east-2c",
            "availability_zone_id": "use2-az3",
            "cidr_block": "10.0.2.0/24",
            "customer_owned_ipv4_pool": "",
            "enable_dns64": false,
            "enable_resource_name_dns_a_record_on_launch": false,
            "enable_resource_name_dns_aaaa_record_on_launch": false,
            "id": "subnet-0e009b06cb0030110",
            "ipv6_cidr_block": "",
            "ipv6_cidr_block_association_id": "",
            "ipv6_native": false,
            "map_customer_owned_ip_on_launch": false,
            "map_public_ip_on_launch": true,
            "outpost_arn": "",
            "owner_id": "349361870252",
            "private_dns_hostname_type_on_launch": "ip-name",
            "tags": {
              "Blueprint": "aws012-preprod-test-eks",
              "GithubRepo": "terraform-aws-eks-blueprints",
              "Name": "aws012-preprod-test-eks-public-us-east-2c",
              "kubernetes.io/cluster/aws012-preprod-test-eks": "shared",
              "kubernetes.io/role/elb": "1"
            },
            "tags_all": {
              "Blueprint": "aws012-preprod-test-eks",
              "GithubRepo": "terraform-aws-eks-blueprints",
              "Name": "aws012-preprod-test-eks-public-us-east-2c",
              "kubernetes.io/cluster/aws012-preprod-test-eks": "shared",
              "kubernetes.io/role/elb": "1"
            },
            "timeouts": null,
            "vpc_id": "vpc-0f22778bfc01d53b9"
          },
          "sensitive_attributes": [],
          "private": "eyJlMmJmYjczMC1lY2FhLTExZTYtOGY4OC0zNDM2M2JjN2M0YzAiOnsiY3JlYXRlIjo2MDAwMDAwMDAwMDAsImRlbGV0ZSI6MTIwMDAwMDAwMDAwMH0sInNjaGVtYV92ZXJzaW9uIjoiMSJ9",
          "dependencies": [
            "data.aws_availability_zones.available",
            "module.vpc.aws_vpc.this",
            "module.vpc.aws_vpc_ipv4_cidr_block_association.this"
          ]
        }
      ]
    },
    {
      "module": "module.vpc",
      "mode": "managed",
      "type": "aws_vpc",
      "name": "this",
      "provider": "provider[\"registry.terraform.io/hashicorp/aws\"]",
      "instances": [
        {
          "index_key": 0,
          "schema_version": 1,
          "attributes": {
            "arn": "arn:aws:ec2:us-east-2:349361870252:vpc/vpc-0f22778bfc01d53b9",
            "assign_generated_ipv6_cidr_block": false,
            "cidr_block": "10.0.0.0/16",
            "default_network_acl_id": "acl-0a9e5b0f6f46b5814",
            "default_route_table_id": "rtb-023fc7c04a74af0b3",
            "default_security_group_id": "sg-06c3af5e39e10440d",
            "dhcp_options_id": "dopt-03dfaf94a2bf661c1",
            "enable_classiclink": false,
            "enable_classiclink_dns_support": false,
            "enable_dns_hostnames": true,
            "enable_dns_support": true,
            "id": "vpc-0f22778bfc01d53b9",
            "instance_tenancy": "default",
            "ipv4_ipam_pool_id": null,
            "ipv4_netmask_length": null,
            "ipv6_association_id": "",
            "ipv6_cidr_block": "",
            "ipv6_cidr_block_network_border_group": "",
            "ipv6_ipam_pool_id": "",
            "ipv6_netmask_length": 0,
            "main_route_table_id": "rtb-023fc7c04a74af0b3",
            "owner_id": "349361870252",
            "tags": {
              "Blueprint": "aws012-preprod-test-eks",
              "GithubRepo": "terraform-aws-eks-blueprints",
              "Name": "aws012-preprod-test-eks"
            },
            "tags_all": {
              "Blueprint": "aws012-preprod-test-eks",
              "GithubRepo": "terraform-aws-eks-blueprints",
              "Name": "aws012-preprod-test-eks"
            }
          },
          "sensitive_attributes": [],
          "private": "eyJzY2hlbWFfdmVyc2lvbiI6IjEifQ==",
          "create_before_destroy": true
        }
      ]
    }
  ]
}
