{
  "version": 4,
  "terraform_version": "1.1.9",
  "serial": 70,
  "lineage": "fd43bcc7-fe73-0a07-2e01-28e84224f1d9",
  "outputs": {
    "AMP_endpoint": {
      "value": "https://aps-workspaces.us-west-2.amazonaws.com/workspaces/ws-8355f4d1-0e9e-4e97-82b1-c58b7525ae1e/",
      "type": "string"
    },
    "cluster_id": {
      "value": "aws014-preprod-test-eks",
      "type": "string"
    },
    "configure_kubectl": {
      "value": "aws eks --region us-west-2 update-kubeconfig --name aws014-preprod-test-eks",
      "type": "string"
    }
  },
  "resources": [
    {
      "mode": "data",
      "type": "aws_availability_zones",
      "name": "available",
      "provider": "provider[\"registry.terraform.io/hashicorp/aws\"]",
      "instances": [
        {
          "schema_version": 0,
          "attributes": {
            "all_availability_zones": null,
            "exclude_names": null,
            "exclude_zone_ids": null,
            "filter": null,
            "group_names": [
              "us-west-2"
            ],
            "id": "us-west-2",
            "names": [
              "us-west-2a",
              "us-west-2b",
              "us-west-2c",
              "us-west-2d"
            ],
            "state": null,
            "timeouts": null,
            "zone_ids": [
              "usw2-az1",
              "usw2-az2",
              "usw2-az3",
              "usw2-az4"
            ]
          },
          "sensitive_attributes": []
        }
      ]
    },
    {
      "mode": "data",
      "type": "aws_eks_cluster",
      "name": "cluster",
      "provider": "provider[\"registry.terraform.io/hashicorp/aws\"]",
      "instances": [
        {
          "schema_version": 0,
          "attributes": {
            "arn": "arn:aws:eks:us-west-2:349361870252:cluster/aws014-preprod-test-eks",
            "certificate_authority": [
              {
                "data": "LS0tLS1CRUdJTiBDRVJUSUZJQ0FURS0tLS0tCk1JSUMvakNDQWVhZ0F3SUJBZ0lCQURBTkJna3Foa2lHOXcwQkFRc0ZBREFWTVJNd0VRWURWUVFERXdwcmRXSmwKY201bGRHVnpNQjRYRFRJeU1Ea3hPVEl3TkRZME4xb1hEVE15TURreE5qSXdORFkwTjFvd0ZURVRNQkVHQTFVRQpBeE1LYTNWaVpYSnVaWFJsY3pDQ0FTSXdEUVlKS29aSWh2Y05BUUVCQlFBRGdnRVBBRENDQVFvQ2dnRUJBTFdaCmVaR29TOG9VYmI0TDBkU3ZvdmNoTGJaOTFiNjBtSXRTdWtTUXNPd1VWVXVqS1VqcEJPUVgvTjY4eHdCZUR2aTYKWEx3aHJNSm5NdG4rbzdZL1I5VDFXV3A3WThLczQwMUwzR2pjSmliRDRDMGI2YWthTnQvOG03eHNIaS81RzdYdAo1eS9wUHRzS2hvaGxzL1VlUnh0ZTBXK0syYkdrR2lNWG1pVFVoL0haNTNxWHVobEpnY3ZSTTY2eXdITUhiZmFPCnZobmt2L1ZRaXlyd29WSTRNeVZvVDRNZ3E3UzZ5c3BBVG1GbEZxT042UEdyNXgxVWRuUU9BaVlSaUJKZTBZcnoKQTJIZmUwUUhDMFlMTXF4RkN0blZCWXhQZXZwMzN5KzRrQTdHNkYwNlZPbURyMUdtcTIvcWpwd1ptRlltVmNibQo5elR0SUVpb25wZmw4UjloRjVrQ0F3RUFBYU5aTUZjd0RnWURWUjBQQVFIL0JBUURBZ0trTUE4R0ExVWRFd0VCCi93UUZNQU1CQWY4d0hRWURWUjBPQkJZRUZHem1FTlo0WWJjQnVueHpoeHRXSDRaUTJ2aERNQlVHQTFVZEVRUU8KTUF5Q0NtdDFZbVZ5Ym1WMFpYTXdEUVlKS29aSWh2Y05BUUVMQlFBRGdnRUJBQ3ZaL1N1YzhYcFBmc2h6WTBJcAoxMVpyWGd3MDYrSVF6MEJ0blRqU3VlaHJlNG5pSE1Rd1pFYXBVYnM1aFdCSWlEMmFxR21URjhyYmpjU0Y1a0lBClV6Y3M1MWVMZ3ZCaUF2NHlnbWtZYUZ2TTRnVEt6bm9wdzMwVzVhZDNnYWZUMTVLNzJJRThaWnkrTW5TM1JtbzQKazMxanhOQ0R3VEFnajR3S3NYRzNxdFM1VkpISExWcDdGVkczeVdKOURwUDdHZG9qWVVVMytlMnhOL01xOWg4dQpXQVBObW9YSjV2UGc4M2tqS2dPdGw1dDBJcnRFaWNSVkNMYm9hZkFvL2V2ZjFvNHBVQkZUcXRON1dOd2tNNVJaCld1NnVlVlNZNXJSQ3FWYWNDZkNKM3pyVzFzWHhUYkFnVm8wK2kyNTdkeGc4VnovbmJ5T3dXdHI2QTIwSG4wL0cKSEd3PQotLS0tLUVORCBDRVJUSUZJQ0FURS0tLS0tCg=="
              }
            ],
            "created_at": "2022-09-19 20:40:40.808 +0000 UTC",
            "enabled_cluster_log_types": [
              "api",
              "audit",
              "authenticator",
              "controllerManager",
              "scheduler"
            ],
            "endpoint": "https://3D00D0DA0741FBC5FE15EF50B2DAD8ED.gr7.us-west-2.eks.amazonaws.com",
            "id": "aws014-preprod-test-eks",
            "identity": [
              {
                "oidc": [
                  {
                    "issuer": "https://oidc.eks.us-west-2.amazonaws.com/id/3D00D0DA0741FBC5FE15EF50B2DAD8ED"
                  }
                ]
              }
            ],
            "kubernetes_network_config": [
              {
                "ip_family": "ipv4",
                "service_ipv4_cidr": "172.20.0.0/16"
              }
            ],
            "name": "aws014-preprod-test-eks",
            "platform_version": "eks.1",
            "role_arn": "arn:aws:iam::349361870252:role/aws014-preprod-test-eks-cluster-role",
            "status": "ACTIVE",
            "tags": {},
            "version": "1.23",
            "vpc_config": [
              {
                "cluster_security_group_id": "sg-0cd78b6325148fea0",
                "endpoint_private_access": true,
                "endpoint_public_access": true,
                "public_access_cidrs": [
                  "0.0.0.0/0"
                ],
                "security_group_ids": [
                  "sg-0c3c9dc14e3609374"
                ],
                "subnet_ids": [
                  "subnet-036b648012dec0d67",
                  "subnet-04ce734627c705b75",
                  "subnet-0f5797fc0140a39e9"
                ],
                "vpc_id": "vpc-0eceb8665a337eca0"
              }
            ]
          },
          "sensitive_attributes": []
        }
      ]
    },
    {
      "mode": "data",
      "type": "aws_eks_cluster_auth",
      "name": "cluster",
      "provider": "provider[\"registry.terraform.io/hashicorp/aws\"]",
      "instances": [
        {
          "schema_version": 0,
          "attributes": {
            "id": "aws014-preprod-test-eks",
            "name": "aws014-preprod-test-eks",
            "token": "k8s-aws-v1.aHR0cHM6Ly9zdHMuYW1hem9uYXdzLmNvbS8_QWN0aW9uPUdldENhbGxlcklkZW50aXR5JlZlcnNpb249MjAxMS0wNi0xNSZYLUFtei1BbGdvcml0aG09QVdTNC1ITUFDLVNIQTI1NiZYLUFtei1DcmVkZW50aWFsPUFLSUFWQ1Y0WENXV0tSNkZVNEYyJTJGMjAyMjA5MTklMkZ1cy1lYXN0LTElMkZzdHMlMkZhd3M0X3JlcXVlc3QmWC1BbXotRGF0ZT0yMDIyMDkxOVQyMDUyNTFaJlgtQW16LUV4cGlyZXM9MCZYLUFtei1TaWduZWRIZWFkZXJzPWhvc3QlM0J4LWs4cy1hd3MtaWQmWC1BbXotU2lnbmF0dXJlPWU4NzQ5MDhhMzczMmFjYzFlYjhmYTk2OTNhYmY1OTQ4N2I1ZGMxNmViOTVjMDM1ODVlOWIyYTk2OWIxZTVkODU"
          },
          "sensitive_attributes": []
        }
      ]
    },
    {
      "mode": "managed",
      "type": "aws_prometheus_workspace",
      "name": "amp",
      "provider": "provider[\"registry.terraform.io/hashicorp/aws\"]",
      "instances": [
        {
          "schema_version": 0,
          "attributes": {
            "alias": "amp-ws-aws014-preprod-test-eks",
            "arn": "arn:aws:aps:us-west-2:349361870252:workspace/ws-8355f4d1-0e9e-4e97-82b1-c58b7525ae1e",
            "id": "ws-8355f4d1-0e9e-4e97-82b1-c58b7525ae1e",
            "prometheus_endpoint": "https://aps-workspaces.us-west-2.amazonaws.com/workspaces/ws-8355f4d1-0e9e-4e97-82b1-c58b7525ae1e/",
            "tags": {
              "Blueprint": "aws014-preprod-test-eks",
              "GithubRepo": "github.com/aws-ia/terraform-aws-eks-blueprints"
            },
            "tags_all": {
              "Blueprint": "aws014-preprod-test-eks",
              "GithubRepo": "github.com/aws-ia/terraform-aws-eks-blueprints"
            }
          },
          "sensitive_attributes": [],
          "private": "bnVsbA=="
        }
      ]
    },
    {
      "module": "module.eks-blueprints",
      "mode": "data",
      "type": "aws_caller_identity",
      "name": "current",
      "provider": "provider[\"registry.terraform.io/hashicorp/aws\"]",
      "instances": [
        {
          "schema_version": 0,
          "attributes": {
            "account_id": "349361870252",
            "arn": "arn:aws:iam::349361870252:user/victorlocal",
            "id": "349361870252",
            "user_id": "AIDAVCV4XCWWOEQEFHZVI"
          },
          "sensitive_attributes": []
        }
      ]
    },
    {
      "module": "module.eks-blueprints",
      "mode": "data",
      "type": "aws_eks_cluster",
      "name": "cluster",
      "provider": "provider[\"registry.terraform.io/hashicorp/aws\"]",
      "instances": [
        {
          "index_key": 0,
          "schema_version": 0,
          "attributes": {
            "arn": "arn:aws:eks:us-west-2:349361870252:cluster/aws014-preprod-test-eks",
            "certificate_authority": [
              {
                "data": "LS0tLS1CRUdJTiBDRVJUSUZJQ0FURS0tLS0tCk1JSUMvakNDQWVhZ0F3SUJBZ0lCQURBTkJna3Foa2lHOXcwQkFRc0ZBREFWTVJNd0VRWURWUVFERXdwcmRXSmwKY201bGRHVnpNQjRYRFRJeU1Ea3hPVEl3TkRZME4xb1hEVE15TURreE5qSXdORFkwTjFvd0ZURVRNQkVHQTFVRQpBeE1LYTNWaVpYSnVaWFJsY3pDQ0FTSXdEUVlKS29aSWh2Y05BUUVCQlFBRGdnRVBBRENDQVFvQ2dnRUJBTFdaCmVaR29TOG9VYmI0TDBkU3ZvdmNoTGJaOTFiNjBtSXRTdWtTUXNPd1VWVXVqS1VqcEJPUVgvTjY4eHdCZUR2aTYKWEx3aHJNSm5NdG4rbzdZL1I5VDFXV3A3WThLczQwMUwzR2pjSmliRDRDMGI2YWthTnQvOG03eHNIaS81RzdYdAo1eS9wUHRzS2hvaGxzL1VlUnh0ZTBXK0syYkdrR2lNWG1pVFVoL0haNTNxWHVobEpnY3ZSTTY2eXdITUhiZmFPCnZobmt2L1ZRaXlyd29WSTRNeVZvVDRNZ3E3UzZ5c3BBVG1GbEZxT042UEdyNXgxVWRuUU9BaVlSaUJKZTBZcnoKQTJIZmUwUUhDMFlMTXF4RkN0blZCWXhQZXZwMzN5KzRrQTdHNkYwNlZPbURyMUdtcTIvcWpwd1ptRlltVmNibQo5elR0SUVpb25wZmw4UjloRjVrQ0F3RUFBYU5aTUZjd0RnWURWUjBQQVFIL0JBUURBZ0trTUE4R0ExVWRFd0VCCi93UUZNQU1CQWY4d0hRWURWUjBPQkJZRUZHem1FTlo0WWJjQnVueHpoeHRXSDRaUTJ2aERNQlVHQTFVZEVRUU8KTUF5Q0NtdDFZbVZ5Ym1WMFpYTXdEUVlKS29aSWh2Y05BUUVMQlFBRGdnRUJBQ3ZaL1N1YzhYcFBmc2h6WTBJcAoxMVpyWGd3MDYrSVF6MEJ0blRqU3VlaHJlNG5pSE1Rd1pFYXBVYnM1aFdCSWlEMmFxR21URjhyYmpjU0Y1a0lBClV6Y3M1MWVMZ3ZCaUF2NHlnbWtZYUZ2TTRnVEt6bm9wdzMwVzVhZDNnYWZUMTVLNzJJRThaWnkrTW5TM1JtbzQKazMxanhOQ0R3VEFnajR3S3NYRzNxdFM1VkpISExWcDdGVkczeVdKOURwUDdHZG9qWVVVMytlMnhOL01xOWg4dQpXQVBObW9YSjV2UGc4M2tqS2dPdGw1dDBJcnRFaWNSVkNMYm9hZkFvL2V2ZjFvNHBVQkZUcXRON1dOd2tNNVJaCld1NnVlVlNZNXJSQ3FWYWNDZkNKM3pyVzFzWHhUYkFnVm8wK2kyNTdkeGc4VnovbmJ5T3dXdHI2QTIwSG4wL0cKSEd3PQotLS0tLUVORCBDRVJUSUZJQ0FURS0tLS0tCg=="
              }
            ],
            "created_at": "2022-09-19 20:40:40.808 +0000 UTC",
            "enabled_cluster_log_types": [
              "api",
              "audit",
              "authenticator",
              "controllerManager",
              "scheduler"
            ],
            "endpoint": "https://3D00D0DA0741FBC5FE15EF50B2DAD8ED.gr7.us-west-2.eks.amazonaws.com",
            "id": "aws014-preprod-test-eks",
            "identity": [
              {
                "oidc": [
                  {
                    "issuer": "https://oidc.eks.us-west-2.amazonaws.com/id/3D00D0DA0741FBC5FE15EF50B2DAD8ED"
                  }
                ]
              }
            ],
            "kubernetes_network_config": [
              {
                "ip_family": "ipv4",
                "service_ipv4_cidr": "172.20.0.0/16"
              }
            ],
            "name": "aws014-preprod-test-eks",
            "platform_version": "eks.1",
            "role_arn": "arn:aws:iam::349361870252:role/aws014-preprod-test-eks-cluster-role",
            "status": "ACTIVE",
            "tags": {},
            "version": "1.23",
            "vpc_config": [
              {
                "cluster_security_group_id": "sg-0cd78b6325148fea0",
                "endpoint_private_access": true,
                "endpoint_public_access": true,
                "public_access_cidrs": [
                  "0.0.0.0/0"
                ],
                "security_group_ids": [
                  "sg-0c3c9dc14e3609374"
                ],
                "subnet_ids": [
                  "subnet-036b648012dec0d67",
                  "subnet-04ce734627c705b75",
                  "subnet-0f5797fc0140a39e9"
                ],
                "vpc_id": "vpc-0eceb8665a337eca0"
              }
            ]
          },
          "sensitive_attributes": []
        }
      ]
    },
    {
      "module": "module.eks-blueprints",
      "mode": "data",
      "type": "aws_iam_policy_document",
      "name": "eks_key",
      "provider": "provider[\"registry.terraform.io/hashicorp/aws\"]",
      "instances": [
        {
          "schema_version": 0,
          "attributes": {
            "id": "2907247229",
            "json": "{\n  \"Version\": \"2012-10-17\",\n  \"Statement\": [\n    {\n      \"Sid\": \"Allow access for all principals in the account that are authorized\",\n      \"Effect\": \"Allow\",\n      \"Action\": [\n        \"kms:ReEncrypt*\",\n        \"kms:GenerateDataKey*\",\n        \"kms:Encrypt\",\n        \"kms:DescribeKey\",\n        \"kms:Decrypt\",\n        \"kms:CreateGrant\"\n      ],\n      \"Resource\": \"*\",\n      \"Principal\": {\n        \"AWS\": \"arn:aws:iam::349361870252:root\"\n      },\n      \"Condition\": {\n        \"StringEquals\": {\n          \"kms:CallerAccount\": \"349361870252\",\n          \"kms:ViaService\": \"eks.us-west-2.amazonaws.com\"\n        }\n      }\n    },\n    {\n      \"Sid\": \"Allow direct access to key metadata to the account\",\n      \"Effect\": \"Allow\",\n      \"Action\": [\n        \"kms:RevokeGrant\",\n        \"kms:List*\",\n        \"kms:Get*\",\n        \"kms:Describe*\"\n      ],\n      \"Resource\": \"*\",\n      \"Principal\": {\n        \"AWS\": \"arn:aws:iam::349361870252:root\"\n      }\n    },\n    {\n      \"Sid\": \"Allow access for Key Administrators\",\n      \"Effect\": \"Allow\",\n      \"Action\": \"kms:*\",\n      \"Resource\": \"*\",\n      \"Principal\": {\n        \"AWS\": \"arn:aws:iam::349361870252:user/victorlocal\"\n      }\n    },\n    {\n      \"Sid\": \"Allow use of the key\",\n      \"Effect\": \"Allow\",\n      \"Action\": [\n        \"kms:ReEncrypt*\",\n        \"kms:GenerateDataKey*\",\n        \"kms:Encrypt\",\n        \"kms:DescribeKey\",\n        \"kms:Decrypt\"\n      ],\n      \"Resource\": \"*\",\n      \"Principal\": {\n        \"AWS\": \"arn:aws:iam::349361870252:role/aws014-preprod-test-eks-cluster-role\"\n      }\n    },\n    {\n      \"Sid\": \"Allow attachment of persistent resources\",\n      \"Effect\": \"Allow\",\n      \"Action\": [\n        \"kms:RevokeGrant\",\n        \"kms:ListGrants\",\n        \"kms:CreateGrant\"\n      ],\n      \"Resource\": \"*\",\n      \"Principal\": {\n        \"AWS\": \"arn:aws:iam::349361870252:role/aws014-preprod-test-eks-cluster-role\"\n      },\n      \"Condition\": {\n        \"Bool\": {\n          \"kms:GrantIsForAWSResource\": \"true\"\n        }\n      }\n    }\n  ]\n}",
            "override_json": null,
            "override_policy_documents": null,
            "policy_id": null,
            "source_json": null,
            "source_policy_documents": null,
            "statement": [
              {
                "actions": [
                  "kms:CreateGrant",
                  "kms:Decrypt",
                  "kms:DescribeKey",
                  "kms:Encrypt",
                  "kms:GenerateDataKey*",
                  "kms:ReEncrypt*"
                ],
                "condition": [
                  {
                    "test": "StringEquals",
                    "values": [
                      "349361870252"
                    ],
                    "variable": "kms:CallerAccount"
                  },
                  {
                    "test": "StringEquals",
                    "values": [
                      "eks.us-west-2.amazonaws.com"
                    ],
                    "variable": "kms:ViaService"
                  }
                ],
                "effect": "Allow",
                "not_actions": [],
                "not_principals": [],
                "not_resources": [],
                "principals": [
                  {
                    "identifiers": [
                      "arn:aws:iam::349361870252:root"
                    ],
                    "type": "AWS"
                  }
                ],
                "resources": [
                  "*"
                ],
                "sid": "Allow access for all principals in the account that are authorized"
              },
              {
                "actions": [
                  "kms:Describe*",
                  "kms:Get*",
                  "kms:List*",
                  "kms:RevokeGrant"
                ],
                "condition": [],
                "effect": "Allow",
                "not_actions": [],
                "not_principals": [],
                "not_resources": [],
                "principals": [
                  {
                    "identifiers": [
                      "arn:aws:iam::349361870252:root"
                    ],
                    "type": "AWS"
                  }
                ],
                "resources": [
                  "*"
                ],
                "sid": "Allow direct access to key metadata to the account"
              },
              {
                "actions": [
                  "kms:*"
                ],
                "condition": [],
                "effect": "Allow",
                "not_actions": [],
                "not_principals": [],
                "not_resources": [],
                "principals": [
                  {
                    "identifiers": [
                      "arn:aws:iam::349361870252:user/victorlocal"
                    ],
                    "type": "AWS"
                  }
                ],
                "resources": [
                  "*"
                ],
                "sid": "Allow access for Key Administrators"
              },
              {
                "actions": [
                  "kms:Decrypt",
                  "kms:DescribeKey",
                  "kms:Encrypt",
                  "kms:GenerateDataKey*",
                  "kms:ReEncrypt*"
                ],
                "condition": [],
                "effect": "Allow",
                "not_actions": [],
                "not_principals": [],
                "not_resources": [],
                "principals": [
                  {
                    "identifiers": [
                      "arn:aws:iam::349361870252:role/aws014-preprod-test-eks-cluster-role"
                    ],
                    "type": "AWS"
                  }
                ],
                "resources": [
                  "*"
                ],
                "sid": "Allow use of the key"
              },
              {
                "actions": [
                  "kms:CreateGrant",
                  "kms:ListGrants",
                  "kms:RevokeGrant"
                ],
                "condition": [
                  {
                    "test": "Bool",
                    "values": [
                      "true"
                    ],
                    "variable": "kms:GrantIsForAWSResource"
                  }
                ],
                "effect": "Allow",
                "not_actions": [],
                "not_principals": [],
                "not_resources": [],
                "principals": [
                  {
                    "identifiers": [
                      "arn:aws:iam::349361870252:role/aws014-preprod-test-eks-cluster-role"
                    ],
                    "type": "AWS"
                  }
                ],
                "resources": [
                  "*"
                ],
                "sid": "Allow attachment of persistent resources"
              }
            ],
            "version": "2012-10-17"
          },
          "sensitive_attributes": []
        }
      ]
    },
    {
      "module": "module.eks-blueprints",
      "mode": "data",
      "type": "aws_iam_session_context",
      "name": "current",
      "provider": "provider[\"registry.terraform.io/hashicorp/aws\"]",
      "instances": [
        {
          "schema_version": 0,
          "attributes": {
            "arn": "arn:aws:iam::349361870252:user/victorlocal",
            "id": "arn:aws:iam::349361870252:user/victorlocal",
            "issuer_arn": "arn:aws:iam::349361870252:user/victorlocal",
            "issuer_id": "",
            "issuer_name": "",
            "session_name": ""
          },
          "sensitive_attributes": []
        }
      ]
    },
    {
      "module": "module.eks-blueprints",
      "mode": "data",
      "type": "aws_partition",
      "name": "current",
      "provider": "provider[\"registry.terraform.io/hashicorp/aws\"]",
      "instances": [
        {
          "schema_version": 0,
          "attributes": {
            "dns_suffix": "amazonaws.com",
            "id": "aws",
            "partition": "aws",
            "reverse_dns_prefix": "com.amazonaws"
          },
          "sensitive_attributes": []
        }
      ]
    },
    {
      "module": "module.eks-blueprints",
      "mode": "data",
      "type": "aws_region",
      "name": "current",
      "provider": "provider[\"registry.terraform.io/hashicorp/aws\"]",
      "instances": [
        {
          "schema_version": 0,
          "attributes": {
            "description": "US West (Oregon)",
            "endpoint": "ec2.us-west-2.amazonaws.com",
            "id": "us-west-2",
            "name": "us-west-2"
          },
          "sensitive_attributes": []
        }
      ]
    },
    {
      "module": "module.eks-blueprints",
      "mode": "data",
      "type": "http",
      "name": "eks_cluster_readiness",
      "provider": "provider[\"registry.terraform.io/terraform-aws-modules/http\"]",
      "instances": [
        {
          "index_key": 0,
          "schema_version": 0,
          "attributes": {
            "body": "ok",
            "ca_certificate": "-----BEGIN CERTIFICATE-----\nMIIC/jCCAeagAwIBAgIBADANBgkqhkiG9w0BAQsFADAVMRMwEQYDVQQDEwprdWJl\ncm5ldGVzMB4XDTIyMDkxOTIwNDY0N1oXDTMyMDkxNjIwNDY0N1owFTETMBEGA1UE\nAxMKa3ViZXJuZXRlczCCASIwDQYJKoZIhvcNAQEBBQADggEPADCCAQoCggEBALWZ\neZGoS8oUbb4L0dSvovchLbZ91b60mItSukSQsOwUVUujKUjpBOQX/N68xwBeDvi6\nXLwhrMJnMtn+o7Y/R9T1WWp7Y8Ks401L3GjcJibD4C0b6akaNt/8m7xsHi/5G7Xt\n5y/pPtsKhohls/UeRxte0W+K2bGkGiMXmiTUh/HZ53qXuhlJgcvRM66ywHMHbfaO\nvhnkv/VQiyrwoVI4MyVoT4Mgq7S6yspATmFlFqON6PGr5x1UdnQOAiYRiBJe0Yrz\nA2Hfe0QHC0YLMqxFCtnVBYxPevp33y+4kA7G6F06VOmDr1Gmq2/qjpwZmFYmVcbm\n9zTtIEionpfl8R9hF5kCAwEAAaNZMFcwDgYDVR0PAQH/BAQDAgKkMA8GA1UdEwEB\n/wQFMAMBAf8wHQYDVR0OBBYEFGzmENZ4YbcBunxzhxtWH4ZQ2vhDMBUGA1UdEQQO\nMAyCCmt1YmVybmV0ZXMwDQYJKoZIhvcNAQELBQADggEBACvZ/Suc8XpPfshzY0Ip\n11ZrXgw06+IQz0BtnTjSuehre4niHMQwZEapUbs5hWBIiD2aqGmTF8rbjcSF5kIA\nUzcs51eLgvBiAv4ygmkYaFvM4gTKznopw30W5ad3gafT15K72IE8ZZy+MnS3Rmo4\nk31jxNCDwTAgj4wKsXG3qtS5VJHHLVp7FVG3yWJ9DpP7GdojYUU3+e2xN/Mq9h8u\nWAPNmoXJ5vPg83kjKgOtl5t0IrtEicRVCLboafAo/evf1o4pUBFTqtN7WNwkM5RZ\nWu6ueVSY5rRCqVacCfCJ3zrW1sXxTbAgVo0+i257dxg8Vz/nbyOwWtr6A20Hn0/G\nHGw=\n-----END CERTIFICATE-----\n",
            "id": "https://3D00D0DA0741FBC5FE15EF50B2DAD8ED.gr7.us-west-2.eks.amazonaws.com/healthz",
            "insecure": false,
            "request_headers": null,
            "response_headers": {
              "Audit-Id": "15da3bae-fe6e-4537-9575-88974adf338d",
              "Cache-Control": "no-cache, private",
              "Content-Length": "2",
              "Content-Type": "text/plain; charset=utf-8",
              "Date": "Mon, 19 Sep 2022 20:52:52 GMT",
              "X-Content-Type-Options": "nosniff",
              "X-Kubernetes-Pf-Flowschema-Uid": "2a78d82c-2d2a-4ffe-bae8-d950aee32d1d",
              "X-Kubernetes-Pf-Prioritylevel-Uid": "c6a4cb67-17b4-4a6f-b16b-4d7c57f09c88"
            },
            "timeout": 600,
            "url": "https://3D00D0DA0741FBC5FE15EF50B2DAD8ED.gr7.us-west-2.eks.amazonaws.com/healthz"
          },
          "sensitive_attributes": []
        }
      ]
    },
    {
      "module": "module.eks-blueprints",
      "mode": "managed",
      "type": "kubernetes_config_map",
      "name": "aws_auth",
      "provider": "provider[\"registry.terraform.io/hashicorp/kubernetes\"]",
      "instances": [
        {
          "index_key": 0,
          "schema_version": 0,
          "attributes": {
            "binary_data": null,
            "data": {
              "mapAccounts": "[]\n",
              "mapRoles": "- \"groups\":\n  - \"system:bootstrappers\"\n  - \"system:nodes\"\n  \"rolearn\": \"arn:aws:iam::349361870252:role/aws014-preprod-test-eks-managed-ondemand\"\n  \"username\": \"system:node:{{EC2PrivateDNSName}}\"\n- \"groups\":\n  - \"system:bootstrappers\"\n  - \"system:nodes\"\n  - \"system:node-proxier\"\n  \"rolearn\": \"arn:aws:iam::349361870252:role/aws014-preprod-test-eks-fargate-profile\"\n  \"username\": \"system:node:{{SessionName}}\"\n- \"groups\":\n  - \"system:masters\"\n  \"rolearn\": \"arn:aws:iam::349361870252:role/Admin\"\n  \"username\": \"cluster-admin\"\n",
              "mapUsers": "[]\n"
            },
            "id": "kube-system/aws-auth",
            "metadata": [
              {
                "annotations": null,
                "generate_name": "",
                "generation": 0,
                "labels": {
                  "app.kubernetes.io/created-by": "terraform-aws-eks-blueprints",
                  "app.kubernetes.io/managed-by": "terraform-aws-eks-blueprints"
                },
                "name": "aws-auth",
                "namespace": "kube-system",
                "resource_version": "1121",
                "uid": "3dc0f5e6-9272-4919-be6e-d0dc47a6264b"
              }
            ]
          },
          "sensitive_attributes": [],
          "private": "bnVsbA==",
          "dependencies": [
            "data.aws_eks_cluster.cluster",
            "data.aws_eks_cluster_auth.cluster",
            "module.eks-blueprints.data.aws_caller_identity.current",
            "module.eks-blueprints.data.aws_eks_cluster.cluster",
            "module.eks-blueprints.data.aws_iam_policy_document.eks_key",
            "module.eks-blueprints.data.aws_partition.current",
            "module.eks-blueprints.data.aws_region.current",
            "module.eks-blueprints.data.http.eks_cluster_readiness",
            "module.eks-blueprints.module.aws_eks.aws_cloudwatch_log_group.this",
            "module.eks-blueprints.module.aws_eks.aws_eks_cluster.this",
            "module.eks-blueprints.module.aws_eks.aws_iam_role.this",
            "module.eks-blueprints.module.aws_eks.aws_iam_role_policy_attachment.this",
            "module.eks-blueprints.module.aws_eks.aws_security_group.cluster",
            "module.eks-blueprints.module.aws_eks.aws_security_group.node",
            "module.eks-blueprints.module.aws_eks.aws_security_group_rule.cluster",
            "module.eks-blueprints.module.aws_eks.aws_security_group_rule.node",
            "module.eks-blueprints.module.aws_eks.data.aws_iam_policy_document.assume_role_policy",
            "module.eks-blueprints.module.aws_eks.data.aws_partition.current",
            "module.eks-blueprints.module.aws_eks.module.kms.aws_kms_external_key.this",
            "module.eks-blueprints.module.aws_eks.module.kms.aws_kms_key.this",
            "module.eks-blueprints.module.kms.aws_kms_key.this"
          ],
          "create_before_destroy": true
        }
      ]
    },
    {
      "module": "module.eks-blueprints.module.aws_eks",
      "mode": "data",
      "type": "aws_caller_identity",
      "name": "current",
      "provider": "provider[\"registry.terraform.io/hashicorp/aws\"]",
      "instances": [
        {
          "schema_version": 0,
          "attributes": {
            "account_id": "349361870252",
            "arn": "arn:aws:iam::349361870252:user/victorlocal",
            "id": "349361870252",
            "user_id": "AIDAVCV4XCWWOEQEFHZVI"
          },
          "sensitive_attributes": []
        }
      ]
    },
    {
      "module": "module.eks-blueprints.module.aws_eks",
      "mode": "data",
      "type": "aws_iam_policy_document",
      "name": "assume_role_policy",
      "provider": "provider[\"registry.terraform.io/hashicorp/aws\"]",
      "instances": [
        {
          "index_key": 0,
          "schema_version": 0,
          "attributes": {
            "id": "2764486067",
            "json": "{\n  \"Version\": \"2012-10-17\",\n  \"Statement\": [\n    {\n      \"Sid\": \"EKSClusterAssumeRole\",\n      \"Effect\": \"Allow\",\n      \"Action\": \"sts:AssumeRole\",\n      \"Principal\": {\n        \"Service\": \"eks.amazonaws.com\"\n      }\n    }\n  ]\n}",
            "override_json": null,
            "override_policy_documents": null,
            "policy_id": null,
            "source_json": null,
            "source_policy_documents": null,
            "statement": [
              {
                "actions": [
                  "sts:AssumeRole"
                ],
                "condition": [],
                "effect": "Allow",
                "not_actions": [],
                "not_principals": [],
                "not_resources": [],
                "principals": [
                  {
                    "identifiers": [
                      "eks.amazonaws.com"
                    ],
                    "type": "Service"
                  }
                ],
                "resources": [],
                "sid": "EKSClusterAssumeRole"
              }
            ],
            "version": "2012-10-17"
          },
          "sensitive_attributes": []
        }
      ]
    },
    {
      "module": "module.eks-blueprints.module.aws_eks",
      "mode": "data",
      "type": "aws_partition",
      "name": "current",
      "provider": "provider[\"registry.terraform.io/hashicorp/aws\"]",
      "instances": [
        {
          "schema_version": 0,
          "attributes": {
            "dns_suffix": "amazonaws.com",
            "id": "aws",
            "partition": "aws",
            "reverse_dns_prefix": "com.amazonaws"
          },
          "sensitive_attributes": []
        }
      ]
    },
    {
      "module": "module.eks-blueprints.module.aws_eks",
      "mode": "data",
      "type": "tls_certificate",
      "name": "this",
      "provider": "provider[\"registry.terraform.io/hashicorp/tls\"]",
      "instances": [
        {
          "index_key": 0,
          "schema_version": 0,
          "attributes": {
            "certificates": [
              {
                "cert_pem": "-----BEGIN CERTIFICATE-----\nMIIEdTCCA12gAwIBAgIJAKcOSkw0grd/MA0GCSqGSIb3DQEBCwUAMGgxCzAJBgNV\nBAYTAlVTMSUwIwYDVQQKExxTdGFyZmllbGQgVGVjaG5vbG9naWVzLCBJbmMuMTIw\nMAYDVQQLEylTdGFyZmllbGQgQ2xhc3MgMiBDZXJ0aWZpY2F0aW9uIEF1dGhvcml0\neTAeFw0wOTA5MDIwMDAwMDBaFw0zNDA2MjgxNzM5MTZaMIGYMQswCQYDVQQGEwJV\nUzEQMA4GA1UECBMHQXJpem9uYTETMBEGA1UEBxMKU2NvdHRzZGFsZTElMCMGA1UE\nChMcU3RhcmZpZWxkIFRlY2hub2xvZ2llcywgSW5jLjE7MDkGA1UEAxMyU3RhcmZp\nZWxkIFNlcnZpY2VzIFJvb3QgQ2VydGlmaWNhdGUgQXV0aG9yaXR5IC0gRzIwggEi\nMA0GCSqGSIb3DQEBAQUAA4IBDwAwggEKAoIBAQDVDDrEKvlO4vW+GZdfjohTsR8/\ny8+fIBNtKTrID30892t2OGPZNmCom15cAICyL1l/9of5JUOG52kbUpqQ4XHj2C0N\nTm/2yEnZtvMaVq4rtnQU68/7JuMauh2WLmo7WJSJR1b/JaCTcFOD2oR0FMNnngRo\nOt+OQFodSk7PQ5E751bWAHDLUu57fa4657wx+UX2wmDPE1kCK4DMNEffud6QZW0C\nzyyRpqbn3oUYSXxmTqM6bam17jQuug0DuDPfR+uxa40l2ZvOgdFFRjKWcIfeAg5J\nQ4W2bHO7ZOphQazJ1FTfhy/HIrImzJ9ZVGif/L4qL8RVHHVAYBeFAlU5i38FAgMB\nAAGjgfAwge0wDwYDVR0TAQH/BAUwAwEB/zAOBgNVHQ8BAf8EBAMCAYYwHQYDVR0O\nBBYEFJxfAN+qAdcwKziIorhtSpzyEZGDMB8GA1UdIwQYMBaAFL9ft9HO3R+G9FtV\nrNzXEMIOqYjnME8GCCsGAQUFBwEBBEMwQTAcBggrBgEFBQcwAYYQaHR0cDovL28u\nc3MyLnVzLzAhBggrBgEFBQcwAoYVaHR0cDovL3guc3MyLnVzL3guY2VyMCYGA1Ud\nHwQfMB0wG6AZoBeGFWh0dHA6Ly9zLnNzMi51cy9yLmNybDARBgNVHSAECjAIMAYG\nBFUdIAAwDQYJKoZIhvcNAQELBQADggEBACMd44pXyn3pF3lM8R5V/cxTbj5HD9/G\nVfKyBDbtgB9TxF00KGu+x1X8Z+rLP3+QsjPNG1gQggL4+C/1E2DUBc7xgQjB3ad1\nl08YuW3e95ORCLp+QCztweq7dp4zBncdDQh/U90bZKuCJ/Fp1U1ervShw3WnWEQt\n8jxwmKy6abaVd38PMV4s/KCHOkdp8Hlf9BRUpJVeEXgSYCfOn8J3/yNTd126/+pZ\n59vPr5KW7ySaNRB6nJHGDn2Z9j8Z3/VyVOEVqQdZe4O/Ui5GjLIAZHYcSNPYeehu\nVsyuLAOQ1xk4meTKCRlb/weWsKh/NEnfVqn3sF/tM+2MR7cwA130A4w=\n-----END CERTIFICATE-----\n",
                "is_ca": true,
                "issuer": "OU=Starfield Class 2 Certification Authority,O=Starfield Technologies\\, Inc.,C=US",
                "not_after": "2034-06-28T17:39:16Z",
                "not_before": "2009-09-02T00:00:00Z",
                "public_key_algorithm": "RSA",
                "serial_number": "12037640545166866303",
                "sha1_fingerprint": "9e99a48a9960b14926bb7f3b02e22da2b0ab7280",
                "signature_algorithm": "SHA256-RSA",
                "subject": "CN=Starfield Services Root Certificate Authority - G2,O=Starfield Technologies\\, Inc.,L=Scottsdale,ST=Arizona,C=US",
                "version": 3
              },
              {
                "cert_pem": "-----BEGIN CERTIFICATE-----\nMIIEkjCCA3qgAwIBAgITBn+USionzfP6wq4rAfkI7rnExjANBgkqhkiG9w0BAQsF\nADCBmDELMAkGA1UEBhMCVVMxEDAOBgNVBAgTB0FyaXpvbmExEzARBgNVBAcTClNj\nb3R0c2RhbGUxJTAjBgNVBAoTHFN0YXJmaWVsZCBUZWNobm9sb2dpZXMsIEluYy4x\nOzA5BgNVBAMTMlN0YXJmaWVsZCBTZXJ2aWNlcyBSb290IENlcnRpZmljYXRlIEF1\ndGhvcml0eSAtIEcyMB4XDTE1MDUyNTEyMDAwMFoXDTM3MTIzMTAxMDAwMFowOTEL\nMAkGA1UEBhMCVVMxDzANBgNVBAoTBkFtYXpvbjEZMBcGA1UEAxMQQW1hem9uIFJv\nb3QgQ0EgMTCCASIwDQYJKoZIhvcNAQEBBQADggEPADCCAQoCggEBALJ4gHHKeNXj\nca9HgFB0fW7Y14h29Jlo91ghYPl0hAEvrAIthtOgQ3pOsqTQNroBvo3bSMgHFzZM\n9O6II8c+6zf1tRn4SWiw3te5djgdYZ6k/oI2peVKVuRF4fn9tBb6dNqcmzU5L/qw\nIFAGbHrQgLKm+a/sRxmPUDgH3KKHOVj4utWp+UhnMJbulHheb4mjUcAwhmahRWa6\nVOujw5H5SNz/0egwLX0tdHA114gk957EWW67c4cX8jJGKLhD+rcdqsq08p8kDi1L\n93FcXmn/6pUCyziKrlA4b9v7LWIbxcceVOF34GfID5yHI9Y/QCB/IIDEgEw+OyQm\njgSubJrIqg0CAwEAAaOCATEwggEtMA8GA1UdEwEB/wQFMAMBAf8wDgYDVR0PAQH/\nBAQDAgGGMB0GA1UdDgQWBBSEGMyFNOy8DJSULghZnMeyEE4KCDAfBgNVHSMEGDAW\ngBScXwDfqgHXMCs4iKK4bUqc8hGRgzB4BggrBgEFBQcBAQRsMGowLgYIKwYBBQUH\nMAGGImh0dHA6Ly9vY3NwLnJvb3RnMi5hbWF6b250cnVzdC5jb20wOAYIKwYBBQUH\nMAKGLGh0dHA6Ly9jcnQucm9vdGcyLmFtYXpvbnRydXN0LmNvbS9yb290ZzIuY2Vy\nMD0GA1UdHwQ2MDQwMqAwoC6GLGh0dHA6Ly9jcmwucm9vdGcyLmFtYXpvbnRydXN0\nLmNvbS9yb290ZzIuY3JsMBEGA1UdIAQKMAgwBgYEVR0gADANBgkqhkiG9w0BAQsF\nAAOCAQEAYjdCXLwQtT6LLOkMm2xF4gcAevnFWAu5CIw+7bMlPLVvUOTNNWqnkzSW\nMiGpSESrnO09tKpzbeR/FoCJbM8oAxiDR3mjEH4wW6w7sGDgd9QIpuEdfF7Au/ma\neyKdpwAJfqxGF4PcnCZXmTA5YpaP7dreqsXMGz7KQ2hsVxa81Q4gLv7/wmpdLqBK\nbRRYh5TmOTFffHPLkIhqhBGWJ6bt2YFGpn6jcgAKUj6DiAdjd4lpFw85hdKrCEVN\n0FE6/V1dN2RMfjCyVSRCnTawXZwXgWHxyvkQAiSr6w10kY17RSlQOYiypok1JR4U\nakcjMS9cmvqtmg5iUaQqqcT5NJ0hGA==\n-----END CERTIFICATE-----\n",
                "is_ca": true,
                "issuer": "CN=Starfield Services Root Certificate Authority - G2,O=Starfield Technologies\\, Inc.,L=Scottsdale,ST=Arizona,C=US",
                "not_after": "2037-12-31T01:00:00Z",
                "not_before": "2015-05-25T12:00:00Z",
                "public_key_algorithm": "RSA",
                "serial_number": "144918191876577076464031512351042010504348870",
                "sha1_fingerprint": "06b25927c42a721631c1efd9431e648fa62e1e39",
                "signature_algorithm": "SHA256-RSA",
                "subject": "CN=Amazon Root CA 1,O=Amazon,C=US",
                "version": 3
              },
              {
                "cert_pem": "-----BEGIN CERTIFICATE-----\nMIIESTCCAzGgAwIBAgITBn+UV4WH6Kx33rJTMlu8mYtWDTANBgkqhkiG9w0BAQsF\nADA5MQswCQYDVQQGEwJVUzEPMA0GA1UEChMGQW1hem9uMRkwFwYDVQQDExBBbWF6\nb24gUm9vdCBDQSAxMB4XDTE1MTAyMjAwMDAwMFoXDTI1MTAxOTAwMDAwMFowRjEL\nMAkGA1UEBhMCVVMxDzANBgNVBAoTBkFtYXpvbjEVMBMGA1UECxMMU2VydmVyIENB\nIDFCMQ8wDQYDVQQDEwZBbWF6b24wggEiMA0GCSqGSIb3DQEBAQUAA4IBDwAwggEK\nAoIBAQDCThZn3c68asg3Wuw6MLAd5tES6BIoSMzoKcG5blPVo+sDORrMd4f2AbnZ\ncMzPa43j4wNxhplty6aUKk4T1qe9BOwKFjwK6zmxxLVYo7bHViXsPlJ6qOMpFge5\nblDP+18x+B26A0piiQOuPkfyDyeR4xQghfj66Yo19V+emU3nazfvpFA+ROz6WoVm\nB5x+F2pV8xeKNR7u6azDdU5YVX1TawprmxRC1+WsAYmz6qP+z8ArDITC2FMVy2fw\n0IjKOtEXc/VfmtTFch5+AfGYMGMqqvJ6LcXiAhqG5TI+Dr0RtM88k+8XUBCeQ8IG\nKuANaL7TiItKZYxK1MMuTJtV9IblAgMBAAGjggE7MIIBNzASBgNVHRMBAf8ECDAG\nAQH/AgEAMA4GA1UdDwEB/wQEAwIBhjAdBgNVHQ4EFgQUWaRmBlKge5WSPKOUByeW\ndFv5PdAwHwYDVR0jBBgwFoAUhBjMhTTsvAyUlC4IWZzHshBOCggwewYIKwYBBQUH\nAQEEbzBtMC8GCCsGAQUFBzABhiNodHRwOi8vb2NzcC5yb290Y2ExLmFtYXpvbnRy\ndXN0LmNvbTA6BggrBgEFBQcwAoYuaHR0cDovL2NydC5yb290Y2ExLmFtYXpvbnRy\ndXN0LmNvbS9yb290Y2ExLmNlcjA/BgNVHR8EODA2MDSgMqAwhi5odHRwOi8vY3Js\nLnJvb3RjYTEuYW1hem9udHJ1c3QuY29tL3Jvb3RjYTEuY3JsMBMGA1UdIAQMMAow\nCAYGZ4EMAQIBMA0GCSqGSIb3DQEBCwUAA4IBAQCFkr41u3nPo4FCHOTjY3NTOVI1\n59Gt/a6ZiqyJEi+752+a1U5y6iAwYfmXss2lJwJFqMp2PphKg5625kXg8kP2CN5t\n6G7bMQcT8C8xDZNtYTd7WPD8UZiRKAJPBXa30/AbwuZe0GaFEQ8ugcYQgSn+IGBI\n8/LwhBNTZTUVEWuCUUBVV18YtbAiPq3yXqMB48Oz+ctBWuZSkbvkNodPLamkB2g1\nupRyzQ7qDn1X8nn8N8V7YJ6y68AtkHcNSRAnpTitxBKjtKPISLMVCx7i4hncxHZS\nyLyKQXhw2W2Xs0qLeC1etA+jTGDK4UfLeC0SF7FSi8o5LL21L8IzApar2pR/\n-----END CERTIFICATE-----\n",
                "is_ca": true,
                "issuer": "CN=Amazon Root CA 1,O=Amazon,C=US",
                "not_after": "2025-10-19T00:00:00Z",
                "not_before": "2015-10-22T00:00:00Z",
                "public_key_algorithm": "RSA",
                "serial_number": "144918209630989264145272943054026349679957517",
                "sha1_fingerprint": "917e732d330f9a12404f73d8bea36948b929dffc",
                "signature_algorithm": "SHA256-RSA",
                "subject": "CN=Amazon,OU=Server CA 1B,O=Amazon,C=US",
                "version": 3
              },
              {
                "cert_pem": "-----BEGIN CERTIFICATE-----\nMIIF+TCCBOGgAwIBAgIQAcn1FWkqaAFb0VgTVEI2XzANBgkqhkiG9w0BAQsFADBG\nMQswCQYDVQQGEwJVUzEPMA0GA1UEChMGQW1hem9uMRUwEwYDVQQLEwxTZXJ2ZXIg\nQ0EgMUIxDzANBgNVBAMTBkFtYXpvbjAeFw0yMjA1MTMwMDAwMDBaFw0yMzA2MTEy\nMzU5NTlaMCsxKTAnBgNVBAMTIG9pZGMuZWtzLnVzLXdlc3QtMi5hbWF6b25hd3Mu\nY29tMIIBIjANBgkqhkiG9w0BAQEFAAOCAQ8AMIIBCgKCAQEAptiQ7Z7ygmcV0A/H\nMW6CTJn2y7HV1wkUMo/oiaZg5eHJmPUrlC9d+EBYqAS6rxGxvK7j4b6DcUPr4l7f\nzC0V0tM/WNSFgRWhgfOvvzHb4cuXu+flojhCx0pM+XWYYfnzaQ84AOTqPypa1NIw\nNGtmMH5ItuirHrXJ40MB+wgySwq1rgQF+joFdUXT0OP35Zo675FqbxPuRXYTkcud\nvdGmHBoKA8EJ3RDIvzLfFmq82/uNQGwnztg4UuYE9g+XippxEC4nKQh3JDYhiARs\nYJZ127pqQyoSjLcCpLQlLus/8a8Si4h1gZshIi5lS3YHgvhmVag/dmbLKhtNBcLd\nlIIVkwIDAQABo4IC/DCCAvgwHwYDVR0jBBgwFoAUWaRmBlKge5WSPKOUByeWdFv5\nPdAwHQYDVR0OBBYEFDfpW/n45AKDwI9FIvOs8ASbg7BGMCsGA1UdEQQkMCKCIG9p\nZGMuZWtzLnVzLXdlc3QtMi5hbWF6b25hd3MuY29tMA4GA1UdDwEB/wQEAwIFoDAd\nBgNVHSUEFjAUBggrBgEFBQcDAQYIKwYBBQUHAwIwPQYDVR0fBDYwNDAyoDCgLoYs\naHR0cDovL2NybC5zY2ExYi5hbWF6b250cnVzdC5jb20vc2NhMWItMS5jcmwwEwYD\nVR0gBAwwCjAIBgZngQwBAgEwdQYIKwYBBQUHAQEEaTBnMC0GCCsGAQUFBzABhiFo\ndHRwOi8vb2NzcC5zY2ExYi5hbWF6b250cnVzdC5jb20wNgYIKwYBBQUHMAKGKmh0\ndHA6Ly9jcnQuc2NhMWIuYW1hem9udHJ1c3QuY29tL3NjYTFiLmNydDAMBgNVHRMB\nAf8EAjAAMIIBfwYKKwYBBAHWeQIEAgSCAW8EggFrAWkAdwDoPtDaPvUGNTLnVyi8\niWvJA9PL0RFr7Otp4Xd9bQa9bgAAAYC6xCs0AAAEAwBIMEYCIQDwExSx17vj1D8x\nyd2LSEzZ8tyK+Hlf0xk/gpJCi6aB2AIhALgss1Uqz6D5jP7YxFyP6YV3JK1nZUXW\nVtHcxQBC6n3/AHcANc8ZG7+xbFe/D61MbULLu7YnICZR6j/hKu+oA8M71kwAAAGA\nusQrQgAABAMASDBGAiEAwNLvqrsnXE/IO3vjeBNQj0tKmRY4HTLDexOwBNDgSiQC\nIQCbW/C+hqZ4oT1xszjfqcMMiqxTtnn6I2FNKBR/0ulqmAB1ALNzdwfhhFD4Y4bW\nBancEQlKeS2xZwwLh9zwAw55NqWaAAABgLrEK2MAAAQDAEYwRAIgEtzxGHuFpMEP\nSSV0/DUqmV2x+pSLveS3qT8ZfCRi+CMCIG9moRZBbRHC19hJF54zwZZ10tim3AEq\nZKYYxLPo96nsMA0GCSqGSIb3DQEBCwUAA4IBAQBAcu6KpEdelMPKgyQnbOF2KiNp\nPcH3FzHu+Z3AjV95U3mKi7WjO9gBYrZTd5L4OxQ+ybNL2Ht8wgWnuiHo2rVttcBg\nVIU+NV4EzGr24ajTHsAh+yZzs7XB62bKSTRkVHs9y1lXEe5BgngTVHqIKPoBt7K+\nw2Qj0Vx42fhL3JaBkefKZo27SbPeoZDlta135EZ98IoyL0NI7y3jvLeoVSDhfDOT\nZne5epKf24RVCE3urUpOrTuC5MhKs85ZUlaoZYN3uEdiPi1lMWX+Y958hfum2Whm\nI+mk25PSvx+JdtFUSeoKbFK0mMhaLosPuXMrfjLSbKWCDcJhKgrmjJ2SDbCs\n-----END CERTIFICATE-----\n",
                "is_ca": false,
                "issuer": "CN=Amazon,OU=Server CA 1B,O=Amazon,C=US",
                "not_after": "2023-06-11T23:59:59Z",
                "not_before": "2022-05-13T00:00:00Z",
                "public_key_algorithm": "RSA",
                "serial_number": "2377850551041915751885568689318278751",
                "sha1_fingerprint": "0528d74394a7212b9c0fe5ca016b52903200de6d",
                "signature_algorithm": "SHA256-RSA",
                "subject": "CN=oidc.eks.us-west-2.amazonaws.com",
                "version": 3
              }
            ],
            "content": null,
            "id": "64f4090f1ce5e41f5adb6ee379e80f74c3f0d039",
            "url": "https://oidc.eks.us-west-2.amazonaws.com/id/3D00D0DA0741FBC5FE15EF50B2DAD8ED",
            "verify_chain": true
          },
          "sensitive_attributes": []
        }
      ]
    },
    {
      "module": "module.eks-blueprints.module.aws_eks",
      "mode": "managed",
      "type": "aws_eks_cluster",
      "name": "this",
      "provider": "provider[\"registry.terraform.io/hashicorp/aws\"]",
      "instances": [
        {
          "index_key": 0,
          "schema_version": 0,
          "attributes": {
            "arn": "arn:aws:eks:us-west-2:349361870252:cluster/aws014-preprod-test-eks",
            "certificate_authority": [
              {
                "data": "LS0tLS1CRUdJTiBDRVJUSUZJQ0FURS0tLS0tCk1JSUMvakNDQWVhZ0F3SUJBZ0lCQURBTkJna3Foa2lHOXcwQkFRc0ZBREFWTVJNd0VRWURWUVFERXdwcmRXSmwKY201bGRHVnpNQjRYRFRJeU1Ea3hPVEl3TkRZME4xb1hEVE15TURreE5qSXdORFkwTjFvd0ZURVRNQkVHQTFVRQpBeE1LYTNWaVpYSnVaWFJsY3pDQ0FTSXdEUVlKS29aSWh2Y05BUUVCQlFBRGdnRVBBRENDQVFvQ2dnRUJBTFdaCmVaR29TOG9VYmI0TDBkU3ZvdmNoTGJaOTFiNjBtSXRTdWtTUXNPd1VWVXVqS1VqcEJPUVgvTjY4eHdCZUR2aTYKWEx3aHJNSm5NdG4rbzdZL1I5VDFXV3A3WThLczQwMUwzR2pjSmliRDRDMGI2YWthTnQvOG03eHNIaS81RzdYdAo1eS9wUHRzS2hvaGxzL1VlUnh0ZTBXK0syYkdrR2lNWG1pVFVoL0haNTNxWHVobEpnY3ZSTTY2eXdITUhiZmFPCnZobmt2L1ZRaXlyd29WSTRNeVZvVDRNZ3E3UzZ5c3BBVG1GbEZxT042UEdyNXgxVWRuUU9BaVlSaUJKZTBZcnoKQTJIZmUwUUhDMFlMTXF4RkN0blZCWXhQZXZwMzN5KzRrQTdHNkYwNlZPbURyMUdtcTIvcWpwd1ptRlltVmNibQo5elR0SUVpb25wZmw4UjloRjVrQ0F3RUFBYU5aTUZjd0RnWURWUjBQQVFIL0JBUURBZ0trTUE4R0ExVWRFd0VCCi93UUZNQU1CQWY4d0hRWURWUjBPQkJZRUZHem1FTlo0WWJjQnVueHpoeHRXSDRaUTJ2aERNQlVHQTFVZEVRUU8KTUF5Q0NtdDFZbVZ5Ym1WMFpYTXdEUVlKS29aSWh2Y05BUUVMQlFBRGdnRUJBQ3ZaL1N1YzhYcFBmc2h6WTBJcAoxMVpyWGd3MDYrSVF6MEJ0blRqU3VlaHJlNG5pSE1Rd1pFYXBVYnM1aFdCSWlEMmFxR21URjhyYmpjU0Y1a0lBClV6Y3M1MWVMZ3ZCaUF2NHlnbWtZYUZ2TTRnVEt6bm9wdzMwVzVhZDNnYWZUMTVLNzJJRThaWnkrTW5TM1JtbzQKazMxanhOQ0R3VEFnajR3S3NYRzNxdFM1VkpISExWcDdGVkczeVdKOURwUDdHZG9qWVVVMytlMnhOL01xOWg4dQpXQVBObW9YSjV2UGc4M2tqS2dPdGw1dDBJcnRFaWNSVkNMYm9hZkFvL2V2ZjFvNHBVQkZUcXRON1dOd2tNNVJaCld1NnVlVlNZNXJSQ3FWYWNDZkNKM3pyVzFzWHhUYkFnVm8wK2kyNTdkeGc4VnovbmJ5T3dXdHI2QTIwSG4wL0cKSEd3PQotLS0tLUVORCBDRVJUSUZJQ0FURS0tLS0tCg=="
              }
            ],
            "created_at": "2022-09-19 20:40:40.808 +0000 UTC",
            "enabled_cluster_log_types": [
              "api",
              "audit",
              "authenticator",
              "controllerManager",
              "scheduler"
            ],
            "encryption_config": [
              {
                "provider": [
                  {
                    "key_arn": "arn:aws:kms:us-west-2:349361870252:key/f23f3ad7-11d4-405d-b42f-cbff33e6f8df"
                  }
                ],
                "resources": [
                  "secrets"
                ]
              }
            ],
            "endpoint": "https://3D00D0DA0741FBC5FE15EF50B2DAD8ED.gr7.us-west-2.eks.amazonaws.com",
            "id": "aws014-preprod-test-eks",
            "identity": [
              {
                "oidc": [
                  {
                    "issuer": "https://oidc.eks.us-west-2.amazonaws.com/id/3D00D0DA0741FBC5FE15EF50B2DAD8ED"
                  }
                ]
              }
            ],
            "kubernetes_network_config": [
              {
                "ip_family": "ipv4",
                "service_ipv4_cidr": "172.20.0.0/16"
              }
            ],
            "name": "aws014-preprod-test-eks",
            "platform_version": "eks.1",
            "role_arn": "arn:aws:iam::349361870252:role/aws014-preprod-test-eks-cluster-role",
            "status": "ACTIVE",
            "tags": null,
            "tags_all": {},
            "timeouts": {
              "create": null,
              "delete": null,
              "update": null
            },
            "version": "1.23",
            "vpc_config": [
              {
                "cluster_security_group_id": "sg-0cd78b6325148fea0",
                "endpoint_private_access": true,
                "endpoint_public_access": true,
                "public_access_cidrs": [
                  "0.0.0.0/0"
                ],
                "security_group_ids": [
                  "sg-0c3c9dc14e3609374"
                ],
                "subnet_ids": [
                  "subnet-036b648012dec0d67",
                  "subnet-04ce734627c705b75",
                  "subnet-0f5797fc0140a39e9"
                ],
                "vpc_id": "vpc-0eceb8665a337eca0"
              }
            ]
          },
          "sensitive_attributes": [],
          "private": "eyJlMmJmYjczMC1lY2FhLTExZTYtOGY4OC0zNDM2M2JjN2M0YzAiOnsiY3JlYXRlIjoxODAwMDAwMDAwMDAwLCJkZWxldGUiOjkwMDAwMDAwMDAwMCwidXBkYXRlIjozNjAwMDAwMDAwMDAwfX0=",
          "dependencies": [
            "module.eks-blueprints.data.aws_iam_policy_document.eks_key",
            "module.eks-blueprints.module.aws_eks.aws_cloudwatch_log_group.this",
            "module.eks-blueprints.module.aws_eks.aws_iam_role.this",
            "module.eks-blueprints.module.aws_eks.aws_iam_role_policy_attachment.this",
            "module.eks-blueprints.module.aws_eks.aws_security_group.cluster",
            "module.eks-blueprints.module.aws_eks.aws_security_group.node",
            "module.eks-blueprints.module.aws_eks.aws_security_group_rule.cluster",
            "module.eks-blueprints.module.aws_eks.aws_security_group_rule.node",
            "module.eks-blueprints.module.aws_eks.data.aws_iam_policy_document.assume_role_policy",
            "module.eks-blueprints.module.aws_eks.data.aws_partition.current",
            "module.eks-blueprints.module.aws_eks.module.kms.aws_kms_external_key.this",
            "module.eks-blueprints.module.aws_eks.module.kms.aws_kms_key.this",
            "module.eks-blueprints.module.kms.aws_kms_key.this"
          ],
          "create_before_destroy": true
        }
      ]
    },
    {
      "module": "module.eks-blueprints.module.aws_eks",
      "mode": "managed",
      "type": "aws_iam_openid_connect_provider",
      "name": "oidc_provider",
      "provider": "provider[\"registry.terraform.io/hashicorp/aws\"]",
      "instances": [
        {
          "index_key": 0,
          "schema_version": 0,
          "attributes": {
            "arn": "arn:aws:iam::349361870252:oidc-provider/oidc.eks.us-west-2.amazonaws.com/id/3D00D0DA0741FBC5FE15EF50B2DAD8ED",
            "client_id_list": [
              "sts.amazonaws.com"
            ],
            "id": "arn:aws:iam::349361870252:oidc-provider/oidc.eks.us-west-2.amazonaws.com/id/3D00D0DA0741FBC5FE15EF50B2DAD8ED",
            "tags": {
              "Name": "aws014-preprod-test-eks-eks-irsa"
            },
            "tags_all": {
              "Name": "aws014-preprod-test-eks-eks-irsa"
            },
            "thumbprint_list": [
              "9e99a48a9960b14926bb7f3b02e22da2b0ab7280"
            ],
            "url": "oidc.eks.us-west-2.amazonaws.com/id/3D00D0DA0741FBC5FE15EF50B2DAD8ED"
          },
          "sensitive_attributes": [],
          "private": "bnVsbA==",
          "dependencies": [
            "module.eks-blueprints.data.aws_iam_policy_document.eks_key",
            "module.eks-blueprints.module.aws_eks.aws_cloudwatch_log_group.this",
            "module.eks-blueprints.module.aws_eks.aws_eks_cluster.this",
            "module.eks-blueprints.module.aws_eks.aws_iam_role.this",
            "module.eks-blueprints.module.aws_eks.aws_iam_role_policy_attachment.this",
            "module.eks-blueprints.module.aws_eks.aws_security_group.cluster",
            "module.eks-blueprints.module.aws_eks.aws_security_group.node",
            "module.eks-blueprints.module.aws_eks.aws_security_group_rule.cluster",
            "module.eks-blueprints.module.aws_eks.aws_security_group_rule.node",
            "module.eks-blueprints.module.aws_eks.data.aws_iam_policy_document.assume_role_policy",
            "module.eks-blueprints.module.aws_eks.data.aws_partition.current",
            "module.eks-blueprints.module.aws_eks.data.tls_certificate.this",
            "module.eks-blueprints.module.aws_eks.module.kms.aws_kms_external_key.this",
            "module.eks-blueprints.module.aws_eks.module.kms.aws_kms_key.this",
            "module.eks-blueprints.module.kms.aws_kms_key.this"
          ]
        }
      ]
    },
    {
      "module": "module.eks-blueprints.module.aws_eks",
      "mode": "managed",
      "type": "aws_iam_role",
      "name": "this",
      "provider": "provider[\"registry.terraform.io/hashicorp/aws\"]",
      "instances": [
        {
          "index_key": 0,
          "schema_version": 0,
          "attributes": {
            "arn": "arn:aws:iam::349361870252:role/aws014-preprod-test-eks-cluster-role",
            "assume_role_policy": "{\"Statement\":[{\"Action\":\"sts:AssumeRole\",\"Effect\":\"Allow\",\"Principal\":{\"Service\":\"eks.amazonaws.com\"},\"Sid\":\"EKSClusterAssumeRole\"}],\"Version\":\"2012-10-17\"}",
            "create_date": "2022-09-19T20:40:16Z",
            "description": "",
            "force_detach_policies": true,
            "id": "aws014-preprod-test-eks-cluster-role",
            "inline_policy": [],
            "managed_policy_arns": [],
            "max_session_duration": 3600,
            "name": "aws014-preprod-test-eks-cluster-role",
            "name_prefix": "",
            "path": "/",
            "permissions_boundary": null,
            "tags": null,
            "tags_all": {},
            "unique_id": "AROAVCV4XCWWBM36ZDVX2"
          },
          "sensitive_attributes": [],
          "private": "bnVsbA==",
          "dependencies": [
            "module.eks-blueprints.module.aws_eks.aws_cloudwatch_log_group.this",
            "module.eks-blueprints.module.aws_eks.data.aws_iam_policy_document.assume_role_policy"
          ],
          "create_before_destroy": true
        }
      ]
    },
    {
      "module": "module.eks-blueprints.module.aws_eks",
      "mode": "managed",
      "type": "aws_iam_role_policy_attachment",
      "name": "this",
      "provider": "provider[\"registry.terraform.io/hashicorp/aws\"]",
      "instances": [
        {
          "index_key": "arn:aws:iam::aws:policy/AmazonEKSClusterPolicy",
          "schema_version": 0,
          "attributes": {
            "id": "aws014-preprod-test-eks-cluster-role-20220919204017029700000004",
            "policy_arn": "arn:aws:iam::aws:policy/AmazonEKSClusterPolicy",
            "role": "aws014-preprod-test-eks-cluster-role"
          },
          "sensitive_attributes": [],
          "private": "bnVsbA==",
          "dependencies": [
            "module.eks-blueprints.module.aws_eks.aws_cloudwatch_log_group.this",
            "module.eks-blueprints.module.aws_eks.aws_iam_role.this",
            "module.eks-blueprints.module.aws_eks.data.aws_iam_policy_document.assume_role_policy",
            "module.eks-blueprints.module.aws_eks.data.aws_partition.current"
          ],
          "create_before_destroy": true
        },
        {
          "index_key": "arn:aws:iam::aws:policy/AmazonEKSVPCResourceController",
          "schema_version": 0,
          "attributes": {
            "id": "aws014-preprod-test-eks-cluster-role-20220919204016916700000003",
            "policy_arn": "arn:aws:iam::aws:policy/AmazonEKSVPCResourceController",
            "role": "aws014-preprod-test-eks-cluster-role"
          },
          "sensitive_attributes": [],
          "private": "bnVsbA==",
          "dependencies": [
            "module.eks-blueprints.module.aws_eks.aws_cloudwatch_log_group.this",
            "module.eks-blueprints.module.aws_eks.aws_iam_role.this",
            "module.eks-blueprints.module.aws_eks.data.aws_iam_policy_document.assume_role_policy",
            "module.eks-blueprints.module.aws_eks.data.aws_partition.current"
          ],
          "create_before_destroy": true
        }
      ]
    },
    {
      "module": "module.eks-blueprints.module.aws_eks",
      "mode": "managed",
      "type": "aws_security_group",
      "name": "cluster",
      "provider": "provider[\"registry.terraform.io/hashicorp/aws\"]",
      "instances": [
        {
          "index_key": 0,
          "schema_version": 1,
          "attributes": {
            "arn": "arn:aws:ec2:us-west-2:349361870252:security-group/sg-0c3c9dc14e3609374",
            "description": "EKS cluster security group",
            "egress": [],
            "id": "sg-0c3c9dc14e3609374",
            "ingress": [],
            "name": "aws014-preprod-test-eks-cluster-20220919204015811200000002",
            "name_prefix": "aws014-preprod-test-eks-cluster-",
            "owner_id": "349361870252",
            "revoke_rules_on_delete": false,
            "tags": {
              "Name": "aws014-preprod-test-eks-cluster"
            },
            "tags_all": {
              "Name": "aws014-preprod-test-eks-cluster"
            },
            "timeouts": null,
            "vpc_id": "vpc-0eceb8665a337eca0"
          },
          "sensitive_attributes": [],
          "private": "eyJlMmJmYjczMC1lY2FhLTExZTYtOGY4OC0zNDM2M2JjN2M0YzAiOnsiY3JlYXRlIjo2MDAwMDAwMDAwMDAsImRlbGV0ZSI6OTAwMDAwMDAwMDAwfSwic2NoZW1hX3ZlcnNpb24iOiIxIn0=",
          "create_before_destroy": true
        }
      ]
    },
    {
      "module": "module.eks-blueprints.module.aws_eks",
      "mode": "managed",
      "type": "aws_security_group",
      "name": "node",
      "provider": "provider[\"registry.terraform.io/hashicorp/aws\"]",
      "instances": [
        {
          "index_key": 0,
          "schema_version": 1,
          "attributes": {
            "arn": "arn:aws:ec2:us-west-2:349361870252:security-group/sg-0d8f2ac11733dc45f",
            "description": "EKS node shared security group",
            "egress": [],
            "id": "sg-0d8f2ac11733dc45f",
            "ingress": [],
            "name": "aws014-preprod-test-eks-node-20220919204015810000000001",
            "name_prefix": "aws014-preprod-test-eks-node-",
            "owner_id": "349361870252",
            "revoke_rules_on_delete": false,
            "tags": {
              "Name": "aws014-preprod-test-eks-node",
              "kubernetes.io/cluster/aws014-preprod-test-eks": "owned"
            },
            "tags_all": {
              "Name": "aws014-preprod-test-eks-node",
              "kubernetes.io/cluster/aws014-preprod-test-eks": "owned"
            },
            "timeouts": null,
            "vpc_id": "vpc-0eceb8665a337eca0"
          },
          "sensitive_attributes": [],
          "private": "eyJlMmJmYjczMC1lY2FhLTExZTYtOGY4OC0zNDM2M2JjN2M0YzAiOnsiY3JlYXRlIjo2MDAwMDAwMDAwMDAsImRlbGV0ZSI6OTAwMDAwMDAwMDAwfSwic2NoZW1hX3ZlcnNpb24iOiIxIn0=",
          "create_before_destroy": true
        }
      ]
    },
    {
      "module": "module.eks-blueprints.module.aws_eks",
      "mode": "managed",
      "type": "aws_security_group_rule",
      "name": "cluster",
      "provider": "provider[\"registry.terraform.io/hashicorp/aws\"]",
      "instances": [
        {
          "index_key": "egress_nodes_443",
          "schema_version": 2,
          "attributes": {
            "cidr_blocks": null,
            "description": "Cluster API to node groups",
            "from_port": 443,
            "id": "sgrule-3988168025",
            "ipv6_cidr_blocks": null,
            "prefix_list_ids": [],
            "protocol": "tcp",
            "security_group_id": "sg-0c3c9dc14e3609374",
            "self": false,
            "source_security_group_id": "sg-0d8f2ac11733dc45f",
            "timeouts": null,
            "to_port": 443,
            "type": "egress"
          },
          "sensitive_attributes": [],
          "private": "eyJlMmJmYjczMC1lY2FhLTExZTYtOGY4OC0zNDM2M2JjN2M0YzAiOnsiY3JlYXRlIjozMDAwMDAwMDAwMDB9LCJzY2hlbWFfdmVyc2lvbiI6IjIifQ==",
          "dependencies": [
            "module.eks-blueprints.module.aws_eks.aws_security_group.cluster",
            "module.eks-blueprints.module.aws_eks.aws_security_group.node"
          ],
          "create_before_destroy": true
        },
        {
          "index_key": "egress_nodes_kubelet",
          "schema_version": 2,
          "attributes": {
            "cidr_blocks": null,
            "description": "Cluster API to node kubelets",
            "from_port": 10250,
            "id": "sgrule-2086016930",
            "ipv6_cidr_blocks": null,
            "prefix_list_ids": [],
            "protocol": "tcp",
            "security_group_id": "sg-0c3c9dc14e3609374",
            "self": false,
            "source_security_group_id": "sg-0d8f2ac11733dc45f",
            "timeouts": null,
            "to_port": 10250,
            "type": "egress"
          },
          "sensitive_attributes": [],
          "private": "eyJlMmJmYjczMC1lY2FhLTExZTYtOGY4OC0zNDM2M2JjN2M0YzAiOnsiY3JlYXRlIjozMDAwMDAwMDAwMDB9LCJzY2hlbWFfdmVyc2lvbiI6IjIifQ==",
          "dependencies": [
            "module.eks-blueprints.module.aws_eks.aws_security_group.cluster",
            "module.eks-blueprints.module.aws_eks.aws_security_group.node"
          ],
          "create_before_destroy": true
        },
        {
          "index_key": "ingress_from_jenkins_host",
          "schema_version": 2,
          "attributes": {
            "cidr_blocks": [
              "172.31.0.0/16"
            ],
            "description": "Ingress from Jenkins/Bastion Host",
            "from_port": 0,
            "id": "sgrule-3492745309",
            "ipv6_cidr_blocks": null,
            "prefix_list_ids": [],
            "protocol": "-1",
            "security_group_id": "sg-0c3c9dc14e3609374",
            "self": false,
            "source_security_group_id": null,
            "timeouts": null,
            "to_port": 0,
            "type": "ingress"
          },
          "sensitive_attributes": [],
          "private": "eyJlMmJmYjczMC1lY2FhLTExZTYtOGY4OC0zNDM2M2JjN2M0YzAiOnsiY3JlYXRlIjozMDAwMDAwMDAwMDB9LCJzY2hlbWFfdmVyc2lvbiI6IjIifQ==",
          "dependencies": [
            "module.eks-blueprints.module.aws_eks.aws_security_group.cluster",
            "module.eks-blueprints.module.aws_eks.aws_security_group.node"
          ],
          "create_before_destroy": true
        },
        {
          "index_key": "ingress_nodes_443",
          "schema_version": 2,
          "attributes": {
            "cidr_blocks": null,
            "description": "Node groups to cluster API",
            "from_port": 443,
            "id": "sgrule-228007724",
            "ipv6_cidr_blocks": null,
            "prefix_list_ids": [],
            "protocol": "tcp",
            "security_group_id": "sg-0c3c9dc14e3609374",
            "self": false,
            "source_security_group_id": "sg-0d8f2ac11733dc45f",
            "timeouts": null,
            "to_port": 443,
            "type": "ingress"
          },
          "sensitive_attributes": [],
          "private": "eyJlMmJmYjczMC1lY2FhLTExZTYtOGY4OC0zNDM2M2JjN2M0YzAiOnsiY3JlYXRlIjozMDAwMDAwMDAwMDB9LCJzY2hlbWFfdmVyc2lvbiI6IjIifQ==",
          "dependencies": [
            "module.eks-blueprints.module.aws_eks.aws_security_group.cluster",
            "module.eks-blueprints.module.aws_eks.aws_security_group.node"
          ],
          "create_before_destroy": true
        }
      ]
    },
    {
      "module": "module.eks-blueprints.module.aws_eks",
      "mode": "managed",
      "type": "aws_security_group_rule",
      "name": "node",
      "provider": "provider[\"registry.terraform.io/hashicorp/aws\"]",
      "instances": [
        {
          "index_key": "egress_cluster_443",
          "schema_version": 2,
          "attributes": {
            "cidr_blocks": null,
            "description": "Node groups to cluster API",
            "from_port": 443,
            "id": "sgrule-1948558380",
            "ipv6_cidr_blocks": null,
            "prefix_list_ids": [],
            "protocol": "tcp",
            "security_group_id": "sg-0d8f2ac11733dc45f",
            "self": false,
            "source_security_group_id": "sg-0c3c9dc14e3609374",
            "timeouts": null,
            "to_port": 443,
            "type": "egress"
          },
          "sensitive_attributes": [],
          "private": "eyJlMmJmYjczMC1lY2FhLTExZTYtOGY4OC0zNDM2M2JjN2M0YzAiOnsiY3JlYXRlIjozMDAwMDAwMDAwMDB9LCJzY2hlbWFfdmVyc2lvbiI6IjIifQ==",
          "dependencies": [
            "module.eks-blueprints.module.aws_eks.aws_security_group.cluster",
            "module.eks-blueprints.module.aws_eks.aws_security_group.node"
          ],
          "create_before_destroy": true
        },
        {
          "index_key": "egress_https",
          "schema_version": 2,
          "attributes": {
            "cidr_blocks": [
              "0.0.0.0/0"
            ],
            "description": "Egress all HTTPS to internet",
            "from_port": 443,
            "id": "sgrule-2403048881",
            "ipv6_cidr_blocks": null,
            "prefix_list_ids": [],
            "protocol": "tcp",
            "security_group_id": "sg-0d8f2ac11733dc45f",
            "self": false,
            "source_security_group_id": null,
            "timeouts": null,
            "to_port": 443,
            "type": "egress"
          },
          "sensitive_attributes": [],
          "private": "eyJlMmJmYjczMC1lY2FhLTExZTYtOGY4OC0zNDM2M2JjN2M0YzAiOnsiY3JlYXRlIjozMDAwMDAwMDAwMDB9LCJzY2hlbWFfdmVyc2lvbiI6IjIifQ==",
          "dependencies": [
            "module.eks-blueprints.module.aws_eks.aws_security_group.cluster",
            "module.eks-blueprints.module.aws_eks.aws_security_group.node"
          ],
          "create_before_destroy": true
        },
        {
          "index_key": "egress_ntp_tcp",
          "schema_version": 2,
          "attributes": {
            "cidr_blocks": [
              "0.0.0.0/0"
            ],
            "description": "Egress NTP/TCP to internet",
            "from_port": 123,
            "id": "sgrule-1357226159",
            "ipv6_cidr_blocks": null,
            "prefix_list_ids": [],
            "protocol": "tcp",
            "security_group_id": "sg-0d8f2ac11733dc45f",
            "self": false,
            "source_security_group_id": null,
            "timeouts": null,
            "to_port": 123,
            "type": "egress"
          },
          "sensitive_attributes": [],
          "private": "eyJlMmJmYjczMC1lY2FhLTExZTYtOGY4OC0zNDM2M2JjN2M0YzAiOnsiY3JlYXRlIjozMDAwMDAwMDAwMDB9LCJzY2hlbWFfdmVyc2lvbiI6IjIifQ==",
          "dependencies": [
            "module.eks-blueprints.module.aws_eks.aws_security_group.cluster",
            "module.eks-blueprints.module.aws_eks.aws_security_group.node"
          ],
          "create_before_destroy": true
        },
        {
          "index_key": "egress_ntp_udp",
          "schema_version": 2,
          "attributes": {
            "cidr_blocks": [
              "0.0.0.0/0"
            ],
            "description": "Egress NTP/UDP to internet",
            "from_port": 123,
            "id": "sgrule-779847074",
            "ipv6_cidr_blocks": null,
            "prefix_list_ids": [],
            "protocol": "udp",
            "security_group_id": "sg-0d8f2ac11733dc45f",
            "self": false,
            "source_security_group_id": null,
            "timeouts": null,
            "to_port": 123,
            "type": "egress"
          },
          "sensitive_attributes": [],
          "private": "eyJlMmJmYjczMC1lY2FhLTExZTYtOGY4OC0zNDM2M2JjN2M0YzAiOnsiY3JlYXRlIjozMDAwMDAwMDAwMDB9LCJzY2hlbWFfdmVyc2lvbiI6IjIifQ==",
          "dependencies": [
            "module.eks-blueprints.module.aws_eks.aws_security_group.cluster",
            "module.eks-blueprints.module.aws_eks.aws_security_group.node"
          ],
          "create_before_destroy": true
        },
        {
          "index_key": "egress_self_coredns_tcp",
          "schema_version": 2,
          "attributes": {
            "cidr_blocks": null,
            "description": "Node to node CoreDNS",
            "from_port": 53,
            "id": "sgrule-3628162047",
            "ipv6_cidr_blocks": null,
            "prefix_list_ids": [],
            "protocol": "tcp",
            "security_group_id": "sg-0d8f2ac11733dc45f",
            "self": true,
            "source_security_group_id": null,
            "timeouts": null,
            "to_port": 53,
            "type": "egress"
          },
          "sensitive_attributes": [],
          "private": "eyJlMmJmYjczMC1lY2FhLTExZTYtOGY4OC0zNDM2M2JjN2M0YzAiOnsiY3JlYXRlIjozMDAwMDAwMDAwMDB9LCJzY2hlbWFfdmVyc2lvbiI6IjIifQ==",
          "dependencies": [
            "module.eks-blueprints.module.aws_eks.aws_security_group.cluster",
            "module.eks-blueprints.module.aws_eks.aws_security_group.node"
          ],
          "create_before_destroy": true
        },
        {
          "index_key": "egress_self_coredns_udp",
          "schema_version": 2,
          "attributes": {
            "cidr_blocks": null,
            "description": "Node to node CoreDNS",
            "from_port": 53,
            "id": "sgrule-1445386649",
            "ipv6_cidr_blocks": null,
            "prefix_list_ids": [],
            "protocol": "udp",
            "security_group_id": "sg-0d8f2ac11733dc45f",
            "self": true,
            "source_security_group_id": null,
            "timeouts": null,
            "to_port": 53,
            "type": "egress"
          },
          "sensitive_attributes": [],
          "private": "eyJlMmJmYjczMC1lY2FhLTExZTYtOGY4OC0zNDM2M2JjN2M0YzAiOnsiY3JlYXRlIjozMDAwMDAwMDAwMDB9LCJzY2hlbWFfdmVyc2lvbiI6IjIifQ==",
          "dependencies": [
            "module.eks-blueprints.module.aws_eks.aws_security_group.cluster",
            "module.eks-blueprints.module.aws_eks.aws_security_group.node"
          ],
          "create_before_destroy": true
        },
        {
          "index_key": "ingress_cluster_443",
          "schema_version": 2,
          "attributes": {
            "cidr_blocks": null,
            "description": "Cluster API to node groups",
            "from_port": 443,
            "id": "sgrule-1492567919",
            "ipv6_cidr_blocks": null,
            "prefix_list_ids": [],
            "protocol": "tcp",
            "security_group_id": "sg-0d8f2ac11733dc45f",
            "self": false,
            "source_security_group_id": "sg-0c3c9dc14e3609374",
            "timeouts": null,
            "to_port": 443,
            "type": "ingress"
          },
          "sensitive_attributes": [],
          "private": "eyJlMmJmYjczMC1lY2FhLTExZTYtOGY4OC0zNDM2M2JjN2M0YzAiOnsiY3JlYXRlIjozMDAwMDAwMDAwMDB9LCJzY2hlbWFfdmVyc2lvbiI6IjIifQ==",
          "dependencies": [
            "module.eks-blueprints.module.aws_eks.aws_security_group.cluster",
            "module.eks-blueprints.module.aws_eks.aws_security_group.node"
          ],
          "create_before_destroy": true
        },
        {
          "index_key": "ingress_cluster_kubelet",
          "schema_version": 2,
          "attributes": {
            "cidr_blocks": null,
            "description": "Cluster API to node kubelets",
            "from_port": 10250,
            "id": "sgrule-1887124619",
            "ipv6_cidr_blocks": null,
            "prefix_list_ids": [],
            "protocol": "tcp",
            "security_group_id": "sg-0d8f2ac11733dc45f",
            "self": false,
            "source_security_group_id": "sg-0c3c9dc14e3609374",
            "timeouts": null,
            "to_port": 10250,
            "type": "ingress"
          },
          "sensitive_attributes": [],
          "private": "eyJlMmJmYjczMC1lY2FhLTExZTYtOGY4OC0zNDM2M2JjN2M0YzAiOnsiY3JlYXRlIjozMDAwMDAwMDAwMDB9LCJzY2hlbWFfdmVyc2lvbiI6IjIifQ==",
          "dependencies": [
            "module.eks-blueprints.module.aws_eks.aws_security_group.cluster",
            "module.eks-blueprints.module.aws_eks.aws_security_group.node"
          ],
          "create_before_destroy": true
        },
        {
          "index_key": "ingress_nodes_karpenter_port",
          "schema_version": 2,
          "attributes": {
            "cidr_blocks": null,
            "description": "Cluster API to Nodegroup for Karpenter",
            "from_port": 8443,
            "id": "sgrule-3887678810",
            "ipv6_cidr_blocks": null,
            "prefix_list_ids": [],
            "protocol": "tcp",
            "security_group_id": "sg-0d8f2ac11733dc45f",
            "self": false,
            "source_security_group_id": "sg-0c3c9dc14e3609374",
            "timeouts": null,
            "to_port": 8443,
            "type": "ingress"
          },
          "sensitive_attributes": [],
          "private": "eyJlMmJmYjczMC1lY2FhLTExZTYtOGY4OC0zNDM2M2JjN2M0YzAiOnsiY3JlYXRlIjozMDAwMDAwMDAwMDB9LCJzY2hlbWFfdmVyc2lvbiI6IjIifQ==",
          "dependencies": [
            "module.eks-blueprints.module.aws_eks.aws_security_group.cluster",
            "module.eks-blueprints.module.aws_eks.aws_security_group.node"
          ],
          "create_before_destroy": true
        },
        {
          "index_key": "ingress_self_coredns_tcp",
          "schema_version": 2,
          "attributes": {
            "cidr_blocks": null,
            "description": "Node to node CoreDNS",
            "from_port": 53,
            "id": "sgrule-840429111",
            "ipv6_cidr_blocks": null,
            "prefix_list_ids": [],
            "protocol": "tcp",
            "security_group_id": "sg-0d8f2ac11733dc45f",
            "self": true,
            "source_security_group_id": null,
            "timeouts": null,
            "to_port": 53,
            "type": "ingress"
          },
          "sensitive_attributes": [],
          "private": "eyJlMmJmYjczMC1lY2FhLTExZTYtOGY4OC0zNDM2M2JjN2M0YzAiOnsiY3JlYXRlIjozMDAwMDAwMDAwMDB9LCJzY2hlbWFfdmVyc2lvbiI6IjIifQ==",
          "dependencies": [
            "module.eks-blueprints.module.aws_eks.aws_security_group.cluster",
            "module.eks-blueprints.module.aws_eks.aws_security_group.node"
          ],
          "create_before_destroy": true
        },
        {
          "index_key": "ingress_self_coredns_udp",
          "schema_version": 2,
          "attributes": {
            "cidr_blocks": null,
            "description": "Node to node CoreDNS",
            "from_port": 53,
            "id": "sgrule-2521320920",
            "ipv6_cidr_blocks": null,
            "prefix_list_ids": [],
            "protocol": "udp",
            "security_group_id": "sg-0d8f2ac11733dc45f",
            "self": true,
            "source_security_group_id": null,
            "timeouts": null,
            "to_port": 53,
            "type": "ingress"
          },
          "sensitive_attributes": [],
          "private": "eyJlMmJmYjczMC1lY2FhLTExZTYtOGY4OC0zNDM2M2JjN2M0YzAiOnsiY3JlYXRlIjozMDAwMDAwMDAwMDB9LCJzY2hlbWFfdmVyc2lvbiI6IjIifQ==",
          "dependencies": [
            "module.eks-blueprints.module.aws_eks.aws_security_group.cluster",
            "module.eks-blueprints.module.aws_eks.aws_security_group.node"
          ],
          "create_before_destroy": true
        }
      ]
    },
    {
      "module": "module.eks-blueprints.module.aws_eks.module.kms",
      "mode": "data",
      "type": "aws_caller_identity",
      "name": "current",
      "provider": "provider[\"registry.terraform.io/hashicorp/aws\"]",
      "instances": [
        {
          "schema_version": 0,
          "attributes": {
            "account_id": "349361870252",
            "arn": "arn:aws:iam::349361870252:user/victorlocal",
            "id": "349361870252",
            "user_id": "AIDAVCV4XCWWOEQEFHZVI"
          },
          "sensitive_attributes": []
        }
      ]
    },
    {
      "module": "module.eks-blueprints.module.aws_eks.module.kms",
      "mode": "data",
      "type": "aws_partition",
      "name": "current",
      "provider": "provider[\"registry.terraform.io/hashicorp/aws\"]",
      "instances": [
        {
          "schema_version": 0,
          "attributes": {
            "dns_suffix": "amazonaws.com",
            "id": "aws",
            "partition": "aws",
            "reverse_dns_prefix": "com.amazonaws"
          },
          "sensitive_attributes": []
        }
      ]
    },
    {
      "module": "module.eks-blueprints.module.aws_eks_fargate_profiles[\"default\"]",
      "mode": "data",
      "type": "aws_iam_policy_document",
      "name": "cwlogs",
      "provider": "provider[\"registry.terraform.io/hashicorp/aws\"]",
      "instances": [
        {
          "index_key": 0,
          "schema_version": 0,
          "attributes": {
            "id": "2356274330",
            "json": "{\n  \"Version\": \"2012-10-17\",\n  \"Statement\": [\n    {\n      \"Sid\": \"\",\n      \"Effect\": \"Allow\",\n      \"Action\": [\n        \"logs:PutLogEvents\",\n        \"logs:DescribeLogStreams\",\n        \"logs:CreateLogStream\",\n        \"logs:CreateLogGroup\"\n      ],\n      \"Resource\": \"*\"\n    }\n  ]\n}",
            "override_json": null,
            "override_policy_documents": null,
            "policy_id": null,
            "source_json": null,
            "source_policy_documents": null,
            "statement": [
              {
                "actions": [
                  "logs:CreateLogGroup",
                  "logs:CreateLogStream",
                  "logs:DescribeLogStreams",
                  "logs:PutLogEvents"
                ],
                "condition": [],
                "effect": "Allow",
                "not_actions": [],
                "not_principals": [],
                "not_resources": [],
                "principals": [],
                "resources": [
                  "*"
                ],
                "sid": ""
              }
            ],
            "version": "2012-10-17"
          },
          "sensitive_attributes": []
        }
      ]
    },
    {
      "module": "module.eks-blueprints.module.aws_eks_fargate_profiles[\"default\"]",
      "mode": "data",
      "type": "aws_iam_policy_document",
      "name": "fargate_assume_role_policy",
      "provider": "provider[\"registry.terraform.io/hashicorp/aws\"]",
      "instances": [
        {
          "index_key": 0,
          "schema_version": 0,
          "attributes": {
            "id": "4003325946",
            "json": "{\n  \"Version\": \"2012-10-17\",\n  \"Statement\": [\n    {\n      \"Sid\": \"EKSFargateAssumeRole\",\n      \"Effect\": \"Allow\",\n      \"Action\": \"sts:AssumeRole\",\n      \"Principal\": {\n        \"Service\": \"eks-fargate-pods.amazonaws.com\"\n      }\n    }\n  ]\n}",
            "override_json": null,
            "override_policy_documents": null,
            "policy_id": null,
            "source_json": null,
            "source_policy_documents": null,
            "statement": [
              {
                "actions": [
                  "sts:AssumeRole"
                ],
                "condition": [],
                "effect": "Allow",
                "not_actions": [],
                "not_principals": [],
                "not_resources": [],
                "principals": [
                  {
                    "identifiers": [
                      "eks-fargate-pods.amazonaws.com"
                    ],
                    "type": "Service"
                  }
                ],
                "resources": [],
                "sid": "EKSFargateAssumeRole"
              }
            ],
            "version": "2012-10-17"
          },
          "sensitive_attributes": []
        }
      ]
    },
    {
      "module": "module.eks-blueprints.module.aws_eks_fargate_profiles[\"default\"]",
      "mode": "managed",
      "type": "aws_eks_fargate_profile",
      "name": "eks_fargate",
      "provider": "provider[\"registry.terraform.io/hashicorp/aws\"]",
      "instances": [
        {
          "schema_version": 0,
          "attributes": {
            "arn": "arn:aws:eks:us-west-2:349361870252:fargateprofile/aws014-preprod-test-eks/fargate-profile/c8c1abc3-51b3-3e3c-7fee-6747528202d9",
            "cluster_name": "aws014-preprod-test-eks",
            "fargate_profile_name": "fargate-profile",
            "id": "aws014-preprod-test-eks:fargate-profile",
            "pod_execution_role_arn": "arn:aws:iam::349361870252:role/aws014-preprod-test-eks-fargate-profile",
            "selector": [
              {
                "labels": null,
                "namespace": "fargate"
              }
            ],
            "status": "ACTIVE",
            "subnet_ids": [
              "subnet-036b648012dec0d67",
              "subnet-04ce734627c705b75",
              "subnet-0f5797fc0140a39e9"
            ],
            "tags": {
              "k8s.io/cluster/aws014-preprod-test-eks": "owned",
              "kubernetes.io/cluster/aws014-preprod-test-eks": "owned"
            },
            "tags_all": {
              "k8s.io/cluster/aws014-preprod-test-eks": "owned",
              "kubernetes.io/cluster/aws014-preprod-test-eks": "owned"
            },
            "timeouts": null
          },
          "sensitive_attributes": [],
          "private": "eyJlMmJmYjczMC1lY2FhLTExZTYtOGY4OC0zNDM2M2JjN2M0YzAiOnsiY3JlYXRlIjo2MDAwMDAwMDAwMDAsImRlbGV0ZSI6NjAwMDAwMDAwMDAwfX0=",
          "dependencies": [
            "data.aws_eks_cluster.cluster",
            "data.aws_eks_cluster_auth.cluster",
            "module.eks-blueprints.data.aws_caller_identity.current",
            "module.eks-blueprints.data.aws_eks_cluster.cluster",
            "module.eks-blueprints.data.aws_iam_policy_document.eks_key",
            "module.eks-blueprints.data.aws_partition.current",
            "module.eks-blueprints.data.aws_region.current",
            "module.eks-blueprints.data.http.eks_cluster_readiness",
            "module.eks-blueprints.kubernetes_config_map.aws_auth",
            "module.eks-blueprints.module.aws_eks.aws_cloudwatch_log_group.this",
            "module.eks-blueprints.module.aws_eks.aws_eks_cluster.this",
            "module.eks-blueprints.module.aws_eks.aws_iam_role.this",
            "module.eks-blueprints.module.aws_eks.aws_iam_role_policy_attachment.this",
            "module.eks-blueprints.module.aws_eks.aws_security_group.cluster",
            "module.eks-blueprints.module.aws_eks.aws_security_group.node",
            "module.eks-blueprints.module.aws_eks.aws_security_group_rule.cluster",
            "module.eks-blueprints.module.aws_eks.aws_security_group_rule.node",
            "module.eks-blueprints.module.aws_eks.data.aws_iam_policy_document.assume_role_policy",
            "module.eks-blueprints.module.aws_eks.data.aws_partition.current",
            "module.eks-blueprints.module.aws_eks.module.kms.aws_kms_external_key.this",
            "module.eks-blueprints.module.aws_eks.module.kms.aws_kms_key.this",
            "module.eks-blueprints.module.aws_eks_fargate_profiles.aws_iam_role.fargate",
            "module.eks-blueprints.module.aws_eks_fargate_profiles.aws_iam_role_policy_attachment.fargate_pod_execution_role_policy",
            "module.eks-blueprints.module.aws_eks_fargate_profiles.data.aws_iam_policy_document.fargate_assume_role_policy",
            "module.eks-blueprints.module.kms.aws_kms_key.this"
          ]
        }
      ]
    },
    {
      "module": "module.eks-blueprints.module.aws_eks_fargate_profiles[\"default\"]",
      "mode": "managed",
      "type": "aws_iam_policy",
      "name": "cwlogs",
      "provider": "provider[\"registry.terraform.io/hashicorp/aws\"]",
      "instances": [
        {
          "index_key": 0,
          "schema_version": 0,
          "attributes": {
            "arn": "arn:aws:iam::349361870252:policy/aws014-preprod-test-eks-fargate-profile-cwlogs",
            "description": "Allow fargate profiles to write logs to CloudWatch",
            "id": "arn:aws:iam::349361870252:policy/aws014-preprod-test-eks-fargate-profile-cwlogs",
            "name": "aws014-preprod-test-eks-fargate-profile-cwlogs",
            "name_prefix": null,
            "path": "/",
            "policy": "{\"Statement\":[{\"Action\":[\"logs:PutLogEvents\",\"logs:DescribeLogStreams\",\"logs:CreateLogStream\",\"logs:CreateLogGroup\"],\"Effect\":\"Allow\",\"Resource\":\"*\",\"Sid\":\"\"}],\"Version\":\"2012-10-17\"}",
            "policy_id": "ANPAVCV4XCWWGKSUGQKPB",
            "tags": null,
            "tags_all": {}
          },
          "sensitive_attributes": [],
          "private": "bnVsbA==",
          "dependencies": [
            "data.aws_eks_cluster.cluster",
            "data.aws_eks_cluster_auth.cluster",
            "module.eks-blueprints.data.aws_caller_identity.current",
            "module.eks-blueprints.data.aws_eks_cluster.cluster",
            "module.eks-blueprints.data.aws_iam_policy_document.eks_key",
            "module.eks-blueprints.data.aws_partition.current",
            "module.eks-blueprints.data.aws_region.current",
            "module.eks-blueprints.data.http.eks_cluster_readiness",
            "module.eks-blueprints.kubernetes_config_map.aws_auth",
            "module.eks-blueprints.module.aws_eks.aws_cloudwatch_log_group.this",
            "module.eks-blueprints.module.aws_eks.aws_eks_cluster.this",
            "module.eks-blueprints.module.aws_eks.aws_iam_role.this",
            "module.eks-blueprints.module.aws_eks.aws_iam_role_policy_attachment.this",
            "module.eks-blueprints.module.aws_eks.aws_security_group.cluster",
            "module.eks-blueprints.module.aws_eks.aws_security_group.node",
            "module.eks-blueprints.module.aws_eks.aws_security_group_rule.cluster",
            "module.eks-blueprints.module.aws_eks.aws_security_group_rule.node",
            "module.eks-blueprints.module.aws_eks.data.aws_iam_policy_document.assume_role_policy",
            "module.eks-blueprints.module.aws_eks.data.aws_partition.current",
            "module.eks-blueprints.module.aws_eks.module.kms.aws_kms_external_key.this",
            "module.eks-blueprints.module.aws_eks.module.kms.aws_kms_key.this",
            "module.eks-blueprints.module.aws_eks_fargate_profiles.data.aws_iam_policy_document.cwlogs",
            "module.eks-blueprints.module.kms.aws_kms_key.this"
          ]
        }
      ]
    },
    {
      "module": "module.eks-blueprints.module.aws_eks_fargate_profiles[\"default\"]",
      "mode": "managed",
      "type": "aws_iam_role",
      "name": "fargate",
      "provider": "provider[\"registry.terraform.io/hashicorp/aws\"]",
      "instances": [
        {
          "index_key": 0,
          "schema_version": 0,
          "attributes": {
            "arn": "arn:aws:iam::349361870252:role/aws014-preprod-test-eks-fargate-profile",
            "assume_role_policy": "{\"Statement\":[{\"Action\":\"sts:AssumeRole\",\"Effect\":\"Allow\",\"Principal\":{\"Service\":\"eks-fargate-pods.amazonaws.com\"},\"Sid\":\"EKSFargateAssumeRole\"}],\"Version\":\"2012-10-17\"}",
            "create_date": "2022-09-19T20:52:52Z",
            "description": "EKS Fargate IAM Role",
            "force_detach_policies": true,
            "id": "aws014-preprod-test-eks-fargate-profile",
            "inline_policy": [],
            "managed_policy_arns": [],
            "max_session_duration": 3600,
            "name": "aws014-preprod-test-eks-fargate-profile",
            "name_prefix": "",
            "path": "/",
            "permissions_boundary": null,
            "tags": null,
            "tags_all": {},
            "unique_id": "AROAVCV4XCWWJQQR6JRDJ"
          },
          "sensitive_attributes": [],
          "private": "bnVsbA==",
          "dependencies": [
            "data.aws_eks_cluster.cluster",
            "data.aws_eks_cluster_auth.cluster",
            "module.eks-blueprints.data.aws_caller_identity.current",
            "module.eks-blueprints.data.aws_eks_cluster.cluster",
            "module.eks-blueprints.data.aws_iam_policy_document.eks_key",
            "module.eks-blueprints.data.aws_partition.current",
            "module.eks-blueprints.data.aws_region.current",
            "module.eks-blueprints.data.http.eks_cluster_readiness",
            "module.eks-blueprints.kubernetes_config_map.aws_auth",
            "module.eks-blueprints.module.aws_eks.aws_cloudwatch_log_group.this",
            "module.eks-blueprints.module.aws_eks.aws_eks_cluster.this",
            "module.eks-blueprints.module.aws_eks.aws_iam_role.this",
            "module.eks-blueprints.module.aws_eks.aws_iam_role_policy_attachment.this",
            "module.eks-blueprints.module.aws_eks.aws_security_group.cluster",
            "module.eks-blueprints.module.aws_eks.aws_security_group.node",
            "module.eks-blueprints.module.aws_eks.aws_security_group_rule.cluster",
            "module.eks-blueprints.module.aws_eks.aws_security_group_rule.node",
            "module.eks-blueprints.module.aws_eks.data.aws_iam_policy_document.assume_role_policy",
            "module.eks-blueprints.module.aws_eks.data.aws_partition.current",
            "module.eks-blueprints.module.aws_eks.module.kms.aws_kms_external_key.this",
            "module.eks-blueprints.module.aws_eks.module.kms.aws_kms_key.this",
            "module.eks-blueprints.module.aws_eks_fargate_profiles.data.aws_iam_policy_document.fargate_assume_role_policy",
            "module.eks-blueprints.module.kms.aws_kms_key.this"
          ]
        }
      ]
    },
    {
      "module": "module.eks-blueprints.module.aws_eks_fargate_profiles[\"default\"]",
      "mode": "managed",
      "type": "aws_iam_role_policy_attachment",
      "name": "cwlogs",
      "provider": "provider[\"registry.terraform.io/hashicorp/aws\"]",
      "instances": [
        {
          "index_key": 0,
          "schema_version": 0,
          "attributes": {
            "id": "aws014-preprod-test-eks-fargate-profile-20220919205254448100000012",
            "policy_arn": "arn:aws:iam::349361870252:policy/aws014-preprod-test-eks-fargate-profile-cwlogs",
            "role": "aws014-preprod-test-eks-fargate-profile"
          },
          "sensitive_attributes": [],
          "private": "bnVsbA==",
          "dependencies": [
            "data.aws_eks_cluster.cluster",
            "data.aws_eks_cluster_auth.cluster",
            "module.eks-blueprints.data.aws_caller_identity.current",
            "module.eks-blueprints.data.aws_eks_cluster.cluster",
            "module.eks-blueprints.data.aws_iam_policy_document.eks_key",
            "module.eks-blueprints.data.aws_partition.current",
            "module.eks-blueprints.data.aws_region.current",
            "module.eks-blueprints.data.http.eks_cluster_readiness",
            "module.eks-blueprints.kubernetes_config_map.aws_auth",
            "module.eks-blueprints.module.aws_eks.aws_cloudwatch_log_group.this",
            "module.eks-blueprints.module.aws_eks.aws_eks_cluster.this",
            "module.eks-blueprints.module.aws_eks.aws_iam_role.this",
            "module.eks-blueprints.module.aws_eks.aws_iam_role_policy_attachment.this",
            "module.eks-blueprints.module.aws_eks.aws_security_group.cluster",
            "module.eks-blueprints.module.aws_eks.aws_security_group.node",
            "module.eks-blueprints.module.aws_eks.aws_security_group_rule.cluster",
            "module.eks-blueprints.module.aws_eks.aws_security_group_rule.node",
            "module.eks-blueprints.module.aws_eks.data.aws_iam_policy_document.assume_role_policy",
            "module.eks-blueprints.module.aws_eks.data.aws_partition.current",
            "module.eks-blueprints.module.aws_eks.module.kms.aws_kms_external_key.this",
            "module.eks-blueprints.module.aws_eks.module.kms.aws_kms_key.this",
            "module.eks-blueprints.module.aws_eks_fargate_profiles.aws_iam_policy.cwlogs",
            "module.eks-blueprints.module.aws_eks_fargate_profiles.aws_iam_role.fargate",
            "module.eks-blueprints.module.aws_eks_fargate_profiles.data.aws_iam_policy_document.cwlogs",
            "module.eks-blueprints.module.aws_eks_fargate_profiles.data.aws_iam_policy_document.fargate_assume_role_policy",
            "module.eks-blueprints.module.kms.aws_kms_key.this"
          ]
        }
      ]
    },
    {
      "module": "module.eks-blueprints.module.aws_eks_fargate_profiles[\"default\"]",
      "mode": "managed",
      "type": "aws_iam_role_policy_attachment",
      "name": "fargate_pod_execution_role_policy",
      "provider": "provider[\"registry.terraform.io/hashicorp/aws\"]",
      "instances": [
        {
          "index_key": "arn:aws:iam::aws:policy/AmazonEKSFargatePodExecutionRolePolicy",
          "schema_version": 0,
          "attributes": {
            "id": "aws014-preprod-test-eks-fargate-profile-20220919205254445000000011",
            "policy_arn": "arn:aws:iam::aws:policy/AmazonEKSFargatePodExecutionRolePolicy",
            "role": "aws014-preprod-test-eks-fargate-profile"
          },
          "sensitive_attributes": [],
          "private": "bnVsbA==",
          "dependencies": [
            "data.aws_eks_cluster.cluster",
            "data.aws_eks_cluster_auth.cluster",
            "module.eks-blueprints.data.aws_caller_identity.current",
            "module.eks-blueprints.data.aws_eks_cluster.cluster",
            "module.eks-blueprints.data.aws_iam_policy_document.eks_key",
            "module.eks-blueprints.data.aws_partition.current",
            "module.eks-blueprints.data.aws_region.current",
            "module.eks-blueprints.data.http.eks_cluster_readiness",
            "module.eks-blueprints.kubernetes_config_map.aws_auth",
            "module.eks-blueprints.module.aws_eks.aws_cloudwatch_log_group.this",
            "module.eks-blueprints.module.aws_eks.aws_eks_cluster.this",
            "module.eks-blueprints.module.aws_eks.aws_iam_role.this",
            "module.eks-blueprints.module.aws_eks.aws_iam_role_policy_attachment.this",
            "module.eks-blueprints.module.aws_eks.aws_security_group.cluster",
            "module.eks-blueprints.module.aws_eks.aws_security_group.node",
            "module.eks-blueprints.module.aws_eks.aws_security_group_rule.cluster",
            "module.eks-blueprints.module.aws_eks.aws_security_group_rule.node",
            "module.eks-blueprints.module.aws_eks.data.aws_iam_policy_document.assume_role_policy",
            "module.eks-blueprints.module.aws_eks.data.aws_partition.current",
            "module.eks-blueprints.module.aws_eks.module.kms.aws_kms_external_key.this",
            "module.eks-blueprints.module.aws_eks.module.kms.aws_kms_key.this",
            "module.eks-blueprints.module.aws_eks_fargate_profiles.aws_iam_role.fargate",
            "module.eks-blueprints.module.aws_eks_fargate_profiles.data.aws_iam_policy_document.fargate_assume_role_policy",
            "module.eks-blueprints.module.kms.aws_kms_key.this"
          ]
        }
      ]
    },
    {
      "module": "module.eks-blueprints.module.aws_eks_managed_node_groups[\"mg_4\"]",
      "mode": "data",
      "type": "aws_iam_policy_document",
      "name": "managed_ng_assume_role_policy",
      "provider": "provider[\"registry.terraform.io/hashicorp/aws\"]",
      "instances": [
        {
          "schema_version": 0,
          "attributes": {
            "id": "3778018924",
            "json": "{\n  \"Version\": \"2012-10-17\",\n  \"Statement\": [\n    {\n      \"Sid\": \"EKSWorkerAssumeRole\",\n      \"Effect\": \"Allow\",\n      \"Action\": \"sts:AssumeRole\",\n      \"Principal\": {\n        \"Service\": \"ec2.amazonaws.com\"\n      }\n    }\n  ]\n}",
            "override_json": null,
            "override_policy_documents": null,
            "policy_id": null,
            "source_json": null,
            "source_policy_documents": null,
            "statement": [
              {
                "actions": [
                  "sts:AssumeRole"
                ],
                "condition": [],
                "effect": "Allow",
                "not_actions": [],
                "not_principals": [],
                "not_resources": [],
                "principals": [
                  {
                    "identifiers": [
                      "ec2.amazonaws.com"
                    ],
                    "type": "Service"
                  }
                ],
                "resources": [],
                "sid": "EKSWorkerAssumeRole"
              }
            ],
            "version": "2012-10-17"
          },
          "sensitive_attributes": []
        }
      ]
    },
    {
      "module": "module.eks-blueprints.module.aws_eks_managed_node_groups[\"mg_4\"]",
      "mode": "managed",
      "type": "aws_eks_node_group",
      "name": "managed_ng",
      "provider": "provider[\"registry.terraform.io/hashicorp/aws\"]",
      "instances": [
        {
          "schema_version": 0,
          "attributes": {
            "ami_type": "AL2_x86_64",
            "arn": "arn:aws:eks:us-west-2:349361870252:nodegroup/aws014-preprod-test-eks/managed-ondemand-20220919205254507400000013/9ac1abc3-3d55-dc24-0c26-90015d65be41",
            "capacity_type": "ON_DEMAND",
            "cluster_name": "aws014-preprod-test-eks",
            "disk_size": 50,
            "force_update_version": null,
            "id": "aws014-preprod-test-eks:managed-ondemand-20220919205254507400000013",
            "instance_types": [
              "m5.large"
            ],
            "labels": null,
            "launch_template": [],
            "node_group_name": "managed-ondemand-20220919205254507400000013",
            "node_group_name_prefix": "managed-ondemand-",
            "node_role_arn": "arn:aws:iam::349361870252:role/aws014-preprod-test-eks-managed-ondemand",
            "release_version": "1.23.9-20220914",
            "remote_access": [],
            "resources": [
              {
                "autoscaling_groups": [
                  {
                    "name": "eks-managed-ondemand-20220919205254507400000013-9ac1abc3-3d55-dc24-0c26-90015d65be41"
                  }
                ],
                "remote_access_security_group_id": ""
              }
            ],
            "scaling_config": [
              {
                "desired_size": 3,
                "max_size": 3,
                "min_size": 1
              }
            ],
            "status": "ACTIVE",
            "subnet_ids": [
              "subnet-036b648012dec0d67",
              "subnet-04ce734627c705b75",
              "subnet-0f5797fc0140a39e9"
            ],
            "tags": {
              "Name": "aws014-preprod-test-eks-managed-ondemand",
              "k8s.io/cluster-autoscaler/aws014-preprod-test-eks": "owned",
              "k8s.io/cluster-autoscaler/enabled": "TRUE",
              "kubernetes.io/cluster/aws014-preprod-test-eks": "owned",
              "managed-by": "terraform-aws-eks-blueprints"
            },
            "tags_all": {
              "Name": "aws014-preprod-test-eks-managed-ondemand",
              "k8s.io/cluster-autoscaler/aws014-preprod-test-eks": "owned",
              "k8s.io/cluster-autoscaler/enabled": "TRUE",
              "kubernetes.io/cluster/aws014-preprod-test-eks": "owned",
              "managed-by": "terraform-aws-eks-blueprints"
            },
            "taint": [],
            "timeouts": {
              "create": "30m",
              "delete": "30m",
              "update": "2h"
            },
            "update_config": [
              {
                "max_unavailable": 1,
                "max_unavailable_percentage": 0
              }
            ],
            "version": "1.23"
          },
          "sensitive_attributes": [],
          "private": "eyJlMmJmYjczMC1lY2FhLTExZTYtOGY4OC0zNDM2M2JjN2M0YzAiOnsiY3JlYXRlIjoxODAwMDAwMDAwMDAwLCJkZWxldGUiOjE4MDAwMDAwMDAwMDAsInVwZGF0ZSI6NzIwMDAwMDAwMDAwMH19",
          "dependencies": [
            "data.aws_eks_cluster.cluster",
            "data.aws_eks_cluster_auth.cluster",
            "module.eks-blueprints.data.aws_caller_identity.current",
            "module.eks-blueprints.data.aws_eks_cluster.cluster",
            "module.eks-blueprints.data.aws_iam_policy_document.eks_key",
            "module.eks-blueprints.data.aws_partition.current",
            "module.eks-blueprints.data.aws_region.current",
            "module.eks-blueprints.data.http.eks_cluster_readiness",
            "module.eks-blueprints.kubernetes_config_map.aws_auth",
            "module.eks-blueprints.module.aws_eks.aws_cloudwatch_log_group.this",
            "module.eks-blueprints.module.aws_eks.aws_eks_cluster.this",
            "module.eks-blueprints.module.aws_eks.aws_iam_role.this",
            "module.eks-blueprints.module.aws_eks.aws_iam_role_policy_attachment.this",
            "module.eks-blueprints.module.aws_eks.aws_security_group.cluster",
            "module.eks-blueprints.module.aws_eks.aws_security_group.node",
            "module.eks-blueprints.module.aws_eks.aws_security_group_rule.cluster",
            "module.eks-blueprints.module.aws_eks.aws_security_group_rule.node",
            "module.eks-blueprints.module.aws_eks.data.aws_iam_policy_document.assume_role_policy",
            "module.eks-blueprints.module.aws_eks.data.aws_partition.current",
            "module.eks-blueprints.module.aws_eks.module.kms.aws_kms_external_key.this",
            "module.eks-blueprints.module.aws_eks.module.kms.aws_kms_key.this",
            "module.eks-blueprints.module.aws_eks_managed_node_groups.aws_iam_instance_profile.managed_ng",
            "module.eks-blueprints.module.aws_eks_managed_node_groups.aws_iam_role.managed_ng",
            "module.eks-blueprints.module.aws_eks_managed_node_groups.aws_iam_role_policy_attachment.managed_ng",
            "module.eks-blueprints.module.aws_eks_managed_node_groups.aws_launch_template.managed_node_groups",
            "module.eks-blueprints.module.aws_eks_managed_node_groups.data.aws_iam_policy_document.managed_ng_assume_role_policy",
            "module.eks-blueprints.module.kms.aws_kms_key.this"
          ],
          "create_before_destroy": true
        }
      ]
    },
    {
      "module": "module.eks-blueprints.module.aws_eks_managed_node_groups[\"mg_4\"]",
      "mode": "managed",
      "type": "aws_iam_instance_profile",
      "name": "managed_ng",
      "provider": "provider[\"registry.terraform.io/hashicorp/aws\"]",
      "instances": [
        {
          "index_key": 0,
          "schema_version": 0,
          "attributes": {
            "arn": "arn:aws:iam::349361870252:instance-profile/aws014-preprod-test-eks-managed-ondemand",
            "create_date": "2022-09-19T20:52:54Z",
            "id": "aws014-preprod-test-eks-managed-ondemand",
            "name": "aws014-preprod-test-eks-managed-ondemand",
            "name_prefix": null,
            "path": "/",
            "role": "aws014-preprod-test-eks-managed-ondemand",
            "tags": null,
            "tags_all": {},
            "unique_id": "AIPAVCV4XCWWEGJJRV45M"
          },
          "sensitive_attributes": [],
          "private": "bnVsbA==",
          "dependencies": [
            "data.aws_eks_cluster.cluster",
            "data.aws_eks_cluster_auth.cluster",
            "module.eks-blueprints.data.aws_caller_identity.current",
            "module.eks-blueprints.data.aws_eks_cluster.cluster",
            "module.eks-blueprints.data.aws_iam_policy_document.eks_key",
            "module.eks-blueprints.data.aws_partition.current",
            "module.eks-blueprints.data.aws_region.current",
            "module.eks-blueprints.data.http.eks_cluster_readiness",
            "module.eks-blueprints.kubernetes_config_map.aws_auth",
            "module.eks-blueprints.module.aws_eks.aws_cloudwatch_log_group.this",
            "module.eks-blueprints.module.aws_eks.aws_eks_cluster.this",
            "module.eks-blueprints.module.aws_eks.aws_iam_role.this",
            "module.eks-blueprints.module.aws_eks.aws_iam_role_policy_attachment.this",
            "module.eks-blueprints.module.aws_eks.aws_security_group.cluster",
            "module.eks-blueprints.module.aws_eks.aws_security_group.node",
            "module.eks-blueprints.module.aws_eks.aws_security_group_rule.cluster",
            "module.eks-blueprints.module.aws_eks.aws_security_group_rule.node",
            "module.eks-blueprints.module.aws_eks.data.aws_iam_policy_document.assume_role_policy",
            "module.eks-blueprints.module.aws_eks.data.aws_partition.current",
            "module.eks-blueprints.module.aws_eks.module.kms.aws_kms_external_key.this",
            "module.eks-blueprints.module.aws_eks.module.kms.aws_kms_key.this",
            "module.eks-blueprints.module.aws_eks_managed_node_groups.aws_iam_role.managed_ng",
            "module.eks-blueprints.module.aws_eks_managed_node_groups.data.aws_iam_policy_document.managed_ng_assume_role_policy",
            "module.eks-blueprints.module.kms.aws_kms_key.this"
          ],
          "create_before_destroy": true
        }
      ]
    },
    {
      "module": "module.eks-blueprints.module.aws_eks_managed_node_groups[\"mg_4\"]",
      "mode": "managed",
      "type": "aws_iam_role",
      "name": "managed_ng",
      "provider": "provider[\"registry.terraform.io/hashicorp/aws\"]",
      "instances": [
        {
          "index_key": 0,
          "schema_version": 0,
          "attributes": {
            "arn": "arn:aws:iam::349361870252:role/aws014-preprod-test-eks-managed-ondemand",
            "assume_role_policy": "{\"Statement\":[{\"Action\":\"sts:AssumeRole\",\"Effect\":\"Allow\",\"Principal\":{\"Service\":\"ec2.amazonaws.com\"},\"Sid\":\"EKSWorkerAssumeRole\"}],\"Version\":\"2012-10-17\"}",
            "create_date": "2022-09-19T20:52:52Z",
            "description": "EKS Managed Node group IAM Role",
            "force_detach_policies": true,
            "id": "aws014-preprod-test-eks-managed-ondemand",
            "inline_policy": [],
            "managed_policy_arns": [],
            "max_session_duration": 3600,
            "name": "aws014-preprod-test-eks-managed-ondemand",
            "name_prefix": "",
            "path": "/",
            "permissions_boundary": null,
            "tags": null,
            "tags_all": {},
            "unique_id": "AROAVCV4XCWWC3ATYRHZ3"
          },
          "sensitive_attributes": [],
          "private": "bnVsbA==",
          "dependencies": [
            "data.aws_eks_cluster.cluster",
            "data.aws_eks_cluster_auth.cluster",
            "module.eks-blueprints.data.aws_caller_identity.current",
            "module.eks-blueprints.data.aws_eks_cluster.cluster",
            "module.eks-blueprints.data.aws_iam_policy_document.eks_key",
            "module.eks-blueprints.data.aws_partition.current",
            "module.eks-blueprints.data.aws_region.current",
            "module.eks-blueprints.data.http.eks_cluster_readiness",
            "module.eks-blueprints.kubernetes_config_map.aws_auth",
            "module.eks-blueprints.module.aws_eks.aws_cloudwatch_log_group.this",
            "module.eks-blueprints.module.aws_eks.aws_eks_cluster.this",
            "module.eks-blueprints.module.aws_eks.aws_iam_role.this",
            "module.eks-blueprints.module.aws_eks.aws_iam_role_policy_attachment.this",
            "module.eks-blueprints.module.aws_eks.aws_security_group.cluster",
            "module.eks-blueprints.module.aws_eks.aws_security_group.node",
            "module.eks-blueprints.module.aws_eks.aws_security_group_rule.cluster",
            "module.eks-blueprints.module.aws_eks.aws_security_group_rule.node",
            "module.eks-blueprints.module.aws_eks.data.aws_iam_policy_document.assume_role_policy",
            "module.eks-blueprints.module.aws_eks.data.aws_partition.current",
            "module.eks-blueprints.module.aws_eks.module.kms.aws_kms_external_key.this",
            "module.eks-blueprints.module.aws_eks.module.kms.aws_kms_key.this",
            "module.eks-blueprints.module.aws_eks_managed_node_groups.data.aws_iam_policy_document.managed_ng_assume_role_policy",
            "module.eks-blueprints.module.kms.aws_kms_key.this"
          ],
          "create_before_destroy": true
        }
      ]
    },
    {
      "module": "module.eks-blueprints.module.aws_eks_managed_node_groups[\"mg_4\"]",
      "mode": "managed",
      "type": "aws_iam_role_policy_attachment",
      "name": "managed_ng",
      "provider": "provider[\"registry.terraform.io/hashicorp/aws\"]",
      "instances": [
        {
          "index_key": "arn:aws:iam::aws:policy/AmazonEC2ContainerRegistryReadOnly",
          "schema_version": 0,
          "attributes": {
            "id": "aws014-preprod-test-eks-managed-ondemand-2022091920525418290000000e",
            "policy_arn": "arn:aws:iam::aws:policy/AmazonEC2ContainerRegistryReadOnly",
            "role": "aws014-preprod-test-eks-managed-ondemand"
          },
          "sensitive_attributes": [],
          "private": "bnVsbA==",
          "dependencies": [
            "data.aws_eks_cluster.cluster",
            "data.aws_eks_cluster_auth.cluster",
            "module.eks-blueprints.data.aws_caller_identity.current",
            "module.eks-blueprints.data.aws_eks_cluster.cluster",
            "module.eks-blueprints.data.aws_iam_policy_document.eks_key",
            "module.eks-blueprints.data.aws_partition.current",
            "module.eks-blueprints.data.aws_region.current",
            "module.eks-blueprints.data.http.eks_cluster_readiness",
            "module.eks-blueprints.kubernetes_config_map.aws_auth",
            "module.eks-blueprints.module.aws_eks.aws_cloudwatch_log_group.this",
            "module.eks-blueprints.module.aws_eks.aws_eks_cluster.this",
            "module.eks-blueprints.module.aws_eks.aws_iam_role.this",
            "module.eks-blueprints.module.aws_eks.aws_iam_role_policy_attachment.this",
            "module.eks-blueprints.module.aws_eks.aws_security_group.cluster",
            "module.eks-blueprints.module.aws_eks.aws_security_group.node",
            "module.eks-blueprints.module.aws_eks.aws_security_group_rule.cluster",
            "module.eks-blueprints.module.aws_eks.aws_security_group_rule.node",
            "module.eks-blueprints.module.aws_eks.data.aws_iam_policy_document.assume_role_policy",
            "module.eks-blueprints.module.aws_eks.data.aws_partition.current",
            "module.eks-blueprints.module.aws_eks.module.kms.aws_kms_external_key.this",
            "module.eks-blueprints.module.aws_eks.module.kms.aws_kms_key.this",
            "module.eks-blueprints.module.aws_eks_managed_node_groups.aws_iam_role.managed_ng",
            "module.eks-blueprints.module.aws_eks_managed_node_groups.data.aws_iam_policy_document.managed_ng_assume_role_policy",
            "module.eks-blueprints.module.kms.aws_kms_key.this"
          ],
          "create_before_destroy": true
        },
        {
          "index_key": "arn:aws:iam::aws:policy/AmazonEKSWorkerNodePolicy",
          "schema_version": 0,
          "attributes": {
            "id": "aws014-preprod-test-eks-managed-ondemand-20220919205254386600000010",
            "policy_arn": "arn:aws:iam::aws:policy/AmazonEKSWorkerNodePolicy",
            "role": "aws014-preprod-test-eks-managed-ondemand"
          },
          "sensitive_attributes": [],
          "private": "bnVsbA==",
          "dependencies": [
            "data.aws_eks_cluster.cluster",
            "data.aws_eks_cluster_auth.cluster",
            "module.eks-blueprints.data.aws_caller_identity.current",
            "module.eks-blueprints.data.aws_eks_cluster.cluster",
            "module.eks-blueprints.data.aws_iam_policy_document.eks_key",
            "module.eks-blueprints.data.aws_partition.current",
            "module.eks-blueprints.data.aws_region.current",
            "module.eks-blueprints.data.http.eks_cluster_readiness",
            "module.eks-blueprints.kubernetes_config_map.aws_auth",
            "module.eks-blueprints.module.aws_eks.aws_cloudwatch_log_group.this",
            "module.eks-blueprints.module.aws_eks.aws_eks_cluster.this",
            "module.eks-blueprints.module.aws_eks.aws_iam_role.this",
            "module.eks-blueprints.module.aws_eks.aws_iam_role_policy_attachment.this",
            "module.eks-blueprints.module.aws_eks.aws_security_group.cluster",
            "module.eks-blueprints.module.aws_eks.aws_security_group.node",
            "module.eks-blueprints.module.aws_eks.aws_security_group_rule.cluster",
            "module.eks-blueprints.module.aws_eks.aws_security_group_rule.node",
            "module.eks-blueprints.module.aws_eks.data.aws_iam_policy_document.assume_role_policy",
            "module.eks-blueprints.module.aws_eks.data.aws_partition.current",
            "module.eks-blueprints.module.aws_eks.module.kms.aws_kms_external_key.this",
            "module.eks-blueprints.module.aws_eks.module.kms.aws_kms_key.this",
            "module.eks-blueprints.module.aws_eks_managed_node_groups.aws_iam_role.managed_ng",
            "module.eks-blueprints.module.aws_eks_managed_node_groups.data.aws_iam_policy_document.managed_ng_assume_role_policy",
            "module.eks-blueprints.module.kms.aws_kms_key.this"
          ],
          "create_before_destroy": true
        },
        {
          "index_key": "arn:aws:iam::aws:policy/AmazonEKS_CNI_Policy",
          "schema_version": 0,
          "attributes": {
            "id": "aws014-preprod-test-eks-managed-ondemand-2022091920525409000000000d",
            "policy_arn": "arn:aws:iam::aws:policy/AmazonEKS_CNI_Policy",
            "role": "aws014-preprod-test-eks-managed-ondemand"
          },
          "sensitive_attributes": [],
          "private": "bnVsbA==",
          "dependencies": [
            "data.aws_eks_cluster.cluster",
            "data.aws_eks_cluster_auth.cluster",
            "module.eks-blueprints.data.aws_caller_identity.current",
            "module.eks-blueprints.data.aws_eks_cluster.cluster",
            "module.eks-blueprints.data.aws_iam_policy_document.eks_key",
            "module.eks-blueprints.data.aws_partition.current",
            "module.eks-blueprints.data.aws_region.current",
            "module.eks-blueprints.data.http.eks_cluster_readiness",
            "module.eks-blueprints.kubernetes_config_map.aws_auth",
            "module.eks-blueprints.module.aws_eks.aws_cloudwatch_log_group.this",
            "module.eks-blueprints.module.aws_eks.aws_eks_cluster.this",
            "module.eks-blueprints.module.aws_eks.aws_iam_role.this",
            "module.eks-blueprints.module.aws_eks.aws_iam_role_policy_attachment.this",
            "module.eks-blueprints.module.aws_eks.aws_security_group.cluster",
            "module.eks-blueprints.module.aws_eks.aws_security_group.node",
            "module.eks-blueprints.module.aws_eks.aws_security_group_rule.cluster",
            "module.eks-blueprints.module.aws_eks.aws_security_group_rule.node",
            "module.eks-blueprints.module.aws_eks.data.aws_iam_policy_document.assume_role_policy",
            "module.eks-blueprints.module.aws_eks.data.aws_partition.current",
            "module.eks-blueprints.module.aws_eks.module.kms.aws_kms_external_key.this",
            "module.eks-blueprints.module.aws_eks.module.kms.aws_kms_key.this",
            "module.eks-blueprints.module.aws_eks_managed_node_groups.aws_iam_role.managed_ng",
            "module.eks-blueprints.module.aws_eks_managed_node_groups.data.aws_iam_policy_document.managed_ng_assume_role_policy",
            "module.eks-blueprints.module.kms.aws_kms_key.this"
          ],
          "create_before_destroy": true
        },
        {
          "index_key": "arn:aws:iam::aws:policy/AmazonSSMManagedInstanceCore",
          "schema_version": 0,
          "attributes": {
            "id": "aws014-preprod-test-eks-managed-ondemand-2022091920525431780000000f",
            "policy_arn": "arn:aws:iam::aws:policy/AmazonSSMManagedInstanceCore",
            "role": "aws014-preprod-test-eks-managed-ondemand"
          },
          "sensitive_attributes": [],
          "private": "bnVsbA==",
          "dependencies": [
            "data.aws_eks_cluster.cluster",
            "data.aws_eks_cluster_auth.cluster",
            "module.eks-blueprints.data.aws_caller_identity.current",
            "module.eks-blueprints.data.aws_eks_cluster.cluster",
            "module.eks-blueprints.data.aws_iam_policy_document.eks_key",
            "module.eks-blueprints.data.aws_partition.current",
            "module.eks-blueprints.data.aws_region.current",
            "module.eks-blueprints.data.http.eks_cluster_readiness",
            "module.eks-blueprints.kubernetes_config_map.aws_auth",
            "module.eks-blueprints.module.aws_eks.aws_cloudwatch_log_group.this",
            "module.eks-blueprints.module.aws_eks.aws_eks_cluster.this",
            "module.eks-blueprints.module.aws_eks.aws_iam_role.this",
            "module.eks-blueprints.module.aws_eks.aws_iam_role_policy_attachment.this",
            "module.eks-blueprints.module.aws_eks.aws_security_group.cluster",
            "module.eks-blueprints.module.aws_eks.aws_security_group.node",
            "module.eks-blueprints.module.aws_eks.aws_security_group_rule.cluster",
            "module.eks-blueprints.module.aws_eks.aws_security_group_rule.node",
            "module.eks-blueprints.module.aws_eks.data.aws_iam_policy_document.assume_role_policy",
            "module.eks-blueprints.module.aws_eks.data.aws_partition.current",
            "module.eks-blueprints.module.aws_eks.module.kms.aws_kms_external_key.this",
            "module.eks-blueprints.module.aws_eks.module.kms.aws_kms_key.this",
            "module.eks-blueprints.module.aws_eks_managed_node_groups.aws_iam_role.managed_ng",
            "module.eks-blueprints.module.aws_eks_managed_node_groups.data.aws_iam_policy_document.managed_ng_assume_role_policy",
            "module.eks-blueprints.module.kms.aws_kms_key.this"
          ],
          "create_before_destroy": true
        }
      ]
    },
    {
      "module": "module.eks-blueprints.module.kms[0]",
      "mode": "managed",
      "type": "aws_kms_alias",
      "name": "this",
      "provider": "provider[\"registry.terraform.io/hashicorp/aws\"]",
      "instances": [
        {
          "schema_version": 0,
          "attributes": {
            "arn": "arn:aws:kms:us-west-2:349361870252:alias/aws014-preprod-test-eks",
            "id": "alias/aws014-preprod-test-eks",
            "name": "alias/aws014-preprod-test-eks",
            "name_prefix": "",
            "target_key_arn": "arn:aws:kms:us-west-2:349361870252:key/f23f3ad7-11d4-405d-b42f-cbff33e6f8df",
            "target_key_id": "f23f3ad7-11d4-405d-b42f-cbff33e6f8df"
          },
          "sensitive_attributes": [],
          "private": "bnVsbA==",
          "dependencies": [
            "module.eks-blueprints.data.aws_iam_policy_document.eks_key",
            "module.eks-blueprints.module.kms.aws_kms_key.this"
          ]
        }
      ]
    },
    {
      "module": "module.eks-blueprints.module.kms[0]",
      "mode": "managed",
      "type": "aws_kms_key",
      "name": "this",
      "provider": "provider[\"registry.terraform.io/hashicorp/aws\"]",
      "instances": [
        {
          "schema_version": 0,
          "attributes": {
            "arn": "arn:aws:kms:us-west-2:349361870252:key/f23f3ad7-11d4-405d-b42f-cbff33e6f8df",
            "bypass_policy_lockout_safety_check": false,
            "customer_master_key_spec": "SYMMETRIC_DEFAULT",
            "deletion_window_in_days": 30,
            "description": "aws014-preprod-test-eks EKS cluster secret encryption key",
            "enable_key_rotation": true,
            "id": "f23f3ad7-11d4-405d-b42f-cbff33e6f8df",
            "is_enabled": true,
            "key_id": "f23f3ad7-11d4-405d-b42f-cbff33e6f8df",
            "key_usage": "ENCRYPT_DECRYPT",
            "multi_region": false,
            "policy": "{\n  \"Version\": \"2012-10-17\",\n  \"Statement\": [\n    {\n      \"Sid\": \"Allow access for all principals in the account that are authorized\",\n      \"Effect\": \"Allow\",\n      \"Action\": [\n        \"kms:ReEncrypt*\",\n        \"kms:GenerateDataKey*\",\n        \"kms:Encrypt\",\n        \"kms:DescribeKey\",\n        \"kms:Decrypt\",\n        \"kms:CreateGrant\"\n      ],\n      \"Resource\": \"*\",\n      \"Principal\": {\n        \"AWS\": \"arn:aws:iam::349361870252:root\"\n      },\n      \"Condition\": {\n        \"StringEquals\": {\n          \"kms:CallerAccount\": \"349361870252\",\n          \"kms:ViaService\": \"eks.us-west-2.amazonaws.com\"\n        }\n      }\n    },\n    {\n      \"Sid\": \"Allow direct access to key metadata to the account\",\n      \"Effect\": \"Allow\",\n      \"Action\": [\n        \"kms:RevokeGrant\",\n        \"kms:List*\",\n        \"kms:Get*\",\n        \"kms:Describe*\"\n      ],\n      \"Resource\": \"*\",\n      \"Principal\": {\n        \"AWS\": \"arn:aws:iam::349361870252:root\"\n      }\n    },\n    {\n      \"Sid\": \"Allow access for Key Administrators\",\n      \"Effect\": \"Allow\",\n      \"Action\": \"kms:*\",\n      \"Resource\": \"*\",\n      \"Principal\": {\n        \"AWS\": \"arn:aws:iam::349361870252:user/victorlocal\"\n      }\n    },\n    {\n      \"Sid\": \"Allow use of the key\",\n      \"Effect\": \"Allow\",\n      \"Action\": [\n        \"kms:ReEncrypt*\",\n        \"kms:GenerateDataKey*\",\n        \"kms:Encrypt\",\n        \"kms:DescribeKey\",\n        \"kms:Decrypt\"\n      ],\n      \"Resource\": \"*\",\n      \"Principal\": {\n        \"AWS\": \"arn:aws:iam::349361870252:role/aws014-preprod-test-eks-cluster-role\"\n      }\n    },\n    {\n      \"Sid\": \"Allow attachment of persistent resources\",\n      \"Effect\": \"Allow\",\n      \"Action\": [\n        \"kms:RevokeGrant\",\n        \"kms:ListGrants\",\n        \"kms:CreateGrant\"\n      ],\n      \"Resource\": \"*\",\n      \"Principal\": {\n        \"AWS\": \"arn:aws:iam::349361870252:role/aws014-preprod-test-eks-cluster-role\"\n      },\n      \"Condition\": {\n        \"Bool\": {\n          \"kms:GrantIsForAWSResource\": \"true\"\n        }\n      }\n    }\n  ]\n}",
            "tags": null,
            "tags_all": {}
          },
          "sensitive_attributes": [],
          "private": "bnVsbA==",
          "dependencies": [
            "module.eks-blueprints.data.aws_iam_policy_document.eks_key"
          ],
          "create_before_destroy": true
        }
      ]
    },
    {
      "module": "module.eks_blueprints_kubernetes_addons",
      "mode": "data",
      "type": "aws_caller_identity",
      "name": "current",
      "provider": "provider[\"registry.terraform.io/hashicorp/aws\"]",
      "instances": [
        {
          "schema_version": 0,
          "attributes": {
            "account_id": "349361870252",
            "arn": "arn:aws:iam::349361870252:user/victorlocal",
            "id": "349361870252",
            "user_id": "AIDAVCV4XCWWOEQEFHZVI"
          },
          "sensitive_attributes": []
        }
      ]
    },
    {
      "module": "module.eks_blueprints_kubernetes_addons",
      "mode": "data",
      "type": "aws_eks_cluster",
      "name": "eks_cluster",
      "provider": "provider[\"registry.terraform.io/hashicorp/aws\"]",
      "instances": [
        {
          "schema_version": 0,
          "attributes": {
            "arn": "arn:aws:eks:us-west-2:349361870252:cluster/aws014-preprod-test-eks",
            "certificate_authority": [
              {
                "data": "LS0tLS1CRUdJTiBDRVJUSUZJQ0FURS0tLS0tCk1JSUMvakNDQWVhZ0F3SUJBZ0lCQURBTkJna3Foa2lHOXcwQkFRc0ZBREFWTVJNd0VRWURWUVFERXdwcmRXSmwKY201bGRHVnpNQjRYRFRJeU1Ea3hPVEl3TkRZME4xb1hEVE15TURreE5qSXdORFkwTjFvd0ZURVRNQkVHQTFVRQpBeE1LYTNWaVpYSnVaWFJsY3pDQ0FTSXdEUVlKS29aSWh2Y05BUUVCQlFBRGdnRVBBRENDQVFvQ2dnRUJBTFdaCmVaR29TOG9VYmI0TDBkU3ZvdmNoTGJaOTFiNjBtSXRTdWtTUXNPd1VWVXVqS1VqcEJPUVgvTjY4eHdCZUR2aTYKWEx3aHJNSm5NdG4rbzdZL1I5VDFXV3A3WThLczQwMUwzR2pjSmliRDRDMGI2YWthTnQvOG03eHNIaS81RzdYdAo1eS9wUHRzS2hvaGxzL1VlUnh0ZTBXK0syYkdrR2lNWG1pVFVoL0haNTNxWHVobEpnY3ZSTTY2eXdITUhiZmFPCnZobmt2L1ZRaXlyd29WSTRNeVZvVDRNZ3E3UzZ5c3BBVG1GbEZxT042UEdyNXgxVWRuUU9BaVlSaUJKZTBZcnoKQTJIZmUwUUhDMFlMTXF4RkN0blZCWXhQZXZwMzN5KzRrQTdHNkYwNlZPbURyMUdtcTIvcWpwd1ptRlltVmNibQo5elR0SUVpb25wZmw4UjloRjVrQ0F3RUFBYU5aTUZjd0RnWURWUjBQQVFIL0JBUURBZ0trTUE4R0ExVWRFd0VCCi93UUZNQU1CQWY4d0hRWURWUjBPQkJZRUZHem1FTlo0WWJjQnVueHpoeHRXSDRaUTJ2aERNQlVHQTFVZEVRUU8KTUF5Q0NtdDFZbVZ5Ym1WMFpYTXdEUVlKS29aSWh2Y05BUUVMQlFBRGdnRUJBQ3ZaL1N1YzhYcFBmc2h6WTBJcAoxMVpyWGd3MDYrSVF6MEJ0blRqU3VlaHJlNG5pSE1Rd1pFYXBVYnM1aFdCSWlEMmFxR21URjhyYmpjU0Y1a0lBClV6Y3M1MWVMZ3ZCaUF2NHlnbWtZYUZ2TTRnVEt6bm9wdzMwVzVhZDNnYWZUMTVLNzJJRThaWnkrTW5TM1JtbzQKazMxanhOQ0R3VEFnajR3S3NYRzNxdFM1VkpISExWcDdGVkczeVdKOURwUDdHZG9qWVVVMytlMnhOL01xOWg4dQpXQVBObW9YSjV2UGc4M2tqS2dPdGw1dDBJcnRFaWNSVkNMYm9hZkFvL2V2ZjFvNHBVQkZUcXRON1dOd2tNNVJaCld1NnVlVlNZNXJSQ3FWYWNDZkNKM3pyVzFzWHhUYkFnVm8wK2kyNTdkeGc4VnovbmJ5T3dXdHI2QTIwSG4wL0cKSEd3PQotLS0tLUVORCBDRVJUSUZJQ0FURS0tLS0tCg=="
              }
            ],
            "created_at": "2022-09-19 20:40:40.808 +0000 UTC",
            "enabled_cluster_log_types": [
              "api",
              "audit",
              "authenticator",
              "controllerManager",
              "scheduler"
            ],
            "endpoint": "https://3D00D0DA0741FBC5FE15EF50B2DAD8ED.gr7.us-west-2.eks.amazonaws.com",
            "id": "aws014-preprod-test-eks",
            "identity": [
              {
                "oidc": [
                  {
                    "issuer": "https://oidc.eks.us-west-2.amazonaws.com/id/3D00D0DA0741FBC5FE15EF50B2DAD8ED"
                  }
                ]
              }
            ],
            "kubernetes_network_config": [
              {
                "ip_family": "ipv4",
                "service_ipv4_cidr": "172.20.0.0/16"
              }
            ],
            "name": "aws014-preprod-test-eks",
            "platform_version": "eks.1",
            "role_arn": "arn:aws:iam::349361870252:role/aws014-preprod-test-eks-cluster-role",
            "status": "ACTIVE",
            "tags": {},
            "version": "1.23",
            "vpc_config": [
              {
                "cluster_security_group_id": "sg-0cd78b6325148fea0",
                "endpoint_private_access": true,
                "endpoint_public_access": true,
                "public_access_cidrs": [
                  "0.0.0.0/0"
                ],
                "security_group_ids": [
                  "sg-0c3c9dc14e3609374"
                ],
                "subnet_ids": [
                  "subnet-036b648012dec0d67",
                  "subnet-04ce734627c705b75",
                  "subnet-0f5797fc0140a39e9"
                ],
                "vpc_id": "vpc-0eceb8665a337eca0"
              }
            ]
          },
          "sensitive_attributes": []
        }
      ]
    },
    {
      "module": "module.eks_blueprints_kubernetes_addons",
      "mode": "data",
      "type": "aws_partition",
      "name": "current",
      "provider": "provider[\"registry.terraform.io/hashicorp/aws\"]",
      "instances": [
        {
          "schema_version": 0,
          "attributes": {
            "dns_suffix": "amazonaws.com",
            "id": "aws",
            "partition": "aws",
            "reverse_dns_prefix": "com.amazonaws"
          },
          "sensitive_attributes": []
        }
      ]
    },
    {
      "module": "module.eks_blueprints_kubernetes_addons",
      "mode": "data",
      "type": "aws_region",
      "name": "current",
      "provider": "provider[\"registry.terraform.io/hashicorp/aws\"]",
      "instances": [
        {
          "schema_version": 0,
          "attributes": {
            "description": "US West (Oregon)",
            "endpoint": "ec2.us-west-2.amazonaws.com",
            "id": "us-west-2",
            "name": "us-west-2"
          },
          "sensitive_attributes": []
        }
      ]
    },
    {
      "module": "module.eks_blueprints_kubernetes_addons.module.aws_coredns[0]",
      "mode": "data",
      "type": "aws_eks_addon_version",
      "name": "this",
      "provider": "provider[\"registry.terraform.io/hashicorp/aws\"]",
      "instances": [
        {
          "schema_version": 0,
          "attributes": {
            "addon_name": "coredns",
            "id": "coredns",
            "kubernetes_version": "1.23",
            "most_recent": false,
            "version": "v1.8.7-eksbuild.2"
          },
          "sensitive_attributes": []
        }
      ]
    },
    {
      "module": "module.eks_blueprints_kubernetes_addons.module.aws_ebs_csi_driver[0]",
      "mode": "data",
      "type": "aws_iam_policy_document",
      "name": "aws_ebs_csi_driver",
      "provider": "provider[\"registry.terraform.io/hashicorp/aws\"]",
      "instances": [
        {
          "index_key": 0,
          "schema_version": 0,
          "attributes": {
            "id": "1888929143",
            "json": "{\n  \"Version\": \"2012-10-17\",\n  \"Statement\": [\n    {\n      \"Sid\": \"\",\n      \"Effect\": \"Allow\",\n      \"Action\": [\n        \"ec2:ModifyVolume\",\n        \"ec2:DetachVolume\",\n        \"ec2:DescribeVolumesModifications\",\n        \"ec2:DescribeVolumes\",\n        \"ec2:DescribeTags\",\n        \"ec2:DescribeSnapshots\",\n        \"ec2:DescribeInstances\",\n        \"ec2:DescribeAvailabilityZones\",\n        \"ec2:CreateSnapshot\",\n        \"ec2:AttachVolume\"\n      ],\n      \"Resource\": \"*\"\n    },\n    {\n      \"Sid\": \"\",\n      \"Effect\": \"Allow\",\n      \"Action\": \"ec2:CreateTags\",\n      \"Resource\": [\n        \"arn:aws:ec2:*:*:volume/*\",\n        \"arn:aws:ec2:*:*:snapshot/*\"\n      ],\n      \"Condition\": {\n        \"StringEquals\": {\n          \"ec2:CreateAction\": [\n            \"CreateVolume\",\n            \"CreateSnapshot\"\n          ]\n        }\n      }\n    },\n    {\n      \"Sid\": \"\",\n      \"Effect\": \"Allow\",\n      \"Action\": \"ec2:DeleteTags\",\n      \"Resource\": [\n        \"arn:aws:ec2:*:*:volume/*\",\n        \"arn:aws:ec2:*:*:snapshot/*\"\n      ]\n    },\n    {\n      \"Sid\": \"\",\n      \"Effect\": \"Allow\",\n      \"Action\": \"ec2:CreateVolume\",\n      \"Resource\": \"*\",\n      \"Condition\": {\n        \"StringLike\": {\n          \"aws:RequestTag/ebs.csi.aws.com/cluster\": \"true\"\n        }\n      }\n    },\n    {\n      \"Sid\": \"\",\n      \"Effect\": \"Allow\",\n      \"Action\": \"ec2:CreateVolume\",\n      \"Resource\": \"*\",\n      \"Condition\": {\n        \"StringLike\": {\n          \"aws:RequestTag/CSIVolumeName\": \"*\"\n        }\n      }\n    },\n    {\n      \"Sid\": \"\",\n      \"Effect\": \"Allow\",\n      \"Action\": \"ec2:CreateVolume\",\n      \"Resource\": \"*\",\n      \"Condition\": {\n        \"StringLike\": {\n          \"aws:RequestTag/kubernetes.io/cluster/*\": \"owned\"\n        }\n      }\n    },\n    {\n      \"Sid\": \"\",\n      \"Effect\": \"Allow\",\n      \"Action\": \"ec2:DeleteVolume\",\n      \"Resource\": \"*\",\n      \"Condition\": {\n        \"StringLike\": {\n          \"ec2:ResourceTag/ebs.csi.aws.com/cluster\": \"true\"\n        }\n      }\n    },\n    {\n      \"Sid\": \"\",\n      \"Effect\": \"Allow\",\n      \"Action\": \"ec2:DeleteVolume\",\n      \"Resource\": \"*\",\n      \"Condition\": {\n        \"StringLike\": {\n          \"ec2:ResourceTag/CSIVolumeName\": \"*\"\n        }\n      }\n    },\n    {\n      \"Sid\": \"\",\n      \"Effect\": \"Allow\",\n      \"Action\": \"ec2:DeleteVolume\",\n      \"Resource\": \"*\",\n      \"Condition\": {\n        \"StringLike\": {\n          \"ec2:ResourceTag/kubernetes.io/cluster/*\": \"owned\"\n        }\n      }\n    },\n    {\n      \"Sid\": \"\",\n      \"Effect\": \"Allow\",\n      \"Action\": \"ec2:DeleteSnapshot\",\n      \"Resource\": \"*\",\n      \"Condition\": {\n        \"StringLike\": {\n          \"ec2:ResourceTag/CSIVolumeSnapshotName\": \"*\"\n        }\n      }\n    },\n    {\n      \"Sid\": \"\",\n      \"Effect\": \"Allow\",\n      \"Action\": \"ec2:DeleteSnapshot\",\n      \"Resource\": \"*\",\n      \"Condition\": {\n        \"StringLike\": {\n          \"ec2:ResourceTag/ebs.csi.aws.com/cluster\": \"true\"\n        }\n      }\n    }\n  ]\n}",
            "override_json": null,
            "override_policy_documents": null,
            "policy_id": null,
            "source_json": null,
            "source_policy_documents": null,
            "statement": [
              {
                "actions": [
                  "ec2:AttachVolume",
                  "ec2:CreateSnapshot",
                  "ec2:DescribeAvailabilityZones",
                  "ec2:DescribeInstances",
                  "ec2:DescribeSnapshots",
                  "ec2:DescribeTags",
                  "ec2:DescribeVolumes",
                  "ec2:DescribeVolumesModifications",
                  "ec2:DetachVolume",
                  "ec2:ModifyVolume"
                ],
                "condition": [],
                "effect": "Allow",
                "not_actions": [],
                "not_principals": [],
                "not_resources": [],
                "principals": [],
                "resources": [
                  "*"
                ],
                "sid": ""
              },
              {
                "actions": [
                  "ec2:CreateTags"
                ],
                "condition": [
                  {
                    "test": "StringEquals",
                    "values": [
                      "CreateVolume",
                      "CreateSnapshot"
                    ],
                    "variable": "ec2:CreateAction"
                  }
                ],
                "effect": "Allow",
                "not_actions": [],
                "not_principals": [],
                "not_resources": [],
                "principals": [],
                "resources": [
                  "arn:aws:ec2:*:*:snapshot/*",
                  "arn:aws:ec2:*:*:volume/*"
                ],
                "sid": ""
              },
              {
                "actions": [
                  "ec2:DeleteTags"
                ],
                "condition": [],
                "effect": "Allow",
                "not_actions": [],
                "not_principals": [],
                "not_resources": [],
                "principals": [],
                "resources": [
                  "arn:aws:ec2:*:*:snapshot/*",
                  "arn:aws:ec2:*:*:volume/*"
                ],
                "sid": ""
              },
              {
                "actions": [
                  "ec2:CreateVolume"
                ],
                "condition": [
                  {
                    "test": "StringLike",
                    "values": [
                      "true"
                    ],
                    "variable": "aws:RequestTag/ebs.csi.aws.com/cluster"
                  }
                ],
                "effect": "Allow",
                "not_actions": [],
                "not_principals": [],
                "not_resources": [],
                "principals": [],
                "resources": [
                  "*"
                ],
                "sid": ""
              },
              {
                "actions": [
                  "ec2:CreateVolume"
                ],
                "condition": [
                  {
                    "test": "StringLike",
                    "values": [
                      "*"
                    ],
                    "variable": "aws:RequestTag/CSIVolumeName"
                  }
                ],
                "effect": "Allow",
                "not_actions": [],
                "not_principals": [],
                "not_resources": [],
                "principals": [],
                "resources": [
                  "*"
                ],
                "sid": ""
              },
              {
                "actions": [
                  "ec2:CreateVolume"
                ],
                "condition": [
                  {
                    "test": "StringLike",
                    "values": [
                      "owned"
                    ],
                    "variable": "aws:RequestTag/kubernetes.io/cluster/*"
                  }
                ],
                "effect": "Allow",
                "not_actions": [],
                "not_principals": [],
                "not_resources": [],
                "principals": [],
                "resources": [
                  "*"
                ],
                "sid": ""
              },
              {
                "actions": [
                  "ec2:DeleteVolume"
                ],
                "condition": [
                  {
                    "test": "StringLike",
                    "values": [
                      "true"
                    ],
                    "variable": "ec2:ResourceTag/ebs.csi.aws.com/cluster"
                  }
                ],
                "effect": "Allow",
                "not_actions": [],
                "not_principals": [],
                "not_resources": [],
                "principals": [],
                "resources": [
                  "*"
                ],
                "sid": ""
              },
              {
                "actions": [
                  "ec2:DeleteVolume"
                ],
                "condition": [
                  {
                    "test": "StringLike",
                    "values": [
                      "*"
                    ],
                    "variable": "ec2:ResourceTag/CSIVolumeName"
                  }
                ],
                "effect": "Allow",
                "not_actions": [],
                "not_principals": [],
                "not_resources": [],
                "principals": [],
                "resources": [
                  "*"
                ],
                "sid": ""
              },
              {
                "actions": [
                  "ec2:DeleteVolume"
                ],
                "condition": [
                  {
                    "test": "StringLike",
                    "values": [
                      "owned"
                    ],
                    "variable": "ec2:ResourceTag/kubernetes.io/cluster/*"
                  }
                ],
                "effect": "Allow",
                "not_actions": [],
                "not_principals": [],
                "not_resources": [],
                "principals": [],
                "resources": [
                  "*"
                ],
                "sid": ""
              },
              {
                "actions": [
                  "ec2:DeleteSnapshot"
                ],
                "condition": [
                  {
                    "test": "StringLike",
                    "values": [
                      "*"
                    ],
                    "variable": "ec2:ResourceTag/CSIVolumeSnapshotName"
                  }
                ],
                "effect": "Allow",
                "not_actions": [],
                "not_principals": [],
                "not_resources": [],
                "principals": [],
                "resources": [
                  "*"
                ],
                "sid": ""
              },
              {
                "actions": [
                  "ec2:DeleteSnapshot"
                ],
                "condition": [
                  {
                    "test": "StringLike",
                    "values": [
                      "true"
                    ],
                    "variable": "ec2:ResourceTag/ebs.csi.aws.com/cluster"
                  }
                ],
                "effect": "Allow",
                "not_actions": [],
                "not_principals": [],
                "not_resources": [],
                "principals": [],
                "resources": [
                  "*"
                ],
                "sid": ""
              }
            ],
            "version": "2012-10-17"
          },
          "sensitive_attributes": []
        }
      ]
    },
    {
      "module": "module.eks_blueprints_kubernetes_addons.module.aws_ebs_csi_driver[0]",
      "mode": "managed",
      "type": "aws_iam_policy",
      "name": "aws_ebs_csi_driver",
      "provider": "provider[\"registry.terraform.io/hashicorp/aws\"]",
      "instances": [
        {
          "index_key": 0,
          "schema_version": 0,
          "attributes": {
            "arn": "arn:aws:iam::349361870252:policy/aws014-preprod-test-eks-aws-ebs-csi-driver-irsa",
            "description": "IAM Policy for AWS EBS CSI Driver",
            "id": "arn:aws:iam::349361870252:policy/aws014-preprod-test-eks-aws-ebs-csi-driver-irsa",
            "name": "aws014-preprod-test-eks-aws-ebs-csi-driver-irsa",
            "name_prefix": null,
            "path": "/",
            "policy": "{\"Statement\":[{\"Action\":[\"ec2:ModifyVolume\",\"ec2:DetachVolume\",\"ec2:DescribeVolumesModifications\",\"ec2:DescribeVolumes\",\"ec2:DescribeTags\",\"ec2:DescribeSnapshots\",\"ec2:DescribeInstances\",\"ec2:DescribeAvailabilityZones\",\"ec2:CreateSnapshot\",\"ec2:AttachVolume\"],\"Effect\":\"Allow\",\"Resource\":\"*\",\"Sid\":\"\"},{\"Action\":\"ec2:CreateTags\",\"Condition\":{\"StringEquals\":{\"ec2:CreateAction\":[\"CreateVolume\",\"CreateSnapshot\"]}},\"Effect\":\"Allow\",\"Resource\":[\"arn:aws:ec2:*:*:volume/*\",\"arn:aws:ec2:*:*:snapshot/*\"],\"Sid\":\"\"},{\"Action\":\"ec2:DeleteTags\",\"Effect\":\"Allow\",\"Resource\":[\"arn:aws:ec2:*:*:volume/*\",\"arn:aws:ec2:*:*:snapshot/*\"],\"Sid\":\"\"},{\"Action\":\"ec2:CreateVolume\",\"Condition\":{\"StringLike\":{\"aws:RequestTag/ebs.csi.aws.com/cluster\":\"true\"}},\"Effect\":\"Allow\",\"Resource\":\"*\",\"Sid\":\"\"},{\"Action\":\"ec2:CreateVolume\",\"Condition\":{\"StringLike\":{\"aws:RequestTag/CSIVolumeName\":\"*\"}},\"Effect\":\"Allow\",\"Resource\":\"*\",\"Sid\":\"\"},{\"Action\":\"ec2:CreateVolume\",\"Condition\":{\"StringLike\":{\"aws:RequestTag/kubernetes.io/cluster/*\":\"owned\"}},\"Effect\":\"Allow\",\"Resource\":\"*\",\"Sid\":\"\"},{\"Action\":\"ec2:DeleteVolume\",\"Condition\":{\"StringLike\":{\"ec2:ResourceTag/ebs.csi.aws.com/cluster\":\"true\"}},\"Effect\":\"Allow\",\"Resource\":\"*\",\"Sid\":\"\"},{\"Action\":\"ec2:DeleteVolume\",\"Condition\":{\"StringLike\":{\"ec2:ResourceTag/CSIVolumeName\":\"*\"}},\"Effect\":\"Allow\",\"Resource\":\"*\",\"Sid\":\"\"},{\"Action\":\"ec2:DeleteVolume\",\"Condition\":{\"StringLike\":{\"ec2:ResourceTag/kubernetes.io/cluster/*\":\"owned\"}},\"Effect\":\"Allow\",\"Resource\":\"*\",\"Sid\":\"\"},{\"Action\":\"ec2:DeleteSnapshot\",\"Condition\":{\"StringLike\":{\"ec2:ResourceTag/CSIVolumeSnapshotName\":\"*\"}},\"Effect\":\"Allow\",\"Resource\":\"*\",\"Sid\":\"\"},{\"Action\":\"ec2:DeleteSnapshot\",\"Condition\":{\"StringLike\":{\"ec2:ResourceTag/ebs.csi.aws.com/cluster\":\"true\"}},\"Effect\":\"Allow\",\"Resource\":\"*\",\"Sid\":\"\"}],\"Version\":\"2012-10-17\"}",
            "policy_id": "ANPAVCV4XCWWM5FCCL2W5",
            "tags": {
              "Blueprint": "aws014-preprod-test-eks",
              "GithubRepo": "github.com/aws-ia/terraform-aws-eks-blueprints"
            },
            "tags_all": {
              "Blueprint": "aws014-preprod-test-eks",
              "GithubRepo": "github.com/aws-ia/terraform-aws-eks-blueprints"
            }
          },
          "sensitive_attributes": [],
          "private": "bnVsbA==",
          "dependencies": [
            "module.eks-blueprints.data.aws_iam_policy_document.eks_key",
            "module.eks-blueprints.module.aws_eks.aws_cloudwatch_log_group.this",
            "module.eks-blueprints.module.aws_eks.aws_eks_cluster.this",
            "module.eks-blueprints.module.aws_eks.aws_iam_role.this",
            "module.eks-blueprints.module.aws_eks.aws_iam_role_policy_attachment.this",
            "module.eks-blueprints.module.aws_eks.aws_security_group.cluster",
            "module.eks-blueprints.module.aws_eks.aws_security_group.node",
            "module.eks-blueprints.module.aws_eks.aws_security_group_rule.cluster",
            "module.eks-blueprints.module.aws_eks.aws_security_group_rule.node",
            "module.eks-blueprints.module.aws_eks.data.aws_iam_policy_document.assume_role_policy",
            "module.eks-blueprints.module.aws_eks.data.aws_partition.current",
            "module.eks-blueprints.module.aws_eks.module.kms.aws_kms_external_key.this",
            "module.eks-blueprints.module.aws_eks.module.kms.aws_kms_key.this",
            "module.eks-blueprints.module.kms.aws_kms_key.this",
            "module.eks_blueprints_kubernetes_addons.data.aws_caller_identity.current",
            "module.eks_blueprints_kubernetes_addons.data.aws_eks_cluster.eks_cluster",
            "module.eks_blueprints_kubernetes_addons.data.aws_partition.current",
            "module.eks_blueprints_kubernetes_addons.data.aws_region.current",
            "module.eks_blueprints_kubernetes_addons.module.aws_ebs_csi_driver.data.aws_iam_policy_document.aws_ebs_csi_driver"
          ]
        }
      ]
    },
    {
      "module": "module.eks_blueprints_kubernetes_addons.module.aws_ebs_csi_driver[0].module.irsa_addon[0]",
      "mode": "managed",
      "type": "aws_iam_role",
      "name": "irsa",
      "provider": "provider[\"registry.terraform.io/hashicorp/aws\"]",
      "instances": [
        {
          "index_key": 0,
          "schema_version": 0,
          "attributes": {
            "arn": "arn:aws:iam::349361870252:role/aws014-preprod-test-eks-ebs-csi-controller-sa-irsa",
            "assume_role_policy": "{\"Statement\":[{\"Action\":\"sts:AssumeRoleWithWebIdentity\",\"Condition\":{\"StringLike\":{\"oidc.eks.us-west-2.amazonaws.com/id/3D00D0DA0741FBC5FE15EF50B2DAD8ED:aud\":\"sts.amazonaws.com\",\"oidc.eks.us-west-2.amazonaws.com/id/3D00D0DA0741FBC5FE15EF50B2DAD8ED:sub\":\"system:serviceaccount:kube-system:ebs-csi-controller-sa\"}},\"Effect\":\"Allow\",\"Principal\":{\"Federated\":\"arn:aws:iam::349361870252:oidc-provider/oidc.eks.us-west-2.amazonaws.com/id/3D00D0DA0741FBC5FE15EF50B2DAD8ED\"}}],\"Version\":\"2012-10-17\"}",
            "create_date": "2022-09-19T20:52:52Z",
            "description": "AWS IAM Role for the Kubernetes service account ebs-csi-controller-sa.",
            "force_detach_policies": true,
            "id": "aws014-preprod-test-eks-ebs-csi-controller-sa-irsa",
            "inline_policy": [],
            "managed_policy_arns": [],
            "max_session_duration": 3600,
            "name": "aws014-preprod-test-eks-ebs-csi-controller-sa-irsa",
            "name_prefix": "",
            "path": "/",
            "permissions_boundary": "",
            "tags": null,
            "tags_all": {},
            "unique_id": "AROAVCV4XCWWAOZD4MULL"
          },
          "sensitive_attributes": [],
          "private": "bnVsbA==",
          "dependencies": [
            "module.eks-blueprints.data.aws_iam_policy_document.eks_key",
            "module.eks-blueprints.module.aws_eks.aws_cloudwatch_log_group.this",
            "module.eks-blueprints.module.aws_eks.aws_eks_cluster.this",
            "module.eks-blueprints.module.aws_eks.aws_iam_role.this",
            "module.eks-blueprints.module.aws_eks.aws_iam_role_policy_attachment.this",
            "module.eks-blueprints.module.aws_eks.aws_security_group.cluster",
            "module.eks-blueprints.module.aws_eks.aws_security_group.node",
            "module.eks-blueprints.module.aws_eks.aws_security_group_rule.cluster",
            "module.eks-blueprints.module.aws_eks.aws_security_group_rule.node",
            "module.eks-blueprints.module.aws_eks.data.aws_iam_policy_document.assume_role_policy",
            "module.eks-blueprints.module.aws_eks.data.aws_partition.current",
            "module.eks-blueprints.module.aws_eks.module.kms.aws_kms_external_key.this",
            "module.eks-blueprints.module.aws_eks.module.kms.aws_kms_key.this",
            "module.eks-blueprints.module.kms.aws_kms_key.this",
            "module.eks_blueprints_kubernetes_addons.data.aws_caller_identity.current",
            "module.eks_blueprints_kubernetes_addons.data.aws_eks_cluster.eks_cluster",
            "module.eks_blueprints_kubernetes_addons.data.aws_partition.current",
            "module.eks_blueprints_kubernetes_addons.data.aws_region.current",
            "module.eks_blueprints_kubernetes_addons.module.aws_ebs_csi_driver.aws_iam_policy.aws_ebs_csi_driver",
            "module.eks_blueprints_kubernetes_addons.module.aws_ebs_csi_driver.data.aws_iam_policy_document.aws_ebs_csi_driver"
          ]
        }
      ]
    },
    {
      "module": "module.eks_blueprints_kubernetes_addons.module.aws_ebs_csi_driver[0].module.irsa_addon[0]",
      "mode": "managed",
      "type": "aws_iam_role_policy_attachment",
      "name": "irsa",
      "provider": "provider[\"registry.terraform.io/hashicorp/aws\"]",
      "instances": [
        {
          "index_key": 0,
          "schema_version": 0,
          "attributes": {
            "id": "aws014-preprod-test-eks-ebs-csi-controller-sa-irsa-20220919205253595100000009",
            "policy_arn": "arn:aws:iam::349361870252:policy/aws014-preprod-test-eks-aws-ebs-csi-driver-irsa",
            "role": "aws014-preprod-test-eks-ebs-csi-controller-sa-irsa"
          },
          "sensitive_attributes": [],
          "private": "bnVsbA==",
          "dependencies": [
            "module.eks-blueprints.data.aws_iam_policy_document.eks_key",
            "module.eks-blueprints.module.aws_eks.aws_cloudwatch_log_group.this",
            "module.eks-blueprints.module.aws_eks.aws_eks_cluster.this",
            "module.eks-blueprints.module.aws_eks.aws_iam_role.this",
            "module.eks-blueprints.module.aws_eks.aws_iam_role_policy_attachment.this",
            "module.eks-blueprints.module.aws_eks.aws_security_group.cluster",
            "module.eks-blueprints.module.aws_eks.aws_security_group.node",
            "module.eks-blueprints.module.aws_eks.aws_security_group_rule.cluster",
            "module.eks-blueprints.module.aws_eks.aws_security_group_rule.node",
            "module.eks-blueprints.module.aws_eks.data.aws_iam_policy_document.assume_role_policy",
            "module.eks-blueprints.module.aws_eks.data.aws_partition.current",
            "module.eks-blueprints.module.aws_eks.module.kms.aws_kms_external_key.this",
            "module.eks-blueprints.module.aws_eks.module.kms.aws_kms_key.this",
            "module.eks-blueprints.module.kms.aws_kms_key.this",
            "module.eks_blueprints_kubernetes_addons.data.aws_caller_identity.current",
            "module.eks_blueprints_kubernetes_addons.data.aws_eks_cluster.eks_cluster",
            "module.eks_blueprints_kubernetes_addons.data.aws_partition.current",
            "module.eks_blueprints_kubernetes_addons.data.aws_region.current",
            "module.eks_blueprints_kubernetes_addons.module.aws_ebs_csi_driver.aws_iam_policy.aws_ebs_csi_driver",
            "module.eks_blueprints_kubernetes_addons.module.aws_ebs_csi_driver.data.aws_iam_policy_document.aws_ebs_csi_driver",
            "module.eks_blueprints_kubernetes_addons.module.aws_ebs_csi_driver.module.irsa_addon.aws_iam_role.irsa"
          ]
        }
      ]
    },
    {
      "module": "module.eks_blueprints_kubernetes_addons.module.aws_kube_proxy[0]",
      "mode": "managed",
      "type": "aws_eks_addon",
      "name": "kube_proxy",
      "provider": "provider[\"registry.terraform.io/hashicorp/aws\"]",
      "instances": [
        {
          "schema_version": 0,
          "attributes": {
            "addon_name": "kube-proxy",
            "addon_version": "v1.23.7-eksbuild.1",
            "arn": "arn:aws:eks:us-west-2:349361870252:addon/aws014-preprod-test-eks/kube-proxy/e8c1abc3-38d7-72c7-9bfb-db9459b7c721",
            "cluster_name": "aws014-preprod-test-eks",
            "created_at": "2022-09-19T20:52:52Z",
            "id": "aws014-preprod-test-eks:kube-proxy",
            "modified_at": "2022-09-19T20:52:53Z",
            "preserve": true,
            "resolve_conflicts": "OVERWRITE",
            "service_account_role_arn": "",
            "tags": {
              "Blueprint": "aws014-preprod-test-eks",
              "GithubRepo": "github.com/aws-ia/terraform-aws-eks-blueprints"
            },
            "tags_all": {
              "Blueprint": "aws014-preprod-test-eks",
              "GithubRepo": "github.com/aws-ia/terraform-aws-eks-blueprints"
            },
            "timeouts": null
          },
          "sensitive_attributes": [],
          "private": "eyJlMmJmYjczMC1lY2FhLTExZTYtOGY4OC0zNDM2M2JjN2M0YzAiOnsiY3JlYXRlIjoxMjAwMDAwMDAwMDAwLCJkZWxldGUiOjI0MDAwMDAwMDAwMDAsInVwZGF0ZSI6MTIwMDAwMDAwMDAwMH19",
          "dependencies": [
            "module.eks-blueprints.data.aws_iam_policy_document.eks_key",
            "module.eks-blueprints.module.aws_eks.aws_cloudwatch_log_group.this",
            "module.eks-blueprints.module.aws_eks.aws_eks_cluster.this",
            "module.eks-blueprints.module.aws_eks.aws_iam_role.this",
            "module.eks-blueprints.module.aws_eks.aws_iam_role_policy_attachment.this",
            "module.eks-blueprints.module.aws_eks.aws_security_group.cluster",
            "module.eks-blueprints.module.aws_eks.aws_security_group.node",
            "module.eks-blueprints.module.aws_eks.aws_security_group_rule.cluster",
            "module.eks-blueprints.module.aws_eks.aws_security_group_rule.node",
            "module.eks-blueprints.module.aws_eks.data.aws_iam_policy_document.assume_role_policy",
            "module.eks-blueprints.module.aws_eks.data.aws_partition.current",
            "module.eks-blueprints.module.aws_eks.module.kms.aws_kms_external_key.this",
            "module.eks-blueprints.module.aws_eks.module.kms.aws_kms_key.this",
            "module.eks-blueprints.module.kms.aws_kms_key.this",
            "module.eks_blueprints_kubernetes_addons.data.aws_caller_identity.current",
            "module.eks_blueprints_kubernetes_addons.data.aws_eks_cluster.eks_cluster",
            "module.eks_blueprints_kubernetes_addons.data.aws_partition.current",
            "module.eks_blueprints_kubernetes_addons.data.aws_region.current"
          ]
        }
      ]
    },
    {
      "module": "module.eks_blueprints_kubernetes_addons.module.aws_load_balancer_controller[0]",
      "mode": "data",
      "type": "aws_iam_policy_document",
      "name": "aws_lb",
      "provider": "provider[\"registry.terraform.io/hashicorp/aws\"]",
      "instances": [
        {
          "schema_version": 0,
          "attributes": {
            "id": "2633998141",
            "json": "{\n  \"Version\": \"2012-10-17\",\n  \"Statement\": [\n    {\n      \"Sid\": \"\",\n      \"Effect\": \"Allow\",\n      \"Action\": \"iam:CreateServiceLinkedRole\",\n      \"Resource\": \"*\",\n      \"Condition\": {\n        \"StringEquals\": {\n          \"iam:AWSServiceName\": \"elasticloadbalancing.amazonaws.com\"\n        }\n      }\n    },\n    {\n      \"Sid\": \"\",\n      \"Effect\": \"Allow\",\n      \"Action\": [\n        \"elasticloadbalancing:DescribeTargetHealth\",\n        \"elasticloadbalancing:DescribeTargetGroups\",\n        \"elasticloadbalancing:DescribeTargetGroupAttributes\",\n        \"elasticloadbalancing:DescribeTags\",\n        \"elasticloadbalancing:DescribeSSLPolicies\",\n        \"elasticloadbalancing:DescribeRules\",\n        \"elasticloadbalancing:DescribeLoadBalancers\",\n        \"elasticloadbalancing:DescribeLoadBalancerAttributes\",\n        \"elasticloadbalancing:DescribeListeners\",\n        \"elasticloadbalancing:DescribeListenerCertificates\",\n        \"ec2:GetCoipPoolUsage\",\n        \"ec2:DescribeVpcs\",\n        \"ec2:DescribeVpcPeeringConnections\",\n        \"ec2:DescribeTags\",\n        \"ec2:DescribeSubnets\",\n        \"ec2:DescribeSecurityGroups\",\n        \"ec2:DescribeNetworkInterfaces\",\n        \"ec2:DescribeInternetGateways\",\n        \"ec2:DescribeInstances\",\n        \"ec2:DescribeCoipPools\",\n        \"ec2:DescribeAvailabilityZones\",\n        \"ec2:DescribeAddresses\",\n        \"ec2:DescribeAccountAttributes\"\n      ],\n      \"Resource\": \"*\"\n    },\n    {\n      \"Sid\": \"\",\n      \"Effect\": \"Allow\",\n      \"Action\": [\n        \"wafv2:GetWebACLForResource\",\n        \"wafv2:GetWebACL\",\n        \"wafv2:DisassociateWebACL\",\n        \"wafv2:AssociateWebACL\",\n        \"waf-regional:GetWebACLForResource\",\n        \"waf-regional:GetWebACL\",\n        \"waf-regional:DisassociateWebACL\",\n        \"waf-regional:AssociateWebACL\",\n        \"shield:GetSubscriptionState\",\n        \"shield:DescribeProtection\",\n        \"shield:DeleteProtection\",\n        \"shield:CreateProtection\",\n        \"iam:ListServerCertificates\",\n        \"iam:GetServerCertificate\",\n        \"cognito-idp:DescribeUserPoolClient\",\n        \"acm:ListCertificates\",\n        \"acm:DescribeCertificate\"\n      ],\n      \"Resource\": \"*\"\n    },\n    {\n      \"Sid\": \"\",\n      \"Effect\": \"Allow\",\n      \"Action\": [\n        \"ec2:RevokeSecurityGroupIngress\",\n        \"ec2:AuthorizeSecurityGroupIngress\"\n      ],\n      \"Resource\": \"*\"\n    },\n    {\n      \"Sid\": \"\",\n      \"Effect\": \"Allow\",\n      \"Action\": \"ec2:CreateSecurityGroup\",\n      \"Resource\": \"*\"\n    },\n    {\n      \"Sid\": \"\",\n      \"Effect\": \"Allow\",\n      \"Action\": \"ec2:CreateTags\",\n      \"Resource\": \"arn:aws:ec2:*:*:security-group/*\",\n      \"Condition\": {\n        \"Null\": {\n          \"aws:RequestTag/elbv2.k8s.aws/cluster\": \"false\"\n        },\n        \"StringEquals\": {\n          \"ec2:CreateAction\": \"CreateSecurityGroup\"\n        }\n      }\n    },\n    {\n      \"Sid\": \"\",\n      \"Effect\": \"Allow\",\n      \"Action\": [\n        \"ec2:DeleteTags\",\n        \"ec2:CreateTags\"\n      ],\n      \"Resource\": \"arn:aws:ec2:*:*:security-group/*\",\n      \"Condition\": {\n        \"Null\": {\n          \"aws:ResourceTag/ingress.k8s.aws/cluster\": \"false\"\n        }\n      }\n    },\n    {\n      \"Sid\": \"\",\n      \"Effect\": \"Allow\",\n      \"Action\": [\n        \"elasticloadbalancing:RemoveTags\",\n        \"elasticloadbalancing:DeleteTargetGroup\",\n        \"elasticloadbalancing:AddTags\"\n      ],\n      \"Resource\": [\n        \"arn:aws:elasticloadbalancing:*:*:targetgroup/*/*\",\n        \"arn:aws:elasticloadbalancing:*:*:loadbalancer/net/*/*\",\n        \"arn:aws:elasticloadbalancing:*:*:loadbalancer/app/*/*\"\n      ],\n      \"Condition\": {\n        \"Null\": {\n          \"aws:ResourceTag/ingress.k8s.aws/cluster\": \"false\"\n        }\n      }\n    },\n    {\n      \"Sid\": \"\",\n      \"Effect\": \"Allow\",\n      \"Action\": [\n        \"ec2:DeleteTags\",\n        \"ec2:CreateTags\"\n      ],\n      \"Resource\": \"arn:aws:ec2:*:*:security-group/*\",\n      \"Condition\": {\n        \"Null\": {\n          \"aws:RequestTag/elbv2.k8s.aws/cluster\": \"true\",\n          \"aws:ResourceTag/elbv2.k8s.aws/cluster\": \"false\"\n        }\n      }\n    },\n    {\n      \"Sid\": \"\",\n      \"Effect\": \"Allow\",\n      \"Action\": [\n        \"ec2:RevokeSecurityGroupIngress\",\n        \"ec2:DeleteSecurityGroup\",\n        \"ec2:AuthorizeSecurityGroupIngress\"\n      ],\n      \"Resource\": \"*\",\n      \"Condition\": {\n        \"Null\": {\n          \"aws:ResourceTag/elbv2.k8s.aws/cluster\": \"false\"\n        }\n      }\n    },\n    {\n      \"Sid\": \"\",\n      \"Effect\": \"Allow\",\n      \"Action\": [\n        \"elasticloadbalancing:CreateTargetGroup\",\n        \"elasticloadbalancing:CreateLoadBalancer\"\n      ],\n      \"Resource\": \"*\",\n      \"Condition\": {\n        \"Null\": {\n          \"aws:RequestTag/elbv2.k8s.aws/cluster\": \"false\"\n        }\n      }\n    },\n    {\n      \"Sid\": \"\",\n      \"Effect\": \"Allow\",\n      \"Action\": [\n        \"elasticloadbalancing:DeleteRule\",\n        \"elasticloadbalancing:DeleteListener\",\n        \"elasticloadbalancing:CreateRule\",\n        \"elasticloadbalancing:CreateListener\"\n      ],\n      \"Resource\": \"*\"\n    },\n    {\n      \"Sid\": \"\",\n      \"Effect\": \"Allow\",\n      \"Action\": [\n        \"elasticloadbalancing:RemoveTags\",\n        \"elasticloadbalancing:AddTags\"\n      ],\n      \"Resource\": [\n        \"arn:aws:elasticloadbalancing:*:*:targetgroup/*/*\",\n        \"arn:aws:elasticloadbalancing:*:*:loadbalancer/net/*/*\",\n        \"arn:aws:elasticloadbalancing:*:*:loadbalancer/app/*/*\"\n      ],\n      \"Condition\": {\n        \"Null\": {\n          \"aws:RequestTag/elbv2.k8s.aws/cluster\": \"true\",\n          \"aws:ResourceTag/elbv2.k8s.aws/cluster\": \"false\"\n        }\n      }\n    },\n    {\n      \"Sid\": \"\",\n      \"Effect\": \"Allow\",\n      \"Action\": [\n        \"elasticloadbalancing:RemoveTags\",\n        \"elasticloadbalancing:AddTags\"\n      ],\n      \"Resource\": [\n        \"arn:aws:elasticloadbalancing:*:*:listener/net/*/*/*\",\n        \"arn:aws:elasticloadbalancing:*:*:listener/app/*/*/*\",\n        \"arn:aws:elasticloadbalancing:*:*:listener-rule/net/*/*/*\",\n        \"arn:aws:elasticloadbalancing:*:*:listener-rule/app/*/*/*\"\n      ]\n    },\n    {\n      \"Sid\": \"\",\n      \"Effect\": \"Allow\",\n      \"Action\": [\n        \"elasticloadbalancing:SetSubnets\",\n        \"elasticloadbalancing:SetSecurityGroups\",\n        \"elasticloadbalancing:SetIpAddressType\",\n        \"elasticloadbalancing:ModifyTargetGroupAttributes\",\n        \"elasticloadbalancing:ModifyTargetGroup\",\n        \"elasticloadbalancing:ModifyLoadBalancerAttributes\",\n        \"elasticloadbalancing:DeleteTargetGroup\",\n        \"elasticloadbalancing:DeleteLoadBalancer\"\n      ],\n      \"Resource\": \"*\",\n      \"Condition\": {\n        \"Null\": {\n          \"aws:ResourceTag/elbv2.k8s.aws/cluster\": \"false\"\n        }\n      }\n    },\n    {\n      \"Sid\": \"\",\n      \"Effect\": \"Allow\",\n      \"Action\": [\n        \"elasticloadbalancing:RegisterTargets\",\n        \"elasticloadbalancing:DeregisterTargets\"\n      ],\n      \"Resource\": \"arn:aws:elasticloadbalancing:*:*:targetgroup/*/*\"\n    },\n    {\n      \"Sid\": \"\",\n      \"Effect\": \"Allow\",\n      \"Action\": [\n        \"elasticloadbalancing:SetWebAcl\",\n        \"elasticloadbalancing:RemoveListenerCertificates\",\n        \"elasticloadbalancing:ModifyRule\",\n        \"elasticloadbalancing:ModifyListener\",\n        \"elasticloadbalancing:AddListenerCertificates\"\n      ],\n      \"Resource\": \"*\"\n    }\n  ]\n}",
            "override_json": null,
            "override_policy_documents": null,
            "policy_id": null,
            "source_json": null,
            "source_policy_documents": null,
            "statement": [
              {
                "actions": [
                  "iam:CreateServiceLinkedRole"
                ],
                "condition": [
                  {
                    "test": "StringEquals",
                    "values": [
                      "elasticloadbalancing.amazonaws.com"
                    ],
                    "variable": "iam:AWSServiceName"
                  }
                ],
                "effect": "Allow",
                "not_actions": [],
                "not_principals": [],
                "not_resources": [],
                "principals": [],
                "resources": [
                  "*"
                ],
                "sid": ""
              },
              {
                "actions": [
                  "ec2:DescribeAccountAttributes",
                  "ec2:DescribeAddresses",
                  "ec2:DescribeAvailabilityZones",
                  "ec2:DescribeCoipPools",
                  "ec2:DescribeInstances",
                  "ec2:DescribeInternetGateways",
                  "ec2:DescribeNetworkInterfaces",
                  "ec2:DescribeSecurityGroups",
                  "ec2:DescribeSubnets",
                  "ec2:DescribeTags",
                  "ec2:DescribeVpcPeeringConnections",
                  "ec2:DescribeVpcs",
                  "ec2:GetCoipPoolUsage",
                  "elasticloadbalancing:DescribeListenerCertificates",
                  "elasticloadbalancing:DescribeListeners",
                  "elasticloadbalancing:DescribeLoadBalancerAttributes",
                  "elasticloadbalancing:DescribeLoadBalancers",
                  "elasticloadbalancing:DescribeRules",
                  "elasticloadbalancing:DescribeSSLPolicies",
                  "elasticloadbalancing:DescribeTags",
                  "elasticloadbalancing:DescribeTargetGroupAttributes",
                  "elasticloadbalancing:DescribeTargetGroups",
                  "elasticloadbalancing:DescribeTargetHealth"
                ],
                "condition": [],
                "effect": "Allow",
                "not_actions": [],
                "not_principals": [],
                "not_resources": [],
                "principals": [],
                "resources": [
                  "*"
                ],
                "sid": ""
              },
              {
                "actions": [
                  "acm:DescribeCertificate",
                  "acm:ListCertificates",
                  "cognito-idp:DescribeUserPoolClient",
                  "iam:GetServerCertificate",
                  "iam:ListServerCertificates",
                  "shield:CreateProtection",
                  "shield:DeleteProtection",
                  "shield:DescribeProtection",
                  "shield:GetSubscriptionState",
                  "waf-regional:AssociateWebACL",
                  "waf-regional:DisassociateWebACL",
                  "waf-regional:GetWebACL",
                  "waf-regional:GetWebACLForResource",
                  "wafv2:AssociateWebACL",
                  "wafv2:DisassociateWebACL",
                  "wafv2:GetWebACL",
                  "wafv2:GetWebACLForResource"
                ],
                "condition": [],
                "effect": "Allow",
                "not_actions": [],
                "not_principals": [],
                "not_resources": [],
                "principals": [],
                "resources": [
                  "*"
                ],
                "sid": ""
              },
              {
                "actions": [
                  "ec2:AuthorizeSecurityGroupIngress",
                  "ec2:RevokeSecurityGroupIngress"
                ],
                "condition": [],
                "effect": "Allow",
                "not_actions": [],
                "not_principals": [],
                "not_resources": [],
                "principals": [],
                "resources": [
                  "*"
                ],
                "sid": ""
              },
              {
                "actions": [
                  "ec2:CreateSecurityGroup"
                ],
                "condition": [],
                "effect": "Allow",
                "not_actions": [],
                "not_principals": [],
                "not_resources": [],
                "principals": [],
                "resources": [
                  "*"
                ],
                "sid": ""
              },
              {
                "actions": [
                  "ec2:CreateTags"
                ],
                "condition": [
                  {
                    "test": "Null",
                    "values": [
                      "false"
                    ],
                    "variable": "aws:RequestTag/elbv2.k8s.aws/cluster"
                  },
                  {
                    "test": "StringEquals",
                    "values": [
                      "CreateSecurityGroup"
                    ],
                    "variable": "ec2:CreateAction"
                  }
                ],
                "effect": "Allow",
                "not_actions": [],
                "not_principals": [],
                "not_resources": [],
                "principals": [],
                "resources": [
                  "arn:aws:ec2:*:*:security-group/*"
                ],
                "sid": ""
              },
              {
                "actions": [
                  "ec2:CreateTags",
                  "ec2:DeleteTags"
                ],
                "condition": [
                  {
                    "test": "Null",
                    "values": [
                      "false"
                    ],
                    "variable": "aws:ResourceTag/ingress.k8s.aws/cluster"
                  }
                ],
                "effect": "Allow",
                "not_actions": [],
                "not_principals": [],
                "not_resources": [],
                "principals": [],
                "resources": [
                  "arn:aws:ec2:*:*:security-group/*"
                ],
                "sid": ""
              },
              {
                "actions": [
                  "elasticloadbalancing:AddTags",
                  "elasticloadbalancing:DeleteTargetGroup",
                  "elasticloadbalancing:RemoveTags"
                ],
                "condition": [
                  {
                    "test": "Null",
                    "values": [
                      "false"
                    ],
                    "variable": "aws:ResourceTag/ingress.k8s.aws/cluster"
                  }
                ],
                "effect": "Allow",
                "not_actions": [],
                "not_principals": [],
                "not_resources": [],
                "principals": [],
                "resources": [
                  "arn:aws:elasticloadbalancing:*:*:loadbalancer/app/*/*",
                  "arn:aws:elasticloadbalancing:*:*:loadbalancer/net/*/*",
                  "arn:aws:elasticloadbalancing:*:*:targetgroup/*/*"
                ],
                "sid": ""
              },
              {
                "actions": [
                  "ec2:CreateTags",
                  "ec2:DeleteTags"
                ],
                "condition": [
                  {
                    "test": "Null",
                    "values": [
                      "false"
                    ],
                    "variable": "aws:ResourceTag/elbv2.k8s.aws/cluster"
                  },
                  {
                    "test": "Null",
                    "values": [
                      "true"
                    ],
                    "variable": "aws:RequestTag/elbv2.k8s.aws/cluster"
                  }
                ],
                "effect": "Allow",
                "not_actions": [],
                "not_principals": [],
                "not_resources": [],
                "principals": [],
                "resources": [
                  "arn:aws:ec2:*:*:security-group/*"
                ],
                "sid": ""
              },
              {
                "actions": [
                  "ec2:AuthorizeSecurityGroupIngress",
                  "ec2:DeleteSecurityGroup",
                  "ec2:RevokeSecurityGroupIngress"
                ],
                "condition": [
                  {
                    "test": "Null",
                    "values": [
                      "false"
                    ],
                    "variable": "aws:ResourceTag/elbv2.k8s.aws/cluster"
                  }
                ],
                "effect": "Allow",
                "not_actions": [],
                "not_principals": [],
                "not_resources": [],
                "principals": [],
                "resources": [
                  "*"
                ],
                "sid": ""
              },
              {
                "actions": [
                  "elasticloadbalancing:CreateLoadBalancer",
                  "elasticloadbalancing:CreateTargetGroup"
                ],
                "condition": [
                  {
                    "test": "Null",
                    "values": [
                      "false"
                    ],
                    "variable": "aws:RequestTag/elbv2.k8s.aws/cluster"
                  }
                ],
                "effect": "Allow",
                "not_actions": [],
                "not_principals": [],
                "not_resources": [],
                "principals": [],
                "resources": [
                  "*"
                ],
                "sid": ""
              },
              {
                "actions": [
                  "elasticloadbalancing:CreateListener",
                  "elasticloadbalancing:CreateRule",
                  "elasticloadbalancing:DeleteListener",
                  "elasticloadbalancing:DeleteRule"
                ],
                "condition": [],
                "effect": "Allow",
                "not_actions": [],
                "not_principals": [],
                "not_resources": [],
                "principals": [],
                "resources": [
                  "*"
                ],
                "sid": ""
              },
              {
                "actions": [
                  "elasticloadbalancing:AddTags",
                  "elasticloadbalancing:RemoveTags"
                ],
                "condition": [
                  {
                    "test": "Null",
                    "values": [
                      "false"
                    ],
                    "variable": "aws:ResourceTag/elbv2.k8s.aws/cluster"
                  },
                  {
                    "test": "Null",
                    "values": [
                      "true"
                    ],
                    "variable": "aws:RequestTag/elbv2.k8s.aws/cluster"
                  }
                ],
                "effect": "Allow",
                "not_actions": [],
                "not_principals": [],
                "not_resources": [],
                "principals": [],
                "resources": [
                  "arn:aws:elasticloadbalancing:*:*:loadbalancer/app/*/*",
                  "arn:aws:elasticloadbalancing:*:*:loadbalancer/net/*/*",
                  "arn:aws:elasticloadbalancing:*:*:targetgroup/*/*"
                ],
                "sid": ""
              },
              {
                "actions": [
                  "elasticloadbalancing:AddTags",
                  "elasticloadbalancing:RemoveTags"
                ],
                "condition": [],
                "effect": "Allow",
                "not_actions": [],
                "not_principals": [],
                "not_resources": [],
                "principals": [],
                "resources": [
                  "arn:aws:elasticloadbalancing:*:*:listener-rule/app/*/*/*",
                  "arn:aws:elasticloadbalancing:*:*:listener-rule/net/*/*/*",
                  "arn:aws:elasticloadbalancing:*:*:listener/app/*/*/*",
                  "arn:aws:elasticloadbalancing:*:*:listener/net/*/*/*"
                ],
                "sid": ""
              },
              {
                "actions": [
                  "elasticloadbalancing:DeleteLoadBalancer",
                  "elasticloadbalancing:DeleteTargetGroup",
                  "elasticloadbalancing:ModifyLoadBalancerAttributes",
                  "elasticloadbalancing:ModifyTargetGroup",
                  "elasticloadbalancing:ModifyTargetGroupAttributes",
                  "elasticloadbalancing:SetIpAddressType",
                  "elasticloadbalancing:SetSecurityGroups",
                  "elasticloadbalancing:SetSubnets"
                ],
                "condition": [
                  {
                    "test": "Null",
                    "values": [
                      "false"
                    ],
                    "variable": "aws:ResourceTag/elbv2.k8s.aws/cluster"
                  }
                ],
                "effect": "Allow",
                "not_actions": [],
                "not_principals": [],
                "not_resources": [],
                "principals": [],
                "resources": [
                  "*"
                ],
                "sid": ""
              },
              {
                "actions": [
                  "elasticloadbalancing:DeregisterTargets",
                  "elasticloadbalancing:RegisterTargets"
                ],
                "condition": [],
                "effect": "Allow",
                "not_actions": [],
                "not_principals": [],
                "not_resources": [],
                "principals": [],
                "resources": [
                  "arn:aws:elasticloadbalancing:*:*:targetgroup/*/*"
                ],
                "sid": ""
              },
              {
                "actions": [
                  "elasticloadbalancing:AddListenerCertificates",
                  "elasticloadbalancing:ModifyListener",
                  "elasticloadbalancing:ModifyRule",
                  "elasticloadbalancing:RemoveListenerCertificates",
                  "elasticloadbalancing:SetWebAcl"
                ],
                "condition": [],
                "effect": "Allow",
                "not_actions": [],
                "not_principals": [],
                "not_resources": [],
                "principals": [],
                "resources": [
                  "*"
                ],
                "sid": ""
              }
            ],
            "version": "2012-10-17"
          },
          "sensitive_attributes": []
        }
      ]
    },
    {
      "module": "module.eks_blueprints_kubernetes_addons.module.aws_load_balancer_controller[0]",
      "mode": "managed",
      "type": "aws_iam_policy",
      "name": "aws_load_balancer_controller",
      "provider": "provider[\"registry.terraform.io/hashicorp/aws\"]",
      "instances": [
        {
          "schema_version": 0,
          "attributes": {
            "arn": "arn:aws:iam::349361870252:policy/aws014-preprod-test-eks-lb-irsa",
            "description": "Allows lb controller to manage ALB and NLB",
            "id": "arn:aws:iam::349361870252:policy/aws014-preprod-test-eks-lb-irsa",
            "name": "aws014-preprod-test-eks-lb-irsa",
            "name_prefix": null,
            "path": "/",
            "policy": "{\"Statement\":[{\"Action\":\"iam:CreateServiceLinkedRole\",\"Condition\":{\"StringEquals\":{\"iam:AWSServiceName\":\"elasticloadbalancing.amazonaws.com\"}},\"Effect\":\"Allow\",\"Resource\":\"*\",\"Sid\":\"\"},{\"Action\":[\"elasticloadbalancing:DescribeTargetHealth\",\"elasticloadbalancing:DescribeTargetGroups\",\"elasticloadbalancing:DescribeTargetGroupAttributes\",\"elasticloadbalancing:DescribeTags\",\"elasticloadbalancing:DescribeSSLPolicies\",\"elasticloadbalancing:DescribeRules\",\"elasticloadbalancing:DescribeLoadBalancers\",\"elasticloadbalancing:DescribeLoadBalancerAttributes\",\"elasticloadbalancing:DescribeListeners\",\"elasticloadbalancing:DescribeListenerCertificates\",\"ec2:GetCoipPoolUsage\",\"ec2:DescribeVpcs\",\"ec2:DescribeVpcPeeringConnections\",\"ec2:DescribeTags\",\"ec2:DescribeSubnets\",\"ec2:DescribeSecurityGroups\",\"ec2:DescribeNetworkInterfaces\",\"ec2:DescribeInternetGateways\",\"ec2:DescribeInstances\",\"ec2:DescribeCoipPools\",\"ec2:DescribeAvailabilityZones\",\"ec2:DescribeAddresses\",\"ec2:DescribeAccountAttributes\"],\"Effect\":\"Allow\",\"Resource\":\"*\",\"Sid\":\"\"},{\"Action\":[\"wafv2:GetWebACLForResource\",\"wafv2:GetWebACL\",\"wafv2:DisassociateWebACL\",\"wafv2:AssociateWebACL\",\"waf-regional:GetWebACLForResource\",\"waf-regional:GetWebACL\",\"waf-regional:DisassociateWebACL\",\"waf-regional:AssociateWebACL\",\"shield:GetSubscriptionState\",\"shield:DescribeProtection\",\"shield:DeleteProtection\",\"shield:CreateProtection\",\"iam:ListServerCertificates\",\"iam:GetServerCertificate\",\"cognito-idp:DescribeUserPoolClient\",\"acm:ListCertificates\",\"acm:DescribeCertificate\"],\"Effect\":\"Allow\",\"Resource\":\"*\",\"Sid\":\"\"},{\"Action\":[\"ec2:RevokeSecurityGroupIngress\",\"ec2:AuthorizeSecurityGroupIngress\"],\"Effect\":\"Allow\",\"Resource\":\"*\",\"Sid\":\"\"},{\"Action\":\"ec2:CreateSecurityGroup\",\"Effect\":\"Allow\",\"Resource\":\"*\",\"Sid\":\"\"},{\"Action\":\"ec2:CreateTags\",\"Condition\":{\"Null\":{\"aws:RequestTag/elbv2.k8s.aws/cluster\":\"false\"},\"StringEquals\":{\"ec2:CreateAction\":\"CreateSecurityGroup\"}},\"Effect\":\"Allow\",\"Resource\":\"arn:aws:ec2:*:*:security-group/*\",\"Sid\":\"\"},{\"Action\":[\"ec2:DeleteTags\",\"ec2:CreateTags\"],\"Condition\":{\"Null\":{\"aws:ResourceTag/ingress.k8s.aws/cluster\":\"false\"}},\"Effect\":\"Allow\",\"Resource\":\"arn:aws:ec2:*:*:security-group/*\",\"Sid\":\"\"},{\"Action\":[\"elasticloadbalancing:RemoveTags\",\"elasticloadbalancing:DeleteTargetGroup\",\"elasticloadbalancing:AddTags\"],\"Condition\":{\"Null\":{\"aws:ResourceTag/ingress.k8s.aws/cluster\":\"false\"}},\"Effect\":\"Allow\",\"Resource\":[\"arn:aws:elasticloadbalancing:*:*:targetgroup/*/*\",\"arn:aws:elasticloadbalancing:*:*:loadbalancer/net/*/*\",\"arn:aws:elasticloadbalancing:*:*:loadbalancer/app/*/*\"],\"Sid\":\"\"},{\"Action\":[\"ec2:DeleteTags\",\"ec2:CreateTags\"],\"Condition\":{\"Null\":{\"aws:RequestTag/elbv2.k8s.aws/cluster\":\"true\",\"aws:ResourceTag/elbv2.k8s.aws/cluster\":\"false\"}},\"Effect\":\"Allow\",\"Resource\":\"arn:aws:ec2:*:*:security-group/*\",\"Sid\":\"\"},{\"Action\":[\"ec2:RevokeSecurityGroupIngress\",\"ec2:DeleteSecurityGroup\",\"ec2:AuthorizeSecurityGroupIngress\"],\"Condition\":{\"Null\":{\"aws:ResourceTag/elbv2.k8s.aws/cluster\":\"false\"}},\"Effect\":\"Allow\",\"Resource\":\"*\",\"Sid\":\"\"},{\"Action\":[\"elasticloadbalancing:CreateTargetGroup\",\"elasticloadbalancing:CreateLoadBalancer\"],\"Condition\":{\"Null\":{\"aws:RequestTag/elbv2.k8s.aws/cluster\":\"false\"}},\"Effect\":\"Allow\",\"Resource\":\"*\",\"Sid\":\"\"},{\"Action\":[\"elasticloadbalancing:DeleteRule\",\"elasticloadbalancing:DeleteListener\",\"elasticloadbalancing:CreateRule\",\"elasticloadbalancing:CreateListener\"],\"Effect\":\"Allow\",\"Resource\":\"*\",\"Sid\":\"\"},{\"Action\":[\"elasticloadbalancing:RemoveTags\",\"elasticloadbalancing:AddTags\"],\"Condition\":{\"Null\":{\"aws:RequestTag/elbv2.k8s.aws/cluster\":\"true\",\"aws:ResourceTag/elbv2.k8s.aws/cluster\":\"false\"}},\"Effect\":\"Allow\",\"Resource\":[\"arn:aws:elasticloadbalancing:*:*:targetgroup/*/*\",\"arn:aws:elasticloadbalancing:*:*:loadbalancer/net/*/*\",\"arn:aws:elasticloadbalancing:*:*:loadbalancer/app/*/*\"],\"Sid\":\"\"},{\"Action\":[\"elasticloadbalancing:RemoveTags\",\"elasticloadbalancing:AddTags\"],\"Effect\":\"Allow\",\"Resource\":[\"arn:aws:elasticloadbalancing:*:*:listener/net/*/*/*\",\"arn:aws:elasticloadbalancing:*:*:listener/app/*/*/*\",\"arn:aws:elasticloadbalancing:*:*:listener-rule/net/*/*/*\",\"arn:aws:elasticloadbalancing:*:*:listener-rule/app/*/*/*\"],\"Sid\":\"\"},{\"Action\":[\"elasticloadbalancing:SetSubnets\",\"elasticloadbalancing:SetSecurityGroups\",\"elasticloadbalancing:SetIpAddressType\",\"elasticloadbalancing:ModifyTargetGroupAttributes\",\"elasticloadbalancing:ModifyTargetGroup\",\"elasticloadbalancing:ModifyLoadBalancerAttributes\",\"elasticloadbalancing:DeleteTargetGroup\",\"elasticloadbalancing:DeleteLoadBalancer\"],\"Condition\":{\"Null\":{\"aws:ResourceTag/elbv2.k8s.aws/cluster\":\"false\"}},\"Effect\":\"Allow\",\"Resource\":\"*\",\"Sid\":\"\"},{\"Action\":[\"elasticloadbalancing:RegisterTargets\",\"elasticloadbalancing:DeregisterTargets\"],\"Effect\":\"Allow\",\"Resource\":\"arn:aws:elasticloadbalancing:*:*:targetgroup/*/*\",\"Sid\":\"\"},{\"Action\":[\"elasticloadbalancing:SetWebAcl\",\"elasticloadbalancing:RemoveListenerCertificates\",\"elasticloadbalancing:ModifyRule\",\"elasticloadbalancing:ModifyListener\",\"elasticloadbalancing:AddListenerCertificates\"],\"Effect\":\"Allow\",\"Resource\":\"*\",\"Sid\":\"\"}],\"Version\":\"2012-10-17\"}",
            "policy_id": "ANPAVCV4XCWWHJSYPNTPO",
            "tags": {
              "Blueprint": "aws014-preprod-test-eks",
              "GithubRepo": "github.com/aws-ia/terraform-aws-eks-blueprints"
            },
            "tags_all": {
              "Blueprint": "aws014-preprod-test-eks",
              "GithubRepo": "github.com/aws-ia/terraform-aws-eks-blueprints"
            }
          },
          "sensitive_attributes": [],
          "private": "bnVsbA==",
          "dependencies": [
            "module.eks-blueprints.data.aws_iam_policy_document.eks_key",
            "module.eks-blueprints.module.aws_eks.aws_cloudwatch_log_group.this",
            "module.eks-blueprints.module.aws_eks.aws_eks_cluster.this",
            "module.eks-blueprints.module.aws_eks.aws_iam_role.this",
            "module.eks-blueprints.module.aws_eks.aws_iam_role_policy_attachment.this",
            "module.eks-blueprints.module.aws_eks.aws_security_group.cluster",
            "module.eks-blueprints.module.aws_eks.aws_security_group.node",
            "module.eks-blueprints.module.aws_eks.aws_security_group_rule.cluster",
            "module.eks-blueprints.module.aws_eks.aws_security_group_rule.node",
            "module.eks-blueprints.module.aws_eks.data.aws_iam_policy_document.assume_role_policy",
            "module.eks-blueprints.module.aws_eks.data.aws_partition.current",
            "module.eks-blueprints.module.aws_eks.module.kms.aws_kms_external_key.this",
            "module.eks-blueprints.module.aws_eks.module.kms.aws_kms_key.this",
            "module.eks-blueprints.module.kms.aws_kms_key.this",
            "module.eks_blueprints_kubernetes_addons.data.aws_caller_identity.current",
            "module.eks_blueprints_kubernetes_addons.data.aws_eks_cluster.eks_cluster",
            "module.eks_blueprints_kubernetes_addons.data.aws_partition.current",
            "module.eks_blueprints_kubernetes_addons.data.aws_region.current",
            "module.eks_blueprints_kubernetes_addons.module.aws_load_balancer_controller.data.aws_iam_policy_document.aws_lb"
          ]
        }
      ]
    },
    {
      "module": "module.eks_blueprints_kubernetes_addons.module.aws_load_balancer_controller[0].module.helm_addon",
      "mode": "managed",
      "type": "helm_release",
      "name": "addon",
      "provider": "provider[\"registry.terraform.io/hashicorp/helm\"]",
      "instances": [
        {
          "index_key": 0,
          "schema_version": 0,
          "attributes": {
            "atomic": false,
            "chart": "aws-load-balancer-controller",
            "cleanup_on_fail": false,
            "create_namespace": false,
            "dependency_update": false,
            "description": "aws-load-balancer-controller Helm Chart for ingress resources",
            "devel": null,
            "disable_crd_hooks": false,
            "disable_openapi_validation": false,
            "disable_webhooks": false,
            "force_update": false,
            "id": "aws-load-balancer-controller",
            "keyring": "",
            "lint": false,
            "manifest": null,
            "max_history": 0,
            "metadata": [
              {
                "app_version": "v2.4.2",
                "chart": "aws-load-balancer-controller",
                "name": "aws-load-balancer-controller",
                "namespace": "kube-system",
                "revision": 1,
                "values": "{\"clusterName\":\"aws014-preprod-test-eks\",\"image\":{\"repository\":\"602401143452.dkr.ecr.us-west-2.amazonaws.com/amazon/aws-load-balancer-controller\"},\"region\":\"us-west-2\",\"serviceAccount\":{\"create\":false,\"name\":\"aws-load-balancer-controller-sa\"}}",
                "version": "1.4.3"
              }
            ],
            "name": "aws-load-balancer-controller",
            "namespace": "kube-system",
            "pass_credentials": false,
            "postrender": [
              {
                "args": null,
                "binary_path": ""
              }
            ],
            "recreate_pods": false,
            "render_subchart_notes": true,
            "replace": false,
            "repository": "https://aws.github.io/eks-charts",
            "repository_ca_file": null,
            "repository_cert_file": "",
            "repository_key_file": "",
            "repository_password": "",
            "repository_username": "",
            "reset_values": false,
            "reuse_values": false,
            "set": [
              {
                "name": "serviceAccount.create",
                "type": "",
                "value": "false"
              },
              {
                "name": "serviceAccount.name",
                "type": "",
                "value": "aws-load-balancer-controller-sa"
              }
            ],
            "set_sensitive": [],
            "skip_crds": false,
            "status": "deployed",
            "timeout": 1200,
            "values": [
              "clusterName: aws014-preprod-test-eks\nregion: us-west-2\nimage:\n  repository: 602401143452.dkr.ecr.us-west-2.amazonaws.com/amazon/aws-load-balancer-controller\n"
            ],
            "verify": false,
            "version": "1.4.3",
            "wait": true,
            "wait_for_jobs": false
          },
          "sensitive_attributes": [],
          "private": "bnVsbA==",
          "dependencies": [
            "data.aws_eks_cluster.cluster",
            "data.aws_eks_cluster_auth.cluster",
            "module.eks-blueprints.data.aws_iam_policy_document.eks_key",
            "module.eks-blueprints.module.aws_eks.aws_cloudwatch_log_group.this",
            "module.eks-blueprints.module.aws_eks.aws_eks_cluster.this",
            "module.eks-blueprints.module.aws_eks.aws_iam_role.this",
            "module.eks-blueprints.module.aws_eks.aws_iam_role_policy_attachment.this",
            "module.eks-blueprints.module.aws_eks.aws_security_group.cluster",
            "module.eks-blueprints.module.aws_eks.aws_security_group.node",
            "module.eks-blueprints.module.aws_eks.aws_security_group_rule.cluster",
            "module.eks-blueprints.module.aws_eks.aws_security_group_rule.node",
            "module.eks-blueprints.module.aws_eks.data.aws_iam_policy_document.assume_role_policy",
            "module.eks-blueprints.module.aws_eks.data.aws_partition.current",
            "module.eks-blueprints.module.aws_eks.module.kms.aws_kms_external_key.this",
            "module.eks-blueprints.module.aws_eks.module.kms.aws_kms_key.this",
            "module.eks-blueprints.module.kms.aws_kms_key.this",
            "module.eks_blueprints_kubernetes_addons.data.aws_caller_identity.current",
            "module.eks_blueprints_kubernetes_addons.data.aws_eks_cluster.eks_cluster",
            "module.eks_blueprints_kubernetes_addons.data.aws_partition.current",
            "module.eks_blueprints_kubernetes_addons.data.aws_region.current",
            "module.eks_blueprints_kubernetes_addons.module.aws_load_balancer_controller.aws_iam_policy.aws_load_balancer_controller",
            "module.eks_blueprints_kubernetes_addons.module.aws_load_balancer_controller.data.aws_iam_policy_document.aws_lb",
            "module.eks_blueprints_kubernetes_addons.module.aws_load_balancer_controller.module.helm_addon.module.irsa.aws_iam_role.irsa",
            "module.eks_blueprints_kubernetes_addons.module.aws_load_balancer_controller.module.helm_addon.module.irsa.aws_iam_role_policy_attachment.irsa",
            "module.eks_blueprints_kubernetes_addons.module.aws_load_balancer_controller.module.helm_addon.module.irsa.kubernetes_namespace_v1.irsa",
            "module.eks_blueprints_kubernetes_addons.module.aws_load_balancer_controller.module.helm_addon.module.irsa.kubernetes_service_account_v1.irsa"
          ]
        }
      ]
    },
    {
      "module": "module.eks_blueprints_kubernetes_addons.module.aws_load_balancer_controller[0].module.helm_addon.module.irsa[0]",
      "mode": "managed",
      "type": "aws_iam_role",
      "name": "irsa",
      "provider": "provider[\"registry.terraform.io/hashicorp/aws\"]",
      "instances": [
        {
          "index_key": 0,
          "schema_version": 0,
          "attributes": {
            "arn": "arn:aws:iam::349361870252:role/aws014-preprod-test-eks-aws-load-balancer-controller-sa-irsa",
            "assume_role_policy": "{\"Statement\":[{\"Action\":\"sts:AssumeRoleWithWebIdentity\",\"Condition\":{\"StringLike\":{\"oidc.eks.us-west-2.amazonaws.com/id/3D00D0DA0741FBC5FE15EF50B2DAD8ED:aud\":\"sts.amazonaws.com\",\"oidc.eks.us-west-2.amazonaws.com/id/3D00D0DA0741FBC5FE15EF50B2DAD8ED:sub\":\"system:serviceaccount:kube-system:aws-load-balancer-controller-sa\"}},\"Effect\":\"Allow\",\"Principal\":{\"Federated\":\"arn:aws:iam::349361870252:oidc-provider/oidc.eks.us-west-2.amazonaws.com/id/3D00D0DA0741FBC5FE15EF50B2DAD8ED\"}}],\"Version\":\"2012-10-17\"}",
            "create_date": "2022-09-19T20:52:52Z",
            "description": "AWS IAM Role for the Kubernetes service account aws-load-balancer-controller-sa.",
            "force_detach_policies": true,
            "id": "aws014-preprod-test-eks-aws-load-balancer-controller-sa-irsa",
            "inline_policy": [],
            "managed_policy_arns": [],
            "max_session_duration": 3600,
            "name": "aws014-preprod-test-eks-aws-load-balancer-controller-sa-irsa",
            "name_prefix": "",
            "path": "/",
            "permissions_boundary": "",
            "tags": null,
            "tags_all": {},
            "unique_id": "AROAVCV4XCWWMUZWVA45G"
          },
          "sensitive_attributes": [],
          "private": "bnVsbA==",
          "dependencies": [
            "module.eks-blueprints.data.aws_iam_policy_document.eks_key",
            "module.eks-blueprints.module.aws_eks.aws_cloudwatch_log_group.this",
            "module.eks-blueprints.module.aws_eks.aws_eks_cluster.this",
            "module.eks-blueprints.module.aws_eks.aws_iam_role.this",
            "module.eks-blueprints.module.aws_eks.aws_iam_role_policy_attachment.this",
            "module.eks-blueprints.module.aws_eks.aws_security_group.cluster",
            "module.eks-blueprints.module.aws_eks.aws_security_group.node",
            "module.eks-blueprints.module.aws_eks.aws_security_group_rule.cluster",
            "module.eks-blueprints.module.aws_eks.aws_security_group_rule.node",
            "module.eks-blueprints.module.aws_eks.data.aws_iam_policy_document.assume_role_policy",
            "module.eks-blueprints.module.aws_eks.data.aws_partition.current",
            "module.eks-blueprints.module.aws_eks.module.kms.aws_kms_external_key.this",
            "module.eks-blueprints.module.aws_eks.module.kms.aws_kms_key.this",
            "module.eks-blueprints.module.kms.aws_kms_key.this",
            "module.eks_blueprints_kubernetes_addons.data.aws_caller_identity.current",
            "module.eks_blueprints_kubernetes_addons.data.aws_eks_cluster.eks_cluster",
            "module.eks_blueprints_kubernetes_addons.data.aws_partition.current",
            "module.eks_blueprints_kubernetes_addons.data.aws_region.current",
            "module.eks_blueprints_kubernetes_addons.module.aws_load_balancer_controller.aws_iam_policy.aws_load_balancer_controller",
            "module.eks_blueprints_kubernetes_addons.module.aws_load_balancer_controller.data.aws_iam_policy_document.aws_lb"
          ]
        }
      ]
    },
    {
      "module": "module.eks_blueprints_kubernetes_addons.module.aws_load_balancer_controller[0].module.helm_addon.module.irsa[0]",
      "mode": "managed",
      "type": "aws_iam_role_policy_attachment",
      "name": "irsa",
      "provider": "provider[\"registry.terraform.io/hashicorp/aws\"]",
      "instances": [
        {
          "index_key": 0,
          "schema_version": 0,
          "attributes": {
            "id": "aws014-preprod-test-eks-aws-load-balancer-controller-sa-irsa-2022091920525384580000000b",
            "policy_arn": "arn:aws:iam::349361870252:policy/aws014-preprod-test-eks-lb-irsa",
            "role": "aws014-preprod-test-eks-aws-load-balancer-controller-sa-irsa"
          },
          "sensitive_attributes": [],
          "private": "bnVsbA==",
          "dependencies": [
            "module.eks-blueprints.data.aws_iam_policy_document.eks_key",
            "module.eks-blueprints.module.aws_eks.aws_cloudwatch_log_group.this",
            "module.eks-blueprints.module.aws_eks.aws_eks_cluster.this",
            "module.eks-blueprints.module.aws_eks.aws_iam_role.this",
            "module.eks-blueprints.module.aws_eks.aws_iam_role_policy_attachment.this",
            "module.eks-blueprints.module.aws_eks.aws_security_group.cluster",
            "module.eks-blueprints.module.aws_eks.aws_security_group.node",
            "module.eks-blueprints.module.aws_eks.aws_security_group_rule.cluster",
            "module.eks-blueprints.module.aws_eks.aws_security_group_rule.node",
            "module.eks-blueprints.module.aws_eks.data.aws_iam_policy_document.assume_role_policy",
            "module.eks-blueprints.module.aws_eks.data.aws_partition.current",
            "module.eks-blueprints.module.aws_eks.module.kms.aws_kms_external_key.this",
            "module.eks-blueprints.module.aws_eks.module.kms.aws_kms_key.this",
            "module.eks-blueprints.module.kms.aws_kms_key.this",
            "module.eks_blueprints_kubernetes_addons.data.aws_caller_identity.current",
            "module.eks_blueprints_kubernetes_addons.data.aws_eks_cluster.eks_cluster",
            "module.eks_blueprints_kubernetes_addons.data.aws_partition.current",
            "module.eks_blueprints_kubernetes_addons.data.aws_region.current",
            "module.eks_blueprints_kubernetes_addons.module.aws_load_balancer_controller.aws_iam_policy.aws_load_balancer_controller",
            "module.eks_blueprints_kubernetes_addons.module.aws_load_balancer_controller.data.aws_iam_policy_document.aws_lb",
            "module.eks_blueprints_kubernetes_addons.module.aws_load_balancer_controller.module.helm_addon.module.irsa.aws_iam_role.irsa"
          ]
        }
      ]
    },
    {
      "module": "module.eks_blueprints_kubernetes_addons.module.aws_load_balancer_controller[0].module.helm_addon.module.irsa[0]",
      "mode": "managed",
      "type": "kubernetes_service_account_v1",
      "name": "irsa",
      "provider": "provider[\"registry.terraform.io/hashicorp/kubernetes\"]",
      "instances": [
        {
          "index_key": 0,
          "schema_version": 0,
          "attributes": {
            "automount_service_account_token": true,
            "default_secret_name": "aws-load-balancer-controller-sa-token-xxnqj",
            "id": "kube-system/aws-load-balancer-controller-sa",
            "image_pull_secret": [],
            "metadata": [
              {
                "annotations": {
                  "eks.amazonaws.com/role-arn": "arn:aws:iam::349361870252:role/aws014-preprod-test-eks-aws-load-balancer-controller-sa-irsa"
                },
                "generate_name": "",
                "generation": 0,
                "labels": null,
                "name": "aws-load-balancer-controller-sa",
                "namespace": "kube-system",
                "resource_version": "1141",
                "uid": "4c6197be-e333-4b12-bb62-cbb25440fe90"
              }
            ],
            "secret": [],
            "timeouts": null
          },
          "sensitive_attributes": [],
          "private": "eyJlMmJmYjczMC1lY2FhLTExZTYtOGY4OC0zNDM2M2JjN2M0YzAiOnsiY3JlYXRlIjozMDAwMDAwMDAwMH19",
          "dependencies": [
            "data.aws_eks_cluster.cluster",
            "data.aws_eks_cluster_auth.cluster",
            "module.eks-blueprints.data.aws_iam_policy_document.eks_key",
            "module.eks-blueprints.module.aws_eks.aws_cloudwatch_log_group.this",
            "module.eks-blueprints.module.aws_eks.aws_eks_cluster.this",
            "module.eks-blueprints.module.aws_eks.aws_iam_role.this",
            "module.eks-blueprints.module.aws_eks.aws_iam_role_policy_attachment.this",
            "module.eks-blueprints.module.aws_eks.aws_security_group.cluster",
            "module.eks-blueprints.module.aws_eks.aws_security_group.node",
            "module.eks-blueprints.module.aws_eks.aws_security_group_rule.cluster",
            "module.eks-blueprints.module.aws_eks.aws_security_group_rule.node",
            "module.eks-blueprints.module.aws_eks.data.aws_iam_policy_document.assume_role_policy",
            "module.eks-blueprints.module.aws_eks.data.aws_partition.current",
            "module.eks-blueprints.module.aws_eks.module.kms.aws_kms_external_key.this",
            "module.eks-blueprints.module.aws_eks.module.kms.aws_kms_key.this",
            "module.eks-blueprints.module.kms.aws_kms_key.this",
            "module.eks_blueprints_kubernetes_addons.data.aws_caller_identity.current",
            "module.eks_blueprints_kubernetes_addons.data.aws_eks_cluster.eks_cluster",
            "module.eks_blueprints_kubernetes_addons.data.aws_partition.current",
            "module.eks_blueprints_kubernetes_addons.data.aws_region.current",
            "module.eks_blueprints_kubernetes_addons.module.aws_load_balancer_controller.aws_iam_policy.aws_load_balancer_controller",
            "module.eks_blueprints_kubernetes_addons.module.aws_load_balancer_controller.data.aws_iam_policy_document.aws_lb",
            "module.eks_blueprints_kubernetes_addons.module.aws_load_balancer_controller.module.helm_addon.module.irsa.aws_iam_role.irsa"
          ]
        }
      ]
    },
    {
      "module": "module.eks_blueprints_kubernetes_addons.module.aws_vpc_cni[0]",
      "mode": "managed",
      "type": "aws_eks_addon",
      "name": "vpc_cni",
      "provider": "provider[\"registry.terraform.io/hashicorp/aws\"]",
      "instances": [
        {
          "schema_version": 0,
          "attributes": {
            "addon_name": "vpc-cni",
            "addon_version": "v1.10.4-eksbuild.1",
            "arn": "arn:aws:eks:us-west-2:349361870252:addon/aws014-preprod-test-eks/vpc-cni/dec1abc3-3b42-1196-1c23-6a8462778403",
            "cluster_name": "aws014-preprod-test-eks",
            "created_at": "2022-09-19T20:52:53Z",
            "id": "aws014-preprod-test-eks:vpc-cni",
            "modified_at": "2022-09-19T20:52:54Z",
            "preserve": true,
            "resolve_conflicts": "OVERWRITE",
            "service_account_role_arn": "arn:aws:iam::349361870252:role/aws014-preprod-test-eks-aws-node-irsa",
            "tags": {
              "Blueprint": "aws014-preprod-test-eks",
              "GithubRepo": "github.com/aws-ia/terraform-aws-eks-blueprints"
            },
            "tags_all": {
              "Blueprint": "aws014-preprod-test-eks",
              "GithubRepo": "github.com/aws-ia/terraform-aws-eks-blueprints"
            },
            "timeouts": null
          },
          "sensitive_attributes": [],
          "private": "eyJlMmJmYjczMC1lY2FhLTExZTYtOGY4OC0zNDM2M2JjN2M0YzAiOnsiY3JlYXRlIjoxMjAwMDAwMDAwMDAwLCJkZWxldGUiOjI0MDAwMDAwMDAwMDAsInVwZGF0ZSI6MTIwMDAwMDAwMDAwMH19",
          "dependencies": [
            "module.eks-blueprints.data.aws_iam_policy_document.eks_key",
            "module.eks-blueprints.module.aws_eks.aws_cloudwatch_log_group.this",
            "module.eks-blueprints.module.aws_eks.aws_eks_cluster.this",
            "module.eks-blueprints.module.aws_eks.aws_iam_role.this",
            "module.eks-blueprints.module.aws_eks.aws_iam_role_policy_attachment.this",
            "module.eks-blueprints.module.aws_eks.aws_security_group.cluster",
            "module.eks-blueprints.module.aws_eks.aws_security_group.node",
            "module.eks-blueprints.module.aws_eks.aws_security_group_rule.cluster",
            "module.eks-blueprints.module.aws_eks.aws_security_group_rule.node",
            "module.eks-blueprints.module.aws_eks.data.aws_iam_policy_document.assume_role_policy",
            "module.eks-blueprints.module.aws_eks.data.aws_partition.current",
            "module.eks-blueprints.module.aws_eks.module.kms.aws_kms_external_key.this",
            "module.eks-blueprints.module.aws_eks.module.kms.aws_kms_key.this",
            "module.eks-blueprints.module.kms.aws_kms_key.this",
            "module.eks_blueprints_kubernetes_addons.data.aws_caller_identity.current",
            "module.eks_blueprints_kubernetes_addons.data.aws_eks_cluster.eks_cluster",
            "module.eks_blueprints_kubernetes_addons.data.aws_partition.current",
            "module.eks_blueprints_kubernetes_addons.data.aws_region.current",
            "module.eks_blueprints_kubernetes_addons.module.aws_vpc_cni.aws_iam_policy.cni_ipv6_policy",
            "module.eks_blueprints_kubernetes_addons.module.aws_vpc_cni.module.irsa_addon.aws_iam_role.irsa"
          ]
        }
      ]
    },
    {
      "module": "module.eks_blueprints_kubernetes_addons.module.aws_vpc_cni[0].module.irsa_addon[0]",
      "mode": "managed",
      "type": "aws_iam_role",
      "name": "irsa",
      "provider": "provider[\"registry.terraform.io/hashicorp/aws\"]",
      "instances": [
        {
          "index_key": 0,
          "schema_version": 0,
          "attributes": {
            "arn": "arn:aws:iam::349361870252:role/aws014-preprod-test-eks-aws-node-irsa",
            "assume_role_policy": "{\"Statement\":[{\"Action\":\"sts:AssumeRoleWithWebIdentity\",\"Condition\":{\"StringLike\":{\"oidc.eks.us-west-2.amazonaws.com/id/3D00D0DA0741FBC5FE15EF50B2DAD8ED:aud\":\"sts.amazonaws.com\",\"oidc.eks.us-west-2.amazonaws.com/id/3D00D0DA0741FBC5FE15EF50B2DAD8ED:sub\":\"system:serviceaccount:kube-system:aws-node\"}},\"Effect\":\"Allow\",\"Principal\":{\"Federated\":\"arn:aws:iam::349361870252:oidc-provider/oidc.eks.us-west-2.amazonaws.com/id/3D00D0DA0741FBC5FE15EF50B2DAD8ED\"}}],\"Version\":\"2012-10-17\"}",
            "create_date": "2022-09-19T20:52:52Z",
            "description": "AWS IAM Role for the Kubernetes service account aws-node.",
            "force_detach_policies": true,
            "id": "aws014-preprod-test-eks-aws-node-irsa",
            "inline_policy": [],
            "managed_policy_arns": [],
            "max_session_duration": 3600,
            "name": "aws014-preprod-test-eks-aws-node-irsa",
            "name_prefix": "",
            "path": "/",
            "permissions_boundary": "",
            "tags": null,
            "tags_all": {},
            "unique_id": "AROAVCV4XCWWNTJUOL222"
          },
          "sensitive_attributes": [],
          "private": "bnVsbA==",
          "dependencies": [
            "module.eks-blueprints.data.aws_iam_policy_document.eks_key",
            "module.eks-blueprints.module.aws_eks.aws_cloudwatch_log_group.this",
            "module.eks-blueprints.module.aws_eks.aws_eks_cluster.this",
            "module.eks-blueprints.module.aws_eks.aws_iam_role.this",
            "module.eks-blueprints.module.aws_eks.aws_iam_role_policy_attachment.this",
            "module.eks-blueprints.module.aws_eks.aws_security_group.cluster",
            "module.eks-blueprints.module.aws_eks.aws_security_group.node",
            "module.eks-blueprints.module.aws_eks.aws_security_group_rule.cluster",
            "module.eks-blueprints.module.aws_eks.aws_security_group_rule.node",
            "module.eks-blueprints.module.aws_eks.data.aws_iam_policy_document.assume_role_policy",
            "module.eks-blueprints.module.aws_eks.data.aws_partition.current",
            "module.eks-blueprints.module.aws_eks.module.kms.aws_kms_external_key.this",
            "module.eks-blueprints.module.aws_eks.module.kms.aws_kms_key.this",
            "module.eks-blueprints.module.kms.aws_kms_key.this",
            "module.eks_blueprints_kubernetes_addons.data.aws_caller_identity.current",
            "module.eks_blueprints_kubernetes_addons.data.aws_eks_cluster.eks_cluster",
            "module.eks_blueprints_kubernetes_addons.data.aws_partition.current",
            "module.eks_blueprints_kubernetes_addons.data.aws_region.current",
            "module.eks_blueprints_kubernetes_addons.module.aws_vpc_cni.aws_iam_policy.cni_ipv6_policy"
          ]
        }
      ]
    },
    {
      "module": "module.eks_blueprints_kubernetes_addons.module.aws_vpc_cni[0].module.irsa_addon[0]",
      "mode": "managed",
      "type": "aws_iam_role_policy_attachment",
      "name": "irsa",
      "provider": "provider[\"registry.terraform.io/hashicorp/aws\"]",
      "instances": [
        {
          "index_key": 0,
          "schema_version": 0,
          "attributes": {
            "id": "aws014-preprod-test-eks-aws-node-irsa-20220919205253371000000007",
            "policy_arn": "arn:aws:iam::aws:policy/AmazonEKS_CNI_Policy",
            "role": "aws014-preprod-test-eks-aws-node-irsa"
          },
          "sensitive_attributes": [],
          "private": "bnVsbA==",
          "dependencies": [
            "module.eks-blueprints.data.aws_iam_policy_document.eks_key",
            "module.eks-blueprints.module.aws_eks.aws_cloudwatch_log_group.this",
            "module.eks-blueprints.module.aws_eks.aws_eks_cluster.this",
            "module.eks-blueprints.module.aws_eks.aws_iam_role.this",
            "module.eks-blueprints.module.aws_eks.aws_iam_role_policy_attachment.this",
            "module.eks-blueprints.module.aws_eks.aws_security_group.cluster",
            "module.eks-blueprints.module.aws_eks.aws_security_group.node",
            "module.eks-blueprints.module.aws_eks.aws_security_group_rule.cluster",
            "module.eks-blueprints.module.aws_eks.aws_security_group_rule.node",
            "module.eks-blueprints.module.aws_eks.data.aws_iam_policy_document.assume_role_policy",
            "module.eks-blueprints.module.aws_eks.data.aws_partition.current",
            "module.eks-blueprints.module.aws_eks.module.kms.aws_kms_external_key.this",
            "module.eks-blueprints.module.aws_eks.module.kms.aws_kms_key.this",
            "module.eks-blueprints.module.kms.aws_kms_key.this",
            "module.eks_blueprints_kubernetes_addons.data.aws_caller_identity.current",
            "module.eks_blueprints_kubernetes_addons.data.aws_eks_cluster.eks_cluster",
            "module.eks_blueprints_kubernetes_addons.data.aws_partition.current",
            "module.eks_blueprints_kubernetes_addons.data.aws_region.current",
            "module.eks_blueprints_kubernetes_addons.module.aws_vpc_cni.aws_iam_policy.cni_ipv6_policy",
            "module.eks_blueprints_kubernetes_addons.module.aws_vpc_cni.module.irsa_addon.aws_iam_role.irsa"
          ]
        }
      ]
    },
    {
      "module": "module.eks_blueprints_kubernetes_addons.module.metrics_server[0].module.helm_addon",
      "mode": "managed",
      "type": "helm_release",
      "name": "addon",
      "provider": "provider[\"registry.terraform.io/hashicorp/helm\"]",
      "instances": [
        {
          "index_key": 0,
          "schema_version": 0,
          "attributes": {
            "atomic": false,
            "chart": "metrics-server",
            "cleanup_on_fail": false,
            "create_namespace": false,
            "dependency_update": false,
            "description": "Metric server helm Chart deployment configuration",
            "devel": null,
            "disable_crd_hooks": false,
            "disable_openapi_validation": false,
            "disable_webhooks": false,
            "force_update": false,
            "id": "metrics-server",
            "keyring": "",
            "lint": false,
            "manifest": null,
            "max_history": 0,
            "metadata": [
              {
                "app_version": "0.6.1",
                "chart": "metrics-server",
                "name": "metrics-server",
                "namespace": "kube-system",
                "revision": 1,
                "values": "{}",
                "version": "3.8.2"
              }
            ],
            "name": "metrics-server",
            "namespace": "kube-system",
            "pass_credentials": false,
            "postrender": [
              {
                "args": null,
                "binary_path": ""
              }
            ],
            "recreate_pods": false,
            "render_subchart_notes": true,
            "replace": false,
            "repository": "https://kubernetes-sigs.github.io/metrics-server/",
            "repository_ca_file": null,
            "repository_cert_file": "",
            "repository_key_file": "",
            "repository_password": "",
            "repository_username": "",
            "reset_values": false,
            "reuse_values": false,
            "set": [],
            "set_sensitive": [],
            "skip_crds": false,
            "status": "deployed",
            "timeout": 1200,
            "values": [],
            "verify": false,
            "version": "3.8.2",
            "wait": true,
            "wait_for_jobs": false
          },
          "sensitive_attributes": [],
          "private": "bnVsbA==",
          "dependencies": [
            "data.aws_eks_cluster.cluster",
            "data.aws_eks_cluster_auth.cluster",
            "module.eks-blueprints.data.aws_iam_policy_document.eks_key",
            "module.eks-blueprints.module.aws_eks.aws_cloudwatch_log_group.this",
            "module.eks-blueprints.module.aws_eks.aws_eks_cluster.this",
            "module.eks-blueprints.module.aws_eks.aws_iam_role.this",
            "module.eks-blueprints.module.aws_eks.aws_iam_role_policy_attachment.this",
            "module.eks-blueprints.module.aws_eks.aws_security_group.cluster",
            "module.eks-blueprints.module.aws_eks.aws_security_group.node",
            "module.eks-blueprints.module.aws_eks.aws_security_group_rule.cluster",
            "module.eks-blueprints.module.aws_eks.aws_security_group_rule.node",
            "module.eks-blueprints.module.aws_eks.data.aws_iam_policy_document.assume_role_policy",
            "module.eks-blueprints.module.aws_eks.data.aws_partition.current",
            "module.eks-blueprints.module.aws_eks.module.kms.aws_kms_external_key.this",
            "module.eks-blueprints.module.aws_eks.module.kms.aws_kms_key.this",
            "module.eks-blueprints.module.kms.aws_kms_key.this",
            "module.eks_blueprints_kubernetes_addons.data.aws_caller_identity.current",
            "module.eks_blueprints_kubernetes_addons.data.aws_eks_cluster.eks_cluster",
            "module.eks_blueprints_kubernetes_addons.data.aws_partition.current",
            "module.eks_blueprints_kubernetes_addons.data.aws_region.current",
            "module.eks_blueprints_kubernetes_addons.module.metrics_server.kubernetes_namespace_v1.this",
            "module.eks_blueprints_kubernetes_addons.module.metrics_server.module.helm_addon.module.irsa.aws_iam_role.irsa",
            "module.eks_blueprints_kubernetes_addons.module.metrics_server.module.helm_addon.module.irsa.aws_iam_role_policy_attachment.irsa",
            "module.eks_blueprints_kubernetes_addons.module.metrics_server.module.helm_addon.module.irsa.kubernetes_namespace_v1.irsa",
            "module.eks_blueprints_kubernetes_addons.module.metrics_server.module.helm_addon.module.irsa.kubernetes_service_account_v1.irsa"
          ]
        }
      ]
    },
    {
      "module": "module.eks_blueprints_kubernetes_addons.module.prometheus[0]",
      "mode": "data",
      "type": "aws_iam_policy_document",
      "name": "ingest",
      "provider": "provider[\"registry.terraform.io/hashicorp/aws\"]",
      "instances": [
        {
          "schema_version": 0,
          "attributes": {
            "id": "1804921153",
            "json": "{\n  \"Version\": \"2012-10-17\",\n  \"Statement\": [\n    {\n      \"Sid\": \"\",\n      \"Effect\": \"Allow\",\n      \"Action\": [\n        \"aps:RemoteWrite\",\n        \"aps:GetSeries\",\n        \"aps:GetMetricMetadata\",\n        \"aps:GetLabels\"\n      ],\n      \"Resource\": \"*\"\n    }\n  ]\n}",
            "override_json": null,
            "override_policy_documents": null,
            "policy_id": null,
            "source_json": null,
            "source_policy_documents": null,
            "statement": [
              {
                "actions": [
                  "aps:GetLabels",
                  "aps:GetMetricMetadata",
                  "aps:GetSeries",
                  "aps:RemoteWrite"
                ],
                "condition": [],
                "effect": "Allow",
                "not_actions": [],
                "not_principals": [],
                "not_resources": [],
                "principals": [],
                "resources": [
                  "*"
                ],
                "sid": ""
              }
            ],
            "version": "2012-10-17"
          },
          "sensitive_attributes": []
        }
      ]
    },
    {
      "module": "module.eks_blueprints_kubernetes_addons.module.prometheus[0]",
      "mode": "data",
      "type": "aws_iam_policy_document",
      "name": "query",
      "provider": "provider[\"registry.terraform.io/hashicorp/aws\"]",
      "instances": [
        {
          "schema_version": 0,
          "attributes": {
            "id": "3128596151",
            "json": "{\n  \"Version\": \"2012-10-17\",\n  \"Statement\": [\n    {\n      \"Sid\": \"\",\n      \"Effect\": \"Allow\",\n      \"Action\": [\n        \"aps:QueryMetrics\",\n        \"aps:GetSeries\",\n        \"aps:GetMetricMetadata\",\n        \"aps:GetLabels\"\n      ],\n      \"Resource\": \"*\"\n    }\n  ]\n}",
            "override_json": null,
            "override_policy_documents": null,
            "policy_id": null,
            "source_json": null,
            "source_policy_documents": null,
            "statement": [
              {
                "actions": [
                  "aps:GetLabels",
                  "aps:GetMetricMetadata",
                  "aps:GetSeries",
                  "aps:QueryMetrics"
                ],
                "condition": [],
                "effect": "Allow",
                "not_actions": [],
                "not_principals": [],
                "not_resources": [],
                "principals": [],
                "resources": [
                  "*"
                ],
                "sid": ""
              }
            ],
            "version": "2012-10-17"
          },
          "sensitive_attributes": []
        }
      ]
    },
    {
      "module": "module.eks_blueprints_kubernetes_addons.module.prometheus[0]",
      "mode": "managed",
      "type": "aws_iam_policy",
      "name": "ingest",
      "provider": "provider[\"registry.terraform.io/hashicorp/aws\"]",
      "instances": [
        {
          "index_key": 0,
          "schema_version": 0,
          "attributes": {
            "arn": "arn:aws:iam::349361870252:policy/amp-ingest-aws014-preprod-test-eks",
            "description": "Set up the permission policy that grants ingest (remote write) permissions for AMP workspace",
            "id": "arn:aws:iam::349361870252:policy/amp-ingest-aws014-preprod-test-eks",
            "name": "amp-ingest-aws014-preprod-test-eks",
            "name_prefix": null,
            "path": "/",
            "policy": "{\"Statement\":[{\"Action\":[\"aps:RemoteWrite\",\"aps:GetSeries\",\"aps:GetMetricMetadata\",\"aps:GetLabels\"],\"Effect\":\"Allow\",\"Resource\":\"*\",\"Sid\":\"\"}],\"Version\":\"2012-10-17\"}",
            "policy_id": "ANPAVCV4XCWWO56PG4NTL",
            "tags": {
              "Blueprint": "aws014-preprod-test-eks",
              "GithubRepo": "github.com/aws-ia/terraform-aws-eks-blueprints"
            },
            "tags_all": {
              "Blueprint": "aws014-preprod-test-eks",
              "GithubRepo": "github.com/aws-ia/terraform-aws-eks-blueprints"
            }
          },
          "sensitive_attributes": [],
          "private": "bnVsbA==",
          "dependencies": [
            "module.eks-blueprints.data.aws_iam_policy_document.eks_key",
            "module.eks-blueprints.module.aws_eks.aws_cloudwatch_log_group.this",
            "module.eks-blueprints.module.aws_eks.aws_eks_cluster.this",
            "module.eks-blueprints.module.aws_eks.aws_iam_role.this",
            "module.eks-blueprints.module.aws_eks.aws_iam_role_policy_attachment.this",
            "module.eks-blueprints.module.aws_eks.aws_security_group.cluster",
            "module.eks-blueprints.module.aws_eks.aws_security_group.node",
            "module.eks-blueprints.module.aws_eks.aws_security_group_rule.cluster",
            "module.eks-blueprints.module.aws_eks.aws_security_group_rule.node",
            "module.eks-blueprints.module.aws_eks.data.aws_iam_policy_document.assume_role_policy",
            "module.eks-blueprints.module.aws_eks.data.aws_partition.current",
            "module.eks-blueprints.module.aws_eks.module.kms.aws_kms_external_key.this",
            "module.eks-blueprints.module.aws_eks.module.kms.aws_kms_key.this",
            "module.eks-blueprints.module.kms.aws_kms_key.this",
            "module.eks_blueprints_kubernetes_addons.data.aws_caller_identity.current",
            "module.eks_blueprints_kubernetes_addons.data.aws_eks_cluster.eks_cluster",
            "module.eks_blueprints_kubernetes_addons.data.aws_partition.current",
            "module.eks_blueprints_kubernetes_addons.data.aws_region.current",
            "module.eks_blueprints_kubernetes_addons.module.prometheus.data.aws_iam_policy_document.ingest"
          ]
        }
      ]
    },
    {
      "module": "module.eks_blueprints_kubernetes_addons.module.prometheus[0]",
      "mode": "managed",
      "type": "aws_iam_policy",
      "name": "query",
      "provider": "provider[\"registry.terraform.io/hashicorp/aws\"]",
      "instances": [
        {
          "index_key": 0,
          "schema_version": 0,
          "attributes": {
            "arn": "arn:aws:iam::349361870252:policy/amp-query-aws014-preprod-test-eks",
            "description": "Set up the permission policy that grants query permissions for AMP workspace",
            "id": "arn:aws:iam::349361870252:policy/amp-query-aws014-preprod-test-eks",
            "name": "amp-query-aws014-preprod-test-eks",
            "name_prefix": null,
            "path": "/",
            "policy": "{\"Statement\":[{\"Action\":[\"aps:QueryMetrics\",\"aps:GetSeries\",\"aps:GetMetricMetadata\",\"aps:GetLabels\"],\"Effect\":\"Allow\",\"Resource\":\"*\",\"Sid\":\"\"}],\"Version\":\"2012-10-17\"}",
            "policy_id": "ANPAVCV4XCWWOV7D7RFST",
            "tags": {
              "Blueprint": "aws014-preprod-test-eks",
              "GithubRepo": "github.com/aws-ia/terraform-aws-eks-blueprints"
            },
            "tags_all": {
              "Blueprint": "aws014-preprod-test-eks",
              "GithubRepo": "github.com/aws-ia/terraform-aws-eks-blueprints"
            }
          },
          "sensitive_attributes": [],
          "private": "bnVsbA==",
          "dependencies": [
            "module.eks-blueprints.data.aws_iam_policy_document.eks_key",
            "module.eks-blueprints.module.aws_eks.aws_cloudwatch_log_group.this",
            "module.eks-blueprints.module.aws_eks.aws_eks_cluster.this",
            "module.eks-blueprints.module.aws_eks.aws_iam_role.this",
            "module.eks-blueprints.module.aws_eks.aws_iam_role_policy_attachment.this",
            "module.eks-blueprints.module.aws_eks.aws_security_group.cluster",
            "module.eks-blueprints.module.aws_eks.aws_security_group.node",
            "module.eks-blueprints.module.aws_eks.aws_security_group_rule.cluster",
            "module.eks-blueprints.module.aws_eks.aws_security_group_rule.node",
            "module.eks-blueprints.module.aws_eks.data.aws_iam_policy_document.assume_role_policy",
            "module.eks-blueprints.module.aws_eks.data.aws_partition.current",
            "module.eks-blueprints.module.aws_eks.module.kms.aws_kms_external_key.this",
            "module.eks-blueprints.module.aws_eks.module.kms.aws_kms_key.this",
            "module.eks-blueprints.module.kms.aws_kms_key.this",
            "module.eks_blueprints_kubernetes_addons.data.aws_caller_identity.current",
            "module.eks_blueprints_kubernetes_addons.data.aws_eks_cluster.eks_cluster",
            "module.eks_blueprints_kubernetes_addons.data.aws_partition.current",
            "module.eks_blueprints_kubernetes_addons.data.aws_region.current",
            "module.eks_blueprints_kubernetes_addons.module.prometheus.data.aws_iam_policy_document.query"
          ]
        }
      ]
    },
    {
      "module": "module.eks_blueprints_kubernetes_addons.module.prometheus[0]",
      "mode": "managed",
      "type": "kubernetes_namespace_v1",
      "name": "prometheus",
      "provider": "provider[\"registry.terraform.io/hashicorp/kubernetes\"]",
      "instances": [
        {
          "index_key": 0,
          "schema_version": 0,
          "attributes": {
            "id": "prometheus",
            "metadata": [
              {
                "annotations": null,
                "generate_name": "",
                "generation": 0,
                "labels": null,
                "name": "prometheus",
                "resource_version": "1122",
                "uid": "aa89ac0e-7b2f-49b5-8d42-225e036467e0"
              }
            ],
            "timeouts": null
          },
          "sensitive_attributes": [],
          "private": "eyJlMmJmYjczMC1lY2FhLTExZTYtOGY4OC0zNDM2M2JjN2M0YzAiOnsiZGVsZXRlIjozMDAwMDAwMDAwMDB9fQ==",
          "dependencies": [
            "data.aws_eks_cluster.cluster",
            "data.aws_eks_cluster_auth.cluster",
            "module.eks-blueprints.data.aws_iam_policy_document.eks_key",
            "module.eks-blueprints.module.aws_eks.aws_cloudwatch_log_group.this",
            "module.eks-blueprints.module.aws_eks.aws_eks_cluster.this",
            "module.eks-blueprints.module.aws_eks.aws_iam_role.this",
            "module.eks-blueprints.module.aws_eks.aws_iam_role_policy_attachment.this",
            "module.eks-blueprints.module.aws_eks.aws_security_group.cluster",
            "module.eks-blueprints.module.aws_eks.aws_security_group.node",
            "module.eks-blueprints.module.aws_eks.aws_security_group_rule.cluster",
            "module.eks-blueprints.module.aws_eks.aws_security_group_rule.node",
            "module.eks-blueprints.module.aws_eks.data.aws_iam_policy_document.assume_role_policy",
            "module.eks-blueprints.module.aws_eks.data.aws_partition.current",
            "module.eks-blueprints.module.aws_eks.module.kms.aws_kms_external_key.this",
            "module.eks-blueprints.module.aws_eks.module.kms.aws_kms_key.this",
            "module.eks-blueprints.module.kms.aws_kms_key.this"
          ]
        }
      ]
    },
    {
      "module": "module.eks_blueprints_kubernetes_addons.module.prometheus[0].module.helm_addon",
      "mode": "managed",
      "type": "helm_release",
      "name": "addon",
      "provider": "provider[\"registry.terraform.io/hashicorp/helm\"]",
      "instances": [
        {
          "index_key": 0,
          "schema_version": 0,
          "attributes": {
            "atomic": false,
            "chart": "prometheus",
            "cleanup_on_fail": false,
            "create_namespace": false,
            "dependency_update": false,
            "description": "Prometheus helm Chart deployment configuration",
            "devel": null,
            "disable_crd_hooks": false,
            "disable_openapi_validation": false,
            "disable_webhooks": false,
            "force_update": false,
            "id": "prometheus",
            "keyring": "",
            "lint": false,
            "manifest": null,
            "max_history": 0,
            "metadata": [
              {
                "app_version": "2.34.0",
                "chart": "prometheus",
                "name": "prometheus",
                "namespace": "prometheus",
                "revision": 1,
                "values": "{\"alertmanager\":{\"enabled\":false,\"nodeSelector\":{\"kubernetes.io/os\":\"linux\"}},\"kube-state-metrics\":{\"enabled\":true,\"nodeSelector\":{\"kubernetes.io/os\":\"linux\"},\"resources\":{\"limits\":{\"cpu\":\"200m\",\"memory\":\"512Mi\"},\"requests\":{\"cpu\":\"200m\",\"memory\":\"512Mi\"}}},\"nodeExporter\":{\"nodeSelector\":{\"kubernetes.io/os\":\"linux\"},\"resources\":{\"limits\":{\"cpu\":\"200m\",\"memory\":\"512Mi\"},\"requests\":{\"cpu\":\"200m\",\"memory\":\"512Mi\"}}},\"pushgateway\":{\"enabled\":false,\"nodeSelector\":{\"kubernetes.io/os\":\"linux\"}},\"server\":{\"global\":{\"evaluation_interval\":\"30s\",\"scrape_interval\":\"30s\",\"scrape_timeout\":\"10s\"},\"nodeSelector\":{\"kubernetes.io/os\":\"linux\"},\"persistentVolume\":{\"accessModes\":[\"ReadWriteOnce\"],\"enabled\":true,\"mountPath\":\"/data\",\"size\":\"20Gi\",\"storageClass\":\"gp2\"},\"remoteWrite\":[{\"sigv4\":{\"region\":\"us-west-2\"},\"url\":\"https://aps-workspaces.us-west-2.amazonaws.com/workspaces/ws-8355f4d1-0e9e-4e97-82b1-c58b7525ae1e/api/v1/remote_write\"}],\"resources\":{\"requests\":{\"cpu\":\"500m\",\"memory\":\"1Gi\"}},\"retention\":\"1h\"},\"serviceAccounts\":{\"server\":{\"annotations\":{\"eks.amazonaws.com/role-arn\":\"arn:aws:iam::349361870252:role/aws014-preprod-test-eks-amp-ingest-irsa\"},\"create\":false,\"name\":\"amp-ingest\"}}}",
                "version": "15.10.1"
              }
            ],
            "name": "prometheus",
            "namespace": "prometheus",
            "pass_credentials": false,
            "postrender": [
              {
                "args": null,
                "binary_path": ""
              }
            ],
            "recreate_pods": false,
            "render_subchart_notes": true,
            "replace": false,
            "repository": "https://prometheus-community.github.io/helm-charts",
            "repository_ca_file": null,
            "repository_cert_file": "",
            "repository_key_file": "",
            "repository_password": "",
            "repository_username": "",
            "reset_values": false,
            "reuse_values": false,
            "set": [
              {
                "name": "server.remoteWrite[0].sigv4.region",
                "type": "",
                "value": "us-west-2"
              },
              {
                "name": "server.remoteWrite[0].url",
                "type": "",
                "value": "https://aps-workspaces.us-west-2.amazonaws.com/workspaces/ws-8355f4d1-0e9e-4e97-82b1-c58b7525ae1e/api/v1/remote_write"
              },
              {
                "name": "serviceAccounts.server.annotations.eks\\.amazonaws\\.com/role-arn",
                "type": "",
                "value": "arn:aws:iam::349361870252:role/aws014-preprod-test-eks-amp-ingest-irsa"
              },
              {
                "name": "serviceAccounts.server.create",
                "type": "",
                "value": "false"
              },
              {
                "name": "serviceAccounts.server.name",
                "type": "",
                "value": "amp-ingest"
              }
            ],
            "set_sensitive": [],
            "skip_crds": false,
            "status": "deployed",
            "timeout": 1200,
            "values": [
              "server:\n  retention: 1h\n\n  global:\n    evaluation_interval: 30s\n    scrape_interval: 30s\n    scrape_timeout: 10s\n\n  resources:\n    requests:\n      cpu: 500m\n      memory: 1Gi\n\n  nodeSelector:\n    kubernetes.io/os: linux\n\n  persistentVolume:\n    accessModes:\n      - ReadWriteOnce\n    enabled: true\n    mountPath: /data\n    size: 20Gi\n    storageClass: gp2\n\nalertmanager:\n  enabled: false\n  nodeSelector:\n    kubernetes.io/os: linux\n\nkube-state-metrics:\n  enabled: true\n  nodeSelector:\n    kubernetes.io/os: linux\n  resources:\n    limits:\n      cpu: 200m\n      memory: 512Mi\n    requests:\n      cpu: 200m\n      memory: 512Mi\n\npushgateway:\n  enabled: false\n  nodeSelector:\n    kubernetes.io/os: linux\n\nnodeExporter:\n  nodeSelector:\n    kubernetes.io/os: linux\n\n  resources:\n    limits:\n      cpu: 200m\n      memory: 512Mi\n    requests:\n      cpu: 200m\n      memory: 512Mi\n"
            ],
            "verify": false,
            "version": "15.10.1",
            "wait": true,
            "wait_for_jobs": false
          },
          "sensitive_attributes": [],
          "private": "bnVsbA==",
          "dependencies": [
            "aws_prometheus_workspace.amp",
            "data.aws_eks_cluster.cluster",
            "data.aws_eks_cluster_auth.cluster",
            "module.eks-blueprints.data.aws_iam_policy_document.eks_key",
            "module.eks-blueprints.module.aws_eks.aws_cloudwatch_log_group.this",
            "module.eks-blueprints.module.aws_eks.aws_eks_cluster.this",
            "module.eks-blueprints.module.aws_eks.aws_iam_role.this",
            "module.eks-blueprints.module.aws_eks.aws_iam_role_policy_attachment.this",
            "module.eks-blueprints.module.aws_eks.aws_security_group.cluster",
            "module.eks-blueprints.module.aws_eks.aws_security_group.node",
            "module.eks-blueprints.module.aws_eks.aws_security_group_rule.cluster",
            "module.eks-blueprints.module.aws_eks.aws_security_group_rule.node",
            "module.eks-blueprints.module.aws_eks.data.aws_iam_policy_document.assume_role_policy",
            "module.eks-blueprints.module.aws_eks.data.aws_partition.current",
            "module.eks-blueprints.module.aws_eks.module.kms.aws_kms_external_key.this",
            "module.eks-blueprints.module.aws_eks.module.kms.aws_kms_key.this",
            "module.eks-blueprints.module.kms.aws_kms_key.this",
            "module.eks_blueprints_kubernetes_addons.data.aws_caller_identity.current",
            "module.eks_blueprints_kubernetes_addons.data.aws_eks_cluster.eks_cluster",
            "module.eks_blueprints_kubernetes_addons.data.aws_partition.current",
            "module.eks_blueprints_kubernetes_addons.data.aws_region.current",
            "module.eks_blueprints_kubernetes_addons.module.prometheus.aws_iam_policy.ingest",
            "module.eks_blueprints_kubernetes_addons.module.prometheus.data.aws_iam_policy_document.ingest",
            "module.eks_blueprints_kubernetes_addons.module.prometheus.kubernetes_namespace_v1.prometheus",
            "module.eks_blueprints_kubernetes_addons.module.prometheus.module.helm_addon.module.irsa.aws_iam_role.irsa",
            "module.eks_blueprints_kubernetes_addons.module.prometheus.module.helm_addon.module.irsa.aws_iam_role_policy_attachment.irsa",
            "module.eks_blueprints_kubernetes_addons.module.prometheus.module.helm_addon.module.irsa.kubernetes_namespace_v1.irsa",
            "module.eks_blueprints_kubernetes_addons.module.prometheus.module.helm_addon.module.irsa.kubernetes_service_account_v1.irsa",
            "module.eks_blueprints_kubernetes_addons.module.prometheus.module.irsa_amp_ingest.aws_iam_role.irsa"
          ]
        }
      ]
    },
    {
      "module": "module.eks_blueprints_kubernetes_addons.module.prometheus[0].module.irsa_amp_ingest[0]",
      "mode": "managed",
      "type": "aws_iam_role",
      "name": "irsa",
      "provider": "provider[\"registry.terraform.io/hashicorp/aws\"]",
      "instances": [
        {
          "index_key": 0,
          "schema_version": 0,
          "attributes": {
            "arn": "arn:aws:iam::349361870252:role/aws014-preprod-test-eks-amp-ingest-irsa",
            "assume_role_policy": "{\"Statement\":[{\"Action\":\"sts:AssumeRoleWithWebIdentity\",\"Condition\":{\"StringLike\":{\"oidc.eks.us-west-2.amazonaws.com/id/3D00D0DA0741FBC5FE15EF50B2DAD8ED:aud\":\"sts.amazonaws.com\",\"oidc.eks.us-west-2.amazonaws.com/id/3D00D0DA0741FBC5FE15EF50B2DAD8ED:sub\":\"system:serviceaccount:prometheus:amp-ingest\"}},\"Effect\":\"Allow\",\"Principal\":{\"Federated\":\"arn:aws:iam::349361870252:oidc-provider/oidc.eks.us-west-2.amazonaws.com/id/3D00D0DA0741FBC5FE15EF50B2DAD8ED\"}}],\"Version\":\"2012-10-17\"}",
            "create_date": "2022-09-19T20:52:52Z",
            "description": "AWS IAM Role for the Kubernetes service account amp-ingest.",
            "force_detach_policies": true,
            "id": "aws014-preprod-test-eks-amp-ingest-irsa",
            "inline_policy": [],
            "managed_policy_arns": [],
            "max_session_duration": 3600,
            "name": "aws014-preprod-test-eks-amp-ingest-irsa",
            "name_prefix": "",
            "path": "/",
            "permissions_boundary": "",
            "tags": null,
            "tags_all": {},
            "unique_id": "AROAVCV4XCWWDOCHVEGDK"
          },
          "sensitive_attributes": [],
          "private": "bnVsbA==",
          "dependencies": [
            "data.aws_eks_cluster.cluster",
            "data.aws_eks_cluster_auth.cluster",
            "module.eks-blueprints.data.aws_iam_policy_document.eks_key",
            "module.eks-blueprints.module.aws_eks.aws_cloudwatch_log_group.this",
            "module.eks-blueprints.module.aws_eks.aws_eks_cluster.this",
            "module.eks-blueprints.module.aws_eks.aws_iam_role.this",
            "module.eks-blueprints.module.aws_eks.aws_iam_role_policy_attachment.this",
            "module.eks-blueprints.module.aws_eks.aws_security_group.cluster",
            "module.eks-blueprints.module.aws_eks.aws_security_group.node",
            "module.eks-blueprints.module.aws_eks.aws_security_group_rule.cluster",
            "module.eks-blueprints.module.aws_eks.aws_security_group_rule.node",
            "module.eks-blueprints.module.aws_eks.data.aws_iam_policy_document.assume_role_policy",
            "module.eks-blueprints.module.aws_eks.data.aws_partition.current",
            "module.eks-blueprints.module.aws_eks.module.kms.aws_kms_external_key.this",
            "module.eks-blueprints.module.aws_eks.module.kms.aws_kms_key.this",
            "module.eks-blueprints.module.kms.aws_kms_key.this",
            "module.eks_blueprints_kubernetes_addons.data.aws_caller_identity.current",
            "module.eks_blueprints_kubernetes_addons.data.aws_eks_cluster.eks_cluster",
            "module.eks_blueprints_kubernetes_addons.data.aws_partition.current",
            "module.eks_blueprints_kubernetes_addons.data.aws_region.current",
            "module.eks_blueprints_kubernetes_addons.module.prometheus.aws_iam_policy.ingest",
            "module.eks_blueprints_kubernetes_addons.module.prometheus.data.aws_iam_policy_document.ingest",
            "module.eks_blueprints_kubernetes_addons.module.prometheus.kubernetes_namespace_v1.prometheus"
          ]
        }
      ]
    },
    {
      "module": "module.eks_blueprints_kubernetes_addons.module.prometheus[0].module.irsa_amp_ingest[0]",
      "mode": "managed",
      "type": "aws_iam_role_policy_attachment",
      "name": "irsa",
      "provider": "provider[\"registry.terraform.io/hashicorp/aws\"]",
      "instances": [
        {
          "index_key": 0,
          "schema_version": 0,
          "attributes": {
            "id": "aws014-preprod-test-eks-amp-ingest-irsa-2022091920525385750000000c",
            "policy_arn": "arn:aws:iam::349361870252:policy/amp-ingest-aws014-preprod-test-eks",
            "role": "aws014-preprod-test-eks-amp-ingest-irsa"
          },
          "sensitive_attributes": [],
          "private": "bnVsbA==",
          "dependencies": [
            "data.aws_eks_cluster.cluster",
            "data.aws_eks_cluster_auth.cluster",
            "module.eks-blueprints.data.aws_iam_policy_document.eks_key",
            "module.eks-blueprints.module.aws_eks.aws_cloudwatch_log_group.this",
            "module.eks-blueprints.module.aws_eks.aws_eks_cluster.this",
            "module.eks-blueprints.module.aws_eks.aws_iam_role.this",
            "module.eks-blueprints.module.aws_eks.aws_iam_role_policy_attachment.this",
            "module.eks-blueprints.module.aws_eks.aws_security_group.cluster",
            "module.eks-blueprints.module.aws_eks.aws_security_group.node",
            "module.eks-blueprints.module.aws_eks.aws_security_group_rule.cluster",
            "module.eks-blueprints.module.aws_eks.aws_security_group_rule.node",
            "module.eks-blueprints.module.aws_eks.data.aws_iam_policy_document.assume_role_policy",
            "module.eks-blueprints.module.aws_eks.data.aws_partition.current",
            "module.eks-blueprints.module.aws_eks.module.kms.aws_kms_external_key.this",
            "module.eks-blueprints.module.aws_eks.module.kms.aws_kms_key.this",
            "module.eks-blueprints.module.kms.aws_kms_key.this",
            "module.eks_blueprints_kubernetes_addons.data.aws_caller_identity.current",
            "module.eks_blueprints_kubernetes_addons.data.aws_eks_cluster.eks_cluster",
            "module.eks_blueprints_kubernetes_addons.data.aws_partition.current",
            "module.eks_blueprints_kubernetes_addons.data.aws_region.current",
            "module.eks_blueprints_kubernetes_addons.module.prometheus.aws_iam_policy.ingest",
            "module.eks_blueprints_kubernetes_addons.module.prometheus.data.aws_iam_policy_document.ingest",
            "module.eks_blueprints_kubernetes_addons.module.prometheus.kubernetes_namespace_v1.prometheus",
            "module.eks_blueprints_kubernetes_addons.module.prometheus.module.irsa_amp_ingest.aws_iam_role.irsa"
          ]
        }
      ]
    },
    {
      "module": "module.eks_blueprints_kubernetes_addons.module.prometheus[0].module.irsa_amp_ingest[0]",
      "mode": "managed",
      "type": "kubernetes_service_account_v1",
      "name": "irsa",
      "provider": "provider[\"registry.terraform.io/hashicorp/kubernetes\"]",
      "instances": [
        {
          "index_key": 0,
          "schema_version": 0,
          "attributes": {
            "automount_service_account_token": true,
            "default_secret_name": "amp-ingest-token-zn2sf",
            "id": "prometheus/amp-ingest",
            "image_pull_secret": [],
            "metadata": [
              {
                "annotations": {
                  "eks.amazonaws.com/role-arn": "arn:aws:iam::349361870252:role/aws014-preprod-test-eks-amp-ingest-irsa"
                },
                "generate_name": "",
                "generation": 0,
                "labels": null,
                "name": "amp-ingest",
                "namespace": "prometheus",
                "resource_version": "1143",
                "uid": "681abb2a-fa8a-4757-a795-ac3119df317a"
              }
            ],
            "secret": [],
            "timeouts": null
          },
          "sensitive_attributes": [],
          "private": "eyJlMmJmYjczMC1lY2FhLTExZTYtOGY4OC0zNDM2M2JjN2M0YzAiOnsiY3JlYXRlIjozMDAwMDAwMDAwMH19",
          "dependencies": [
            "data.aws_eks_cluster.cluster",
            "data.aws_eks_cluster_auth.cluster",
            "module.eks-blueprints.data.aws_iam_policy_document.eks_key",
            "module.eks-blueprints.module.aws_eks.aws_cloudwatch_log_group.this",
            "module.eks-blueprints.module.aws_eks.aws_eks_cluster.this",
            "module.eks-blueprints.module.aws_eks.aws_iam_role.this",
            "module.eks-blueprints.module.aws_eks.aws_iam_role_policy_attachment.this",
            "module.eks-blueprints.module.aws_eks.aws_security_group.cluster",
            "module.eks-blueprints.module.aws_eks.aws_security_group.node",
            "module.eks-blueprints.module.aws_eks.aws_security_group_rule.cluster",
            "module.eks-blueprints.module.aws_eks.aws_security_group_rule.node",
            "module.eks-blueprints.module.aws_eks.data.aws_iam_policy_document.assume_role_policy",
            "module.eks-blueprints.module.aws_eks.data.aws_partition.current",
            "module.eks-blueprints.module.aws_eks.module.kms.aws_kms_external_key.this",
            "module.eks-blueprints.module.aws_eks.module.kms.aws_kms_key.this",
            "module.eks-blueprints.module.kms.aws_kms_key.this",
            "module.eks_blueprints_kubernetes_addons.data.aws_caller_identity.current",
            "module.eks_blueprints_kubernetes_addons.data.aws_eks_cluster.eks_cluster",
            "module.eks_blueprints_kubernetes_addons.data.aws_partition.current",
            "module.eks_blueprints_kubernetes_addons.data.aws_region.current",
            "module.eks_blueprints_kubernetes_addons.module.prometheus.aws_iam_policy.ingest",
            "module.eks_blueprints_kubernetes_addons.module.prometheus.data.aws_iam_policy_document.ingest",
            "module.eks_blueprints_kubernetes_addons.module.prometheus.kubernetes_namespace_v1.prometheus",
            "module.eks_blueprints_kubernetes_addons.module.prometheus.module.irsa_amp_ingest.aws_iam_role.irsa"
          ]
        }
      ]
    },
    {
      "module": "module.eks_blueprints_kubernetes_addons.module.prometheus[0].module.irsa_amp_query[0]",
      "mode": "managed",
      "type": "aws_iam_role",
      "name": "irsa",
      "provider": "provider[\"registry.terraform.io/hashicorp/aws\"]",
      "instances": [
        {
          "index_key": 0,
          "schema_version": 0,
          "attributes": {
            "arn": "arn:aws:iam::349361870252:role/aws014-preprod-test-eks-amp-query-irsa",
            "assume_role_policy": "{\"Statement\":[{\"Action\":\"sts:AssumeRoleWithWebIdentity\",\"Condition\":{\"StringLike\":{\"oidc.eks.us-west-2.amazonaws.com/id/3D00D0DA0741FBC5FE15EF50B2DAD8ED:aud\":\"sts.amazonaws.com\",\"oidc.eks.us-west-2.amazonaws.com/id/3D00D0DA0741FBC5FE15EF50B2DAD8ED:sub\":\"system:serviceaccount:prometheus:amp-query\"}},\"Effect\":\"Allow\",\"Principal\":{\"Federated\":\"arn:aws:iam::349361870252:oidc-provider/oidc.eks.us-west-2.amazonaws.com/id/3D00D0DA0741FBC5FE15EF50B2DAD8ED\"}}],\"Version\":\"2012-10-17\"}",
            "create_date": "2022-09-19T20:52:53Z",
            "description": "AWS IAM Role for the Kubernetes service account amp-query.",
            "force_detach_policies": true,
            "id": "aws014-preprod-test-eks-amp-query-irsa",
            "inline_policy": [],
            "managed_policy_arns": [],
            "max_session_duration": 3600,
            "name": "aws014-preprod-test-eks-amp-query-irsa",
            "name_prefix": "",
            "path": "/",
            "permissions_boundary": "",
            "tags": null,
            "tags_all": {},
            "unique_id": "AROAVCV4XCWWLBIXC2JDL"
          },
          "sensitive_attributes": [],
          "private": "bnVsbA==",
          "dependencies": [
            "data.aws_eks_cluster.cluster",
            "data.aws_eks_cluster_auth.cluster",
            "module.eks-blueprints.data.aws_iam_policy_document.eks_key",
            "module.eks-blueprints.module.aws_eks.aws_cloudwatch_log_group.this",
            "module.eks-blueprints.module.aws_eks.aws_eks_cluster.this",
            "module.eks-blueprints.module.aws_eks.aws_iam_role.this",
            "module.eks-blueprints.module.aws_eks.aws_iam_role_policy_attachment.this",
            "module.eks-blueprints.module.aws_eks.aws_security_group.cluster",
            "module.eks-blueprints.module.aws_eks.aws_security_group.node",
            "module.eks-blueprints.module.aws_eks.aws_security_group_rule.cluster",
            "module.eks-blueprints.module.aws_eks.aws_security_group_rule.node",
            "module.eks-blueprints.module.aws_eks.data.aws_iam_policy_document.assume_role_policy",
            "module.eks-blueprints.module.aws_eks.data.aws_partition.current",
            "module.eks-blueprints.module.aws_eks.module.kms.aws_kms_external_key.this",
            "module.eks-blueprints.module.aws_eks.module.kms.aws_kms_key.this",
            "module.eks-blueprints.module.kms.aws_kms_key.this",
            "module.eks_blueprints_kubernetes_addons.data.aws_caller_identity.current",
            "module.eks_blueprints_kubernetes_addons.data.aws_eks_cluster.eks_cluster",
            "module.eks_blueprints_kubernetes_addons.data.aws_partition.current",
            "module.eks_blueprints_kubernetes_addons.data.aws_region.current",
            "module.eks_blueprints_kubernetes_addons.module.prometheus.aws_iam_policy.query",
            "module.eks_blueprints_kubernetes_addons.module.prometheus.data.aws_iam_policy_document.query",
            "module.eks_blueprints_kubernetes_addons.module.prometheus.kubernetes_namespace_v1.prometheus"
          ]
        }
      ]
    },
    {
      "module": "module.eks_blueprints_kubernetes_addons.module.prometheus[0].module.irsa_amp_query[0]",
      "mode": "managed",
      "type": "aws_iam_role_policy_attachment",
      "name": "irsa",
      "provider": "provider[\"registry.terraform.io/hashicorp/aws\"]",
      "instances": [
        {
          "index_key": 0,
          "schema_version": 0,
          "attributes": {
            "id": "aws014-preprod-test-eks-amp-query-irsa-20220919205254549700000015",
            "policy_arn": "arn:aws:iam::349361870252:policy/amp-query-aws014-preprod-test-eks",
            "role": "aws014-preprod-test-eks-amp-query-irsa"
          },
          "sensitive_attributes": [],
          "private": "bnVsbA==",
          "dependencies": [
            "data.aws_eks_cluster.cluster",
            "data.aws_eks_cluster_auth.cluster",
            "module.eks-blueprints.data.aws_iam_policy_document.eks_key",
            "module.eks-blueprints.module.aws_eks.aws_cloudwatch_log_group.this",
            "module.eks-blueprints.module.aws_eks.aws_eks_cluster.this",
            "module.eks-blueprints.module.aws_eks.aws_iam_role.this",
            "module.eks-blueprints.module.aws_eks.aws_iam_role_policy_attachment.this",
            "module.eks-blueprints.module.aws_eks.aws_security_group.cluster",
            "module.eks-blueprints.module.aws_eks.aws_security_group.node",
            "module.eks-blueprints.module.aws_eks.aws_security_group_rule.cluster",
            "module.eks-blueprints.module.aws_eks.aws_security_group_rule.node",
            "module.eks-blueprints.module.aws_eks.data.aws_iam_policy_document.assume_role_policy",
            "module.eks-blueprints.module.aws_eks.data.aws_partition.current",
            "module.eks-blueprints.module.aws_eks.module.kms.aws_kms_external_key.this",
            "module.eks-blueprints.module.aws_eks.module.kms.aws_kms_key.this",
            "module.eks-blueprints.module.kms.aws_kms_key.this",
            "module.eks_blueprints_kubernetes_addons.data.aws_caller_identity.current",
            "module.eks_blueprints_kubernetes_addons.data.aws_eks_cluster.eks_cluster",
            "module.eks_blueprints_kubernetes_addons.data.aws_partition.current",
            "module.eks_blueprints_kubernetes_addons.data.aws_region.current",
            "module.eks_blueprints_kubernetes_addons.module.prometheus.aws_iam_policy.query",
            "module.eks_blueprints_kubernetes_addons.module.prometheus.data.aws_iam_policy_document.query",
            "module.eks_blueprints_kubernetes_addons.module.prometheus.kubernetes_namespace_v1.prometheus",
            "module.eks_blueprints_kubernetes_addons.module.prometheus.module.irsa_amp_query.aws_iam_role.irsa"
          ]
        }
      ]
    },
    {
      "module": "module.eks_blueprints_kubernetes_addons.module.prometheus[0].module.irsa_amp_query[0]",
      "mode": "managed",
      "type": "kubernetes_service_account_v1",
      "name": "irsa",
      "provider": "provider[\"registry.terraform.io/hashicorp/kubernetes\"]",
      "instances": [
        {
          "index_key": 0,
          "schema_version": 0,
          "attributes": {
            "automount_service_account_token": true,
            "default_secret_name": "amp-query-token-ngn5f",
            "id": "prometheus/amp-query",
            "image_pull_secret": [],
            "metadata": [
              {
                "annotations": {
                  "eks.amazonaws.com/role-arn": "arn:aws:iam::349361870252:role/aws014-preprod-test-eks-amp-query-irsa"
                },
                "generate_name": "",
                "generation": 0,
                "labels": null,
                "name": "amp-query",
                "namespace": "prometheus",
                "resource_version": "1150",
                "uid": "7e007941-62ee-4dd9-b67c-25a9bc762c19"
              }
            ],
            "secret": [],
            "timeouts": null
          },
          "sensitive_attributes": [],
          "private": "eyJlMmJmYjczMC1lY2FhLTExZTYtOGY4OC0zNDM2M2JjN2M0YzAiOnsiY3JlYXRlIjozMDAwMDAwMDAwMH19",
          "dependencies": [
            "data.aws_eks_cluster.cluster",
            "data.aws_eks_cluster_auth.cluster",
            "module.eks-blueprints.data.aws_iam_policy_document.eks_key",
            "module.eks-blueprints.module.aws_eks.aws_cloudwatch_log_group.this",
            "module.eks-blueprints.module.aws_eks.aws_eks_cluster.this",
            "module.eks-blueprints.module.aws_eks.aws_iam_role.this",
            "module.eks-blueprints.module.aws_eks.aws_iam_role_policy_attachment.this",
            "module.eks-blueprints.module.aws_eks.aws_security_group.cluster",
            "module.eks-blueprints.module.aws_eks.aws_security_group.node",
            "module.eks-blueprints.module.aws_eks.aws_security_group_rule.cluster",
            "module.eks-blueprints.module.aws_eks.aws_security_group_rule.node",
            "module.eks-blueprints.module.aws_eks.data.aws_iam_policy_document.assume_role_policy",
            "module.eks-blueprints.module.aws_eks.data.aws_partition.current",
            "module.eks-blueprints.module.aws_eks.module.kms.aws_kms_external_key.this",
            "module.eks-blueprints.module.aws_eks.module.kms.aws_kms_key.this",
            "module.eks-blueprints.module.kms.aws_kms_key.this",
            "module.eks_blueprints_kubernetes_addons.data.aws_caller_identity.current",
            "module.eks_blueprints_kubernetes_addons.data.aws_eks_cluster.eks_cluster",
            "module.eks_blueprints_kubernetes_addons.data.aws_partition.current",
            "module.eks_blueprints_kubernetes_addons.data.aws_region.current",
            "module.eks_blueprints_kubernetes_addons.module.prometheus.aws_iam_policy.query",
            "module.eks_blueprints_kubernetes_addons.module.prometheus.data.aws_iam_policy_document.query",
            "module.eks_blueprints_kubernetes_addons.module.prometheus.kubernetes_namespace_v1.prometheus",
            "module.eks_blueprints_kubernetes_addons.module.prometheus.module.irsa_amp_query.aws_iam_role.irsa"
          ]
        }
      ]
    }
  ]
}
